{"format_version":"1.0","provider_schemas":{"registry.terraform.io/databricks/databricks":{"provider":{"version":0,"block":{"attributes":{"account_id":{"type":"string","description_kind":"plain","optional":true},"actions_id_token_request_token":{"type":"string","description_kind":"plain","optional":true},"actions_id_token_request_url":{"type":"string","description_kind":"plain","optional":true},"audience":{"type":"string","description_kind":"plain","optional":true},"auth_type":{"type":"string","description_kind":"plain","optional":true},"azure_client_id":{"type":"string","description_kind":"plain","optional":true},"azure_client_secret":{"type":"string","description_kind":"plain","optional":true,"sensitive":true},"azure_environment":{"type":"string","description_kind":"plain","optional":true},"azure_login_app_id":{"type":"string","description_kind":"plain","optional":true},"azure_tenant_id":{"type":"string","description_kind":"plain","optional":true},"azure_use_msi":{"type":"bool","description_kind":"plain","optional":true},"azure_workspace_resource_id":{"type":"string","description_kind":"plain","optional":true},"client_id":{"type":"string","description_kind":"plain","optional":true},"client_secret":{"type":"string","description_kind":"plain","optional":true,"sensitive":true},"cluster_id":{"type":"string","description_kind":"plain","optional":true},"config_file":{"type":"string","description_kind":"plain","optional":true},"databricks_cli_path":{"type":"string","description_kind":"plain","optional":true},"databricks_id_token_filepath":{"type":"string","description_kind":"plain","optional":true},"debug_headers":{"type":"bool","description_kind":"plain","optional":true},"debug_truncate_bytes":{"type":"number","description_kind":"plain","optional":true},"experimental_is_unified_host":{"type":"bool","description_kind":"plain","optional":true},"google_credentials":{"type":"string","description_kind":"plain","optional":true,"sensitive":true},"google_service_account":{"type":"string","description_kind":"plain","optional":true},"host":{"type":"string","description_kind":"plain","optional":true},"http_timeout_seconds":{"type":"number","description_kind":"plain","optional":true},"metadata_service_url":{"type":"string","description_kind":"plain","optional":true,"sensitive":true},"oauth_callback_port":{"type":"number","description_kind":"plain","optional":true},"oidc_token_env":{"type":"string","description_kind":"plain","optional":true},"password":{"type":"string","description_kind":"plain","optional":true,"sensitive":true},"profile":{"type":"string","description_kind":"plain","optional":true},"rate_limit":{"type":"number","description_kind":"plain","optional":true},"retry_timeout_seconds":{"type":"number","description_kind":"plain","optional":true},"serverless_compute_id":{"type":"string","description_kind":"plain","optional":true},"skip_verify":{"type":"bool","description_kind":"plain","optional":true},"token":{"type":"string","description_kind":"plain","optional":true,"sensitive":true},"username":{"type":"string","description_kind":"plain","optional":true},"warehouse_id":{"type":"string","description_kind":"plain","optional":true},"workspace_id":{"type":"string","description_kind":"plain","optional":true}},"description_kind":"plain"}},"resource_schemas":{"databricks_access_control_rule_set":{"version":0,"block":{"attributes":{"etag":{"type":"string","description_kind":"plain","computed":true},"id":{"type":"string","description_kind":"plain","optional":true,"computed":true},"name":{"type":"string","description_kind":"plain","required":true}},"block_types":{"grant_rules":{"nesting_mode":"set","block":{"attributes":{"principals":{"type":["set","string"],"description_kind":"plain","optional":true},"role":{"type":"string","description_kind":"plain","required":true}},"description_kind":"plain"}}},"description_kind":"plain"}},"databricks_account_federation_policy":{"version":0,"block":{"attributes":{"create_time":{"type":"string","description_kind":"plain","computed":true},"description":{"type":"string","description_kind":"plain","optional":true},"name":{"type":"string","description_kind":"plain","computed":true},"oidc_policy":{"nested_type":{"attributes":{"audiences":{"type":["list","string"],"description_kind":"plain","optional":true},"issuer":{"type":"string","description_kind":"plain","optional":true},"jwks_json":{"type":"string","description_kind":"plain","optional":true},"jwks_uri":{"type":"string","description_kind":"plain","optional":true},"subject":{"type":"string","description_kind":"plain","optional":true},"subject_claim":{"type":"string","description_kind":"plain","optional":true}},"nesting_mode":"single"},"description_kind":"plain","optional":true},"policy_id":{"type":"string","description_kind":"plain","optional":true,"computed":true},"service_principal_id":{"type":"number","description_kind":"plain","optional":true,"computed":true},"uid":{"type":"string","description_kind":"plain","computed":true},"update_time":{"type":"string","description_kind":"plain","computed":true}},"description":"Terraform schema for Databricks account_federation_policy","description_kind":"plain"}},"databricks_account_network_policy":{"version":0,"block":{"attributes":{"account_id":{"type":"string","description_kind":"plain","optional":true},"egress":{"nested_type":{"attributes":{"network_access":{"nested_type":{"attributes":{"allowed_internet_destinations":{"nested_type":{"attributes":{"destination":{"type":"string","description_kind":"plain","optional":true},"internet_destination_type":{"type":"string","description_kind":"plain","optional":true}},"nesting_mode":"list"},"description_kind":"plain","optional":true},"allowed_storage_destinations":{"nested_type":{"attributes":{"azure_storage_account":{"type":"string","description_kind":"plain","optional":true},"azure_storage_service":{"type":"string","description_kind":"plain","optional":true},"bucket_name":{"type":"string","description_kind":"plain","optional":true},"region":{"type":"string","description_kind":"plain","optional":true},"storage_destination_type":{"type":"string","description_kind":"plain","optional":true}},"nesting_mode":"list"},"description_kind":"plain","optional":true},"policy_enforcement":{"nested_type":{"attributes":{"dry_run_mode_product_filter":{"type":["list","string"],"description_kind":"plain","optional":true},"enforcement_mode":{"type":"string","description_kind":"plain","optional":true}},"nesting_mode":"single"},"description_kind":"plain","optional":true},"restriction_mode":{"type":"string","description_kind":"plain","required":true}},"nesting_mode":"single"},"description_kind":"plain","optional":true}},"nesting_mode":"single"},"description_kind":"plain","optional":true},"network_policy_id":{"type":"string","description_kind":"plain","optional":true}},"description":"Terraform schema for Databricks account_network_policy","description_kind":"plain"}},"databricks_account_setting_v2":{"version":0,"block":{"attributes":{"aibi_dashboard_embedding_access_policy":{"nested_type":{"attributes":{"access_policy_type":{"type":"string","description_kind":"plain","required":true}},"nesting_mode":"single"},"description_kind":"plain","optional":true},"aibi_dashboard_embedding_approved_domains":{"nested_type":{"attributes":{"approved_domains":{"type":["list","string"],"description_kind":"plain","optional":true}},"nesting_mode":"single"},"description_kind":"plain","optional":true},"automatic_cluster_update_workspace":{"nested_type":{"attributes":{"can_toggle":{"type":"bool","description_kind":"plain","optional":true},"enabled":{"type":"bool","description_kind":"plain","optional":true},"enablement_details":{"nested_type":{"attributes":{"forced_for_compliance_mode":{"type":"bool","description_kind":"plain","optional":true},"unavailable_for_disabled_entitlement":{"type":"bool","description_kind":"plain","optional":true},"unavailable_for_non_enterprise_tier":{"type":"bool","description_kind":"plain","optional":true}},"nesting_mode":"single"},"description_kind":"plain","optional":true},"maintenance_window":{"nested_type":{"attributes":{"week_day_based_schedule":{"nested_type":{"attributes":{"day_of_week":{"type":"string","description_kind":"plain","optional":true},"frequency":{"type":"string","description_kind":"plain","optional":true},"window_start_time":{"nested_type":{"attributes":{"hours":{"type":"number","description_kind":"plain","optional":true},"minutes":{"type":"number","description_kind":"plain","optional":true}},"nesting_mode":"single"},"description_kind":"plain","optional":true}},"nesting_mode":"single"},"description_kind":"plain","optional":true}},"nesting_mode":"single"},"description_kind":"plain","optional":true},"restart_even_if_no_updates_available":{"type":"bool","description_kind":"plain","optional":true}},"nesting_mode":"single"},"description_kind":"plain","optional":true},"boolean_val":{"nested_type":{"attributes":{"value":{"type":"bool","description_kind":"plain","optional":true}},"nesting_mode":"single"},"description_kind":"plain","optional":true},"effective_aibi_dashboard_embedding_access_policy":{"nested_type":{"attributes":{"access_policy_type":{"type":"string","description_kind":"plain","required":true}},"nesting_mode":"single"},"description_kind":"plain","optional":true},"effective_aibi_dashboard_embedding_approved_domains":{"nested_type":{"attributes":{"approved_domains":{"type":["list","string"],"description_kind":"plain","optional":true}},"nesting_mode":"single"},"description_kind":"plain","optional":true},"effective_automatic_cluster_update_workspace":{"nested_type":{"attributes":{"can_toggle":{"type":"bool","description_kind":"plain","optional":true},"enabled":{"type":"bool","description_kind":"plain","optional":true},"enablement_details":{"nested_type":{"attributes":{"forced_for_compliance_mode":{"type":"bool","description_kind":"plain","optional":true},"unavailable_for_disabled_entitlement":{"type":"bool","description_kind":"plain","optional":true},"unavailable_for_non_enterprise_tier":{"type":"bool","description_kind":"plain","optional":true}},"nesting_mode":"single"},"description_kind":"plain","optional":true},"maintenance_window":{"nested_type":{"attributes":{"week_day_based_schedule":{"nested_type":{"attributes":{"day_of_week":{"type":"string","description_kind":"plain","optional":true},"frequency":{"type":"string","description_kind":"plain","optional":true},"window_start_time":{"nested_type":{"attributes":{"hours":{"type":"number","description_kind":"plain","optional":true},"minutes":{"type":"number","description_kind":"plain","optional":true}},"nesting_mode":"single"},"description_kind":"plain","optional":true}},"nesting_mode":"single"},"description_kind":"plain","optional":true}},"nesting_mode":"single"},"description_kind":"plain","optional":true},"restart_even_if_no_updates_available":{"type":"bool","description_kind":"plain","optional":true}},"nesting_mode":"single"},"description_kind":"plain","optional":true},"effective_boolean_val":{"nested_type":{"attributes":{"value":{"type":"bool","description_kind":"plain","optional":true}},"nesting_mode":"single"},"description_kind":"plain","computed":true},"effective_integer_val":{"nested_type":{"attributes":{"value":{"type":"number","description_kind":"plain","optional":true}},"nesting_mode":"single"},"description_kind":"plain","computed":true},"effective_personal_compute":{"nested_type":{"attributes":{"value":{"type":"string","description_kind":"plain","optional":true}},"nesting_mode":"single"},"description_kind":"plain","optional":true},"effective_restrict_workspace_admins":{"nested_type":{"attributes":{"status":{"type":"string","description_kind":"plain","required":true}},"nesting_mode":"single"},"description_kind":"plain","optional":true},"effective_string_val":{"nested_type":{"attributes":{"value":{"type":"string","description_kind":"plain","optional":true}},"nesting_mode":"single"},"description_kind":"plain","computed":true},"integer_val":{"nested_type":{"attributes":{"value":{"type":"number","description_kind":"plain","optional":true}},"nesting_mode":"single"},"description_kind":"plain","optional":true},"name":{"type":"string","description_kind":"plain","optional":true},"personal_compute":{"nested_type":{"attributes":{"value":{"type":"string","description_kind":"plain","optional":true}},"nesting_mode":"single"},"description_kind":"plain","optional":true},"restrict_workspace_admins":{"nested_type":{"attributes":{"status":{"type":"string","description_kind":"plain","required":true}},"nesting_mode":"single"},"description_kind":"plain","optional":true},"string_val":{"nested_type":{"attributes":{"value":{"type":"string","description_kind":"plain","optional":true}},"nesting_mode":"single"},"description_kind":"plain","optional":true}},"description":"Terraform schema for Databricks account_setting_v2","description_kind":"plain"}},"databricks_aibi_dashboard_embedding_access_policy_setting":{"version":0,"block":{"attributes":{"etag":{"type":"string","description_kind":"plain","optional":true,"computed":true},"id":{"type":"string","description_kind":"plain","optional":true,"computed":true},"setting_name":{"type":"string","description_kind":"plain","optional":true,"computed":true}},"block_types":{"aibi_dashboard_embedding_access_policy":{"nesting_mode":"list","block":{"attributes":{"access_policy_type":{"type":"string","description_kind":"plain","required":true}},"description_kind":"plain"},"min_items":1,"max_items":1}},"description_kind":"plain"}},"databricks_aibi_dashboard_embedding_approved_domains_setting":{"version":0,"block":{"attributes":{"etag":{"type":"string","description_kind":"plain","optional":true,"computed":true},"id":{"type":"string","description_kind":"plain","optional":true,"computed":true},"setting_name":{"type":"string","description_kind":"plain","optional":true,"computed":true}},"block_types":{"aibi_dashboard_embedding_approved_domains":{"nesting_mode":"list","block":{"attributes":{"approved_domains":{"type":["list","string"],"description_kind":"plain","required":true}},"description_kind":"plain"},"min_items":1,"max_items":1}},"description_kind":"plain"}},"databricks_alert":{"version":0,"block":{"attributes":{"create_time":{"type":"string","description_kind":"plain","computed":true},"custom_body":{"type":"string","description_kind":"plain","optional":true},"custom_subject":{"type":"string","description_kind":"plain","optional":true},"display_name":{"type":"string","description_kind":"plain","required":true},"id":{"type":"string","description_kind":"plain","computed":true},"lifecycle_state":{"type":"string","description_kind":"plain","computed":true},"notify_on_ok":{"type":"bool","description_kind":"plain","optional":true},"owner_user_name":{"type":"string","description_kind":"plain","optional":true},"parent_path":{"type":"string","description_kind":"plain","optional":true},"query_id":{"type":"string","description_kind":"plain","required":true},"seconds_to_retrigger":{"type":"number","description_kind":"plain","optional":true},"state":{"type":"string","description_kind":"plain","computed":true},"trigger_time":{"type":"string","description_kind":"plain","computed":true},"update_time":{"type":"string","description_kind":"plain","computed":true}},"block_types":{"condition":{"nesting_mode":"list","block":{"attributes":{"empty_result_state":{"type":"string","description_kind":"plain","optional":true},"op":{"type":"string","description_kind":"plain","required":true}},"block_types":{"operand":{"nesting_mode":"list","block":{"block_types":{"column":{"nesting_mode":"list","block":{"attributes":{"name":{"type":"string","description_kind":"plain","required":true}},"description_kind":"plain"},"min_items":1,"max_items":1}},"description_kind":"plain"},"min_items":1,"max_items":1},"threshold":{"nesting_mode":"list","block":{"block_types":{"value":{"nesting_mode":"list","block":{"attributes":{"bool_value":{"type":"bool","description_kind":"plain","optional":true},"double_value":{"type":"number","description_kind":"plain","optional":true},"string_value":{"type":"string","description_kind":"plain","optional":true}},"description_kind":"plain"},"min_items":1,"max_items":1}},"description_kind":"plain"},"max_items":1}},"description_kind":"plain"},"min_items":1,"max_items":1}},"description_kind":"plain"}},"databricks_alert_v2":{"version":0,"block":{"attributes":{"create_time":{"type":"string","description_kind":"plain","computed":true},"custom_description":{"type":"string","description_kind":"plain","optional":true},"custom_summary":{"type":"string","description_kind":"plain","optional":true},"display_name":{"type":"string","description_kind":"plain","required":true},"effective_run_as":{"nested_type":{"attributes":{"service_principal_name":{"type":"string","description_kind":"plain","optional":true},"user_name":{"type":"string","description_kind":"plain","optional":true}},"nesting_mode":"single"},"description_kind":"plain","computed":true},"evaluation":{"nested_type":{"attributes":{"comparison_operator":{"type":"string","description_kind":"plain","required":true},"empty_result_state":{"type":"string","description_kind":"plain","optional":true},"last_evaluated_at":{"type":"string","description_kind":"plain","computed":true},"notification":{"nested_type":{"attributes":{"effective_notify_on_ok":{"type":"bool","description_kind":"plain","computed":true},"effective_retrigger_seconds":{"type":"number","description_kind":"plain","computed":true},"notify_on_ok":{"type":"bool","description_kind":"plain","optional":true},"retrigger_seconds":{"type":"number","description_kind":"plain","optional":true},"subscriptions":{"nested_type":{"attributes":{"destination_id":{"type":"string","description_kind":"plain","optional":true},"user_email":{"type":"string","description_kind":"plain","optional":true}},"nesting_mode":"set"},"description_kind":"plain","optional":true}},"nesting_mode":"single"},"description_kind":"plain","optional":true},"source":{"nested_type":{"attributes":{"aggregation":{"type":"string","description_kind":"plain","optional":true},"display":{"type":"string","description_kind":"plain","optional":true},"name":{"type":"string","description_kind":"plain","required":true}},"nesting_mode":"single"},"description_kind":"plain","required":true},"state":{"type":"string","description_kind":"plain","computed":true},"threshold":{"nested_type":{"attributes":{"column":{"nested_type":{"attributes":{"aggregation":{"type":"string","description_kind":"plain","optional":true},"display":{"type":"string","description_kind":"plain","optional":true},"name":{"type":"string","description_kind":"plain","required":true}},"nesting_mode":"single"},"description_kind":"plain","optional":true},"value":{"nested_type":{"attributes":{"bool_value":{"type":"bool","description_kind":"plain","optional":true},"double_value":{"type":"number","description_kind":"plain","optional":true},"string_value":{"type":"string","description_kind":"plain","optional":true}},"nesting_mode":"single"},"description_kind":"plain","optional":true}},"nesting_mode":"single"},"description_kind":"plain","optional":true}},"nesting_mode":"single"},"description_kind":"plain","required":true},"id":{"type":"string","description_kind":"plain","computed":true},"lifecycle_state":{"type":"string","description_kind":"plain","computed":true},"owner_user_name":{"type":"string","description_kind":"plain","computed":true},"parent_path":{"type":"string","description_kind":"plain","optional":true},"query_text":{"type":"string","description_kind":"plain","required":true},"run_as":{"nested_type":{"attributes":{"service_principal_name":{"type":"string","description_kind":"plain","optional":true},"user_name":{"type":"string","description_kind":"plain","optional":true}},"nesting_mode":"single"},"description_kind":"plain","optional":true},"run_as_user_name":{"type":"string","description_kind":"plain","optional":true},"schedule":{"nested_type":{"attributes":{"pause_status":{"type":"string","description_kind":"plain","optional":true},"quartz_cron_schedule":{"type":"string","description_kind":"plain","required":true},"timezone_id":{"type":"string","description_kind":"plain","required":true}},"nesting_mode":"single"},"description_kind":"plain","required":true},"update_time":{"type":"string","description_kind":"plain","computed":true},"warehouse_id":{"type":"string","description_kind":"plain","required":true}},"description":"Terraform schema for Databricks alert_v2","description_kind":"plain"}},"databricks_app":{"version":0,"block":{"attributes":{"active_deployment":{"nested_type":{"attributes":{"create_time":{"type":"string","description_kind":"plain","computed":true},"creator":{"type":"string","description_kind":"plain","computed":true},"deployment_artifacts":{"nested_type":{"attributes":{"source_code_path":{"type":"string","description_kind":"plain","optional":true}},"nesting_mode":"single"},"description_kind":"plain","computed":true},"deployment_id":{"type":"string","description_kind":"plain","optional":true},"mode":{"type":"string","description_kind":"plain","optional":true},"source_code_path":{"type":"string","description_kind":"plain","optional":true},"status":{"nested_type":{"attributes":{"message":{"type":"string","description_kind":"plain","computed":true},"state":{"type":"string","description_kind":"plain","computed":true}},"nesting_mode":"single"},"description_kind":"plain","computed":true},"update_time":{"type":"string","description_kind":"plain","computed":true}},"nesting_mode":"single"},"description_kind":"plain","computed":true},"app_status":{"nested_type":{"attributes":{"message":{"type":"string","description_kind":"plain","computed":true},"state":{"type":"string","description_kind":"plain","computed":true}},"nesting_mode":"single"},"description_kind":"plain","computed":true},"budget_policy_id":{"type":"string","description_kind":"plain","optional":true},"compute_size":{"type":"string","description_kind":"plain","optional":true,"computed":true},"compute_status":{"nested_type":{"attributes":{"message":{"type":"string","description_kind":"plain","computed":true},"state":{"type":"string","description_kind":"plain","computed":true}},"nesting_mode":"single"},"description_kind":"plain","computed":true},"create_time":{"type":"string","description_kind":"plain","computed":true},"creator":{"type":"string","description_kind":"plain","computed":true},"default_source_code_path":{"type":"string","description_kind":"plain","computed":true},"description":{"type":"string","description_kind":"plain","optional":true},"effective_budget_policy_id":{"type":"string","description_kind":"plain","computed":true},"effective_user_api_scopes":{"type":["list","string"],"description_kind":"plain","computed":true},"id":{"type":"string","description_kind":"plain","computed":true},"name":{"type":"string","description_kind":"plain","required":true},"no_compute":{"type":"bool","description_kind":"plain","optional":true},"oauth2_app_client_id":{"type":"string","description_kind":"plain","computed":true},"oauth2_app_integration_id":{"type":"string","description_kind":"plain","computed":true},"pending_deployment":{"nested_type":{"attributes":{"create_time":{"type":"string","description_kind":"plain","computed":true},"creator":{"type":"string","description_kind":"plain","computed":true},"deployment_artifacts":{"nested_type":{"attributes":{"source_code_path":{"type":"string","description_kind":"plain","optional":true}},"nesting_mode":"single"},"description_kind":"plain","computed":true},"deployment_id":{"type":"string","description_kind":"plain","optional":true},"mode":{"type":"string","description_kind":"plain","optional":true},"source_code_path":{"type":"string","description_kind":"plain","optional":true},"status":{"nested_type":{"attributes":{"message":{"type":"string","description_kind":"plain","computed":true},"state":{"type":"string","description_kind":"plain","computed":true}},"nesting_mode":"single"},"description_kind":"plain","computed":true},"update_time":{"type":"string","description_kind":"plain","computed":true}},"nesting_mode":"single"},"description_kind":"plain","computed":true},"provider_config":{"nested_type":{"attributes":{"workspace_id":{"type":"string","description_kind":"plain","required":true}},"nesting_mode":"single"},"description_kind":"plain","optional":true},"resources":{"nested_type":{"attributes":{"database":{"nested_type":{"attributes":{"database_name":{"type":"string","description_kind":"plain","required":true},"instance_name":{"type":"string","description_kind":"plain","required":true},"permission":{"type":"string","description_kind":"plain","required":true}},"nesting_mode":"single"},"description_kind":"plain","optional":true},"description":{"type":"string","description_kind":"plain","optional":true},"genie_space":{"nested_type":{"attributes":{"name":{"type":"string","description_kind":"plain","required":true},"permission":{"type":"string","description_kind":"plain","required":true},"space_id":{"type":"string","description_kind":"plain","required":true}},"nesting_mode":"single"},"description_kind":"plain","optional":true},"job":{"nested_type":{"attributes":{"id":{"type":"string","description_kind":"plain","required":true},"permission":{"type":"string","description_kind":"plain","required":true}},"nesting_mode":"single"},"description_kind":"plain","optional":true},"name":{"type":"string","description_kind":"plain","required":true},"secret":{"nested_type":{"attributes":{"key":{"type":"string","description_kind":"plain","required":true},"permission":{"type":"string","description_kind":"plain","required":true},"scope":{"type":"string","description_kind":"plain","required":true}},"nesting_mode":"single"},"description_kind":"plain","optional":true},"serving_endpoint":{"nested_type":{"attributes":{"name":{"type":"string","description_kind":"plain","required":true},"permission":{"type":"string","description_kind":"plain","required":true}},"nesting_mode":"single"},"description_kind":"plain","optional":true},"sql_warehouse":{"nested_type":{"attributes":{"id":{"type":"string","description_kind":"plain","required":true},"permission":{"type":"string","description_kind":"plain","required":true}},"nesting_mode":"single"},"description_kind":"plain","optional":true},"uc_securable":{"nested_type":{"attributes":{"permission":{"type":"string","description_kind":"plain","required":true},"securable_full_name":{"type":"string","description_kind":"plain","required":true},"securable_type":{"type":"string","description_kind":"plain","required":true}},"nesting_mode":"single"},"description_kind":"plain","optional":true}},"nesting_mode":"list"},"description_kind":"plain","optional":true},"service_principal_client_id":{"type":"string","description_kind":"plain","computed":true},"service_principal_id":{"type":"number","description_kind":"plain","computed":true},"service_principal_name":{"type":"string","description_kind":"plain","computed":true},"update_time":{"type":"string","description_kind":"plain","computed":true},"updater":{"type":"string","description_kind":"plain","computed":true},"url":{"type":"string","description_kind":"plain","computed":true},"user_api_scopes":{"type":["list","string"],"description_kind":"plain","optional":true}},"description_kind":"plain"}},"databricks_apps_settings_custom_template":{"version":0,"block":{"attributes":{"creator":{"type":"string","description_kind":"plain","computed":true},"description":{"type":"string","description_kind":"plain","optional":true},"git_provider":{"type":"string","description_kind":"plain","required":true},"git_repo":{"type":"string","description_kind":"plain","required":true},"manifest":{"nested_type":{"attributes":{"description":{"type":"string","description_kind":"plain","optional":true},"name":{"type":"string","description_kind":"plain","required":true},"resource_specs":{"nested_type":{"attributes":{"description":{"type":"string","description_kind":"plain","optional":true},"job_spec":{"nested_type":{"attributes":{"permission":{"type":"string","description_kind":"plain","required":true}},"nesting_mode":"single"},"description_kind":"plain","optional":true},"name":{"type":"string","description_kind":"plain","required":true},"secret_spec":{"nested_type":{"attributes":{"permission":{"type":"string","description_kind":"plain","required":true}},"nesting_mode":"single"},"description_kind":"plain","optional":true},"serving_endpoint_spec":{"nested_type":{"attributes":{"permission":{"type":"string","description_kind":"plain","required":true}},"nesting_mode":"single"},"description_kind":"plain","optional":true},"sql_warehouse_spec":{"nested_type":{"attributes":{"permission":{"type":"string","description_kind":"plain","required":true}},"nesting_mode":"single"},"description_kind":"plain","optional":true},"uc_securable_spec":{"nested_type":{"attributes":{"permission":{"type":"string","description_kind":"plain","required":true},"securable_type":{"type":"string","description_kind":"plain","required":true}},"nesting_mode":"single"},"description_kind":"plain","optional":true}},"nesting_mode":"list"},"description_kind":"plain","optional":true},"version":{"type":"number","description_kind":"plain","required":true}},"nesting_mode":"single"},"description_kind":"plain","required":true},"name":{"type":"string","description_kind":"plain","required":true},"path":{"type":"string","description_kind":"plain","required":true}},"description":"Terraform schema for Databricks apps_settings_custom_template","description_kind":"plain"}},"databricks_artifact_allowlist":{"version":0,"block":{"attributes":{"artifact_type":{"type":"string","description_kind":"plain","required":true},"created_at":{"type":"number","description_kind":"plain","optional":true,"computed":true},"created_by":{"type":"string","description_kind":"plain","optional":true,"computed":true},"id":{"type":"string","description_kind":"plain","optional":true,"computed":true},"metastore_id":{"type":"string","description_kind":"plain","optional":true,"computed":true}},"block_types":{"artifact_matcher":{"nesting_mode":"set","block":{"attributes":{"artifact":{"type":"string","description_kind":"plain","required":true},"match_type":{"type":"string","description_kind":"plain","required":true}},"description_kind":"plain"},"min_items":1}},"description_kind":"plain"}},"databricks_automatic_cluster_update_workspace_setting":{"version":0,"block":{"attributes":{"etag":{"type":"string","description_kind":"plain","optional":true,"computed":true},"id":{"type":"string","description_kind":"plain","optional":true,"computed":true},"setting_name":{"type":"string","description_kind":"plain","optional":true,"computed":true}},"block_types":{"automatic_cluster_update_workspace":{"nesting_mode":"list","block":{"attributes":{"can_toggle":{"type":"bool","description_kind":"plain","optional":true},"enabled":{"type":"bool","description_kind":"plain","required":true},"enablement_details":{"type":["list",["object",{"forced_for_compliance_mode":"bool","unavailable_for_disabled_entitlement":"bool","unavailable_for_non_enterprise_tier":"bool"}]],"description_kind":"plain","computed":true},"restart_even_if_no_updates_available":{"type":"bool","description_kind":"plain","optional":true}},"block_types":{"maintenance_window":{"nesting_mode":"list","block":{"block_types":{"week_day_based_schedule":{"nesting_mode":"list","block":{"attributes":{"day_of_week":{"type":"string","description_kind":"plain","required":true},"frequency":{"type":"string","description_kind":"plain","required":true}},"block_types":{"window_start_time":{"nesting_mode":"list","block":{"attributes":{"hours":{"type":"number","description_kind":"plain","required":true},"minutes":{"type":"number","description_kind":"plain","required":true}},"description_kind":"plain"},"max_items":1}},"description_kind":"plain"},"max_items":1}},"description_kind":"plain"},"max_items":1}},"description_kind":"plain"},"min_items":1,"max_items":1}},"description_kind":"plain"}},"databricks_aws_s3_mount":{"version":2,"block":{"attributes":{"cluster_id":{"type":"string","description_kind":"plain","optional":true,"computed":true},"id":{"type":"string","description_kind":"plain","optional":true,"computed":true},"instance_profile":{"type":"string","description_kind":"plain","optional":true},"mount_name":{"type":"string","description_kind":"plain","required":true},"s3_bucket_name":{"type":"string","description_kind":"plain","required":true},"source":{"type":"string","description_kind":"plain","computed":true}},"description_kind":"plain","deprecated":true}},"databricks_azure_adls_gen1_mount":{"version":2,"block":{"attributes":{"client_id":{"type":"string","description_kind":"plain","required":true},"client_secret_key":{"type":"string","description_kind":"plain","required":true},"client_secret_scope":{"type":"string","description_kind":"plain","required":true},"cluster_id":{"type":"string","description_kind":"plain","optional":true},"directory":{"type":"string","description_kind":"plain","optional":true,"computed":true},"id":{"type":"string","description_kind":"plain","optional":true,"computed":true},"mount_name":{"type":"string","description_kind":"plain","required":true},"source":{"type":"string","description_kind":"plain","computed":true},"spark_conf_prefix":{"type":"string","description_kind":"plain","optional":true},"storage_resource_name":{"type":"string","description_kind":"plain","required":true},"tenant_id":{"type":"string","description_kind":"plain","required":true}},"description_kind":"plain","deprecated":true}},"databricks_azure_adls_gen2_mount":{"version":2,"block":{"attributes":{"client_id":{"type":"string","description_kind":"plain","required":true},"client_secret_key":{"type":"string","description_kind":"plain","required":true},"client_secret_scope":{"type":"string","description_kind":"plain","required":true},"cluster_id":{"type":"string","description_kind":"plain","optional":true},"container_name":{"type":"string","description_kind":"plain","required":true},"directory":{"type":"string","description_kind":"plain","optional":true,"computed":true},"environment":{"type":"string","description_kind":"plain","optional":true},"id":{"type":"string","description_kind":"plain","optional":true,"computed":true},"initialize_file_system":{"type":"bool","description_kind":"plain","required":true},"mount_name":{"type":"string","description_kind":"plain","required":true},"source":{"type":"string","description_kind":"plain","computed":true},"storage_account_name":{"type":"string","description_kind":"plain","required":true},"tenant_id":{"type":"string","description_kind":"plain","required":true}},"description_kind":"plain","deprecated":true}},"databricks_azure_blob_mount":{"version":2,"block":{"attributes":{"auth_type":{"type":"string","description_kind":"plain","required":true},"cluster_id":{"type":"string","description_kind":"plain","optional":true},"container_name":{"type":"string","description_kind":"plain","required":true},"directory":{"type":"string","description_kind":"plain","optional":true},"id":{"type":"string","description_kind":"plain","optional":true,"computed":true},"mount_name":{"type":"string","description_kind":"plain","required":true},"source":{"type":"string","description_kind":"plain","computed":true},"storage_account_name":{"type":"string","description_kind":"plain","required":true},"token_secret_key":{"type":"string","description_kind":"plain","required":true,"sensitive":true},"token_secret_scope":{"type":"string","description_kind":"plain","required":true}},"description_kind":"plain","deprecated":true}},"databricks_budget":{"version":0,"block":{"attributes":{"account_id":{"type":"string","description_kind":"plain","optional":true,"computed":true},"budget_configuration_id":{"type":"string","description_kind":"plain","optional":true,"computed":true},"create_time":{"type":"number","description_kind":"plain","optional":true,"computed":true},"display_name":{"type":"string","description_kind":"plain","optional":true},"id":{"type":"string","description_kind":"plain","optional":true,"computed":true},"update_time":{"type":"number","description_kind":"plain","optional":true,"computed":true}},"block_types":{"alert_configurations":{"nesting_mode":"list","block":{"attributes":{"alert_configuration_id":{"type":"string","description_kind":"plain","optional":true,"computed":true},"quantity_threshold":{"type":"string","description_kind":"plain","optional":true},"quantity_type":{"type":"string","description_kind":"plain","optional":true},"time_period":{"type":"string","description_kind":"plain","optional":true},"trigger_type":{"type":"string","description_kind":"plain","optional":true}},"block_types":{"action_configurations":{"nesting_mode":"list","block":{"attributes":{"action_configuration_id":{"type":"string","description_kind":"plain","optional":true,"computed":true},"action_type":{"type":"string","description_kind":"plain","optional":true},"target":{"type":"string","description_kind":"plain","optional":true}},"description_kind":"plain"}}},"description_kind":"plain"}},"filter":{"nesting_mode":"list","block":{"block_types":{"tags":{"nesting_mode":"list","block":{"attributes":{"key":{"type":"string","description_kind":"plain","optional":true}},"block_types":{"value":{"nesting_mode":"list","block":{"attributes":{"operator":{"type":"string","description_kind":"plain","optional":true},"values":{"type":["list","string"],"description_kind":"plain","optional":true}},"description_kind":"plain"},"max_items":1}},"description_kind":"plain"}},"workspace_id":{"nesting_mode":"list","block":{"attributes":{"operator":{"type":"string","description_kind":"plain","optional":true},"values":{"type":["list","number"],"description_kind":"plain","optional":true}},"description_kind":"plain"},"max_items":1}},"description_kind":"plain"},"max_items":1}},"description_kind":"plain"}},"databricks_budget_policy":{"version":0,"block":{"attributes":{"binding_workspace_ids":{"type":["list","number"],"description_kind":"plain","optional":true},"custom_tags":{"nested_type":{"attributes":{"key":{"type":"string","description_kind":"plain","required":true},"value":{"type":"string","description_kind":"plain","optional":true}},"nesting_mode":"list"},"description_kind":"plain","optional":true},"policy_id":{"type":"string","description_kind":"plain","optional":true,"computed":true},"policy_name":{"type":"string","description_kind":"plain","optional":true}},"description":"Terraform schema for Databricks budget_policy","description_kind":"plain"}},"databricks_catalog":{"version":0,"block":{"attributes":{"browse_only":{"type":"bool","description_kind":"plain","optional":true},"catalog_type":{"type":"string","description_kind":"plain","computed":true},"comment":{"type":"string","description_kind":"plain","optional":true},"connection_name":{"type":"string","description_kind":"plain","optional":true},"created_at":{"type":"number","description_kind":"plain","computed":true},"created_by":{"type":"string","description_kind":"plain","computed":true},"enable_predictive_optimization":{"type":"string","description_kind":"plain","optional":true,"computed":true},"force_destroy":{"type":"bool","description_kind":"plain","optional":true},"full_name":{"type":"string","description_kind":"plain","computed":true},"id":{"type":"string","description_kind":"plain","optional":true,"computed":true},"isolation_mode":{"type":"string","description_kind":"plain","optional":true,"computed":true},"metastore_id":{"type":"string","description_kind":"plain","optional":true,"computed":true},"name":{"type":"string","description_kind":"plain","optional":true},"options":{"type":["map","string"],"description_kind":"plain","optional":true},"owner":{"type":"string","description_kind":"plain","optional":true,"computed":true},"properties":{"type":["map","string"],"description_kind":"plain","optional":true},"provider_name":{"type":"string","description_kind":"plain","optional":true},"securable_type":{"type":"string","description_kind":"plain","computed":true},"share_name":{"type":"string","description_kind":"plain","optional":true},"storage_location":{"type":"string","description_kind":"plain","computed":true},"storage_root":{"type":"string","description_kind":"plain","optional":true},"updated_at":{"type":"number","description_kind":"plain","computed":true},"updated_by":{"type":"string","description_kind":"plain","computed":true}},"block_types":{"effective_predictive_optimization_flag":{"nesting_mode":"list","block":{"attributes":{"inherited_from_name":{"type":"string","description_kind":"plain","optional":true},"inherited_from_type":{"type":"string","description_kind":"plain","optional":true},"value":{"type":"string","description_kind":"plain","required":true}},"description_kind":"plain"},"max_items":1},"provisioning_info":{"nesting_mode":"list","block":{"attributes":{"state":{"type":"string","description_kind":"plain","optional":true}},"description_kind":"plain"},"max_items":1}},"description_kind":"plain"}},"databricks_catalog_workspace_binding":{"version":1,"block":{"attributes":{"binding_type":{"type":"string","description_kind":"plain","optional":true},"catalog_name":{"type":"string","description_kind":"plain","deprecated":true,"optional":true},"id":{"type":"string","description_kind":"plain","optional":true,"computed":true},"securable_name":{"type":"string","description_kind":"plain","optional":true,"computed":true},"securable_type":{"type":"string","description_kind":"plain","optional":true},"workspace_id":{"type":"number","description_kind":"plain","required":true}},"description_kind":"plain","deprecated":true}},"databricks_cluster":{"version":4,"block":{"attributes":{"apply_policy_default_values":{"type":"bool","description_kind":"plain","optional":true},"autotermination_minutes":{"type":"number","description_kind":"plain","optional":true},"cluster_id":{"type":"string","description_kind":"plain","computed":true},"cluster_name":{"type":"string","description_kind":"plain","optional":true},"custom_tags":{"type":["map","string"],"description_kind":"plain","optional":true},"data_security_mode":{"type":"string","description_kind":"plain","optional":true},"default_tags":{"type":["map","string"],"description_kind":"plain","computed":true},"driver_instance_pool_id":{"type":"string","description_kind":"plain","optional":true,"computed":true},"driver_node_type_id":{"type":"string","description_kind":"plain","optional":true,"computed":true},"enable_elastic_disk":{"type":"bool","description_kind":"plain","optional":true,"computed":true},"enable_local_disk_encryption":{"type":"bool","description_kind":"plain","optional":true,"computed":true},"id":{"type":"string","description_kind":"plain","optional":true,"computed":true},"idempotency_token":{"type":"string","description_kind":"plain","optional":true},"instance_pool_id":{"type":"string","description_kind":"plain","optional":true},"is_pinned":{"type":"bool","description_kind":"plain","optional":true},"is_single_node":{"type":"bool","description_kind":"plain","optional":true},"kind":{"type":"string","description_kind":"plain","optional":true},"no_wait":{"type":"bool","description_kind":"plain","optional":true},"node_type_id":{"type":"string","description_kind":"plain","optional":true,"computed":true},"num_workers":{"type":"number","description_kind":"plain","optional":true},"policy_id":{"type":"string","description_kind":"plain","optional":true},"remote_disk_throughput":{"type":"number","description_kind":"plain","optional":true},"runtime_engine":{"type":"string","description_kind":"plain","optional":true},"single_user_name":{"type":"string","description_kind":"plain","optional":true},"spark_conf":{"type":["map","string"],"description_kind":"plain","optional":true},"spark_env_vars":{"type":["map","string"],"description_kind":"plain","optional":true},"spark_version":{"type":"string","description_kind":"plain","required":true},"ssh_public_keys":{"type":["list","string"],"description_kind":"plain","optional":true},"state":{"type":"string","description_kind":"plain","computed":true},"total_initial_remote_disk_size":{"type":"number","description_kind":"plain","optional":true},"url":{"type":"string","description_kind":"plain","computed":true},"use_ml_runtime":{"type":"bool","description_kind":"plain","optional":true}},"block_types":{"autoscale":{"nesting_mode":"list","block":{"attributes":{"max_workers":{"type":"number","description_kind":"plain","optional":true},"min_workers":{"type":"number","description_kind":"plain","optional":true}},"description_kind":"plain"},"max_items":1},"aws_attributes":{"nesting_mode":"list","block":{"attributes":{"availability":{"type":"string","description_kind":"plain","optional":true},"ebs_volume_count":{"type":"number","description_kind":"plain","optional":true},"ebs_volume_iops":{"type":"number","description_kind":"plain","optional":true},"ebs_volume_size":{"type":"number","description_kind":"plain","optional":true},"ebs_volume_throughput":{"type":"number","description_kind":"plain","optional":true},"ebs_volume_type":{"type":"string","description_kind":"plain","optional":true},"first_on_demand":{"type":"number","description_kind":"plain","optional":true},"instance_profile_arn":{"type":"string","description_kind":"plain","optional":true},"spot_bid_price_percent":{"type":"number","description_kind":"plain","optional":true},"zone_id":{"type":"string","description_kind":"plain","optional":true}},"description_kind":"plain"},"max_items":1},"azure_attributes":{"nesting_mode":"list","block":{"attributes":{"availability":{"type":"string","description_kind":"plain","optional":true},"first_on_demand":{"type":"number","description_kind":"plain","optional":true},"spot_bid_max_price":{"type":"number","description_kind":"plain","optional":true}},"block_types":{"log_analytics_info":{"nesting_mode":"list","block":{"attributes":{"log_analytics_primary_key":{"type":"string","description_kind":"plain","optional":true},"log_analytics_workspace_id":{"type":"string","description_kind":"plain","optional":true}},"description_kind":"plain"},"max_items":1}},"description_kind":"plain"},"max_items":1},"cluster_log_conf":{"nesting_mode":"list","block":{"block_types":{"dbfs":{"nesting_mode":"list","block":{"attributes":{"destination":{"type":"string","description_kind":"plain","required":true}},"description_kind":"plain"},"max_items":1},"s3":{"nesting_mode":"list","block":{"attributes":{"canned_acl":{"type":"string","description_kind":"plain","optional":true},"destination":{"type":"string","description_kind":"plain","required":true},"enable_encryption":{"type":"bool","description_kind":"plain","optional":true},"encryption_type":{"type":"string","description_kind":"plain","optional":true},"endpoint":{"type":"string","description_kind":"plain","optional":true},"kms_key":{"type":"string","description_kind":"plain","optional":true},"region":{"type":"string","description_kind":"plain","optional":true}},"description_kind":"plain"},"max_items":1},"volumes":{"nesting_mode":"list","block":{"attributes":{"destination":{"type":"string","description_kind":"plain","required":true}},"description_kind":"plain"},"max_items":1}},"description_kind":"plain"},"max_items":1},"cluster_mount_info":{"nesting_mode":"list","block":{"attributes":{"local_mount_dir_path":{"type":"string","description_kind":"plain","required":true},"remote_mount_dir_path":{"type":"string","description_kind":"plain","optional":true}},"block_types":{"network_filesystem_info":{"nesting_mode":"list","block":{"attributes":{"mount_options":{"type":"string","description_kind":"plain","optional":true},"server_address":{"type":"string","description_kind":"plain","required":true}},"description_kind":"plain"},"min_items":1,"max_items":1}},"description_kind":"plain"}},"docker_image":{"nesting_mode":"list","block":{"attributes":{"url":{"type":"string","description_kind":"plain","required":true}},"block_types":{"basic_auth":{"nesting_mode":"list","block":{"attributes":{"password":{"type":"string","description_kind":"plain","required":true,"sensitive":true},"username":{"type":"string","description_kind":"plain","required":true}},"description_kind":"plain"},"max_items":1}},"description_kind":"plain"},"max_items":1},"gcp_attributes":{"nesting_mode":"list","block":{"attributes":{"availability":{"type":"string","description_kind":"plain","optional":true},"boot_disk_size":{"type":"number","description_kind":"plain","optional":true},"first_on_demand":{"type":"number","description_kind":"plain","optional":true},"google_service_account":{"type":"string","description_kind":"plain","optional":true},"local_ssd_count":{"type":"number","description_kind":"plain","optional":true},"use_preemptible_executors":{"type":"bool","description_kind":"plain","optional":true},"zone_id":{"type":"string","description_kind":"plain","optional":true}},"description_kind":"plain"},"max_items":1},"init_scripts":{"nesting_mode":"list","block":{"block_types":{"abfss":{"nesting_mode":"list","block":{"attributes":{"destination":{"type":"string","description_kind":"plain","required":true}},"description_kind":"plain"},"max_items":1},"dbfs":{"nesting_mode":"list","block":{"attributes":{"destination":{"type":"string","description_kind":"plain","required":true}},"description_kind":"plain","deprecated":true},"max_items":1},"file":{"nesting_mode":"list","block":{"attributes":{"destination":{"type":"string","description_kind":"plain","required":true}},"description_kind":"plain"},"max_items":1},"gcs":{"nesting_mode":"list","block":{"attributes":{"destination":{"type":"string","description_kind":"plain","required":true}},"description_kind":"plain"},"max_items":1},"s3":{"nesting_mode":"list","block":{"attributes":{"canned_acl":{"type":"string","description_kind":"plain","optional":true},"destination":{"type":"string","description_kind":"plain","required":true},"enable_encryption":{"type":"bool","description_kind":"plain","optional":true},"encryption_type":{"type":"string","description_kind":"plain","optional":true},"endpoint":{"type":"string","description_kind":"plain","optional":true},"kms_key":{"type":"string","description_kind":"plain","optional":true},"region":{"type":"string","description_kind":"plain","optional":true}},"description_kind":"plain"},"max_items":1},"volumes":{"nesting_mode":"list","block":{"attributes":{"destination":{"type":"string","description_kind":"plain","required":true}},"description_kind":"plain"},"max_items":1},"workspace":{"nesting_mode":"list","block":{"attributes":{"destination":{"type":"string","description_kind":"plain","required":true}},"description_kind":"plain"},"max_items":1}},"description_kind":"plain"},"max_items":10},"library":{"nesting_mode":"set","block":{"attributes":{"egg":{"type":"string","description_kind":"plain","deprecated":true,"optional":true},"jar":{"type":"string","description_kind":"plain","optional":true},"requirements":{"type":"string","description_kind":"plain","optional":true},"whl":{"type":"string","description_kind":"plain","optional":true}},"block_types":{"cran":{"nesting_mode":"list","block":{"attributes":{"package":{"type":"string","description_kind":"plain","required":true},"repo":{"type":"string","description_kind":"plain","optional":true}},"description_kind":"plain"},"max_items":1},"maven":{"nesting_mode":"list","block":{"attributes":{"coordinates":{"type":"string","description_kind":"plain","required":true},"exclusions":{"type":["list","string"],"description_kind":"plain","optional":true},"repo":{"type":"string","description_kind":"plain","optional":true}},"description_kind":"plain"},"max_items":1},"pypi":{"nesting_mode":"list","block":{"attributes":{"package":{"type":"string","description_kind":"plain","required":true},"repo":{"type":"string","description_kind":"plain","optional":true}},"description_kind":"plain"},"max_items":1}},"description_kind":"plain"}},"provider_config":{"nesting_mode":"list","block":{"attributes":{"workspace_id":{"type":"string","description_kind":"plain","required":true}},"description_kind":"plain"},"max_items":1},"timeouts":{"nesting_mode":"single","block":{"attributes":{"create":{"type":"string","description_kind":"plain","optional":true},"delete":{"type":"string","description_kind":"plain","optional":true},"update":{"type":"string","description_kind":"plain","optional":true}},"description_kind":"plain"}},"workload_type":{"nesting_mode":"list","block":{"block_types":{"clients":{"nesting_mode":"list","block":{"attributes":{"jobs":{"type":"bool","description_kind":"plain","optional":true},"notebooks":{"type":"bool","description_kind":"plain","optional":true}},"description_kind":"plain"},"min_items":1,"max_items":1}},"description_kind":"plain"},"max_items":1}},"description_kind":"plain"}},"databricks_cluster_policy":{"version":1,"block":{"attributes":{"definition":{"type":"string","description_kind":"plain","optional":true,"computed":true},"description":{"type":"string","description_kind":"plain","optional":true},"id":{"type":"string","description_kind":"plain","optional":true,"computed":true},"max_clusters_per_user":{"type":"number","description_kind":"plain","optional":true},"name":{"type":"string","description_kind":"plain","optional":true},"policy_family_definition_overrides":{"type":"string","description_kind":"plain","optional":true},"policy_family_id":{"type":"string","description_kind":"plain","optional":true},"policy_id":{"type":"string","description_kind":"plain","computed":true}},"block_types":{"libraries":{"nesting_mode":"list","block":{"attributes":{"egg":{"type":"string","description_kind":"plain","deprecated":true,"optional":true},"jar":{"type":"string","description_kind":"plain","optional":true},"requirements":{"type":"string","description_kind":"plain","optional":true},"whl":{"type":"string","description_kind":"plain","optional":true}},"block_types":{"cran":{"nesting_mode":"list","block":{"attributes":{"package":{"type":"string","description_kind":"plain","required":true},"repo":{"type":"string","description_kind":"plain","optional":true}},"description_kind":"plain"},"max_items":1},"maven":{"nesting_mode":"list","block":{"attributes":{"coordinates":{"type":"string","description_kind":"plain","required":true},"exclusions":{"type":["list","string"],"description_kind":"plain","optional":true},"repo":{"type":"string","description_kind":"plain","optional":true}},"description_kind":"plain"},"max_items":1},"provider_config":{"nesting_mode":"list","block":{"attributes":{"workspace_id":{"type":"string","description_kind":"plain","required":true}},"description_kind":"plain"},"max_items":1},"pypi":{"nesting_mode":"list","block":{"attributes":{"package":{"type":"string","description_kind":"plain","required":true},"repo":{"type":"string","description_kind":"plain","optional":true}},"description_kind":"plain"},"max_items":1}},"description_kind":"plain"}}},"description_kind":"plain"}},"databricks_compliance_security_profile_workspace_setting":{"version":0,"block":{"attributes":{"etag":{"type":"string","description_kind":"plain","optional":true,"computed":true},"id":{"type":"string","description_kind":"plain","optional":true,"computed":true},"setting_name":{"type":"string","description_kind":"plain","optional":true,"computed":true}},"block_types":{"compliance_security_profile_workspace":{"nesting_mode":"list","block":{"attributes":{"compliance_standards":{"type":["list","string"],"description_kind":"plain","required":true},"is_enabled":{"type":"bool","description_kind":"plain","required":true}},"description_kind":"plain"},"min_items":1,"max_items":1}},"description_kind":"plain"}},"databricks_connection":{"version":0,"block":{"attributes":{"comment":{"type":"string","description_kind":"plain","optional":true},"connection_id":{"type":"string","description_kind":"plain","computed":true},"connection_type":{"type":"string","description_kind":"plain","optional":true},"created_at":{"type":"number","description_kind":"plain","computed":true},"created_by":{"type":"string","description_kind":"plain","computed":true},"credential_type":{"type":"string","description_kind":"plain","computed":true},"full_name":{"type":"string","description_kind":"plain","computed":true},"id":{"type":"string","description_kind":"plain","optional":true,"computed":true},"metastore_id":{"type":"string","description_kind":"plain","computed":true},"name":{"type":"string","description_kind":"plain","optional":true},"options":{"type":["map","string"],"description_kind":"plain","optional":true,"sensitive":true},"owner":{"type":"string","description_kind":"plain","optional":true,"computed":true},"properties":{"type":["map","string"],"description_kind":"plain","optional":true},"provisioning_info":{"type":["list",["object",{"state":"string"}]],"description_kind":"plain","computed":true},"read_only":{"type":"bool","description_kind":"plain","optional":true,"computed":true},"securable_type":{"type":"string","description_kind":"plain","computed":true},"updated_at":{"type":"number","description_kind":"plain","computed":true},"updated_by":{"type":"string","description_kind":"plain","computed":true},"url":{"type":"string","description_kind":"plain","computed":true}},"description_kind":"plain"}},"databricks_credential":{"version":0,"block":{"attributes":{"comment":{"type":"string","description_kind":"plain","optional":true},"created_at":{"type":"number","description_kind":"plain","optional":true,"computed":true},"created_by":{"type":"string","description_kind":"plain","optional":true,"computed":true},"credential_id":{"type":"string","description_kind":"plain","computed":true},"force_destroy":{"type":"bool","description_kind":"plain","optional":true},"force_update":{"type":"bool","description_kind":"plain","optional":true},"full_name":{"type":"string","description_kind":"plain","optional":true,"computed":true},"id":{"type":"string","description_kind":"plain","optional":true,"computed":true},"isolation_mode":{"type":"string","description_kind":"plain","optional":true,"computed":true},"metastore_id":{"type":"string","description_kind":"plain","optional":true,"computed":true},"name":{"type":"string","description_kind":"plain","required":true},"owner":{"type":"string","description_kind":"plain","optional":true,"computed":true},"purpose":{"type":"string","description_kind":"plain","required":true},"read_only":{"type":"bool","description_kind":"plain","optional":true},"skip_validation":{"type":"bool","description_kind":"plain","optional":true},"updated_at":{"type":"number","description_kind":"plain","optional":true,"computed":true},"updated_by":{"type":"string","description_kind":"plain","optional":true,"computed":true},"used_for_managed_storage":{"type":"bool","description_kind":"plain","optional":true,"computed":true}},"block_types":{"aws_iam_role":{"nesting_mode":"list","block":{"attributes":{"external_id":{"type":"string","description_kind":"plain","optional":true,"computed":true},"role_arn":{"type":"string","description_kind":"plain","optional":true},"unity_catalog_iam_arn":{"type":"string","description_kind":"plain","optional":true,"computed":true}},"description_kind":"plain"},"max_items":1},"azure_managed_identity":{"nesting_mode":"list","block":{"attributes":{"access_connector_id":{"type":"string","description_kind":"plain","required":true},"credential_id":{"type":"string","description_kind":"plain","optional":true,"computed":true},"managed_identity_id":{"type":"string","description_kind":"plain","optional":true}},"description_kind":"plain"},"max_items":1},"azure_service_principal":{"nesting_mode":"list","block":{"attributes":{"application_id":{"type":"string","description_kind":"plain","required":true},"client_secret":{"type":"string","description_kind":"plain","required":true,"sensitive":true},"directory_id":{"type":"string","description_kind":"plain","required":true}},"description_kind":"plain"},"max_items":1},"databricks_gcp_service_account":{"nesting_mode":"list","block":{"attributes":{"credential_id":{"type":"string","description_kind":"plain","optional":true,"computed":true},"email":{"type":"string","description_kind":"plain","optional":true,"computed":true},"private_key_id":{"type":"string","description_kind":"plain","optional":true,"computed":true}},"description_kind":"plain"},"max_items":1}},"description_kind":"plain"}},"databricks_custom_app_integration":{"version":0,"block":{"attributes":{"client_id":{"type":"string","description_kind":"plain","optional":true,"computed":true},"client_secret":{"type":"string","description_kind":"plain","optional":true,"computed":true,"sensitive":true},"confidential":{"type":"bool","description_kind":"plain","optional":true},"create_time":{"type":"string","description_kind":"plain","optional":true,"computed":true},"created_by":{"type":"number","description_kind":"plain","optional":true,"computed":true},"creator_username":{"type":"string","description_kind":"plain","optional":true,"computed":true},"id":{"type":"string","description_kind":"plain","optional":true,"computed":true},"integration_id":{"type":"string","description_kind":"plain","optional":true,"computed":true},"name":{"type":"string","description_kind":"plain","optional":true},"redirect_urls":{"type":["list","string"],"description_kind":"plain","optional":true},"scopes":{"type":["list","string"],"description_kind":"plain","optional":true},"user_authorized_scopes":{"type":["list","string"],"description_kind":"plain","optional":true}},"block_types":{"token_access_policy":{"nesting_mode":"list","block":{"attributes":{"absolute_session_lifetime_in_minutes":{"type":"number","description_kind":"plain","optional":true,"computed":true},"access_token_ttl_in_minutes":{"type":"number","description_kind":"plain","optional":true},"enable_single_use_refresh_tokens":{"type":"bool","description_kind":"plain","optional":true},"refresh_token_ttl_in_minutes":{"type":"number","description_kind":"plain","optional":true}},"description_kind":"plain"},"max_items":1}},"description_kind":"plain"}},"databricks_dashboard":{"version":0,"block":{"attributes":{"create_time":{"type":"string","description_kind":"plain","optional":true,"computed":true},"dashboard_change_detected":{"type":"bool","description_kind":"plain","optional":true},"dashboard_id":{"type":"string","description_kind":"plain","optional":true,"computed":true},"display_name":{"type":"string","description_kind":"plain","required":true},"embed_credentials":{"type":"bool","description_kind":"plain","optional":true},"etag":{"type":"string","description_kind":"plain","optional":true,"computed":true},"file_path":{"type":"string","description_kind":"plain","optional":true},"id":{"type":"string","description_kind":"plain","optional":true,"computed":true},"lifecycle_state":{"type":"string","description_kind":"plain","optional":true,"computed":true},"md5":{"type":"string","description_kind":"plain","optional":true,"computed":true},"parent_path":{"type":"string","description_kind":"plain","required":true},"path":{"type":"string","description_kind":"plain","optional":true,"computed":true},"serialized_dashboard":{"type":"string","description_kind":"plain","optional":true},"update_time":{"type":"string","description_kind":"plain","optional":true,"computed":true},"warehouse_id":{"type":"string","description_kind":"plain","required":true}},"description_kind":"plain"}},"databricks_data_quality_monitor":{"version":0,"block":{"attributes":{"anomaly_detection_config":{"nested_type":{"nesting_mode":"single"},"description_kind":"plain","optional":true},"data_profiling_config":{"nested_type":{"attributes":{"assets_dir":{"type":"string","description_kind":"plain","optional":true},"baseline_table_name":{"type":"string","description_kind":"plain","optional":true},"custom_metrics":{"nested_type":{"attributes":{"definition":{"type":"string","description_kind":"plain","required":true},"input_columns":{"type":["list","string"],"description_kind":"plain","required":true},"name":{"type":"string","description_kind":"plain","required":true},"output_data_type":{"type":"string","description_kind":"plain","required":true},"type":{"type":"string","description_kind":"plain","required":true}},"nesting_mode":"list"},"description_kind":"plain","optional":true},"dashboard_id":{"type":"string","description_kind":"plain","computed":true},"drift_metrics_table_name":{"type":"string","description_kind":"plain","computed":true},"effective_warehouse_id":{"type":"string","description_kind":"plain","computed":true},"inference_log":{"nested_type":{"attributes":{"granularities":{"type":["list","string"],"description_kind":"plain","required":true},"label_column":{"type":"string","description_kind":"plain","optional":true},"model_id_column":{"type":"string","description_kind":"plain","required":true},"prediction_column":{"type":"string","description_kind":"plain","required":true},"problem_type":{"type":"string","description_kind":"plain","required":true},"timestamp_column":{"type":"string","description_kind":"plain","required":true}},"nesting_mode":"single"},"description_kind":"plain","optional":true},"latest_monitor_failure_message":{"type":"string","description_kind":"plain","computed":true},"monitor_version":{"type":"number","description_kind":"plain","computed":true},"monitored_table_name":{"type":"string","description_kind":"plain","computed":true},"notification_settings":{"nested_type":{"attributes":{"on_failure":{"nested_type":{"attributes":{"email_addresses":{"type":["list","string"],"description_kind":"plain","optional":true}},"nesting_mode":"single"},"description_kind":"plain","optional":true}},"nesting_mode":"single"},"description_kind":"plain","optional":true},"output_schema_id":{"type":"string","description_kind":"plain","required":true},"profile_metrics_table_name":{"type":"string","description_kind":"plain","computed":true},"schedule":{"nested_type":{"attributes":{"pause_status":{"type":"string","description_kind":"plain","computed":true},"quartz_cron_expression":{"type":"string","description_kind":"plain","required":true},"timezone_id":{"type":"string","description_kind":"plain","required":true}},"nesting_mode":"single"},"description_kind":"plain","optional":true},"skip_builtin_dashboard":{"type":"bool","description_kind":"plain","optional":true},"slicing_exprs":{"type":["list","string"],"description_kind":"plain","optional":true},"snapshot":{"nested_type":{"nesting_mode":"single"},"description_kind":"plain","optional":true},"status":{"type":"string","description_kind":"plain","computed":true},"time_series":{"nested_type":{"attributes":{"granularities":{"type":["list","string"],"description_kind":"plain","required":true},"timestamp_column":{"type":"string","description_kind":"plain","required":true}},"nesting_mode":"single"},"description_kind":"plain","optional":true},"warehouse_id":{"type":"string","description_kind":"plain","optional":true}},"nesting_mode":"single"},"description_kind":"plain","optional":true},"object_id":{"type":"string","description_kind":"plain","required":true},"object_type":{"type":"string","description_kind":"plain","required":true}},"description":"Terraform schema for Databricks data_quality_monitor","description_kind":"plain"}},"databricks_data_quality_refresh":{"version":0,"block":{"attributes":{"end_time_ms":{"type":"number","description_kind":"plain","computed":true},"message":{"type":"string","description_kind":"plain","computed":true},"object_id":{"type":"string","description_kind":"plain","required":true},"object_type":{"type":"string","description_kind":"plain","required":true},"refresh_id":{"type":"number","description_kind":"plain","computed":true},"start_time_ms":{"type":"number","description_kind":"plain","computed":true},"state":{"type":"string","description_kind":"plain","computed":true},"trigger":{"type":"string","description_kind":"plain","computed":true}},"description":"Terraform schema for Databricks data_quality_refresh","description_kind":"plain"}},"databricks_database_database_catalog":{"version":0,"block":{"attributes":{"create_database_if_not_exists":{"type":"bool","description_kind":"plain","optional":true,"computed":true},"database_instance_name":{"type":"string","description_kind":"plain","required":true},"database_name":{"type":"string","description_kind":"plain","required":true},"name":{"type":"string","description_kind":"plain","required":true},"uid":{"type":"string","description_kind":"plain","computed":true}},"description":"Terraform schema for Databricks database_database_catalog","description_kind":"plain"}},"databricks_database_instance":{"version":0,"block":{"attributes":{"capacity":{"type":"string","description_kind":"plain","optional":true},"child_instance_refs":{"nested_type":{"attributes":{"branch_time":{"type":"string","description_kind":"plain","optional":true},"effective_lsn":{"type":"string","description_kind":"plain","computed":true},"lsn":{"type":"string","description_kind":"plain","optional":true,"computed":true},"name":{"type":"string","description_kind":"plain","optional":true},"uid":{"type":"string","description_kind":"plain","computed":true}},"nesting_mode":"list"},"description_kind":"plain","computed":true},"creation_time":{"type":"string","description_kind":"plain","computed":true},"creator":{"type":"string","description_kind":"plain","computed":true},"custom_tags":{"nested_type":{"attributes":{"key":{"type":"string","description_kind":"plain","optional":true},"value":{"type":"string","description_kind":"plain","optional":true}},"nesting_mode":"list"},"description_kind":"plain","optional":true,"computed":true},"effective_capacity":{"type":"string","description_kind":"plain","computed":true},"effective_custom_tags":{"nested_type":{"attributes":{"key":{"type":"string","description_kind":"plain","optional":true},"value":{"type":"string","description_kind":"plain","optional":true}},"nesting_mode":"list"},"description_kind":"plain","computed":true},"effective_enable_pg_native_login":{"type":"bool","description_kind":"plain","computed":true},"effective_enable_readable_secondaries":{"type":"bool","description_kind":"plain","computed":true},"effective_node_count":{"type":"number","description_kind":"plain","computed":true},"effective_retention_window_in_days":{"type":"number","description_kind":"plain","computed":true},"effective_stopped":{"type":"bool","description_kind":"plain","computed":true},"effective_usage_policy_id":{"type":"string","description_kind":"plain","computed":true},"enable_pg_native_login":{"type":"bool","description_kind":"plain","optional":true,"computed":true},"enable_readable_secondaries":{"type":"bool","description_kind":"plain","optional":true,"computed":true},"name":{"type":"string","description_kind":"plain","required":true},"node_count":{"type":"number","description_kind":"plain","optional":true,"computed":true},"parent_instance_ref":{"nested_type":{"attributes":{"branch_time":{"type":"string","description_kind":"plain","optional":true},"effective_lsn":{"type":"string","description_kind":"plain","computed":true},"lsn":{"type":"string","description_kind":"plain","optional":true,"computed":true},"name":{"type":"string","description_kind":"plain","optional":true},"uid":{"type":"string","description_kind":"plain","computed":true}},"nesting_mode":"single"},"description_kind":"plain","optional":true},"pg_version":{"type":"string","description_kind":"plain","computed":true},"purge_on_delete":{"type":"bool","description_kind":"plain","optional":true},"read_only_dns":{"type":"string","description_kind":"plain","computed":true},"read_write_dns":{"type":"string","description_kind":"plain","computed":true},"retention_window_in_days":{"type":"number","description_kind":"plain","optional":true,"computed":true},"state":{"type":"string","description_kind":"plain","computed":true},"stopped":{"type":"bool","description_kind":"plain","optional":true,"computed":true},"uid":{"type":"string","description_kind":"plain","computed":true},"usage_policy_id":{"type":"string","description_kind":"plain","optional":true,"computed":true}},"description":"Terraform schema for Databricks database_instance","description_kind":"plain"}},"databricks_database_synced_database_table":{"version":0,"block":{"attributes":{"data_synchronization_status":{"nested_type":{"attributes":{"continuous_update_status":{"nested_type":{"attributes":{"initial_pipeline_sync_progress":{"nested_type":{"attributes":{"estimated_completion_time_seconds":{"type":"number","description_kind":"plain","computed":true},"latest_version_currently_processing":{"type":"number","description_kind":"plain","computed":true},"provisioning_phase":{"type":"string","description_kind":"plain","computed":true},"sync_progress_completion":{"type":"number","description_kind":"plain","computed":true},"synced_row_count":{"type":"number","description_kind":"plain","computed":true},"total_row_count":{"type":"number","description_kind":"plain","computed":true}},"nesting_mode":"single"},"description_kind":"plain","computed":true},"last_processed_commit_version":{"type":"number","description_kind":"plain","computed":true},"timestamp":{"type":"string","description_kind":"plain","computed":true}},"nesting_mode":"single"},"description_kind":"plain","optional":true},"detailed_state":{"type":"string","description_kind":"plain","computed":true},"failed_status":{"nested_type":{"attributes":{"last_processed_commit_version":{"type":"number","description_kind":"plain","computed":true},"timestamp":{"type":"string","description_kind":"plain","computed":true}},"nesting_mode":"single"},"description_kind":"plain","optional":true},"last_sync":{"nested_type":{"attributes":{"delta_table_sync_info":{"nested_type":{"attributes":{"delta_commit_timestamp":{"type":"string","description_kind":"plain","computed":true},"delta_commit_version":{"type":"number","description_kind":"plain","computed":true}},"nesting_mode":"single"},"description_kind":"plain","computed":true},"sync_end_timestamp":{"type":"string","description_kind":"plain","computed":true},"sync_start_timestamp":{"type":"string","description_kind":"plain","computed":true}},"nesting_mode":"single"},"description_kind":"plain","computed":true},"message":{"type":"string","description_kind":"plain","computed":true},"pipeline_id":{"type":"string","description_kind":"plain","computed":true},"provisioning_status":{"nested_type":{"attributes":{"initial_pipeline_sync_progress":{"nested_type":{"attributes":{"estimated_completion_time_seconds":{"type":"number","description_kind":"plain","computed":true},"latest_version_currently_processing":{"type":"number","description_kind":"plain","computed":true},"provisioning_phase":{"type":"string","description_kind":"plain","computed":true},"sync_progress_completion":{"type":"number","description_kind":"plain","computed":true},"synced_row_count":{"type":"number","description_kind":"plain","computed":true},"total_row_count":{"type":"number","description_kind":"plain","computed":true}},"nesting_mode":"single"},"description_kind":"plain","computed":true}},"nesting_mode":"single"},"description_kind":"plain","optional":true},"triggered_update_status":{"nested_type":{"attributes":{"last_processed_commit_version":{"type":"number","description_kind":"plain","computed":true},"timestamp":{"type":"string","description_kind":"plain","computed":true},"triggered_update_progress":{"nested_type":{"attributes":{"estimated_completion_time_seconds":{"type":"number","description_kind":"plain","computed":true},"latest_version_currently_processing":{"type":"number","description_kind":"plain","computed":true},"provisioning_phase":{"type":"string","description_kind":"plain","computed":true},"sync_progress_completion":{"type":"number","description_kind":"plain","computed":true},"synced_row_count":{"type":"number","description_kind":"plain","computed":true},"total_row_count":{"type":"number","description_kind":"plain","computed":true}},"nesting_mode":"single"},"description_kind":"plain","computed":true}},"nesting_mode":"single"},"description_kind":"plain","optional":true}},"nesting_mode":"single"},"description_kind":"plain","computed":true},"database_instance_name":{"type":"string","description_kind":"plain","optional":true,"computed":true},"effective_database_instance_name":{"type":"string","description_kind":"plain","computed":true},"effective_logical_database_name":{"type":"string","description_kind":"plain","computed":true},"logical_database_name":{"type":"string","description_kind":"plain","optional":true,"computed":true},"name":{"type":"string","description_kind":"plain","required":true},"spec":{"nested_type":{"attributes":{"create_database_objects_if_missing":{"type":"bool","description_kind":"plain","optional":true,"computed":true},"existing_pipeline_id":{"type":"string","description_kind":"plain","optional":true,"computed":true},"new_pipeline_spec":{"nested_type":{"attributes":{"budget_policy_id":{"type":"string","description_kind":"plain","optional":true},"storage_catalog":{"type":"string","description_kind":"plain","optional":true},"storage_schema":{"type":"string","description_kind":"plain","optional":true}},"nesting_mode":"single"},"description_kind":"plain","optional":true,"computed":true},"primary_key_columns":{"type":["list","string"],"description_kind":"plain","optional":true},"scheduling_policy":{"type":"string","description_kind":"plain","optional":true},"source_table_full_name":{"type":"string","description_kind":"plain","optional":true},"timeseries_key":{"type":"string","description_kind":"plain","optional":true}},"nesting_mode":"single"},"description_kind":"plain","optional":true},"unity_catalog_provisioning_state":{"type":"string","description_kind":"plain","computed":true}},"description":"Terraform schema for Databricks database_synced_database_table","description_kind":"plain"}},"databricks_dbfs_file":{"version":1,"block":{"attributes":{"content_base64":{"type":"string","description_kind":"plain","optional":true},"dbfs_path":{"type":"string","description_kind":"plain","computed":true},"file_size":{"type":"number","description_kind":"plain","computed":true},"id":{"type":"string","description_kind":"plain","optional":true,"computed":true},"md5":{"type":"string","description_kind":"plain","optional":true},"path":{"type":"string","description_kind":"plain","required":true},"source":{"type":"string","description_kind":"plain","optional":true}},"description_kind":"plain"}},"databricks_default_namespace_setting":{"version":0,"block":{"attributes":{"etag":{"type":"string","description_kind":"plain","optional":true,"computed":true},"id":{"type":"string","description_kind":"plain","optional":true,"computed":true},"setting_name":{"type":"string","description_kind":"plain","optional":true,"computed":true}},"block_types":{"namespace":{"nesting_mode":"list","block":{"attributes":{"value":{"type":"string","description_kind":"plain","optional":true}},"description_kind":"plain"},"min_items":1,"max_items":1}},"description_kind":"plain"}},"databricks_directory":{"version":0,"block":{"attributes":{"delete_recursive":{"type":"bool","description_kind":"plain","optional":true},"id":{"type":"string","description_kind":"plain","optional":true,"computed":true},"object_id":{"type":"number","description_kind":"plain","optional":true,"computed":true},"path":{"type":"string","description_kind":"plain","required":true},"workspace_path":{"type":"string","description_kind":"plain","computed":true}},"description_kind":"plain"}},"databricks_disable_legacy_access_setting":{"version":0,"block":{"attributes":{"etag":{"type":"string","description_kind":"plain","optional":true,"computed":true},"id":{"type":"string","description_kind":"plain","optional":true,"computed":true},"setting_name":{"type":"string","description_kind":"plain","optional":true,"computed":true}},"block_types":{"disable_legacy_access":{"nesting_mode":"list","block":{"attributes":{"value":{"type":"bool","description_kind":"plain","required":true}},"description_kind":"plain"},"min_items":1,"max_items":1}},"description_kind":"plain"}},"databricks_disable_legacy_dbfs_setting":{"version":0,"block":{"attributes":{"etag":{"type":"string","description_kind":"plain","optional":true,"computed":true},"id":{"type":"string","description_kind":"plain","optional":true,"computed":true},"setting_name":{"type":"string","description_kind":"plain","optional":true,"computed":true}},"block_types":{"disable_legacy_dbfs":{"nesting_mode":"list","block":{"attributes":{"value":{"type":"bool","description_kind":"plain","required":true}},"description_kind":"plain"},"min_items":1,"max_items":1}},"description_kind":"plain"}},"databricks_disable_legacy_features_setting":{"version":0,"block":{"attributes":{"etag":{"type":"string","description_kind":"plain","optional":true,"computed":true},"id":{"type":"string","description_kind":"plain","optional":true,"computed":true},"setting_name":{"type":"string","description_kind":"plain","optional":true,"computed":true}},"block_types":{"disable_legacy_features":{"nesting_mode":"list","block":{"attributes":{"value":{"type":"bool","description_kind":"plain","required":true}},"description_kind":"plain"},"min_items":1,"max_items":1}},"description_kind":"plain"}},"databricks_enhanced_security_monitoring_workspace_setting":{"version":0,"block":{"attributes":{"etag":{"type":"string","description_kind":"plain","optional":true,"computed":true},"id":{"type":"string","description_kind":"plain","optional":true,"computed":true},"setting_name":{"type":"string","description_kind":"plain","optional":true,"computed":true}},"block_types":{"enhanced_security_monitoring_workspace":{"nesting_mode":"list","block":{"attributes":{"is_enabled":{"type":"bool","description_kind":"plain","required":true}},"description_kind":"plain"},"min_items":1,"max_items":1}},"description_kind":"plain"}},"databricks_entitlements":{"version":0,"block":{"attributes":{"allow_cluster_create":{"type":"bool","description_kind":"plain","optional":true},"allow_instance_pool_create":{"type":"bool","description_kind":"plain","optional":true},"databricks_sql_access":{"type":"bool","description_kind":"plain","optional":true},"group_id":{"type":"string","description_kind":"plain","optional":true},"id":{"type":"string","description_kind":"plain","optional":true,"computed":true},"service_principal_id":{"type":"string","description_kind":"plain","optional":true},"user_id":{"type":"string","description_kind":"plain","optional":true},"workspace_access":{"type":"bool","description_kind":"plain","optional":true},"workspace_consume":{"type":"bool","description_kind":"plain","optional":true}},"description_kind":"plain"}},"databricks_entity_tag_assignment":{"version":0,"block":{"attributes":{"entity_name":{"type":"string","description_kind":"plain","required":true},"entity_type":{"type":"string","description_kind":"plain","required":true},"tag_key":{"type":"string","description_kind":"plain","required":true},"tag_value":{"type":"string","description_kind":"plain","optional":true}},"description":"Terraform schema for Databricks entity_tag_assignment","description_kind":"plain"}},"databricks_external_location":{"version":0,"block":{"attributes":{"browse_only":{"type":"bool","description_kind":"plain","computed":true},"comment":{"type":"string","description_kind":"plain","optional":true},"created_at":{"type":"number","description_kind":"plain","computed":true},"created_by":{"type":"string","description_kind":"plain","computed":true},"credential_id":{"type":"string","description_kind":"plain","computed":true},"credential_name":{"type":"string","description_kind":"plain","required":true},"enable_file_events":{"type":"bool","description_kind":"plain","optional":true},"fallback":{"type":"bool","description_kind":"plain","optional":true},"force_destroy":{"type":"bool","description_kind":"plain","optional":true},"force_update":{"type":"bool","description_kind":"plain","optional":true},"id":{"type":"string","description_kind":"plain","optional":true,"computed":true},"isolation_mode":{"type":"string","description_kind":"plain","optional":true,"computed":true},"metastore_id":{"type":"string","description_kind":"plain","optional":true,"computed":true},"name":{"type":"string","description_kind":"plain","required":true},"owner":{"type":"string","description_kind":"plain","optional":true,"computed":true},"read_only":{"type":"bool","description_kind":"plain","optional":true},"skip_validation":{"type":"bool","description_kind":"plain","optional":true},"updated_at":{"type":"number","description_kind":"plain","computed":true},"updated_by":{"type":"string","description_kind":"plain","computed":true},"url":{"type":"string","description_kind":"plain","required":true}},"block_types":{"encryption_details":{"nesting_mode":"list","block":{"block_types":{"sse_encryption_details":{"nesting_mode":"list","block":{"attributes":{"algorithm":{"type":"string","description_kind":"plain","optional":true},"aws_kms_key_arn":{"type":"string","description_kind":"plain","optional":true}},"description_kind":"plain"},"max_items":1}},"description_kind":"plain"},"max_items":1},"file_event_queue":{"nesting_mode":"list","block":{"block_types":{"managed_aqs":{"nesting_mode":"list","block":{"attributes":{"managed_resource_id":{"type":"string","description_kind":"plain","computed":true},"queue_url":{"type":"string","description_kind":"plain","optional":true},"resource_group":{"type":"string","description_kind":"plain","required":true},"subscription_id":{"type":"string","description_kind":"plain","required":true}},"description_kind":"plain"},"max_items":1},"managed_pubsub":{"nesting_mode":"list","block":{"attributes":{"managed_resource_id":{"type":"string","description_kind":"plain","computed":true},"subscription_name":{"type":"string","description_kind":"plain","optional":true}},"description_kind":"plain"},"max_items":1},"managed_sqs":{"nesting_mode":"list","block":{"attributes":{"managed_resource_id":{"type":"string","description_kind":"plain","computed":true},"queue_url":{"type":"string","description_kind":"plain","optional":true}},"description_kind":"plain"},"max_items":1},"provided_aqs":{"nesting_mode":"list","block":{"attributes":{"managed_resource_id":{"type":"string","description_kind":"plain","computed":true},"queue_url":{"type":"string","description_kind":"plain","required":true},"resource_group":{"type":"string","description_kind":"plain","optional":true},"subscription_id":{"type":"string","description_kind":"plain","optional":true}},"description_kind":"plain"},"max_items":1},"provided_pubsub":{"nesting_mode":"list","block":{"attributes":{"managed_resource_id":{"type":"string","description_kind":"plain","computed":true},"subscription_name":{"type":"string","description_kind":"plain","required":true}},"description_kind":"plain"},"max_items":1},"provided_sqs":{"nesting_mode":"list","block":{"attributes":{"managed_resource_id":{"type":"string","description_kind":"plain","computed":true},"queue_url":{"type":"string","description_kind":"plain","required":true}},"description_kind":"plain"},"max_items":1}},"description_kind":"plain"},"max_items":1}},"description_kind":"plain"}},"databricks_external_metadata":{"version":0,"block":{"attributes":{"columns":{"type":["list","string"],"description_kind":"plain","optional":true},"create_time":{"type":"string","description_kind":"plain","computed":true},"created_by":{"type":"string","description_kind":"plain","computed":true},"description":{"type":"string","description_kind":"plain","optional":true},"entity_type":{"type":"string","description_kind":"plain","required":true},"id":{"type":"string","description_kind":"plain","computed":true},"metastore_id":{"type":"string","description_kind":"plain","computed":true},"name":{"type":"string","description_kind":"plain","required":true},"owner":{"type":"string","description_kind":"plain","optional":true},"properties":{"type":["map","string"],"description_kind":"plain","optional":true},"system_type":{"type":"string","description_kind":"plain","required":true},"update_time":{"type":"string","description_kind":"plain","computed":true},"updated_by":{"type":"string","description_kind":"plain","computed":true},"url":{"type":"string","description_kind":"plain","optional":true}},"description":"Terraform schema for Databricks external_metadata","description_kind":"plain"}},"databricks_feature_engineering_feature":{"version":0,"block":{"attributes":{"description":{"type":"string","description_kind":"plain","optional":true},"filter_condition":{"type":"string","description_kind":"plain","optional":true},"full_name":{"type":"string","description_kind":"plain","required":true},"function":{"nested_type":{"attributes":{"extra_parameters":{"nested_type":{"attributes":{"key":{"type":"string","description_kind":"plain","required":true},"value":{"type":"string","description_kind":"plain","required":true}},"nesting_mode":"list"},"description_kind":"plain","optional":true},"function_type":{"type":"string","description_kind":"plain","required":true}},"nesting_mode":"single"},"description_kind":"plain","required":true},"inputs":{"type":["list","string"],"description_kind":"plain","required":true},"lineage_context":{"nested_type":{"attributes":{"job_context":{"nested_type":{"attributes":{"job_id":{"type":"number","description_kind":"plain","optional":true},"job_run_id":{"type":"number","description_kind":"plain","optional":true}},"nesting_mode":"single"},"description_kind":"plain","optional":true},"notebook_id":{"type":"number","description_kind":"plain","optional":true}},"nesting_mode":"single"},"description_kind":"plain","optional":true},"source":{"nested_type":{"attributes":{"delta_table_source":{"nested_type":{"attributes":{"entity_columns":{"type":["list","string"],"description_kind":"plain","required":true},"full_name":{"type":"string","description_kind":"plain","required":true},"timeseries_column":{"type":"string","description_kind":"plain","required":true}},"nesting_mode":"single"},"description_kind":"plain","optional":true},"kafka_source":{"nested_type":{"attributes":{"entity_column_identifiers":{"nested_type":{"attributes":{"variant_expr_path":{"type":"string","description_kind":"plain","required":true}},"nesting_mode":"list"},"description_kind":"plain","required":true},"name":{"type":"string","description_kind":"plain","required":true},"timeseries_column_identifier":{"nested_type":{"attributes":{"variant_expr_path":{"type":"string","description_kind":"plain","required":true}},"nesting_mode":"single"},"description_kind":"plain","required":true}},"nesting_mode":"single"},"description_kind":"plain","optional":true}},"nesting_mode":"single"},"description_kind":"plain","required":true},"time_window":{"nested_type":{"attributes":{"continuous":{"nested_type":{"attributes":{"offset":{"type":"string","description_kind":"plain","optional":true},"window_duration":{"type":"string","description_kind":"plain","required":true}},"nesting_mode":"single"},"description_kind":"plain","optional":true},"sliding":{"nested_type":{"attributes":{"slide_duration":{"type":"string","description_kind":"plain","required":true},"window_duration":{"type":"string","description_kind":"plain","required":true}},"nesting_mode":"single"},"description_kind":"plain","optional":true},"tumbling":{"nested_type":{"attributes":{"window_duration":{"type":"string","description_kind":"plain","required":true}},"nesting_mode":"single"},"description_kind":"plain","optional":true}},"nesting_mode":"single"},"description_kind":"plain","required":true}},"description":"Terraform schema for Databricks feature_engineering_feature","description_kind":"plain"}},"databricks_feature_engineering_kafka_config":{"version":0,"block":{"attributes":{"auth_config":{"nested_type":{"attributes":{"uc_service_credential_name":{"type":"string","description_kind":"plain","optional":true}},"nesting_mode":"single"},"description_kind":"plain","required":true},"bootstrap_servers":{"type":"string","description_kind":"plain","required":true},"extra_options":{"type":["map","string"],"description_kind":"plain","optional":true},"key_schema":{"nested_type":{"attributes":{"json_schema":{"type":"string","description_kind":"plain","optional":true}},"nesting_mode":"single"},"description_kind":"plain","optional":true},"name":{"type":"string","description_kind":"plain","computed":true},"subscription_mode":{"nested_type":{"attributes":{"assign":{"type":"string","description_kind":"plain","optional":true},"subscribe":{"type":"string","description_kind":"plain","optional":true},"subscribe_pattern":{"type":"string","description_kind":"plain","optional":true}},"nesting_mode":"single"},"description_kind":"plain","required":true},"value_schema":{"nested_type":{"attributes":{"json_schema":{"type":"string","description_kind":"plain","optional":true}},"nesting_mode":"single"},"description_kind":"plain","optional":true}},"description":"Terraform schema for Databricks feature_engineering_kafka_config","description_kind":"plain"}},"databricks_feature_engineering_materialized_feature":{"version":0,"block":{"attributes":{"feature_name":{"type":"string","description_kind":"plain","required":true},"last_materialization_time":{"type":"string","description_kind":"plain","computed":true},"materialized_feature_id":{"type":"string","description_kind":"plain","computed":true},"offline_store_config":{"nested_type":{"attributes":{"catalog_name":{"type":"string","description_kind":"plain","required":true},"schema_name":{"type":"string","description_kind":"plain","required":true},"table_name_prefix":{"type":"string","description_kind":"plain","required":true}},"nesting_mode":"single"},"description_kind":"plain","optional":true},"online_store_config":{"nested_type":{"attributes":{"catalog_name":{"type":"string","description_kind":"plain","required":true},"online_store_name":{"type":"string","description_kind":"plain","required":true},"schema_name":{"type":"string","description_kind":"plain","required":true},"table_name_prefix":{"type":"string","description_kind":"plain","required":true}},"nesting_mode":"single"},"description_kind":"plain","optional":true},"pipeline_schedule_state":{"type":"string","description_kind":"plain","optional":true},"table_name":{"type":"string","description_kind":"plain","computed":true}},"description":"Terraform schema for Databricks feature_engineering_materialized_feature","description_kind":"plain"}},"databricks_file":{"version":0,"block":{"attributes":{"content_base64":{"type":"string","description_kind":"plain","optional":true},"file_size":{"type":"number","description_kind":"plain","computed":true},"id":{"type":"string","description_kind":"plain","optional":true,"computed":true},"md5":{"type":"string","description_kind":"plain","optional":true},"modification_time":{"type":"string","description_kind":"plain","computed":true},"path":{"type":"string","description_kind":"plain","required":true},"remote_file_modified":{"type":"bool","description_kind":"plain","optional":true},"source":{"type":"string","description_kind":"plain","optional":true}},"description_kind":"plain"}},"databricks_git_credential":{"version":1,"block":{"attributes":{"force":{"type":"bool","description_kind":"plain","optional":true},"git_email":{"type":"string","description_kind":"plain","optional":true},"git_provider":{"type":"string","description_kind":"plain","required":true},"git_username":{"type":"string","description_kind":"plain","optional":true},"id":{"type":"string","description_kind":"plain","optional":true,"computed":true},"is_default_for_provider":{"type":"bool","description_kind":"plain","optional":true},"name":{"type":"string","description_kind":"plain","optional":true},"personal_access_token":{"type":"string","description_kind":"plain","optional":true}},"description_kind":"plain"}},"databricks_global_init_script":{"version":1,"block":{"attributes":{"content_base64":{"type":"string","description_kind":"plain","optional":true},"enabled":{"type":"bool","description_kind":"plain","optional":true},"id":{"type":"string","description_kind":"plain","optional":true,"computed":true},"md5":{"type":"string","description_kind":"plain","optional":true},"name":{"type":"string","description_kind":"plain","required":true},"position":{"type":"number","description_kind":"plain","optional":true,"computed":true},"source":{"type":"string","description_kind":"plain","optional":true}},"block_types":{"timeouts":{"nesting_mode":"single","block":{"description_kind":"plain"}}},"description_kind":"plain"}},"databricks_grant":{"version":0,"block":{"attributes":{"catalog":{"type":"string","description_kind":"plain","optional":true},"credential":{"type":"string","description_kind":"plain","optional":true},"external_location":{"type":"string","description_kind":"plain","optional":true},"foreign_connection":{"type":"string","description_kind":"plain","optional":true},"function":{"type":"string","description_kind":"plain","optional":true},"id":{"type":"string","description_kind":"plain","optional":true,"computed":true},"metastore":{"type":"string","description_kind":"plain","optional":true},"model":{"type":"string","description_kind":"plain","optional":true},"pipeline":{"type":"string","description_kind":"plain","optional":true},"principal":{"type":"string","description_kind":"plain","required":true},"privileges":{"type":["set","string"],"description_kind":"plain","required":true},"recipient":{"type":"string","description_kind":"plain","optional":true},"schema":{"type":"string","description_kind":"plain","optional":true},"share":{"type":"string","description_kind":"plain","optional":true},"storage_credential":{"type":"string","description_kind":"plain","optional":true},"table":{"type":"string","description_kind":"plain","optional":true},"volume":{"type":"string","description_kind":"plain","optional":true}},"description_kind":"plain"}},"databricks_grants":{"version":0,"block":{"attributes":{"catalog":{"type":"string","description_kind":"plain","optional":true},"credential":{"type":"string","description_kind":"plain","optional":true},"external_location":{"type":"string","description_kind":"plain","optional":true},"foreign_connection":{"type":"string","description_kind":"plain","optional":true},"function":{"type":"string","description_kind":"plain","optional":true},"id":{"type":"string","description_kind":"plain","optional":true,"computed":true},"metastore":{"type":"string","description_kind":"plain","optional":true},"model":{"type":"string","description_kind":"plain","optional":true},"pipeline":{"type":"string","description_kind":"plain","optional":true},"recipient":{"type":"string","description_kind":"plain","optional":true},"schema":{"type":"string","description_kind":"plain","optional":true},"share":{"type":"string","description_kind":"plain","optional":true},"storage_credential":{"type":"string","description_kind":"plain","optional":true},"table":{"type":"string","description_kind":"plain","optional":true},"volume":{"type":"string","description_kind":"plain","optional":true}},"block_types":{"grant":{"nesting_mode":"set","block":{"attributes":{"principal":{"type":"string","description_kind":"plain","required":true},"privileges":{"type":["set","string"],"description_kind":"plain","required":true}},"description_kind":"plain"},"min_items":1}},"description_kind":"plain"}},"databricks_group":{"version":0,"block":{"attributes":{"acl_principal_id":{"type":"string","description_kind":"plain","optional":true,"computed":true},"allow_cluster_create":{"type":"bool","description_kind":"plain","optional":true},"allow_instance_pool_create":{"type":"bool","description_kind":"plain","optional":true},"databricks_sql_access":{"type":"bool","description_kind":"plain","optional":true},"display_name":{"type":"string","description_kind":"plain","required":true},"external_id":{"type":"string","description_kind":"plain","optional":true},"force":{"type":"bool","description_kind":"plain","optional":true},"id":{"type":"string","description_kind":"plain","optional":true,"computed":true},"url":{"type":"string","description_kind":"plain","optional":true,"computed":true},"workspace_access":{"type":"bool","description_kind":"plain","optional":true},"workspace_consume":{"type":"bool","description_kind":"plain","optional":true}},"description_kind":"plain"}},"databricks_group_instance_profile":{"version":0,"block":{"attributes":{"group_id":{"type":"string","description_kind":"plain","required":true},"id":{"type":"string","description_kind":"plain","optional":true,"computed":true},"instance_profile_id":{"type":"string","description_kind":"plain","required":true}},"description_kind":"plain","deprecated":true}},"databricks_group_member":{"version":0,"block":{"attributes":{"group_id":{"type":"string","description_kind":"plain","required":true},"id":{"type":"string","description_kind":"plain","optional":true,"computed":true},"member_id":{"type":"string","description_kind":"plain","required":true}},"description_kind":"plain"}},"databricks_group_role":{"version":0,"block":{"attributes":{"group_id":{"type":"string","description_kind":"plain","required":true},"id":{"type":"string","description_kind":"plain","optional":true,"computed":true},"role":{"type":"string","description_kind":"plain","required":true}},"description_kind":"plain"}},"databricks_instance_pool":{"version":0,"block":{"attributes":{"custom_tags":{"type":["map","string"],"description_kind":"plain","optional":true},"enable_elastic_disk":{"type":"bool","description_kind":"plain","optional":true},"id":{"type":"string","description_kind":"plain","optional":true,"computed":true},"idle_instance_autotermination_minutes":{"type":"number","description_kind":"plain","required":true},"instance_pool_id":{"type":"string","description_kind":"plain","optional":true,"computed":true},"instance_pool_name":{"type":"string","description_kind":"plain","required":true},"max_capacity":{"type":"number","description_kind":"plain","optional":true},"min_idle_instances":{"type":"number","description_kind":"plain","optional":true},"node_type_id":{"type":"string","description_kind":"plain","optional":true},"preloaded_spark_versions":{"type":["list","string"],"description_kind":"plain","optional":true}},"block_types":{"aws_attributes":{"nesting_mode":"list","block":{"attributes":{"availability":{"type":"string","description_kind":"plain","optional":true},"instance_profile_arn":{"type":"string","description_kind":"plain","optional":true},"spot_bid_price_percent":{"type":"number","description_kind":"plain","optional":true},"zone_id":{"type":"string","description_kind":"plain","optional":true,"computed":true}},"description_kind":"plain"},"max_items":1},"azure_attributes":{"nesting_mode":"list","block":{"attributes":{"availability":{"type":"string","description_kind":"plain","optional":true},"spot_bid_max_price":{"type":"number","description_kind":"plain","optional":true}},"description_kind":"plain"},"max_items":1},"disk_spec":{"nesting_mode":"list","block":{"attributes":{"disk_count":{"type":"number","description_kind":"plain","optional":true},"disk_size":{"type":"number","description_kind":"plain","optional":true}},"block_types":{"disk_type":{"nesting_mode":"list","block":{"attributes":{"azure_disk_volume_type":{"type":"string","description_kind":"plain","optional":true},"ebs_volume_type":{"type":"string","description_kind":"plain","optional":true}},"description_kind":"plain"},"max_items":1}},"description_kind":"plain"},"max_items":1},"gcp_attributes":{"nesting_mode":"list","block":{"attributes":{"gcp_availability":{"type":"string","description_kind":"plain","optional":true},"local_ssd_count":{"type":"number","description_kind":"plain","optional":true,"computed":true},"zone_id":{"type":"string","description_kind":"plain","optional":true,"computed":true}},"description_kind":"plain"},"max_items":1},"instance_pool_fleet_attributes":{"nesting_mode":"list","block":{"block_types":{"fleet_on_demand_option":{"nesting_mode":"list","block":{"attributes":{"allocation_strategy":{"type":"string","description_kind":"plain","required":true},"instance_pools_to_use_count":{"type":"number","description_kind":"plain","optional":true}},"description_kind":"plain"},"max_items":1},"fleet_spot_option":{"nesting_mode":"list","block":{"attributes":{"allocation_strategy":{"type":"string","description_kind":"plain","required":true},"instance_pools_to_use_count":{"type":"number","description_kind":"plain","optional":true}},"description_kind":"plain"},"max_items":1},"launch_template_override":{"nesting_mode":"set","block":{"attributes":{"availability_zone":{"type":"string","description_kind":"plain","required":true},"instance_type":{"type":"string","description_kind":"plain","required":true}},"description_kind":"plain"},"min_items":1}},"description_kind":"plain"},"max_items":1},"preloaded_docker_image":{"nesting_mode":"set","block":{"attributes":{"url":{"type":"string","description_kind":"plain","required":true}},"block_types":{"basic_auth":{"nesting_mode":"list","block":{"attributes":{"password":{"type":"string","description_kind":"plain","required":true,"sensitive":true},"username":{"type":"string","description_kind":"plain","required":true}},"description_kind":"plain"},"max_items":1}},"description_kind":"plain"}}},"description_kind":"plain"}},"databricks_instance_profile":{"version":0,"block":{"attributes":{"iam_role_arn":{"type":"string","description_kind":"plain","optional":true},"id":{"type":"string","description_kind":"plain","optional":true,"computed":true},"instance_profile_arn":{"type":"string","description_kind":"plain","required":true},"is_meta_instance_profile":{"type":"bool","description_kind":"plain","optional":true},"skip_validation":{"type":"bool","description_kind":"plain","optional":true,"computed":true}},"description_kind":"plain"}},"databricks_ip_access_list":{"version":0,"block":{"attributes":{"enabled":{"type":"bool","description_kind":"plain","optional":true},"id":{"type":"string","description_kind":"plain","optional":true,"computed":true},"ip_addresses":{"type":["list","string"],"description_kind":"plain","required":true},"label":{"type":"string","description_kind":"plain","required":true},"list_type":{"type":"string","description_kind":"plain","required":true}},"description_kind":"plain"}},"databricks_job":{"version":2,"block":{"attributes":{"always_running":{"type":"bool","description_kind":"plain","deprecated":true,"optional":true},"budget_policy_id":{"type":"string","description_kind":"plain","optional":true},"control_run_state":{"type":"bool","description_kind":"plain","optional":true},"description":{"type":"string","description_kind":"plain","optional":true},"edit_mode":{"type":"string","description_kind":"plain","optional":true},"existing_cluster_id":{"type":"string","description_kind":"plain","optional":true},"format":{"type":"string","description_kind":"plain","optional":true,"computed":true},"id":{"type":"string","description_kind":"plain","optional":true,"computed":true},"max_concurrent_runs":{"type":"number","description_kind":"plain","optional":true},"max_retries":{"type":"number","description_kind":"plain","deprecated":true,"optional":true},"min_retry_interval_millis":{"type":"number","description_kind":"plain","deprecated":true,"optional":true},"name":{"type":"string","description_kind":"plain","optional":true},"performance_target":{"type":"string","description_kind":"plain","optional":true},"retry_on_timeout":{"type":"bool","description_kind":"plain","deprecated":true,"optional":true},"tags":{"type":["map","string"],"description_kind":"plain","optional":true},"timeout_seconds":{"type":"number","description_kind":"plain","optional":true},"url":{"type":"string","description_kind":"plain","computed":true},"usage_policy_id":{"type":"string","description_kind":"plain","optional":true}},"block_types":{"continuous":{"nesting_mode":"list","block":{"attributes":{"pause_status":{"type":"string","description_kind":"plain","optional":true},"task_retry_mode":{"type":"string","description_kind":"plain","optional":true}},"description_kind":"plain"},"max_items":1},"dbt_task":{"nesting_mode":"list","block":{"attributes":{"catalog":{"type":"string","description_kind":"plain","optional":true},"commands":{"type":["list","string"],"description_kind":"plain","required":true},"profiles_directory":{"type":"string","description_kind":"plain","optional":true},"project_directory":{"type":"string","description_kind":"plain","optional":true},"schema":{"type":"string","description_kind":"plain","optional":true},"source":{"type":"string","description_kind":"plain","optional":true},"warehouse_id":{"type":"string","description_kind":"plain","optional":true}},"description_kind":"plain","deprecated":true},"max_items":1},"deployment":{"nesting_mode":"list","block":{"attributes":{"kind":{"type":"string","description_kind":"plain","required":true},"metadata_file_path":{"type":"string","description_kind":"plain","optional":true}},"description_kind":"plain"},"max_items":1},"email_notifications":{"nesting_mode":"list","block":{"attributes":{"no_alert_for_skipped_runs":{"type":"bool","description_kind":"plain","optional":true},"on_duration_warning_threshold_exceeded":{"type":["list","string"],"description_kind":"plain","optional":true},"on_failure":{"type":["list","string"],"description_kind":"plain","optional":true},"on_start":{"type":["list","string"],"description_kind":"plain","optional":true},"on_streaming_backlog_exceeded":{"type":["list","string"],"description_kind":"plain","optional":true},"on_success":{"type":["list","string"],"description_kind":"plain","optional":true}},"description_kind":"plain"},"max_items":1},"environment":{"nesting_mode":"list","block":{"attributes":{"environment_key":{"type":"string","description_kind":"plain","required":true}},"block_types":{"spec":{"nesting_mode":"list","block":{"attributes":{"client":{"type":"string","description_kind":"plain","optional":true},"dependencies":{"type":["list","string"],"description_kind":"plain","optional":true},"environment_version":{"type":"string","description_kind":"plain","optional":true},"java_dependencies":{"type":["list","string"],"description_kind":"plain","optional":true}},"description_kind":"plain"},"max_items":1}},"description_kind":"plain"}},"git_source":{"nesting_mode":"list","block":{"attributes":{"branch":{"type":"string","description_kind":"plain","optional":true},"commit":{"type":"string","description_kind":"plain","optional":true},"provider":{"type":"string","description_kind":"plain","optional":true},"tag":{"type":"string","description_kind":"plain","optional":true},"url":{"type":"string","description_kind":"plain","required":true}},"block_types":{"git_snapshot":{"nesting_mode":"list","block":{"attributes":{"used_commit":{"type":"string","description_kind":"plain","optional":true}},"description_kind":"plain"},"max_items":1},"job_source":{"nesting_mode":"list","block":{"attributes":{"dirty_state":{"type":"string","description_kind":"plain","optional":true},"import_from_git_branch":{"type":"string","description_kind":"plain","required":true},"job_config_path":{"type":"string","description_kind":"plain","required":true}},"description_kind":"plain"},"max_items":1}},"description_kind":"plain"},"max_items":1},"health":{"nesting_mode":"list","block":{"block_types":{"rules":{"nesting_mode":"list","block":{"attributes":{"metric":{"type":"string","description_kind":"plain","required":true},"op":{"type":"string","description_kind":"plain","required":true},"value":{"type":"number","description_kind":"plain","required":true}},"description_kind":"plain"},"min_items":1}},"description_kind":"plain"},"max_items":1},"job_cluster":{"nesting_mode":"list","block":{"attributes":{"job_cluster_key":{"type":"string","description_kind":"plain","required":true}},"block_types":{"new_cluster":{"nesting_mode":"list","block":{"attributes":{"__apply_policy_default_values_allow_list":{"type":["list","string"],"description_kind":"plain","optional":true},"apply_policy_default_values":{"type":"bool","description_kind":"plain","optional":true},"cluster_id":{"type":"string","description_kind":"plain","optional":true},"cluster_name":{"type":"string","description_kind":"plain","optional":true},"custom_tags":{"type":["map","string"],"description_kind":"plain","optional":true},"data_security_mode":{"type":"string","description_kind":"plain","optional":true},"driver_instance_pool_id":{"type":"string","description_kind":"plain","optional":true,"computed":true},"driver_node_type_id":{"type":"string","description_kind":"plain","optional":true,"computed":true},"enable_elastic_disk":{"type":"bool","description_kind":"plain","optional":true,"computed":true},"enable_local_disk_encryption":{"type":"bool","description_kind":"plain","optional":true,"computed":true},"idempotency_token":{"type":"string","description_kind":"plain","optional":true},"instance_pool_id":{"type":"string","description_kind":"plain","optional":true},"is_single_node":{"type":"bool","description_kind":"plain","optional":true},"kind":{"type":"string","description_kind":"plain","optional":true},"node_type_id":{"type":"string","description_kind":"plain","optional":true,"computed":true},"num_workers":{"type":"number","description_kind":"plain","optional":true},"policy_id":{"type":"string","description_kind":"plain","optional":true},"remote_disk_throughput":{"type":"number","description_kind":"plain","optional":true},"runtime_engine":{"type":"string","description_kind":"plain","optional":true},"single_user_name":{"type":"string","description_kind":"plain","optional":true},"spark_conf":{"type":["map","string"],"description_kind":"plain","optional":true},"spark_env_vars":{"type":["map","string"],"description_kind":"plain","optional":true},"spark_version":{"type":"string","description_kind":"plain","optional":true},"ssh_public_keys":{"type":["list","string"],"description_kind":"plain","optional":true},"total_initial_remote_disk_size":{"type":"number","description_kind":"plain","optional":true},"use_ml_runtime":{"type":"bool","description_kind":"plain","optional":true}},"block_types":{"autoscale":{"nesting_mode":"list","block":{"attributes":{"max_workers":{"type":"number","description_kind":"plain","optional":true},"min_workers":{"type":"number","description_kind":"plain","optional":true}},"description_kind":"plain"},"max_items":1},"aws_attributes":{"nesting_mode":"list","block":{"attributes":{"availability":{"type":"string","description_kind":"plain","optional":true},"ebs_volume_count":{"type":"number","description_kind":"plain","optional":true},"ebs_volume_iops":{"type":"number","description_kind":"plain","optional":true},"ebs_volume_size":{"type":"number","description_kind":"plain","optional":true},"ebs_volume_throughput":{"type":"number","description_kind":"plain","optional":true},"ebs_volume_type":{"type":"string","description_kind":"plain","optional":true},"first_on_demand":{"type":"number","description_kind":"plain","optional":true},"instance_profile_arn":{"type":"string","description_kind":"plain","optional":true},"spot_bid_price_percent":{"type":"number","description_kind":"plain","optional":true},"zone_id":{"type":"string","description_kind":"plain","optional":true}},"description_kind":"plain"},"max_items":1},"azure_attributes":{"nesting_mode":"list","block":{"attributes":{"availability":{"type":"string","description_kind":"plain","optional":true},"first_on_demand":{"type":"number","description_kind":"plain","optional":true},"spot_bid_max_price":{"type":"number","description_kind":"plain","optional":true}},"block_types":{"log_analytics_info":{"nesting_mode":"list","block":{"attributes":{"log_analytics_primary_key":{"type":"string","description_kind":"plain","optional":true},"log_analytics_workspace_id":{"type":"string","description_kind":"plain","optional":true}},"description_kind":"plain"},"max_items":1}},"description_kind":"plain"},"max_items":1},"cluster_log_conf":{"nesting_mode":"list","block":{"block_types":{"dbfs":{"nesting_mode":"list","block":{"attributes":{"destination":{"type":"string","description_kind":"plain","required":true}},"description_kind":"plain"},"max_items":1},"s3":{"nesting_mode":"list","block":{"attributes":{"canned_acl":{"type":"string","description_kind":"plain","optional":true},"destination":{"type":"string","description_kind":"plain","required":true},"enable_encryption":{"type":"bool","description_kind":"plain","optional":true},"encryption_type":{"type":"string","description_kind":"plain","optional":true},"endpoint":{"type":"string","description_kind":"plain","optional":true},"kms_key":{"type":"string","description_kind":"plain","optional":true},"region":{"type":"string","description_kind":"plain","optional":true}},"description_kind":"plain"},"max_items":1},"volumes":{"nesting_mode":"list","block":{"attributes":{"destination":{"type":"string","description_kind":"plain","required":true}},"description_kind":"plain"},"max_items":1}},"description_kind":"plain"},"max_items":1},"cluster_mount_info":{"nesting_mode":"list","block":{"attributes":{"local_mount_dir_path":{"type":"string","description_kind":"plain","required":true},"remote_mount_dir_path":{"type":"string","description_kind":"plain","optional":true}},"block_types":{"network_filesystem_info":{"nesting_mode":"list","block":{"attributes":{"mount_options":{"type":"string","description_kind":"plain","optional":true},"server_address":{"type":"string","description_kind":"plain","required":true}},"description_kind":"plain"},"min_items":1,"max_items":1}},"description_kind":"plain"}},"docker_image":{"nesting_mode":"list","block":{"attributes":{"url":{"type":"string","description_kind":"plain","required":true}},"block_types":{"basic_auth":{"nesting_mode":"list","block":{"attributes":{"password":{"type":"string","description_kind":"plain","required":true,"sensitive":true},"username":{"type":"string","description_kind":"plain","required":true}},"description_kind":"plain"},"max_items":1}},"description_kind":"plain"},"max_items":1},"gcp_attributes":{"nesting_mode":"list","block":{"attributes":{"availability":{"type":"string","description_kind":"plain","optional":true},"boot_disk_size":{"type":"number","description_kind":"plain","optional":true},"first_on_demand":{"type":"number","description_kind":"plain","optional":true},"google_service_account":{"type":"string","description_kind":"plain","optional":true},"local_ssd_count":{"type":"number","description_kind":"plain","optional":true},"use_preemptible_executors":{"type":"bool","description_kind":"plain","optional":true},"zone_id":{"type":"string","description_kind":"plain","optional":true}},"description_kind":"plain"},"max_items":1},"init_scripts":{"nesting_mode":"list","block":{"block_types":{"abfss":{"nesting_mode":"list","block":{"attributes":{"destination":{"type":"string","description_kind":"plain","required":true}},"description_kind":"plain"},"max_items":1},"dbfs":{"nesting_mode":"list","block":{"attributes":{"destination":{"type":"string","description_kind":"plain","required":true}},"description_kind":"plain","deprecated":true},"max_items":1},"file":{"nesting_mode":"list","block":{"attributes":{"destination":{"type":"string","description_kind":"plain","required":true}},"description_kind":"plain"},"max_items":1},"gcs":{"nesting_mode":"list","block":{"attributes":{"destination":{"type":"string","description_kind":"plain","required":true}},"description_kind":"plain"},"max_items":1},"s3":{"nesting_mode":"list","block":{"attributes":{"canned_acl":{"type":"string","description_kind":"plain","optional":true},"destination":{"type":"string","description_kind":"plain","required":true},"enable_encryption":{"type":"bool","description_kind":"plain","optional":true},"encryption_type":{"type":"string","description_kind":"plain","optional":true},"endpoint":{"type":"string","description_kind":"plain","optional":true},"kms_key":{"type":"string","description_kind":"plain","optional":true},"region":{"type":"string","description_kind":"plain","optional":true}},"description_kind":"plain"},"max_items":1},"volumes":{"nesting_mode":"list","block":{"attributes":{"destination":{"type":"string","description_kind":"plain","required":true}},"description_kind":"plain"},"max_items":1},"workspace":{"nesting_mode":"list","block":{"attributes":{"destination":{"type":"string","description_kind":"plain","required":true}},"description_kind":"plain"},"max_items":1}},"description_kind":"plain"},"max_items":10},"library":{"nesting_mode":"set","block":{"attributes":{"egg":{"type":"string","description_kind":"plain","deprecated":true,"optional":true},"jar":{"type":"string","description_kind":"plain","optional":true},"requirements":{"type":"string","description_kind":"plain","optional":true},"whl":{"type":"string","description_kind":"plain","optional":true}},"block_types":{"cran":{"nesting_mode":"list","block":{"attributes":{"package":{"type":"string","description_kind":"plain","required":true},"repo":{"type":"string","description_kind":"plain","optional":true}},"description_kind":"plain"},"max_items":1},"maven":{"nesting_mode":"list","block":{"attributes":{"coordinates":{"type":"string","description_kind":"plain","required":true},"exclusions":{"type":["list","string"],"description_kind":"plain","optional":true},"repo":{"type":"string","description_kind":"plain","optional":true}},"description_kind":"plain"},"max_items":1},"provider_config":{"nesting_mode":"list","block":{"attributes":{"workspace_id":{"type":"string","description_kind":"plain","required":true}},"description_kind":"plain"},"max_items":1},"pypi":{"nesting_mode":"list","block":{"attributes":{"package":{"type":"string","description_kind":"plain","required":true},"repo":{"type":"string","description_kind":"plain","optional":true}},"description_kind":"plain"},"max_items":1}},"description_kind":"plain"}},"provider_config":{"nesting_mode":"list","block":{"attributes":{"workspace_id":{"type":"string","description_kind":"plain","required":true}},"description_kind":"plain"},"max_items":1},"workload_type":{"nesting_mode":"list","block":{"block_types":{"clients":{"nesting_mode":"list","block":{"attributes":{"jobs":{"type":"bool","description_kind":"plain","optional":true},"notebooks":{"type":"bool","description_kind":"plain","optional":true}},"description_kind":"plain"},"min_items":1,"max_items":1}},"description_kind":"plain"},"max_items":1}},"description_kind":"plain"},"min_items":1,"max_items":1}},"description_kind":"plain"}},"library":{"nesting_mode":"list","block":{"attributes":{"egg":{"type":"string","description_kind":"plain","deprecated":true,"optional":true},"jar":{"type":"string","description_kind":"plain","optional":true},"requirements":{"type":"string","description_kind":"plain","optional":true},"whl":{"type":"string","description_kind":"plain","optional":true}},"block_types":{"cran":{"nesting_mode":"list","block":{"attributes":{"package":{"type":"string","description_kind":"plain","required":true},"repo":{"type":"string","description_kind":"plain","optional":true}},"description_kind":"plain"},"max_items":1},"maven":{"nesting_mode":"list","block":{"attributes":{"coordinates":{"type":"string","description_kind":"plain","required":true},"exclusions":{"type":["list","string"],"description_kind":"plain","optional":true},"repo":{"type":"string","description_kind":"plain","optional":true}},"description_kind":"plain"},"max_items":1},"provider_config":{"nesting_mode":"list","block":{"attributes":{"workspace_id":{"type":"string","description_kind":"plain","required":true}},"description_kind":"plain"},"max_items":1},"pypi":{"nesting_mode":"list","block":{"attributes":{"package":{"type":"string","description_kind":"plain","required":true},"repo":{"type":"string","description_kind":"plain","optional":true}},"description_kind":"plain"},"max_items":1}},"description_kind":"plain"}},"new_cluster":{"nesting_mode":"list","block":{"attributes":{"apply_policy_default_values":{"type":"bool","description_kind":"plain","optional":true},"cluster_id":{"type":"string","description_kind":"plain","optional":true},"cluster_name":{"type":"string","description_kind":"plain","optional":true},"custom_tags":{"type":["map","string"],"description_kind":"plain","optional":true},"data_security_mode":{"type":"string","description_kind":"plain","optional":true},"driver_instance_pool_id":{"type":"string","description_kind":"plain","optional":true,"computed":true},"driver_node_type_id":{"type":"string","description_kind":"plain","optional":true,"computed":true},"enable_elastic_disk":{"type":"bool","description_kind":"plain","optional":true,"computed":true},"enable_local_disk_encryption":{"type":"bool","description_kind":"plain","optional":true,"computed":true},"idempotency_token":{"type":"string","description_kind":"plain","optional":true},"instance_pool_id":{"type":"string","description_kind":"plain","optional":true},"is_single_node":{"type":"bool","description_kind":"plain","optional":true},"kind":{"type":"string","description_kind":"plain","optional":true},"node_type_id":{"type":"string","description_kind":"plain","optional":true,"computed":true},"num_workers":{"type":"number","description_kind":"plain","optional":true},"policy_id":{"type":"string","description_kind":"plain","optional":true},"remote_disk_throughput":{"type":"number","description_kind":"plain","optional":true},"runtime_engine":{"type":"string","description_kind":"plain","optional":true},"single_user_name":{"type":"string","description_kind":"plain","optional":true},"spark_conf":{"type":["map","string"],"description_kind":"plain","optional":true},"spark_env_vars":{"type":["map","string"],"description_kind":"plain","optional":true},"spark_version":{"type":"string","description_kind":"plain","optional":true},"ssh_public_keys":{"type":["list","string"],"description_kind":"plain","optional":true},"total_initial_remote_disk_size":{"type":"number","description_kind":"plain","optional":true},"use_ml_runtime":{"type":"bool","description_kind":"plain","optional":true}},"block_types":{"autoscale":{"nesting_mode":"list","block":{"attributes":{"max_workers":{"type":"number","description_kind":"plain","optional":true},"min_workers":{"type":"number","description_kind":"plain","optional":true}},"description_kind":"plain"},"max_items":1},"aws_attributes":{"nesting_mode":"list","block":{"attributes":{"availability":{"type":"string","description_kind":"plain","optional":true},"ebs_volume_count":{"type":"number","description_kind":"plain","optional":true},"ebs_volume_iops":{"type":"number","description_kind":"plain","optional":true},"ebs_volume_size":{"type":"number","description_kind":"plain","optional":true},"ebs_volume_throughput":{"type":"number","description_kind":"plain","optional":true},"ebs_volume_type":{"type":"string","description_kind":"plain","optional":true},"first_on_demand":{"type":"number","description_kind":"plain","optional":true},"instance_profile_arn":{"type":"string","description_kind":"plain","optional":true},"spot_bid_price_percent":{"type":"number","description_kind":"plain","optional":true},"zone_id":{"type":"string","description_kind":"plain","optional":true}},"description_kind":"plain"},"max_items":1},"azure_attributes":{"nesting_mode":"list","block":{"attributes":{"availability":{"type":"string","description_kind":"plain","optional":true},"first_on_demand":{"type":"number","description_kind":"plain","optional":true},"spot_bid_max_price":{"type":"number","description_kind":"plain","optional":true}},"block_types":{"log_analytics_info":{"nesting_mode":"list","block":{"attributes":{"log_analytics_primary_key":{"type":"string","description_kind":"plain","optional":true},"log_analytics_workspace_id":{"type":"string","description_kind":"plain","optional":true}},"description_kind":"plain"},"max_items":1}},"description_kind":"plain"},"max_items":1},"cluster_log_conf":{"nesting_mode":"list","block":{"block_types":{"dbfs":{"nesting_mode":"list","block":{"attributes":{"destination":{"type":"string","description_kind":"plain","required":true}},"description_kind":"plain"},"max_items":1},"s3":{"nesting_mode":"list","block":{"attributes":{"canned_acl":{"type":"string","description_kind":"plain","optional":true},"destination":{"type":"string","description_kind":"plain","required":true},"enable_encryption":{"type":"bool","description_kind":"plain","optional":true},"encryption_type":{"type":"string","description_kind":"plain","optional":true},"endpoint":{"type":"string","description_kind":"plain","optional":true},"kms_key":{"type":"string","description_kind":"plain","optional":true},"region":{"type":"string","description_kind":"plain","optional":true}},"description_kind":"plain"},"max_items":1},"volumes":{"nesting_mode":"list","block":{"attributes":{"destination":{"type":"string","description_kind":"plain","required":true}},"description_kind":"plain"},"max_items":1}},"description_kind":"plain"},"max_items":1},"cluster_mount_info":{"nesting_mode":"list","block":{"attributes":{"local_mount_dir_path":{"type":"string","description_kind":"plain","required":true},"remote_mount_dir_path":{"type":"string","description_kind":"plain","optional":true}},"block_types":{"network_filesystem_info":{"nesting_mode":"list","block":{"attributes":{"mount_options":{"type":"string","description_kind":"plain","optional":true},"server_address":{"type":"string","description_kind":"plain","required":true}},"description_kind":"plain"},"min_items":1,"max_items":1}},"description_kind":"plain"}},"docker_image":{"nesting_mode":"list","block":{"attributes":{"url":{"type":"string","description_kind":"plain","required":true}},"block_types":{"basic_auth":{"nesting_mode":"list","block":{"attributes":{"password":{"type":"string","description_kind":"plain","required":true,"sensitive":true},"username":{"type":"string","description_kind":"plain","required":true}},"description_kind":"plain"},"max_items":1}},"description_kind":"plain"},"max_items":1},"gcp_attributes":{"nesting_mode":"list","block":{"attributes":{"availability":{"type":"string","description_kind":"plain","optional":true},"boot_disk_size":{"type":"number","description_kind":"plain","optional":true},"first_on_demand":{"type":"number","description_kind":"plain","optional":true},"google_service_account":{"type":"string","description_kind":"plain","optional":true},"local_ssd_count":{"type":"number","description_kind":"plain","optional":true},"use_preemptible_executors":{"type":"bool","description_kind":"plain","optional":true},"zone_id":{"type":"string","description_kind":"plain","optional":true}},"description_kind":"plain"},"max_items":1},"init_scripts":{"nesting_mode":"list","block":{"block_types":{"abfss":{"nesting_mode":"list","block":{"attributes":{"destination":{"type":"string","description_kind":"plain","required":true}},"description_kind":"plain"},"max_items":1},"dbfs":{"nesting_mode":"list","block":{"attributes":{"destination":{"type":"string","description_kind":"plain","required":true}},"description_kind":"plain","deprecated":true},"max_items":1},"file":{"nesting_mode":"list","block":{"attributes":{"destination":{"type":"string","description_kind":"plain","required":true}},"description_kind":"plain"},"max_items":1},"gcs":{"nesting_mode":"list","block":{"attributes":{"destination":{"type":"string","description_kind":"plain","required":true}},"description_kind":"plain"},"max_items":1},"s3":{"nesting_mode":"list","block":{"attributes":{"canned_acl":{"type":"string","description_kind":"plain","optional":true},"destination":{"type":"string","description_kind":"plain","required":true},"enable_encryption":{"type":"bool","description_kind":"plain","optional":true},"encryption_type":{"type":"string","description_kind":"plain","optional":true},"endpoint":{"type":"string","description_kind":"plain","optional":true},"kms_key":{"type":"string","description_kind":"plain","optional":true},"region":{"type":"string","description_kind":"plain","optional":true}},"description_kind":"plain"},"max_items":1},"volumes":{"nesting_mode":"list","block":{"attributes":{"destination":{"type":"string","description_kind":"plain","required":true}},"description_kind":"plain"},"max_items":1},"workspace":{"nesting_mode":"list","block":{"attributes":{"destination":{"type":"string","description_kind":"plain","required":true}},"description_kind":"plain"},"max_items":1}},"description_kind":"plain"},"max_items":10},"library":{"nesting_mode":"set","block":{"attributes":{"egg":{"type":"string","description_kind":"plain","deprecated":true,"optional":true},"jar":{"type":"string","description_kind":"plain","optional":true},"requirements":{"type":"string","description_kind":"plain","optional":true},"whl":{"type":"string","description_kind":"plain","optional":true}},"block_types":{"cran":{"nesting_mode":"list","block":{"attributes":{"package":{"type":"string","description_kind":"plain","required":true},"repo":{"type":"string","description_kind":"plain","optional":true}},"description_kind":"plain"},"max_items":1},"maven":{"nesting_mode":"list","block":{"attributes":{"coordinates":{"type":"string","description_kind":"plain","required":true},"exclusions":{"type":["list","string"],"description_kind":"plain","optional":true},"repo":{"type":"string","description_kind":"plain","optional":true}},"description_kind":"plain"},"max_items":1},"provider_config":{"nesting_mode":"list","block":{"attributes":{"workspace_id":{"type":"string","description_kind":"plain","required":true}},"description_kind":"plain"},"max_items":1},"pypi":{"nesting_mode":"list","block":{"attributes":{"package":{"type":"string","description_kind":"plain","required":true},"repo":{"type":"string","description_kind":"plain","optional":true}},"description_kind":"plain"},"max_items":1}},"description_kind":"plain"}},"provider_config":{"nesting_mode":"list","block":{"attributes":{"workspace_id":{"type":"string","description_kind":"plain","required":true}},"description_kind":"plain"},"max_items":1},"workload_type":{"nesting_mode":"list","block":{"block_types":{"clients":{"nesting_mode":"list","block":{"attributes":{"jobs":{"type":"bool","description_kind":"plain","optional":true},"notebooks":{"type":"bool","description_kind":"plain","optional":true}},"description_kind":"plain"},"min_items":1,"max_items":1}},"description_kind":"plain"},"max_items":1}},"description_kind":"plain"},"max_items":1},"notebook_task":{"nesting_mode":"list","block":{"attributes":{"base_parameters":{"type":["map","string"],"description_kind":"plain","optional":true},"notebook_path":{"type":"string","description_kind":"plain","required":true},"source":{"type":"string","description_kind":"plain","optional":true},"warehouse_id":{"type":"string","description_kind":"plain","optional":true}},"description_kind":"plain","deprecated":true},"max_items":1},"notification_settings":{"nesting_mode":"list","block":{"attributes":{"no_alert_for_canceled_runs":{"type":"bool","description_kind":"plain","optional":true},"no_alert_for_skipped_runs":{"type":"bool","description_kind":"plain","optional":true}},"description_kind":"plain"},"max_items":1},"parameter":{"nesting_mode":"list","block":{"attributes":{"default":{"type":"string","description_kind":"plain","required":true},"name":{"type":"string","description_kind":"plain","required":true}},"description_kind":"plain"}},"pipeline_task":{"nesting_mode":"list","block":{"attributes":{"full_refresh":{"type":"bool","description_kind":"plain","optional":true},"pipeline_id":{"type":"string","description_kind":"plain","required":true}},"description_kind":"plain","deprecated":true},"max_items":1},"provider_config":{"nesting_mode":"list","block":{"attributes":{"workspace_id":{"type":"string","description_kind":"plain","required":true}},"description_kind":"plain"},"max_items":1},"python_wheel_task":{"nesting_mode":"list","block":{"attributes":{"entry_point":{"type":"string","description_kind":"plain","optional":true},"named_parameters":{"type":["map","string"],"description_kind":"plain","optional":true},"package_name":{"type":"string","description_kind":"plain","optional":true},"parameters":{"type":["list","string"],"description_kind":"plain","optional":true}},"description_kind":"plain","deprecated":true},"max_items":1},"queue":{"nesting_mode":"list","block":{"attributes":{"enabled":{"type":"bool","description_kind":"plain","required":true}},"description_kind":"plain"},"max_items":1},"run_as":{"nesting_mode":"list","block":{"attributes":{"service_principal_name":{"type":"string","description_kind":"plain","optional":true},"user_name":{"type":"string","description_kind":"plain","optional":true}},"description_kind":"plain"},"max_items":1},"run_job_task":{"nesting_mode":"list","block":{"attributes":{"job_id":{"type":"number","description_kind":"plain","required":true},"job_parameters":{"type":["map","string"],"description_kind":"plain","optional":true}},"description_kind":"plain","deprecated":true},"max_items":1},"schedule":{"nesting_mode":"list","block":{"attributes":{"pause_status":{"type":"string","description_kind":"plain","optional":true},"quartz_cron_expression":{"type":"string","description_kind":"plain","required":true},"timezone_id":{"type":"string","description_kind":"plain","required":true}},"description_kind":"plain"},"max_items":1},"spark_jar_task":{"nesting_mode":"list","block":{"attributes":{"jar_uri":{"type":"string","description_kind":"plain","optional":true},"main_class_name":{"type":"string","description_kind":"plain","optional":true},"parameters":{"type":["list","string"],"description_kind":"plain","optional":true}},"description_kind":"plain","deprecated":true},"max_items":1},"spark_python_task":{"nesting_mode":"list","block":{"attributes":{"parameters":{"type":["list","string"],"description_kind":"plain","optional":true},"python_file":{"type":"string","description_kind":"plain","required":true},"source":{"type":"string","description_kind":"plain","optional":true}},"description_kind":"plain","deprecated":true},"max_items":1},"spark_submit_task":{"nesting_mode":"list","block":{"attributes":{"parameters":{"type":["list","string"],"description_kind":"plain","optional":true}},"description_kind":"plain","deprecated":true},"max_items":1},"task":{"nesting_mode":"list","block":{"attributes":{"description":{"type":"string","description_kind":"plain","optional":true},"disable_auto_optimization":{"type":"bool","description_kind":"plain","optional":true},"disabled":{"type":"bool","description_kind":"plain","optional":true},"environment_key":{"type":"string","description_kind":"plain","optional":true},"existing_cluster_id":{"type":"string","description_kind":"plain","optional":true},"job_cluster_key":{"type":"string","description_kind":"plain","optional":true},"max_retries":{"type":"number","description_kind":"plain","optional":true},"min_retry_interval_millis":{"type":"number","description_kind":"plain","optional":true},"retry_on_timeout":{"type":"bool","description_kind":"plain","optional":true,"computed":true},"run_if":{"type":"string","description_kind":"plain","optional":true},"task_key":{"type":"string","description_kind":"plain","required":true},"timeout_seconds":{"type":"number","description_kind":"plain","optional":true}},"block_types":{"clean_rooms_notebook_task":{"nesting_mode":"list","block":{"attributes":{"clean_room_name":{"type":"string","description_kind":"plain","required":true},"etag":{"type":"string","description_kind":"plain","optional":true},"notebook_base_parameters":{"type":["map","string"],"description_kind":"plain","optional":true},"notebook_name":{"type":"string","description_kind":"plain","required":true}},"description_kind":"plain"},"max_items":1},"condition_task":{"nesting_mode":"list","block":{"attributes":{"left":{"type":"string","description_kind":"plain","required":true},"op":{"type":"string","description_kind":"plain","required":true},"right":{"type":"string","description_kind":"plain","required":true}},"description_kind":"plain"},"max_items":1},"dashboard_task":{"nesting_mode":"list","block":{"attributes":{"dashboard_id":{"type":"string","description_kind":"plain","optional":true},"warehouse_id":{"type":"string","description_kind":"plain","optional":true}},"block_types":{"subscription":{"nesting_mode":"list","block":{"attributes":{"custom_subject":{"type":"string","description_kind":"plain","optional":true},"paused":{"type":"bool","description_kind":"plain","optional":true}},"block_types":{"subscribers":{"nesting_mode":"list","block":{"attributes":{"destination_id":{"type":"string","description_kind":"plain","optional":true},"user_name":{"type":"string","description_kind":"plain","optional":true}},"description_kind":"plain"}}},"description_kind":"plain"},"max_items":1}},"description_kind":"plain"},"max_items":1},"dbt_cloud_task":{"nesting_mode":"list","block":{"attributes":{"connection_resource_name":{"type":"string","description_kind":"plain","optional":true},"dbt_cloud_job_id":{"type":"number","description_kind":"plain","optional":true}},"description_kind":"plain"},"max_items":1},"dbt_platform_task":{"nesting_mode":"list","block":{"attributes":{"connection_resource_name":{"type":"string","description_kind":"plain","optional":true},"dbt_platform_job_id":{"type":"string","description_kind":"plain","optional":true}},"description_kind":"plain"},"max_items":1},"dbt_task":{"nesting_mode":"list","block":{"attributes":{"catalog":{"type":"string","description_kind":"plain","optional":true},"commands":{"type":["list","string"],"description_kind":"plain","required":true},"profiles_directory":{"type":"string","description_kind":"plain","optional":true},"project_directory":{"type":"string","description_kind":"plain","optional":true},"schema":{"type":"string","description_kind":"plain","optional":true},"source":{"type":"string","description_kind":"plain","optional":true},"warehouse_id":{"type":"string","description_kind":"plain","optional":true}},"description_kind":"plain"},"max_items":1},"depends_on":{"nesting_mode":"list","block":{"attributes":{"outcome":{"type":"string","description_kind":"plain","optional":true},"task_key":{"type":"string","description_kind":"plain","required":true}},"description_kind":"plain"}},"email_notifications":{"nesting_mode":"list","block":{"attributes":{"no_alert_for_skipped_runs":{"type":"bool","description_kind":"plain","optional":true},"on_duration_warning_threshold_exceeded":{"type":["list","string"],"description_kind":"plain","optional":true},"on_failure":{"type":["list","string"],"description_kind":"plain","optional":true},"on_start":{"type":["list","string"],"description_kind":"plain","optional":true},"on_streaming_backlog_exceeded":{"type":["list","string"],"description_kind":"plain","optional":true},"on_success":{"type":["list","string"],"description_kind":"plain","optional":true}},"description_kind":"plain"},"max_items":1},"for_each_task":{"nesting_mode":"list","block":{"attributes":{"concurrency":{"type":"number","description_kind":"plain","optional":true},"inputs":{"type":"string","description_kind":"plain","required":true}},"block_types":{"task":{"nesting_mode":"list","block":{"attributes":{"description":{"type":"string","description_kind":"plain","optional":true},"disable_auto_optimization":{"type":"bool","description_kind":"plain","optional":true},"disabled":{"type":"bool","description_kind":"plain","optional":true},"environment_key":{"type":"string","description_kind":"plain","optional":true},"existing_cluster_id":{"type":"string","description_kind":"plain","optional":true},"job_cluster_key":{"type":"string","description_kind":"plain","optional":true},"max_retries":{"type":"number","description_kind":"plain","optional":true},"min_retry_interval_millis":{"type":"number","description_kind":"plain","optional":true},"retry_on_timeout":{"type":"bool","description_kind":"plain","optional":true,"computed":true},"run_if":{"type":"string","description_kind":"plain","optional":true},"task_key":{"type":"string","description_kind":"plain","required":true},"timeout_seconds":{"type":"number","description_kind":"plain","optional":true}},"block_types":{"clean_rooms_notebook_task":{"nesting_mode":"list","block":{"attributes":{"clean_room_name":{"type":"string","description_kind":"plain","required":true},"etag":{"type":"string","description_kind":"plain","optional":true},"notebook_base_parameters":{"type":["map","string"],"description_kind":"plain","optional":true},"notebook_name":{"type":"string","description_kind":"plain","required":true}},"description_kind":"plain"},"max_items":1},"condition_task":{"nesting_mode":"list","block":{"attributes":{"left":{"type":"string","description_kind":"plain","required":true},"op":{"type":"string","description_kind":"plain","required":true},"right":{"type":"string","description_kind":"plain","required":true}},"description_kind":"plain"},"max_items":1},"dashboard_task":{"nesting_mode":"list","block":{"attributes":{"dashboard_id":{"type":"string","description_kind":"plain","optional":true},"warehouse_id":{"type":"string","description_kind":"plain","optional":true}},"block_types":{"subscription":{"nesting_mode":"list","block":{"attributes":{"custom_subject":{"type":"string","description_kind":"plain","optional":true},"paused":{"type":"bool","description_kind":"plain","optional":true}},"block_types":{"subscribers":{"nesting_mode":"list","block":{"attributes":{"destination_id":{"type":"string","description_kind":"plain","optional":true},"user_name":{"type":"string","description_kind":"plain","optional":true}},"description_kind":"plain"}}},"description_kind":"plain"},"max_items":1}},"description_kind":"plain"},"max_items":1},"dbt_cloud_task":{"nesting_mode":"list","block":{"attributes":{"connection_resource_name":{"type":"string","description_kind":"plain","optional":true},"dbt_cloud_job_id":{"type":"number","description_kind":"plain","optional":true}},"description_kind":"plain"},"max_items":1},"dbt_platform_task":{"nesting_mode":"list","block":{"attributes":{"connection_resource_name":{"type":"string","description_kind":"plain","optional":true},"dbt_platform_job_id":{"type":"string","description_kind":"plain","optional":true}},"description_kind":"plain"},"max_items":1},"dbt_task":{"nesting_mode":"list","block":{"attributes":{"catalog":{"type":"string","description_kind":"plain","optional":true},"commands":{"type":["list","string"],"description_kind":"plain","required":true},"profiles_directory":{"type":"string","description_kind":"plain","optional":true},"project_directory":{"type":"string","description_kind":"plain","optional":true},"schema":{"type":"string","description_kind":"plain","optional":true},"source":{"type":"string","description_kind":"plain","optional":true},"warehouse_id":{"type":"string","description_kind":"plain","optional":true}},"description_kind":"plain"},"max_items":1},"depends_on":{"nesting_mode":"list","block":{"attributes":{"outcome":{"type":"string","description_kind":"plain","optional":true},"task_key":{"type":"string","description_kind":"plain","required":true}},"description_kind":"plain"}},"email_notifications":{"nesting_mode":"list","block":{"attributes":{"no_alert_for_skipped_runs":{"type":"bool","description_kind":"plain","optional":true},"on_duration_warning_threshold_exceeded":{"type":["list","string"],"description_kind":"plain","optional":true},"on_failure":{"type":["list","string"],"description_kind":"plain","optional":true},"on_start":{"type":["list","string"],"description_kind":"plain","optional":true},"on_streaming_backlog_exceeded":{"type":["list","string"],"description_kind":"plain","optional":true},"on_success":{"type":["list","string"],"description_kind":"plain","optional":true}},"description_kind":"plain"},"max_items":1},"gen_ai_compute_task":{"nesting_mode":"list","block":{"attributes":{"command":{"type":"string","description_kind":"plain","optional":true},"dl_runtime_image":{"type":"string","description_kind":"plain","required":true},"mlflow_experiment_name":{"type":"string","description_kind":"plain","optional":true},"source":{"type":"string","description_kind":"plain","optional":true},"training_script_path":{"type":"string","description_kind":"plain","optional":true},"yaml_parameters":{"type":"string","description_kind":"plain","optional":true},"yaml_parameters_file_path":{"type":"string","description_kind":"plain","optional":true}},"block_types":{"compute":{"nesting_mode":"list","block":{"attributes":{"gpu_node_pool_id":{"type":"string","description_kind":"plain","optional":true},"gpu_type":{"type":"string","description_kind":"plain","optional":true},"num_gpus":{"type":"number","description_kind":"plain","required":true}},"description_kind":"plain"},"max_items":1}},"description_kind":"plain"},"max_items":1},"health":{"nesting_mode":"list","block":{"block_types":{"rules":{"nesting_mode":"list","block":{"attributes":{"metric":{"type":"string","description_kind":"plain","required":true},"op":{"type":"string","description_kind":"plain","required":true},"value":{"type":"number","description_kind":"plain","required":true}},"description_kind":"plain"},"min_items":1}},"description_kind":"plain"},"max_items":1},"library":{"nesting_mode":"list","block":{"attributes":{"egg":{"type":"string","description_kind":"plain","deprecated":true,"optional":true},"jar":{"type":"string","description_kind":"plain","optional":true},"requirements":{"type":"string","description_kind":"plain","optional":true},"whl":{"type":"string","description_kind":"plain","optional":true}},"block_types":{"cran":{"nesting_mode":"list","block":{"attributes":{"package":{"type":"string","description_kind":"plain","required":true},"repo":{"type":"string","description_kind":"plain","optional":true}},"description_kind":"plain"},"max_items":1},"maven":{"nesting_mode":"list","block":{"attributes":{"coordinates":{"type":"string","description_kind":"plain","required":true},"exclusions":{"type":["list","string"],"description_kind":"plain","optional":true},"repo":{"type":"string","description_kind":"plain","optional":true}},"description_kind":"plain"},"max_items":1},"provider_config":{"nesting_mode":"list","block":{"attributes":{"workspace_id":{"type":"string","description_kind":"plain","required":true}},"description_kind":"plain"},"max_items":1},"pypi":{"nesting_mode":"list","block":{"attributes":{"package":{"type":"string","description_kind":"plain","required":true},"repo":{"type":"string","description_kind":"plain","optional":true}},"description_kind":"plain"},"max_items":1}},"description_kind":"plain"}},"new_cluster":{"nesting_mode":"list","block":{"attributes":{"apply_policy_default_values":{"type":"bool","description_kind":"plain","optional":true},"cluster_id":{"type":"string","description_kind":"plain","optional":true},"cluster_name":{"type":"string","description_kind":"plain","optional":true},"custom_tags":{"type":["map","string"],"description_kind":"plain","optional":true},"data_security_mode":{"type":"string","description_kind":"plain","optional":true},"driver_instance_pool_id":{"type":"string","description_kind":"plain","optional":true,"computed":true},"driver_node_type_id":{"type":"string","description_kind":"plain","optional":true,"computed":true},"enable_elastic_disk":{"type":"bool","description_kind":"plain","optional":true,"computed":true},"enable_local_disk_encryption":{"type":"bool","description_kind":"plain","optional":true,"computed":true},"idempotency_token":{"type":"string","description_kind":"plain","optional":true},"instance_pool_id":{"type":"string","description_kind":"plain","optional":true},"is_single_node":{"type":"bool","description_kind":"plain","optional":true},"kind":{"type":"string","description_kind":"plain","optional":true},"node_type_id":{"type":"string","description_kind":"plain","optional":true,"computed":true},"num_workers":{"type":"number","description_kind":"plain","optional":true},"policy_id":{"type":"string","description_kind":"plain","optional":true},"remote_disk_throughput":{"type":"number","description_kind":"plain","optional":true},"runtime_engine":{"type":"string","description_kind":"plain","optional":true},"single_user_name":{"type":"string","description_kind":"plain","optional":true},"spark_conf":{"type":["map","string"],"description_kind":"plain","optional":true},"spark_env_vars":{"type":["map","string"],"description_kind":"plain","optional":true},"spark_version":{"type":"string","description_kind":"plain","optional":true},"ssh_public_keys":{"type":["list","string"],"description_kind":"plain","optional":true},"total_initial_remote_disk_size":{"type":"number","description_kind":"plain","optional":true},"use_ml_runtime":{"type":"bool","description_kind":"plain","optional":true}},"block_types":{"autoscale":{"nesting_mode":"list","block":{"attributes":{"max_workers":{"type":"number","description_kind":"plain","optional":true},"min_workers":{"type":"number","description_kind":"plain","optional":true}},"description_kind":"plain"},"max_items":1},"aws_attributes":{"nesting_mode":"list","block":{"attributes":{"availability":{"type":"string","description_kind":"plain","optional":true},"ebs_volume_count":{"type":"number","description_kind":"plain","optional":true},"ebs_volume_iops":{"type":"number","description_kind":"plain","optional":true},"ebs_volume_size":{"type":"number","description_kind":"plain","optional":true},"ebs_volume_throughput":{"type":"number","description_kind":"plain","optional":true},"ebs_volume_type":{"type":"string","description_kind":"plain","optional":true},"first_on_demand":{"type":"number","description_kind":"plain","optional":true},"instance_profile_arn":{"type":"string","description_kind":"plain","optional":true},"spot_bid_price_percent":{"type":"number","description_kind":"plain","optional":true},"zone_id":{"type":"string","description_kind":"plain","optional":true}},"description_kind":"plain"},"max_items":1},"azure_attributes":{"nesting_mode":"list","block":{"attributes":{"availability":{"type":"string","description_kind":"plain","optional":true},"first_on_demand":{"type":"number","description_kind":"plain","optional":true},"spot_bid_max_price":{"type":"number","description_kind":"plain","optional":true}},"block_types":{"log_analytics_info":{"nesting_mode":"list","block":{"attributes":{"log_analytics_primary_key":{"type":"string","description_kind":"plain","optional":true},"log_analytics_workspace_id":{"type":"string","description_kind":"plain","optional":true}},"description_kind":"plain"},"max_items":1}},"description_kind":"plain"},"max_items":1},"cluster_log_conf":{"nesting_mode":"list","block":{"block_types":{"dbfs":{"nesting_mode":"list","block":{"attributes":{"destination":{"type":"string","description_kind":"plain","required":true}},"description_kind":"plain"},"max_items":1},"s3":{"nesting_mode":"list","block":{"attributes":{"canned_acl":{"type":"string","description_kind":"plain","optional":true},"destination":{"type":"string","description_kind":"plain","required":true},"enable_encryption":{"type":"bool","description_kind":"plain","optional":true},"encryption_type":{"type":"string","description_kind":"plain","optional":true},"endpoint":{"type":"string","description_kind":"plain","optional":true},"kms_key":{"type":"string","description_kind":"plain","optional":true},"region":{"type":"string","description_kind":"plain","optional":true}},"description_kind":"plain"},"max_items":1},"volumes":{"nesting_mode":"list","block":{"attributes":{"destination":{"type":"string","description_kind":"plain","required":true}},"description_kind":"plain"},"max_items":1}},"description_kind":"plain"},"max_items":1},"cluster_mount_info":{"nesting_mode":"list","block":{"attributes":{"local_mount_dir_path":{"type":"string","description_kind":"plain","required":true},"remote_mount_dir_path":{"type":"string","description_kind":"plain","optional":true}},"block_types":{"network_filesystem_info":{"nesting_mode":"list","block":{"attributes":{"mount_options":{"type":"string","description_kind":"plain","optional":true},"server_address":{"type":"string","description_kind":"plain","required":true}},"description_kind":"plain"},"min_items":1,"max_items":1}},"description_kind":"plain"}},"docker_image":{"nesting_mode":"list","block":{"attributes":{"url":{"type":"string","description_kind":"plain","required":true}},"block_types":{"basic_auth":{"nesting_mode":"list","block":{"attributes":{"password":{"type":"string","description_kind":"plain","required":true,"sensitive":true},"username":{"type":"string","description_kind":"plain","required":true}},"description_kind":"plain"},"max_items":1}},"description_kind":"plain"},"max_items":1},"gcp_attributes":{"nesting_mode":"list","block":{"attributes":{"availability":{"type":"string","description_kind":"plain","optional":true},"boot_disk_size":{"type":"number","description_kind":"plain","optional":true},"first_on_demand":{"type":"number","description_kind":"plain","optional":true},"google_service_account":{"type":"string","description_kind":"plain","optional":true},"local_ssd_count":{"type":"number","description_kind":"plain","optional":true},"use_preemptible_executors":{"type":"bool","description_kind":"plain","optional":true},"zone_id":{"type":"string","description_kind":"plain","optional":true}},"description_kind":"plain"},"max_items":1},"init_scripts":{"nesting_mode":"list","block":{"block_types":{"abfss":{"nesting_mode":"list","block":{"attributes":{"destination":{"type":"string","description_kind":"plain","required":true}},"description_kind":"plain"},"max_items":1},"dbfs":{"nesting_mode":"list","block":{"attributes":{"destination":{"type":"string","description_kind":"plain","required":true}},"description_kind":"plain","deprecated":true},"max_items":1},"file":{"nesting_mode":"list","block":{"attributes":{"destination":{"type":"string","description_kind":"plain","required":true}},"description_kind":"plain"},"max_items":1},"gcs":{"nesting_mode":"list","block":{"attributes":{"destination":{"type":"string","description_kind":"plain","required":true}},"description_kind":"plain"},"max_items":1},"s3":{"nesting_mode":"list","block":{"attributes":{"canned_acl":{"type":"string","description_kind":"plain","optional":true},"destination":{"type":"string","description_kind":"plain","required":true},"enable_encryption":{"type":"bool","description_kind":"plain","optional":true},"encryption_type":{"type":"string","description_kind":"plain","optional":true},"endpoint":{"type":"string","description_kind":"plain","optional":true},"kms_key":{"type":"string","description_kind":"plain","optional":true},"region":{"type":"string","description_kind":"plain","optional":true}},"description_kind":"plain"},"max_items":1},"volumes":{"nesting_mode":"list","block":{"attributes":{"destination":{"type":"string","description_kind":"plain","required":true}},"description_kind":"plain"},"max_items":1},"workspace":{"nesting_mode":"list","block":{"attributes":{"destination":{"type":"string","description_kind":"plain","required":true}},"description_kind":"plain"},"max_items":1}},"description_kind":"plain"},"max_items":10},"library":{"nesting_mode":"set","block":{"attributes":{"egg":{"type":"string","description_kind":"plain","deprecated":true,"optional":true},"jar":{"type":"string","description_kind":"plain","optional":true},"requirements":{"type":"string","description_kind":"plain","optional":true},"whl":{"type":"string","description_kind":"plain","optional":true}},"block_types":{"cran":{"nesting_mode":"list","block":{"attributes":{"package":{"type":"string","description_kind":"plain","required":true},"repo":{"type":"string","description_kind":"plain","optional":true}},"description_kind":"plain"},"max_items":1},"maven":{"nesting_mode":"list","block":{"attributes":{"coordinates":{"type":"string","description_kind":"plain","required":true},"exclusions":{"type":["list","string"],"description_kind":"plain","optional":true},"repo":{"type":"string","description_kind":"plain","optional":true}},"description_kind":"plain"},"max_items":1},"provider_config":{"nesting_mode":"list","block":{"attributes":{"workspace_id":{"type":"string","description_kind":"plain","required":true}},"description_kind":"plain"},"max_items":1},"pypi":{"nesting_mode":"list","block":{"attributes":{"package":{"type":"string","description_kind":"plain","required":true},"repo":{"type":"string","description_kind":"plain","optional":true}},"description_kind":"plain"},"max_items":1}},"description_kind":"plain"}},"provider_config":{"nesting_mode":"list","block":{"attributes":{"workspace_id":{"type":"string","description_kind":"plain","required":true}},"description_kind":"plain"},"max_items":1},"workload_type":{"nesting_mode":"list","block":{"block_types":{"clients":{"nesting_mode":"list","block":{"attributes":{"jobs":{"type":"bool","description_kind":"plain","optional":true},"notebooks":{"type":"bool","description_kind":"plain","optional":true}},"description_kind":"plain"},"min_items":1,"max_items":1}},"description_kind":"plain"},"max_items":1}},"description_kind":"plain"},"max_items":1},"notebook_task":{"nesting_mode":"list","block":{"attributes":{"base_parameters":{"type":["map","string"],"description_kind":"plain","optional":true},"notebook_path":{"type":"string","description_kind":"plain","required":true},"source":{"type":"string","description_kind":"plain","optional":true},"warehouse_id":{"type":"string","description_kind":"plain","optional":true}},"description_kind":"plain"},"max_items":1},"notification_settings":{"nesting_mode":"list","block":{"attributes":{"alert_on_last_attempt":{"type":"bool","description_kind":"plain","optional":true},"no_alert_for_canceled_runs":{"type":"bool","description_kind":"plain","optional":true},"no_alert_for_skipped_runs":{"type":"bool","description_kind":"plain","optional":true}},"description_kind":"plain"},"max_items":1},"pipeline_task":{"nesting_mode":"list","block":{"attributes":{"full_refresh":{"type":"bool","description_kind":"plain","optional":true},"pipeline_id":{"type":"string","description_kind":"plain","required":true}},"description_kind":"plain"},"max_items":1},"power_bi_task":{"nesting_mode":"list","block":{"attributes":{"connection_resource_name":{"type":"string","description_kind":"plain","optional":true},"refresh_after_update":{"type":"bool","description_kind":"plain","optional":true},"warehouse_id":{"type":"string","description_kind":"plain","optional":true}},"block_types":{"power_bi_model":{"nesting_mode":"list","block":{"attributes":{"authentication_method":{"type":"string","description_kind":"plain","optional":true},"model_name":{"type":"string","description_kind":"plain","optional":true},"overwrite_existing":{"type":"bool","description_kind":"plain","optional":true},"storage_mode":{"type":"string","description_kind":"plain","optional":true},"workspace_name":{"type":"string","description_kind":"plain","optional":true}},"description_kind":"plain"},"max_items":1},"tables":{"nesting_mode":"list","block":{"attributes":{"catalog":{"type":"string","description_kind":"plain","optional":true},"name":{"type":"string","description_kind":"plain","optional":true},"schema":{"type":"string","description_kind":"plain","optional":true},"storage_mode":{"type":"string","description_kind":"plain","optional":true}},"description_kind":"plain"}}},"description_kind":"plain"},"max_items":1},"python_wheel_task":{"nesting_mode":"list","block":{"attributes":{"entry_point":{"type":"string","description_kind":"plain","optional":true},"named_parameters":{"type":["map","string"],"description_kind":"plain","optional":true},"package_name":{"type":"string","description_kind":"plain","optional":true},"parameters":{"type":["list","string"],"description_kind":"plain","optional":true}},"description_kind":"plain"},"max_items":1},"run_job_task":{"nesting_mode":"list","block":{"attributes":{"dbt_commands":{"type":["list","string"],"description_kind":"plain","optional":true},"jar_params":{"type":["list","string"],"description_kind":"plain","optional":true},"job_id":{"type":"number","description_kind":"plain","required":true},"job_parameters":{"type":["map","string"],"description_kind":"plain","optional":true},"notebook_params":{"type":["map","string"],"description_kind":"plain","optional":true},"python_named_params":{"type":["map","string"],"description_kind":"plain","optional":true},"python_params":{"type":["list","string"],"description_kind":"plain","optional":true},"spark_submit_params":{"type":["list","string"],"description_kind":"plain","optional":true},"sql_params":{"type":["map","string"],"description_kind":"plain","optional":true}},"block_types":{"pipeline_params":{"nesting_mode":"list","block":{"attributes":{"full_refresh":{"type":"bool","description_kind":"plain","optional":true}},"description_kind":"plain"},"max_items":1}},"description_kind":"plain"},"max_items":1},"spark_jar_task":{"nesting_mode":"list","block":{"attributes":{"jar_uri":{"type":"string","description_kind":"plain","optional":true},"main_class_name":{"type":"string","description_kind":"plain","optional":true},"parameters":{"type":["list","string"],"description_kind":"plain","optional":true},"run_as_repl":{"type":"bool","description_kind":"plain","optional":true}},"description_kind":"plain"},"max_items":1},"spark_python_task":{"nesting_mode":"list","block":{"attributes":{"parameters":{"type":["list","string"],"description_kind":"plain","optional":true},"python_file":{"type":"string","description_kind":"plain","required":true},"source":{"type":"string","description_kind":"plain","optional":true}},"description_kind":"plain"},"max_items":1},"spark_submit_task":{"nesting_mode":"list","block":{"attributes":{"parameters":{"type":["list","string"],"description_kind":"plain","optional":true}},"description_kind":"plain"},"max_items":1},"sql_task":{"nesting_mode":"list","block":{"attributes":{"parameters":{"type":["map","string"],"description_kind":"plain","optional":true},"warehouse_id":{"type":"string","description_kind":"plain","required":true}},"block_types":{"alert":{"nesting_mode":"list","block":{"attributes":{"alert_id":{"type":"string","description_kind":"plain","required":true},"pause_subscriptions":{"type":"bool","description_kind":"plain","optional":true}},"block_types":{"subscriptions":{"nesting_mode":"list","block":{"attributes":{"destination_id":{"type":"string","description_kind":"plain","optional":true},"user_name":{"type":"string","description_kind":"plain","optional":true}},"description_kind":"plain"}}},"description_kind":"plain"},"max_items":1},"dashboard":{"nesting_mode":"list","block":{"attributes":{"custom_subject":{"type":"string","description_kind":"plain","optional":true},"dashboard_id":{"type":"string","description_kind":"plain","required":true},"pause_subscriptions":{"type":"bool","description_kind":"plain","optional":true}},"block_types":{"subscriptions":{"nesting_mode":"list","block":{"attributes":{"destination_id":{"type":"string","description_kind":"plain","optional":true},"user_name":{"type":"string","description_kind":"plain","optional":true}},"description_kind":"plain"}}},"description_kind":"plain"},"max_items":1},"file":{"nesting_mode":"list","block":{"attributes":{"path":{"type":"string","description_kind":"plain","required":true},"source":{"type":"string","description_kind":"plain","optional":true}},"description_kind":"plain"},"max_items":1},"query":{"nesting_mode":"list","block":{"attributes":{"query_id":{"type":"string","description_kind":"plain","required":true}},"description_kind":"plain"},"max_items":1}},"description_kind":"plain"},"max_items":1},"webhook_notifications":{"nesting_mode":"list","block":{"block_types":{"on_duration_warning_threshold_exceeded":{"nesting_mode":"list","block":{"attributes":{"id":{"type":"string","description_kind":"plain","required":true}},"description_kind":"plain"}},"on_failure":{"nesting_mode":"list","block":{"attributes":{"id":{"type":"string","description_kind":"plain","required":true}},"description_kind":"plain"}},"on_start":{"nesting_mode":"list","block":{"attributes":{"id":{"type":"string","description_kind":"plain","required":true}},"description_kind":"plain"}},"on_streaming_backlog_exceeded":{"nesting_mode":"list","block":{"attributes":{"id":{"type":"string","description_kind":"plain","required":true}},"description_kind":"plain"}},"on_success":{"nesting_mode":"list","block":{"attributes":{"id":{"type":"string","description_kind":"plain","required":true}},"description_kind":"plain"}}},"description_kind":"plain"},"max_items":1}},"description_kind":"plain"},"min_items":1,"max_items":1}},"description_kind":"plain"},"max_items":1},"gen_ai_compute_task":{"nesting_mode":"list","block":{"attributes":{"command":{"type":"string","description_kind":"plain","optional":true},"dl_runtime_image":{"type":"string","description_kind":"plain","required":true},"mlflow_experiment_name":{"type":"string","description_kind":"plain","optional":true},"source":{"type":"string","description_kind":"plain","optional":true},"training_script_path":{"type":"string","description_kind":"plain","optional":true},"yaml_parameters":{"type":"string","description_kind":"plain","optional":true},"yaml_parameters_file_path":{"type":"string","description_kind":"plain","optional":true}},"block_types":{"compute":{"nesting_mode":"list","block":{"attributes":{"gpu_node_pool_id":{"type":"string","description_kind":"plain","optional":true},"gpu_type":{"type":"string","description_kind":"plain","optional":true},"num_gpus":{"type":"number","description_kind":"plain","required":true}},"description_kind":"plain"},"max_items":1}},"description_kind":"plain"},"max_items":1},"health":{"nesting_mode":"list","block":{"block_types":{"rules":{"nesting_mode":"list","block":{"attributes":{"metric":{"type":"string","description_kind":"plain","required":true},"op":{"type":"string","description_kind":"plain","required":true},"value":{"type":"number","description_kind":"plain","required":true}},"description_kind":"plain"},"min_items":1}},"description_kind":"plain"},"max_items":1},"library":{"nesting_mode":"list","block":{"attributes":{"egg":{"type":"string","description_kind":"plain","deprecated":true,"optional":true},"jar":{"type":"string","description_kind":"plain","optional":true},"requirements":{"type":"string","description_kind":"plain","optional":true},"whl":{"type":"string","description_kind":"plain","optional":true}},"block_types":{"cran":{"nesting_mode":"list","block":{"attributes":{"package":{"type":"string","description_kind":"plain","required":true},"repo":{"type":"string","description_kind":"plain","optional":true}},"description_kind":"plain"},"max_items":1},"maven":{"nesting_mode":"list","block":{"attributes":{"coordinates":{"type":"string","description_kind":"plain","required":true},"exclusions":{"type":["list","string"],"description_kind":"plain","optional":true},"repo":{"type":"string","description_kind":"plain","optional":true}},"description_kind":"plain"},"max_items":1},"provider_config":{"nesting_mode":"list","block":{"attributes":{"workspace_id":{"type":"string","description_kind":"plain","required":true}},"description_kind":"plain"},"max_items":1},"pypi":{"nesting_mode":"list","block":{"attributes":{"package":{"type":"string","description_kind":"plain","required":true},"repo":{"type":"string","description_kind":"plain","optional":true}},"description_kind":"plain"},"max_items":1}},"description_kind":"plain"}},"new_cluster":{"nesting_mode":"list","block":{"attributes":{"__apply_policy_default_values_allow_list":{"type":["list","string"],"description_kind":"plain","optional":true},"apply_policy_default_values":{"type":"bool","description_kind":"plain","optional":true},"cluster_id":{"type":"string","description_kind":"plain","optional":true},"cluster_name":{"type":"string","description_kind":"plain","optional":true},"custom_tags":{"type":["map","string"],"description_kind":"plain","optional":true},"data_security_mode":{"type":"string","description_kind":"plain","optional":true},"driver_instance_pool_id":{"type":"string","description_kind":"plain","optional":true,"computed":true},"driver_node_type_id":{"type":"string","description_kind":"plain","optional":true,"computed":true},"enable_elastic_disk":{"type":"bool","description_kind":"plain","optional":true,"computed":true},"enable_local_disk_encryption":{"type":"bool","description_kind":"plain","optional":true,"computed":true},"idempotency_token":{"type":"string","description_kind":"plain","optional":true},"instance_pool_id":{"type":"string","description_kind":"plain","optional":true},"is_single_node":{"type":"bool","description_kind":"plain","optional":true},"kind":{"type":"string","description_kind":"plain","optional":true},"node_type_id":{"type":"string","description_kind":"plain","optional":true,"computed":true},"num_workers":{"type":"number","description_kind":"plain","optional":true},"policy_id":{"type":"string","description_kind":"plain","optional":true},"remote_disk_throughput":{"type":"number","description_kind":"plain","optional":true},"runtime_engine":{"type":"string","description_kind":"plain","optional":true},"single_user_name":{"type":"string","description_kind":"plain","optional":true},"spark_conf":{"type":["map","string"],"description_kind":"plain","optional":true},"spark_env_vars":{"type":["map","string"],"description_kind":"plain","optional":true},"spark_version":{"type":"string","description_kind":"plain","optional":true},"ssh_public_keys":{"type":["list","string"],"description_kind":"plain","optional":true},"total_initial_remote_disk_size":{"type":"number","description_kind":"plain","optional":true},"use_ml_runtime":{"type":"bool","description_kind":"plain","optional":true}},"block_types":{"autoscale":{"nesting_mode":"list","block":{"attributes":{"max_workers":{"type":"number","description_kind":"plain","optional":true},"min_workers":{"type":"number","description_kind":"plain","optional":true}},"description_kind":"plain"},"max_items":1},"aws_attributes":{"nesting_mode":"list","block":{"attributes":{"availability":{"type":"string","description_kind":"plain","optional":true},"ebs_volume_count":{"type":"number","description_kind":"plain","optional":true},"ebs_volume_iops":{"type":"number","description_kind":"plain","optional":true},"ebs_volume_size":{"type":"number","description_kind":"plain","optional":true},"ebs_volume_throughput":{"type":"number","description_kind":"plain","optional":true},"ebs_volume_type":{"type":"string","description_kind":"plain","optional":true},"first_on_demand":{"type":"number","description_kind":"plain","optional":true},"instance_profile_arn":{"type":"string","description_kind":"plain","optional":true},"spot_bid_price_percent":{"type":"number","description_kind":"plain","optional":true},"zone_id":{"type":"string","description_kind":"plain","optional":true}},"description_kind":"plain"},"max_items":1},"azure_attributes":{"nesting_mode":"list","block":{"attributes":{"availability":{"type":"string","description_kind":"plain","optional":true},"first_on_demand":{"type":"number","description_kind":"plain","optional":true},"spot_bid_max_price":{"type":"number","description_kind":"plain","optional":true}},"block_types":{"log_analytics_info":{"nesting_mode":"list","block":{"attributes":{"log_analytics_primary_key":{"type":"string","description_kind":"plain","optional":true},"log_analytics_workspace_id":{"type":"string","description_kind":"plain","optional":true}},"description_kind":"plain"},"max_items":1}},"description_kind":"plain"},"max_items":1},"cluster_log_conf":{"nesting_mode":"list","block":{"block_types":{"dbfs":{"nesting_mode":"list","block":{"attributes":{"destination":{"type":"string","description_kind":"plain","required":true}},"description_kind":"plain"},"max_items":1},"s3":{"nesting_mode":"list","block":{"attributes":{"canned_acl":{"type":"string","description_kind":"plain","optional":true},"destination":{"type":"string","description_kind":"plain","required":true},"enable_encryption":{"type":"bool","description_kind":"plain","optional":true},"encryption_type":{"type":"string","description_kind":"plain","optional":true},"endpoint":{"type":"string","description_kind":"plain","optional":true},"kms_key":{"type":"string","description_kind":"plain","optional":true},"region":{"type":"string","description_kind":"plain","optional":true}},"description_kind":"plain"},"max_items":1},"volumes":{"nesting_mode":"list","block":{"attributes":{"destination":{"type":"string","description_kind":"plain","required":true}},"description_kind":"plain"},"max_items":1}},"description_kind":"plain"},"max_items":1},"cluster_mount_info":{"nesting_mode":"list","block":{"attributes":{"local_mount_dir_path":{"type":"string","description_kind":"plain","required":true},"remote_mount_dir_path":{"type":"string","description_kind":"plain","optional":true}},"block_types":{"network_filesystem_info":{"nesting_mode":"list","block":{"attributes":{"mount_options":{"type":"string","description_kind":"plain","optional":true},"server_address":{"type":"string","description_kind":"plain","required":true}},"description_kind":"plain"},"min_items":1,"max_items":1}},"description_kind":"plain"}},"docker_image":{"nesting_mode":"list","block":{"attributes":{"url":{"type":"string","description_kind":"plain","required":true}},"block_types":{"basic_auth":{"nesting_mode":"list","block":{"attributes":{"password":{"type":"string","description_kind":"plain","required":true,"sensitive":true},"username":{"type":"string","description_kind":"plain","required":true}},"description_kind":"plain"},"max_items":1}},"description_kind":"plain"},"max_items":1},"gcp_attributes":{"nesting_mode":"list","block":{"attributes":{"availability":{"type":"string","description_kind":"plain","optional":true},"boot_disk_size":{"type":"number","description_kind":"plain","optional":true},"first_on_demand":{"type":"number","description_kind":"plain","optional":true},"google_service_account":{"type":"string","description_kind":"plain","optional":true},"local_ssd_count":{"type":"number","description_kind":"plain","optional":true},"use_preemptible_executors":{"type":"bool","description_kind":"plain","optional":true},"zone_id":{"type":"string","description_kind":"plain","optional":true}},"description_kind":"plain"},"max_items":1},"init_scripts":{"nesting_mode":"list","block":{"block_types":{"abfss":{"nesting_mode":"list","block":{"attributes":{"destination":{"type":"string","description_kind":"plain","required":true}},"description_kind":"plain"},"max_items":1},"dbfs":{"nesting_mode":"list","block":{"attributes":{"destination":{"type":"string","description_kind":"plain","required":true}},"description_kind":"plain","deprecated":true},"max_items":1},"file":{"nesting_mode":"list","block":{"attributes":{"destination":{"type":"string","description_kind":"plain","required":true}},"description_kind":"plain"},"max_items":1},"gcs":{"nesting_mode":"list","block":{"attributes":{"destination":{"type":"string","description_kind":"plain","required":true}},"description_kind":"plain"},"max_items":1},"s3":{"nesting_mode":"list","block":{"attributes":{"canned_acl":{"type":"string","description_kind":"plain","optional":true},"destination":{"type":"string","description_kind":"plain","required":true},"enable_encryption":{"type":"bool","description_kind":"plain","optional":true},"encryption_type":{"type":"string","description_kind":"plain","optional":true},"endpoint":{"type":"string","description_kind":"plain","optional":true},"kms_key":{"type":"string","description_kind":"plain","optional":true},"region":{"type":"string","description_kind":"plain","optional":true}},"description_kind":"plain"},"max_items":1},"volumes":{"nesting_mode":"list","block":{"attributes":{"destination":{"type":"string","description_kind":"plain","required":true}},"description_kind":"plain"},"max_items":1},"workspace":{"nesting_mode":"list","block":{"attributes":{"destination":{"type":"string","description_kind":"plain","required":true}},"description_kind":"plain"},"max_items":1}},"description_kind":"plain"},"max_items":10},"library":{"nesting_mode":"set","block":{"attributes":{"egg":{"type":"string","description_kind":"plain","deprecated":true,"optional":true},"jar":{"type":"string","description_kind":"plain","optional":true},"requirements":{"type":"string","description_kind":"plain","optional":true},"whl":{"type":"string","description_kind":"plain","optional":true}},"block_types":{"cran":{"nesting_mode":"list","block":{"attributes":{"package":{"type":"string","description_kind":"plain","required":true},"repo":{"type":"string","description_kind":"plain","optional":true}},"description_kind":"plain"},"max_items":1},"maven":{"nesting_mode":"list","block":{"attributes":{"coordinates":{"type":"string","description_kind":"plain","required":true},"exclusions":{"type":["list","string"],"description_kind":"plain","optional":true},"repo":{"type":"string","description_kind":"plain","optional":true}},"description_kind":"plain"},"max_items":1},"provider_config":{"nesting_mode":"list","block":{"attributes":{"workspace_id":{"type":"string","description_kind":"plain","required":true}},"description_kind":"plain"},"max_items":1},"pypi":{"nesting_mode":"list","block":{"attributes":{"package":{"type":"string","description_kind":"plain","required":true},"repo":{"type":"string","description_kind":"plain","optional":true}},"description_kind":"plain"},"max_items":1}},"description_kind":"plain"}},"provider_config":{"nesting_mode":"list","block":{"attributes":{"workspace_id":{"type":"string","description_kind":"plain","required":true}},"description_kind":"plain"},"max_items":1},"workload_type":{"nesting_mode":"list","block":{"block_types":{"clients":{"nesting_mode":"list","block":{"attributes":{"jobs":{"type":"bool","description_kind":"plain","optional":true},"notebooks":{"type":"bool","description_kind":"plain","optional":true}},"description_kind":"plain"},"min_items":1,"max_items":1}},"description_kind":"plain"},"max_items":1}},"description_kind":"plain"},"max_items":1},"notebook_task":{"nesting_mode":"list","block":{"attributes":{"base_parameters":{"type":["map","string"],"description_kind":"plain","optional":true},"notebook_path":{"type":"string","description_kind":"plain","required":true},"source":{"type":"string","description_kind":"plain","optional":true},"warehouse_id":{"type":"string","description_kind":"plain","optional":true}},"description_kind":"plain"},"max_items":1},"notification_settings":{"nesting_mode":"list","block":{"attributes":{"alert_on_last_attempt":{"type":"bool","description_kind":"plain","optional":true},"no_alert_for_canceled_runs":{"type":"bool","description_kind":"plain","optional":true},"no_alert_for_skipped_runs":{"type":"bool","description_kind":"plain","optional":true}},"description_kind":"plain"},"max_items":1},"pipeline_task":{"nesting_mode":"list","block":{"attributes":{"full_refresh":{"type":"bool","description_kind":"plain","optional":true},"pipeline_id":{"type":"string","description_kind":"plain","required":true}},"description_kind":"plain"},"max_items":1},"power_bi_task":{"nesting_mode":"list","block":{"attributes":{"connection_resource_name":{"type":"string","description_kind":"plain","optional":true},"refresh_after_update":{"type":"bool","description_kind":"plain","optional":true},"warehouse_id":{"type":"string","description_kind":"plain","optional":true}},"block_types":{"power_bi_model":{"nesting_mode":"list","block":{"attributes":{"authentication_method":{"type":"string","description_kind":"plain","optional":true},"model_name":{"type":"string","description_kind":"plain","optional":true},"overwrite_existing":{"type":"bool","description_kind":"plain","optional":true},"storage_mode":{"type":"string","description_kind":"plain","optional":true},"workspace_name":{"type":"string","description_kind":"plain","optional":true}},"description_kind":"plain"},"max_items":1},"tables":{"nesting_mode":"list","block":{"attributes":{"catalog":{"type":"string","description_kind":"plain","optional":true},"name":{"type":"string","description_kind":"plain","optional":true},"schema":{"type":"string","description_kind":"plain","optional":true},"storage_mode":{"type":"string","description_kind":"plain","optional":true}},"description_kind":"plain"}}},"description_kind":"plain"},"max_items":1},"python_wheel_task":{"nesting_mode":"list","block":{"attributes":{"entry_point":{"type":"string","description_kind":"plain","optional":true},"named_parameters":{"type":["map","string"],"description_kind":"plain","optional":true},"package_name":{"type":"string","description_kind":"plain","optional":true},"parameters":{"type":["list","string"],"description_kind":"plain","optional":true}},"description_kind":"plain"},"max_items":1},"run_job_task":{"nesting_mode":"list","block":{"attributes":{"dbt_commands":{"type":["list","string"],"description_kind":"plain","optional":true},"jar_params":{"type":["list","string"],"description_kind":"plain","optional":true},"job_id":{"type":"number","description_kind":"plain","required":true},"job_parameters":{"type":["map","string"],"description_kind":"plain","optional":true},"notebook_params":{"type":["map","string"],"description_kind":"plain","optional":true},"python_named_params":{"type":["map","string"],"description_kind":"plain","optional":true},"python_params":{"type":["list","string"],"description_kind":"plain","optional":true},"spark_submit_params":{"type":["list","string"],"description_kind":"plain","optional":true},"sql_params":{"type":["map","string"],"description_kind":"plain","optional":true}},"block_types":{"pipeline_params":{"nesting_mode":"list","block":{"attributes":{"full_refresh":{"type":"bool","description_kind":"plain","optional":true}},"description_kind":"plain"},"max_items":1}},"description_kind":"plain"},"max_items":1},"spark_jar_task":{"nesting_mode":"list","block":{"attributes":{"jar_uri":{"type":"string","description_kind":"plain","optional":true},"main_class_name":{"type":"string","description_kind":"plain","optional":true},"parameters":{"type":["list","string"],"description_kind":"plain","optional":true},"run_as_repl":{"type":"bool","description_kind":"plain","optional":true,"computed":true}},"description_kind":"plain"},"max_items":1},"spark_python_task":{"nesting_mode":"list","block":{"attributes":{"parameters":{"type":["list","string"],"description_kind":"plain","optional":true},"python_file":{"type":"string","description_kind":"plain","required":true},"source":{"type":"string","description_kind":"plain","optional":true}},"description_kind":"plain"},"max_items":1},"spark_submit_task":{"nesting_mode":"list","block":{"attributes":{"parameters":{"type":["list","string"],"description_kind":"plain","optional":true}},"description_kind":"plain"},"max_items":1},"sql_task":{"nesting_mode":"list","block":{"attributes":{"parameters":{"type":["map","string"],"description_kind":"plain","optional":true},"warehouse_id":{"type":"string","description_kind":"plain","required":true}},"block_types":{"alert":{"nesting_mode":"list","block":{"attributes":{"alert_id":{"type":"string","description_kind":"plain","required":true},"pause_subscriptions":{"type":"bool","description_kind":"plain","optional":true}},"block_types":{"subscriptions":{"nesting_mode":"list","block":{"attributes":{"destination_id":{"type":"string","description_kind":"plain","optional":true},"user_name":{"type":"string","description_kind":"plain","optional":true}},"description_kind":"plain"}}},"description_kind":"plain"},"max_items":1},"dashboard":{"nesting_mode":"list","block":{"attributes":{"custom_subject":{"type":"string","description_kind":"plain","optional":true},"dashboard_id":{"type":"string","description_kind":"plain","required":true},"pause_subscriptions":{"type":"bool","description_kind":"plain","optional":true}},"block_types":{"subscriptions":{"nesting_mode":"list","block":{"attributes":{"destination_id":{"type":"string","description_kind":"plain","optional":true},"user_name":{"type":"string","description_kind":"plain","optional":true}},"description_kind":"plain"}}},"description_kind":"plain"},"max_items":1},"file":{"nesting_mode":"list","block":{"attributes":{"path":{"type":"string","description_kind":"plain","required":true},"source":{"type":"string","description_kind":"plain","optional":true}},"description_kind":"plain"},"max_items":1},"query":{"nesting_mode":"list","block":{"attributes":{"query_id":{"type":"string","description_kind":"plain","required":true}},"description_kind":"plain"},"max_items":1}},"description_kind":"plain"},"max_items":1},"webhook_notifications":{"nesting_mode":"list","block":{"block_types":{"on_duration_warning_threshold_exceeded":{"nesting_mode":"list","block":{"attributes":{"id":{"type":"string","description_kind":"plain","required":true}},"description_kind":"plain"}},"on_failure":{"nesting_mode":"list","block":{"attributes":{"id":{"type":"string","description_kind":"plain","required":true}},"description_kind":"plain"}},"on_start":{"nesting_mode":"list","block":{"attributes":{"id":{"type":"string","description_kind":"plain","required":true}},"description_kind":"plain"}},"on_streaming_backlog_exceeded":{"nesting_mode":"list","block":{"attributes":{"id":{"type":"string","description_kind":"plain","required":true}},"description_kind":"plain"}},"on_success":{"nesting_mode":"list","block":{"attributes":{"id":{"type":"string","description_kind":"plain","required":true}},"description_kind":"plain"}}},"description_kind":"plain"},"max_items":1}},"description_kind":"plain"}},"timeouts":{"nesting_mode":"single","block":{"attributes":{"create":{"type":"string","description_kind":"plain","optional":true},"update":{"type":"string","description_kind":"plain","optional":true}},"description_kind":"plain"}},"trigger":{"nesting_mode":"list","block":{"attributes":{"pause_status":{"type":"string","description_kind":"plain","optional":true}},"block_types":{"file_arrival":{"nesting_mode":"list","block":{"attributes":{"min_time_between_triggers_seconds":{"type":"number","description_kind":"plain","optional":true},"url":{"type":"string","description_kind":"plain","required":true},"wait_after_last_change_seconds":{"type":"number","description_kind":"plain","optional":true}},"description_kind":"plain"},"max_items":1},"model":{"nesting_mode":"list","block":{"attributes":{"aliases":{"type":["list","string"],"description_kind":"plain","optional":true},"condition":{"type":"string","description_kind":"plain","required":true},"min_time_between_triggers_seconds":{"type":"number","description_kind":"plain","optional":true},"securable_name":{"type":"string","description_kind":"plain","optional":true},"wait_after_last_change_seconds":{"type":"number","description_kind":"plain","optional":true}},"description_kind":"plain"},"max_items":1},"periodic":{"nesting_mode":"list","block":{"attributes":{"interval":{"type":"number","description_kind":"plain","required":true},"unit":{"type":"string","description_kind":"plain","required":true}},"description_kind":"plain"},"max_items":1},"table_update":{"nesting_mode":"list","block":{"attributes":{"condition":{"type":"string","description_kind":"plain","optional":true},"min_time_between_triggers_seconds":{"type":"number","description_kind":"plain","optional":true},"table_names":{"type":["list","string"],"description_kind":"plain","required":true},"wait_after_last_change_seconds":{"type":"number","description_kind":"plain","optional":true}},"description_kind":"plain"},"max_items":1}},"description_kind":"plain"},"max_items":1},"webhook_notifications":{"nesting_mode":"list","block":{"block_types":{"on_duration_warning_threshold_exceeded":{"nesting_mode":"list","block":{"attributes":{"id":{"type":"string","description_kind":"plain","required":true}},"description_kind":"plain"}},"on_failure":{"nesting_mode":"list","block":{"attributes":{"id":{"type":"string","description_kind":"plain","required":true}},"description_kind":"plain"}},"on_start":{"nesting_mode":"list","block":{"attributes":{"id":{"type":"string","description_kind":"plain","required":true}},"description_kind":"plain"}},"on_streaming_backlog_exceeded":{"nesting_mode":"list","block":{"attributes":{"id":{"type":"string","description_kind":"plain","required":true}},"description_kind":"plain"}},"on_success":{"nesting_mode":"list","block":{"attributes":{"id":{"type":"string","description_kind":"plain","required":true}},"description_kind":"plain"}}},"description_kind":"plain"},"max_items":1}},"description_kind":"plain"}},"databricks_lakehouse_monitor":{"version":0,"block":{"attributes":{"assets_dir":{"type":"string","description_kind":"plain","required":true},"baseline_table_name":{"type":"string","description_kind":"plain","optional":true},"dashboard_id":{"type":"string","description_kind":"plain","computed":true},"drift_metrics_table_name":{"type":"string","description_kind":"plain","computed":true},"id":{"type":"string","description_kind":"plain","optional":true,"computed":true},"latest_monitor_failure_msg":{"type":"string","description_kind":"plain","optional":true},"monitor_version":{"type":"number","description_kind":"plain","computed":true},"output_schema_name":{"type":"string","description_kind":"plain","required":true},"profile_metrics_table_name":{"type":"string","description_kind":"plain","computed":true},"skip_builtin_dashboard":{"type":"bool","description_kind":"plain","optional":true},"slicing_exprs":{"type":["list","string"],"description_kind":"plain","optional":true},"status":{"type":"string","description_kind":"plain","computed":true},"table_name":{"type":"string","description_kind":"plain","required":true},"warehouse_id":{"type":"string","description_kind":"plain","optional":true}},"block_types":{"custom_metrics":{"nesting_mode":"list","block":{"attributes":{"definition":{"type":"string","description_kind":"plain","required":true},"input_columns":{"type":["list","string"],"description_kind":"plain","required":true},"name":{"type":"string","description_kind":"plain","required":true},"output_data_type":{"type":"string","description_kind":"plain","required":true},"type":{"type":"string","description_kind":"plain","required":true}},"description_kind":"plain"}},"data_classification_config":{"nesting_mode":"list","block":{"attributes":{"enabled":{"type":"bool","description_kind":"plain","optional":true}},"description_kind":"plain"},"max_items":1},"inference_log":{"nesting_mode":"list","block":{"attributes":{"granularities":{"type":["list","string"],"description_kind":"plain","required":true},"label_col":{"type":"string","description_kind":"plain","optional":true},"model_id_col":{"type":"string","description_kind":"plain","required":true},"prediction_col":{"type":"string","description_kind":"plain","required":true},"prediction_proba_col":{"type":"string","description_kind":"plain","optional":true},"problem_type":{"type":"string","description_kind":"plain","required":true},"timestamp_col":{"type":"string","description_kind":"plain","required":true}},"description_kind":"plain"},"max_items":1},"notifications":{"nesting_mode":"list","block":{"block_types":{"on_failure":{"nesting_mode":"list","block":{"attributes":{"email_addresses":{"type":["list","string"],"description_kind":"plain","optional":true}},"description_kind":"plain"},"max_items":1},"on_new_classification_tag_detected":{"nesting_mode":"list","block":{"attributes":{"email_addresses":{"type":["list","string"],"description_kind":"plain","optional":true}},"description_kind":"plain"},"max_items":1}},"description_kind":"plain"},"max_items":1},"schedule":{"nesting_mode":"list","block":{"attributes":{"pause_status":{"type":"string","description_kind":"plain","computed":true},"quartz_cron_expression":{"type":"string","description_kind":"plain","required":true},"timezone_id":{"type":"string","description_kind":"plain","required":true}},"description_kind":"plain"},"max_items":1},"snapshot":{"nesting_mode":"list","block":{"description_kind":"plain"},"max_items":1},"time_series":{"nesting_mode":"list","block":{"attributes":{"granularities":{"type":["list","string"],"description_kind":"plain","required":true},"timestamp_col":{"type":"string","description_kind":"plain","required":true}},"description_kind":"plain"},"max_items":1},"timeouts":{"nesting_mode":"single","block":{"attributes":{"create":{"type":"string","description_kind":"plain","optional":true}},"description_kind":"plain"}}},"description_kind":"plain","deprecated":true}},"databricks_library":{"version":0,"block":{"attributes":{"cluster_id":{"type":"string","description_kind":"plain","required":true},"egg":{"type":"string","description_kind":"plain","deprecated":true,"optional":true},"id":{"type":"string","description_kind":"plain","optional":true,"computed":true},"jar":{"type":"string","description_kind":"plain","optional":true},"requirements":{"type":"string","description_kind":"plain","optional":true},"whl":{"type":"string","description_kind":"plain","optional":true}},"block_types":{"cran":{"nesting_mode":"list","block":{"attributes":{"package":{"type":"string","description_kind":"plain","required":true},"repo":{"type":"string","description_kind":"plain","optional":true}},"description_kind":"plain"}},"maven":{"nesting_mode":"list","block":{"attributes":{"coordinates":{"type":"string","description_kind":"plain","required":true},"exclusions":{"type":["list","string"],"description_kind":"plain","optional":true},"repo":{"type":"string","description_kind":"plain","optional":true}},"description_kind":"plain"}},"provider_config":{"nesting_mode":"list","block":{"attributes":{"workspace_id":{"type":"string","description_kind":"plain","required":true}},"description_kind":"plain"}},"pypi":{"nesting_mode":"list","block":{"attributes":{"package":{"type":"string","description_kind":"plain","required":true},"repo":{"type":"string","description_kind":"plain","optional":true}},"description_kind":"plain"}}},"description":"Terraform schema for Databricks Library","description_kind":"plain"}},"databricks_materialized_features_feature_tag":{"version":0,"block":{"attributes":{"key":{"type":"string","description_kind":"plain","required":true},"value":{"type":"string","description_kind":"plain","optional":true}},"description":"Terraform schema for Databricks materialized_features_feature_tag","description_kind":"plain"}},"databricks_metastore":{"version":0,"block":{"attributes":{"cloud":{"type":"string","description_kind":"plain","optional":true,"computed":true},"created_at":{"type":"number","description_kind":"plain","optional":true,"computed":true},"created_by":{"type":"string","description_kind":"plain","optional":true,"computed":true},"default_data_access_config_id":{"type":"string","description_kind":"plain","optional":true},"delta_sharing_organization_name":{"type":"string","description_kind":"plain","optional":true},"delta_sharing_recipient_token_lifetime_in_seconds":{"type":"number","description_kind":"plain","optional":true},"delta_sharing_scope":{"type":"string","description_kind":"plain","optional":true},"force_destroy":{"type":"bool","description_kind":"plain","optional":true},"global_metastore_id":{"type":"string","description_kind":"plain","optional":true,"computed":true},"id":{"type":"string","description_kind":"plain","optional":true,"computed":true},"metastore_id":{"type":"string","description_kind":"plain","optional":true,"computed":true},"name":{"type":"string","description_kind":"plain","required":true},"owner":{"type":"string","description_kind":"plain","optional":true,"computed":true},"region":{"type":"string","description_kind":"plain","optional":true,"computed":true},"storage_root":{"type":"string","description_kind":"plain","optional":true},"storage_root_credential_id":{"type":"string","description_kind":"plain","optional":true},"updated_at":{"type":"number","description_kind":"plain","optional":true,"computed":true},"updated_by":{"type":"string","description_kind":"plain","optional":true,"computed":true}},"description_kind":"plain"}},"databricks_metastore_assignment":{"version":0,"block":{"attributes":{"default_catalog_name":{"type":"string","description_kind":"plain","deprecated":true,"optional":true,"computed":true},"id":{"type":"string","description_kind":"plain","optional":true,"computed":true},"metastore_id":{"type":"string","description_kind":"plain","required":true},"workspace_id":{"type":"number","description_kind":"plain","required":true}},"description_kind":"plain"}},"databricks_metastore_data_access":{"version":1,"block":{"attributes":{"comment":{"type":"string","description_kind":"plain","optional":true},"force_destroy":{"type":"bool","description_kind":"plain","optional":true},"force_update":{"type":"bool","description_kind":"plain","optional":true},"id":{"type":"string","description_kind":"plain","optional":true,"computed":true},"is_default":{"type":"bool","description_kind":"plain","optional":true},"isolation_mode":{"type":"string","description_kind":"plain","optional":true,"computed":true},"metastore_id":{"type":"string","description_kind":"plain","optional":true,"computed":true},"name":{"type":"string","description_kind":"plain","required":true},"owner":{"type":"string","description_kind":"plain","optional":true,"computed":true},"read_only":{"type":"bool","description_kind":"plain","optional":true},"skip_validation":{"type":"bool","description_kind":"plain","optional":true}},"block_types":{"aws_iam_role":{"nesting_mode":"list","block":{"attributes":{"external_id":{"type":"string","description_kind":"plain","optional":true,"computed":true},"role_arn":{"type":"string","description_kind":"plain","required":true},"unity_catalog_iam_arn":{"type":"string","description_kind":"plain","optional":true,"computed":true}},"description_kind":"plain"},"max_items":1},"azure_managed_identity":{"nesting_mode":"list","block":{"attributes":{"access_connector_id":{"type":"string","description_kind":"plain","required":true},"credential_id":{"type":"string","description_kind":"plain","optional":true,"computed":true},"managed_identity_id":{"type":"string","description_kind":"plain","optional":true}},"description_kind":"plain"},"max_items":1},"azure_service_principal":{"nesting_mode":"list","block":{"attributes":{"application_id":{"type":"string","description_kind":"plain","required":true},"client_secret":{"type":"string","description_kind":"plain","required":true,"sensitive":true},"directory_id":{"type":"string","description_kind":"plain","required":true}},"description_kind":"plain"},"max_items":1},"cloudflare_api_token":{"nesting_mode":"list","block":{"attributes":{"access_key_id":{"type":"string","description_kind":"plain","required":true},"account_id":{"type":"string","description_kind":"plain","required":true},"secret_access_key":{"type":"string","description_kind":"plain","required":true,"sensitive":true}},"description_kind":"plain"},"max_items":1},"databricks_gcp_service_account":{"nesting_mode":"list","block":{"attributes":{"credential_id":{"type":"string","description_kind":"plain","optional":true,"computed":true},"email":{"type":"string","description_kind":"plain","optional":true,"computed":true}},"description_kind":"plain"},"max_items":1},"gcp_service_account_key":{"nesting_mode":"list","block":{"attributes":{"email":{"type":"string","description_kind":"plain","required":true},"private_key":{"type":"string","description_kind":"plain","required":true,"sensitive":true},"private_key_id":{"type":"string","description_kind":"plain","required":true}},"description_kind":"plain"},"max_items":1}},"description_kind":"plain"}},"databricks_mlflow_experiment":{"version":0,"block":{"attributes":{"artifact_location":{"type":"string","description_kind":"plain","optional":true},"creation_time":{"type":"number","description_kind":"plain","optional":true,"computed":true},"description":{"type":"string","description_kind":"plain","deprecated":true,"optional":true},"experiment_id":{"type":"string","description_kind":"plain","optional":true,"computed":true},"id":{"type":"string","description_kind":"plain","optional":true,"computed":true},"last_update_time":{"type":"number","description_kind":"plain","optional":true,"computed":true},"lifecycle_stage":{"type":"string","description_kind":"plain","optional":true,"computed":true},"name":{"type":"string","description_kind":"plain","required":true}},"block_types":{"tags":{"nesting_mode":"list","block":{"attributes":{"key":{"type":"string","description_kind":"plain","optional":true},"value":{"type":"string","description_kind":"plain","optional":true}},"description_kind":"plain"}},"timeouts":{"nesting_mode":"single","block":{"description_kind":"plain"}}},"description_kind":"plain"}},"databricks_mlflow_model":{"version":0,"block":{"attributes":{"description":{"type":"string","description_kind":"plain","optional":true},"id":{"type":"string","description_kind":"plain","optional":true,"computed":true},"name":{"type":"string","description_kind":"plain","required":true},"registered_model_id":{"type":"string","description_kind":"plain","computed":true}},"block_types":{"tags":{"nesting_mode":"list","block":{"attributes":{"key":{"type":"string","description_kind":"plain","optional":true},"value":{"type":"string","description_kind":"plain","optional":true}},"description_kind":"plain"}}},"description_kind":"plain"}},"databricks_mlflow_webhook":{"version":0,"block":{"attributes":{"description":{"type":"string","description_kind":"plain","optional":true},"events":{"type":["list","string"],"description_kind":"plain","required":true},"id":{"type":"string","description_kind":"plain","optional":true,"computed":true},"model_name":{"type":"string","description_kind":"plain","optional":true},"status":{"type":"string","description_kind":"plain","optional":true}},"block_types":{"http_url_spec":{"nesting_mode":"list","block":{"attributes":{"authorization":{"type":"string","description_kind":"plain","optional":true},"enable_ssl_verification":{"type":"bool","description_kind":"plain","optional":true},"secret":{"type":"string","description_kind":"plain","optional":true,"sensitive":true},"url":{"type":"string","description_kind":"plain","required":true}},"description_kind":"plain"},"max_items":1},"job_spec":{"nesting_mode":"list","block":{"attributes":{"access_token":{"type":"string","description_kind":"plain","required":true,"sensitive":true},"job_id":{"type":"string","description_kind":"plain","required":true},"workspace_url":{"type":"string","description_kind":"plain","optional":true}},"description_kind":"plain"},"max_items":1}},"description_kind":"plain"}},"databricks_model_serving":{"version":0,"block":{"attributes":{"budget_policy_id":{"type":"string","description_kind":"plain","optional":true},"description":{"type":"string","description_kind":"plain","optional":true},"endpoint_url":{"type":"string","description_kind":"plain","computed":true},"id":{"type":"string","description_kind":"plain","optional":true,"computed":true},"name":{"type":"string","description_kind":"plain","required":true},"route_optimized":{"type":"bool","description_kind":"plain","optional":true},"serving_endpoint_id":{"type":"string","description_kind":"plain","computed":true}},"block_types":{"ai_gateway":{"nesting_mode":"list","block":{"block_types":{"fallback_config":{"nesting_mode":"list","block":{"attributes":{"enabled":{"type":"bool","description_kind":"plain","required":true}},"description_kind":"plain"},"max_items":1},"guardrails":{"nesting_mode":"list","block":{"block_types":{"input":{"nesting_mode":"list","block":{"attributes":{"invalid_keywords":{"type":["list","string"],"description_kind":"plain","deprecated":true,"optional":true},"safety":{"type":"bool","description_kind":"plain","optional":true},"valid_topics":{"type":["list","string"],"description_kind":"plain","deprecated":true,"optional":true}},"block_types":{"pii":{"nesting_mode":"list","block":{"attributes":{"behavior":{"type":"string","description_kind":"plain","optional":true}},"description_kind":"plain"},"max_items":1}},"description_kind":"plain"},"max_items":1},"output":{"nesting_mode":"list","block":{"attributes":{"invalid_keywords":{"type":["list","string"],"description_kind":"plain","deprecated":true,"optional":true},"safety":{"type":"bool","description_kind":"plain","optional":true},"valid_topics":{"type":["list","string"],"description_kind":"plain","deprecated":true,"optional":true}},"block_types":{"pii":{"nesting_mode":"list","block":{"attributes":{"behavior":{"type":"string","description_kind":"plain","optional":true}},"description_kind":"plain"},"max_items":1}},"description_kind":"plain"},"max_items":1}},"description_kind":"plain"},"max_items":1},"inference_table_config":{"nesting_mode":"list","block":{"attributes":{"catalog_name":{"type":"string","description_kind":"plain","optional":true},"enabled":{"type":"bool","description_kind":"plain","optional":true},"schema_name":{"type":"string","description_kind":"plain","optional":true},"table_name_prefix":{"type":"string","description_kind":"plain","optional":true}},"description_kind":"plain"},"max_items":1},"rate_limits":{"nesting_mode":"list","block":{"attributes":{"calls":{"type":"number","description_kind":"plain","optional":true},"key":{"type":"string","description_kind":"plain","optional":true},"principal":{"type":"string","description_kind":"plain","optional":true},"renewal_period":{"type":"string","description_kind":"plain","required":true},"tokens":{"type":"number","description_kind":"plain","optional":true}},"description_kind":"plain"}},"usage_tracking_config":{"nesting_mode":"list","block":{"attributes":{"enabled":{"type":"bool","description_kind":"plain","optional":true}},"description_kind":"plain"},"max_items":1}},"description_kind":"plain"},"max_items":1},"config":{"nesting_mode":"list","block":{"block_types":{"auto_capture_config":{"nesting_mode":"list","block":{"attributes":{"catalog_name":{"type":"string","description_kind":"plain","optional":true},"enabled":{"type":"bool","description_kind":"plain","optional":true,"computed":true},"schema_name":{"type":"string","description_kind":"plain","optional":true},"table_name_prefix":{"type":"string","description_kind":"plain","optional":true,"computed":true}},"description_kind":"plain"},"max_items":1},"served_entities":{"nesting_mode":"list","block":{"attributes":{"entity_name":{"type":"string","description_kind":"plain","optional":true},"entity_version":{"type":"string","description_kind":"plain","optional":true},"environment_vars":{"type":["map","string"],"description_kind":"plain","optional":true},"instance_profile_arn":{"type":"string","description_kind":"plain","optional":true},"max_provisioned_concurrency":{"type":"number","description_kind":"plain","optional":true},"max_provisioned_throughput":{"type":"number","description_kind":"plain","optional":true},"min_provisioned_concurrency":{"type":"number","description_kind":"plain","optional":true},"min_provisioned_throughput":{"type":"number","description_kind":"plain","optional":true},"name":{"type":"string","description_kind":"plain","optional":true,"computed":true},"provisioned_model_units":{"type":"number","description_kind":"plain","optional":true},"scale_to_zero_enabled":{"type":"bool","description_kind":"plain","optional":true},"workload_size":{"type":"string","description_kind":"plain","optional":true},"workload_type":{"type":"string","description_kind":"plain","optional":true,"computed":true}},"block_types":{"external_model":{"nesting_mode":"list","block":{"attributes":{"name":{"type":"string","description_kind":"plain","required":true},"provider":{"type":"string","description_kind":"plain","required":true},"task":{"type":"string","description_kind":"plain","required":true}},"block_types":{"ai21labs_config":{"nesting_mode":"list","block":{"attributes":{"ai21labs_api_key":{"type":"string","description_kind":"plain","optional":true},"ai21labs_api_key_plaintext":{"type":"string","description_kind":"plain","optional":true}},"description_kind":"plain"},"max_items":1},"amazon_bedrock_config":{"nesting_mode":"list","block":{"attributes":{"aws_access_key_id":{"type":"string","description_kind":"plain","optional":true},"aws_access_key_id_plaintext":{"type":"string","description_kind":"plain","optional":true},"aws_region":{"type":"string","description_kind":"plain","required":true},"aws_secret_access_key":{"type":"string","description_kind":"plain","optional":true},"aws_secret_access_key_plaintext":{"type":"string","description_kind":"plain","optional":true},"bedrock_provider":{"type":"string","description_kind":"plain","required":true},"instance_profile_arn":{"type":"string","description_kind":"plain","optional":true}},"description_kind":"plain"},"max_items":1},"anthropic_config":{"nesting_mode":"list","block":{"attributes":{"anthropic_api_key":{"type":"string","description_kind":"plain","optional":true},"anthropic_api_key_plaintext":{"type":"string","description_kind":"plain","optional":true}},"description_kind":"plain"},"max_items":1},"cohere_config":{"nesting_mode":"list","block":{"attributes":{"cohere_api_base":{"type":"string","description_kind":"plain","optional":true},"cohere_api_key":{"type":"string","description_kind":"plain","optional":true},"cohere_api_key_plaintext":{"type":"string","description_kind":"plain","optional":true}},"description_kind":"plain"},"max_items":1},"custom_provider_config":{"nesting_mode":"list","block":{"attributes":{"custom_provider_url":{"type":"string","description_kind":"plain","required":true}},"block_types":{"api_key_auth":{"nesting_mode":"list","block":{"attributes":{"key":{"type":"string","description_kind":"plain","required":true},"value":{"type":"string","description_kind":"plain","optional":true},"value_plaintext":{"type":"string","description_kind":"plain","optional":true}},"description_kind":"plain"},"max_items":1},"bearer_token_auth":{"nesting_mode":"list","block":{"attributes":{"token":{"type":"string","description_kind":"plain","optional":true},"token_plaintext":{"type":"string","description_kind":"plain","optional":true}},"description_kind":"plain"},"max_items":1}},"description_kind":"plain"},"max_items":1},"databricks_model_serving_config":{"nesting_mode":"list","block":{"attributes":{"databricks_api_token":{"type":"string","description_kind":"plain","optional":true},"databricks_api_token_plaintext":{"type":"string","description_kind":"plain","optional":true},"databricks_workspace_url":{"type":"string","description_kind":"plain","required":true}},"description_kind":"plain"},"max_items":1},"google_cloud_vertex_ai_config":{"nesting_mode":"list","block":{"attributes":{"private_key":{"type":"string","description_kind":"plain","optional":true},"private_key_plaintext":{"type":"string","description_kind":"plain","optional":true},"project_id":{"type":"string","description_kind":"plain","required":true},"region":{"type":"string","description_kind":"plain","required":true}},"description_kind":"plain"},"max_items":1},"openai_config":{"nesting_mode":"list","block":{"attributes":{"microsoft_entra_client_id":{"type":"string","description_kind":"plain","optional":true},"microsoft_entra_client_secret":{"type":"string","description_kind":"plain","optional":true},"microsoft_entra_client_secret_plaintext":{"type":"string","description_kind":"plain","optional":true},"microsoft_entra_tenant_id":{"type":"string","description_kind":"plain","optional":true},"openai_api_base":{"type":"string","description_kind":"plain","optional":true},"openai_api_key":{"type":"string","description_kind":"plain","optional":true},"openai_api_key_plaintext":{"type":"string","description_kind":"plain","optional":true},"openai_api_type":{"type":"string","description_kind":"plain","optional":true},"openai_api_version":{"type":"string","description_kind":"plain","optional":true},"openai_deployment_name":{"type":"string","description_kind":"plain","optional":true},"openai_organization":{"type":"string","description_kind":"plain","optional":true}},"description_kind":"plain"},"max_items":1},"palm_config":{"nesting_mode":"list","block":{"attributes":{"palm_api_key":{"type":"string","description_kind":"plain","optional":true},"palm_api_key_plaintext":{"type":"string","description_kind":"plain","optional":true}},"description_kind":"plain"},"max_items":1}},"description_kind":"plain"},"max_items":1}},"description_kind":"plain"}},"served_models":{"nesting_mode":"list","block":{"attributes":{"environment_vars":{"type":["map","string"],"description_kind":"plain","optional":true},"instance_profile_arn":{"type":"string","description_kind":"plain","optional":true},"max_provisioned_concurrency":{"type":"number","description_kind":"plain","optional":true},"max_provisioned_throughput":{"type":"number","description_kind":"plain","optional":true},"min_provisioned_concurrency":{"type":"number","description_kind":"plain","optional":true},"min_provisioned_throughput":{"type":"number","description_kind":"plain","optional":true},"model_name":{"type":"string","description_kind":"plain","required":true},"model_version":{"type":"string","description_kind":"plain","required":true},"name":{"type":"string","description_kind":"plain","optional":true,"computed":true},"provisioned_model_units":{"type":"number","description_kind":"plain","optional":true},"scale_to_zero_enabled":{"type":"bool","description_kind":"plain","optional":true},"workload_size":{"type":"string","description_kind":"plain","optional":true},"workload_type":{"type":"string","description_kind":"plain","optional":true,"computed":true}},"description_kind":"plain","deprecated":true}},"traffic_config":{"nesting_mode":"list","block":{"block_types":{"routes":{"nesting_mode":"list","block":{"attributes":{"served_entity_name":{"type":"string","description_kind":"plain","optional":true},"served_model_name":{"type":"string","description_kind":"plain","optional":true},"traffic_percentage":{"type":"number","description_kind":"plain","required":true}},"description_kind":"plain"}}},"description_kind":"plain"},"max_items":1}},"description_kind":"plain"},"max_items":1},"email_notifications":{"nesting_mode":"list","block":{"attributes":{"on_update_failure":{"type":["list","string"],"description_kind":"plain","optional":true},"on_update_success":{"type":["list","string"],"description_kind":"plain","optional":true}},"description_kind":"plain"},"max_items":1},"rate_limits":{"nesting_mode":"list","block":{"attributes":{"calls":{"type":"number","description_kind":"plain","required":true},"key":{"type":"string","description_kind":"plain","optional":true},"renewal_period":{"type":"string","description_kind":"plain","required":true}},"description_kind":"plain","deprecated":true}},"tags":{"nesting_mode":"set","block":{"attributes":{"key":{"type":"string","description_kind":"plain","required":true},"value":{"type":"string","description_kind":"plain","optional":true}},"description_kind":"plain"}},"timeouts":{"nesting_mode":"single","block":{"attributes":{"create":{"type":"string","description_kind":"plain","optional":true},"update":{"type":"string","description_kind":"plain","optional":true}},"description_kind":"plain"}}},"description_kind":"plain"}},"databricks_model_serving_provisioned_throughput":{"version":0,"block":{"attributes":{"budget_policy_id":{"type":"string","description_kind":"plain","optional":true},"id":{"type":"string","description_kind":"plain","optional":true,"computed":true},"name":{"type":"string","description_kind":"plain","required":true},"serving_endpoint_id":{"type":"string","description_kind":"plain","computed":true}},"block_types":{"ai_gateway":{"nesting_mode":"list","block":{"block_types":{"fallback_config":{"nesting_mode":"list","block":{"attributes":{"enabled":{"type":"bool","description_kind":"plain","required":true}},"description_kind":"plain"},"max_items":1},"guardrails":{"nesting_mode":"list","block":{"block_types":{"input":{"nesting_mode":"list","block":{"attributes":{"invalid_keywords":{"type":["list","string"],"description_kind":"plain","optional":true},"safety":{"type":"bool","description_kind":"plain","optional":true},"valid_topics":{"type":["list","string"],"description_kind":"plain","optional":true}},"block_types":{"pii":{"nesting_mode":"list","block":{"attributes":{"behavior":{"type":"string","description_kind":"plain","optional":true,"computed":true}},"description_kind":"plain"},"max_items":1}},"description_kind":"plain"},"max_items":1},"output":{"nesting_mode":"list","block":{"attributes":{"invalid_keywords":{"type":["list","string"],"description_kind":"plain","optional":true},"safety":{"type":"bool","description_kind":"plain","optional":true},"valid_topics":{"type":["list","string"],"description_kind":"plain","optional":true}},"block_types":{"pii":{"nesting_mode":"list","block":{"attributes":{"behavior":{"type":"string","description_kind":"plain","optional":true}},"description_kind":"plain"},"max_items":1}},"description_kind":"plain"},"max_items":1}},"description_kind":"plain"},"max_items":1},"inference_table_config":{"nesting_mode":"list","block":{"attributes":{"catalog_name":{"type":"string","description_kind":"plain","optional":true},"enabled":{"type":"bool","description_kind":"plain","optional":true},"schema_name":{"type":"string","description_kind":"plain","optional":true},"table_name_prefix":{"type":"string","description_kind":"plain","optional":true}},"description_kind":"plain"},"max_items":1},"rate_limits":{"nesting_mode":"list","block":{"attributes":{"calls":{"type":"number","description_kind":"plain","optional":true},"key":{"type":"string","description_kind":"plain","optional":true},"principal":{"type":"string","description_kind":"plain","optional":true},"renewal_period":{"type":"string","description_kind":"plain","required":true},"tokens":{"type":"number","description_kind":"plain","optional":true}},"description_kind":"plain"}},"usage_tracking_config":{"nesting_mode":"list","block":{"attributes":{"enabled":{"type":"bool","description_kind":"plain","optional":true,"computed":true}},"description_kind":"plain"},"max_items":1}},"description_kind":"plain"},"max_items":1},"config":{"nesting_mode":"list","block":{"block_types":{"served_entities":{"nesting_mode":"list","block":{"attributes":{"entity_name":{"type":"string","description_kind":"plain","required":true},"entity_version":{"type":"string","description_kind":"plain","required":true},"name":{"type":"string","description_kind":"plain","optional":true,"computed":true},"provisioned_model_units":{"type":"number","description_kind":"plain","required":true}},"description_kind":"plain"}},"traffic_config":{"nesting_mode":"list","block":{"block_types":{"routes":{"nesting_mode":"list","block":{"attributes":{"served_entity_name":{"type":"string","description_kind":"plain","optional":true},"served_model_name":{"type":"string","description_kind":"plain","optional":true},"traffic_percentage":{"type":"number","description_kind":"plain","required":true}},"description_kind":"plain"}}},"description_kind":"plain"},"max_items":1}},"description_kind":"plain"},"min_items":1,"max_items":1},"email_notifications":{"nesting_mode":"list","block":{"attributes":{"on_update_failure":{"type":["list","string"],"description_kind":"plain","optional":true},"on_update_success":{"type":["list","string"],"description_kind":"plain","optional":true}},"description_kind":"plain"},"max_items":1},"tags":{"nesting_mode":"set","block":{"attributes":{"key":{"type":"string","description_kind":"plain","required":true},"value":{"type":"string","description_kind":"plain","optional":true}},"description_kind":"plain"}},"timeouts":{"nesting_mode":"single","block":{"attributes":{"create":{"type":"string","description_kind":"plain","optional":true},"update":{"type":"string","description_kind":"plain","optional":true}},"description_kind":"plain"}}},"description_kind":"plain"}},"databricks_mount":{"version":2,"block":{"attributes":{"cluster_id":{"type":"string","description_kind":"plain","optional":true,"computed":true},"encryption_type":{"type":"string","description_kind":"plain","optional":true},"extra_configs":{"type":["map","string"],"description_kind":"plain","optional":true},"id":{"type":"string","description_kind":"plain","optional":true,"computed":true},"name":{"type":"string","description_kind":"plain","optional":true,"computed":true},"resource_id":{"type":"string","description_kind":"plain","optional":true},"source":{"type":"string","description_kind":"plain","computed":true},"uri":{"type":"string","description_kind":"plain","optional":true}},"block_types":{"abfs":{"nesting_mode":"list","block":{"attributes":{"client_id":{"type":"string","description_kind":"plain","required":true},"client_secret_key":{"type":"string","description_kind":"plain","required":true},"client_secret_scope":{"type":"string","description_kind":"plain","required":true},"container_name":{"type":"string","description_kind":"plain","optional":true,"computed":true},"directory":{"type":"string","description_kind":"plain","optional":true},"initialize_file_system":{"type":"bool","description_kind":"plain","required":true},"storage_account_name":{"type":"string","description_kind":"plain","optional":true,"computed":true},"tenant_id":{"type":"string","description_kind":"plain","optional":true,"computed":true}},"description_kind":"plain"},"max_items":1},"adl":{"nesting_mode":"list","block":{"attributes":{"client_id":{"type":"string","description_kind":"plain","required":true},"client_secret_key":{"type":"string","description_kind":"plain","required":true},"client_secret_scope":{"type":"string","description_kind":"plain","required":true},"directory":{"type":"string","description_kind":"plain","optional":true},"spark_conf_prefix":{"type":"string","description_kind":"plain","optional":true},"storage_resource_name":{"type":"string","description_kind":"plain","optional":true,"computed":true},"tenant_id":{"type":"string","description_kind":"plain","optional":true,"computed":true}},"description_kind":"plain"},"max_items":1},"gs":{"nesting_mode":"list","block":{"attributes":{"bucket_name":{"type":"string","description_kind":"plain","required":true},"service_account":{"type":"string","description_kind":"plain","optional":true}},"description_kind":"plain"},"max_items":1},"s3":{"nesting_mode":"list","block":{"attributes":{"bucket_name":{"type":"string","description_kind":"plain","required":true},"instance_profile":{"type":"string","description_kind":"plain","optional":true}},"description_kind":"plain"},"max_items":1},"timeouts":{"nesting_mode":"single","block":{"attributes":{"default":{"type":"string","description_kind":"plain","optional":true}},"description_kind":"plain"}},"wasb":{"nesting_mode":"list","block":{"attributes":{"auth_type":{"type":"string","description_kind":"plain","required":true},"container_name":{"type":"string","description_kind":"plain","optional":true,"computed":true},"directory":{"type":"string","description_kind":"plain","optional":true},"storage_account_name":{"type":"string","description_kind":"plain","optional":true,"computed":true},"token_secret_key":{"type":"string","description_kind":"plain","required":true},"token_secret_scope":{"type":"string","description_kind":"plain","required":true}},"description_kind":"plain"},"max_items":1}},"description_kind":"plain"}},"databricks_mws_credentials":{"version":0,"block":{"attributes":{"account_id":{"type":"string","description_kind":"plain","deprecated":true,"optional":true},"creation_time":{"type":"number","description_kind":"plain","optional":true,"computed":true},"credentials_id":{"type":"string","description_kind":"plain","optional":true,"computed":true},"credentials_name":{"type":"string","description_kind":"plain","required":true},"external_id":{"type":"string","description_kind":"plain","optional":true,"computed":true},"id":{"type":"string","description_kind":"plain","optional":true,"computed":true},"role_arn":{"type":"string","description_kind":"plain","required":true}},"description_kind":"plain"}},"databricks_mws_customer_managed_keys":{"version":1,"block":{"attributes":{"account_id":{"type":"string","description_kind":"plain","required":true},"creation_time":{"type":"number","description_kind":"plain","optional":true,"computed":true},"customer_managed_key_id":{"type":"string","description_kind":"plain","optional":true,"computed":true},"id":{"type":"string","description_kind":"plain","optional":true,"computed":true},"use_cases":{"type":["list","string"],"description_kind":"plain","required":true}},"block_types":{"aws_key_info":{"nesting_mode":"list","block":{"attributes":{"key_alias":{"type":"string","description_kind":"plain","optional":true},"key_arn":{"type":"string","description_kind":"plain","required":true},"key_region":{"type":"string","description_kind":"plain","optional":true,"computed":true}},"description_kind":"plain"},"max_items":1},"gcp_key_info":{"nesting_mode":"list","block":{"attributes":{"kms_key_id":{"type":"string","description_kind":"plain","required":true}},"description_kind":"plain"},"max_items":1}},"description_kind":"plain"}},"databricks_mws_log_delivery":{"version":0,"block":{"attributes":{"account_id":{"type":"string","description_kind":"plain","required":true},"config_id":{"type":"string","description_kind":"plain","optional":true,"computed":true},"config_name":{"type":"string","description_kind":"plain","optional":true},"credentials_id":{"type":"string","description_kind":"plain","required":true},"delivery_path_prefix":{"type":"string","description_kind":"plain","optional":true},"delivery_start_time":{"type":"string","description_kind":"plain","optional":true,"computed":true},"id":{"type":"string","description_kind":"plain","optional":true,"computed":true},"log_type":{"type":"string","description_kind":"plain","required":true},"output_format":{"type":"string","description_kind":"plain","required":true},"status":{"type":"string","description_kind":"plain","optional":true,"computed":true},"storage_configuration_id":{"type":"string","description_kind":"plain","required":true},"workspace_ids_filter":{"type":["list","number"],"description_kind":"plain","optional":true}},"description_kind":"plain"}},"databricks_mws_ncc_binding":{"version":0,"block":{"attributes":{"id":{"type":"string","description_kind":"plain","optional":true,"computed":true},"network_connectivity_config_id":{"type":"string","description_kind":"plain","required":true},"workspace_id":{"type":"number","description_kind":"plain","required":true}},"description_kind":"plain"}},"databricks_mws_ncc_private_endpoint_rule":{"version":0,"block":{"attributes":{"account_id":{"type":"string","description_kind":"plain","optional":true},"connection_state":{"type":"string","description_kind":"plain","optional":true,"computed":true},"creation_time":{"type":"number","description_kind":"plain","optional":true,"computed":true},"deactivated":{"type":"bool","description_kind":"plain","optional":true},"deactivated_at":{"type":"number","description_kind":"plain","optional":true},"domain_names":{"type":["list","string"],"description_kind":"plain","optional":true},"enabled":{"type":"bool","description_kind":"plain","optional":true,"computed":true},"endpoint_name":{"type":"string","description_kind":"plain","optional":true,"computed":true},"endpoint_service":{"type":"string","description_kind":"plain","optional":true},"group_id":{"type":"string","description_kind":"plain","optional":true},"id":{"type":"string","description_kind":"plain","optional":true,"computed":true},"network_connectivity_config_id":{"type":"string","description_kind":"plain","required":true},"resource_id":{"type":"string","description_kind":"plain","optional":true},"resource_names":{"type":["list","string"],"description_kind":"plain","optional":true},"rule_id":{"type":"string","description_kind":"plain","optional":true,"computed":true},"updated_time":{"type":"number","description_kind":"plain","optional":true,"computed":true},"vpc_endpoint_id":{"type":"string","description_kind":"plain","optional":true,"computed":true}},"description_kind":"plain"}},"databricks_mws_network_connectivity_config":{"version":0,"block":{"attributes":{"account_id":{"type":"string","description_kind":"plain","optional":true,"computed":true},"creation_time":{"type":"number","description_kind":"plain","optional":true,"computed":true},"id":{"type":"string","description_kind":"plain","optional":true,"computed":true},"name":{"type":"string","description_kind":"plain","required":true},"network_connectivity_config_id":{"type":"string","description_kind":"plain","optional":true,"computed":true},"region":{"type":"string","description_kind":"plain","required":true},"updated_time":{"type":"number","description_kind":"plain","optional":true,"computed":true}},"block_types":{"egress_config":{"nesting_mode":"list","block":{"block_types":{"default_rules":{"nesting_mode":"list","block":{"block_types":{"aws_stable_ip_rule":{"nesting_mode":"list","block":{"attributes":{"cidr_blocks":{"type":["list","string"],"description_kind":"plain","optional":true}},"description_kind":"plain"},"max_items":1},"azure_service_endpoint_rule":{"nesting_mode":"list","block":{"attributes":{"subnets":{"type":["list","string"],"description_kind":"plain","optional":true},"target_region":{"type":"string","description_kind":"plain","optional":true},"target_services":{"type":["list","string"],"description_kind":"plain","optional":true}},"description_kind":"plain"},"max_items":1}},"description_kind":"plain"},"max_items":1},"target_rules":{"nesting_mode":"list","block":{"block_types":{"aws_private_endpoint_rules":{"nesting_mode":"list","block":{"attributes":{"account_id":{"type":"string","description_kind":"plain","optional":true},"connection_state":{"type":"string","description_kind":"plain","optional":true},"creation_time":{"type":"number","description_kind":"plain","optional":true},"deactivated":{"type":"bool","description_kind":"plain","optional":true},"deactivated_at":{"type":"number","description_kind":"plain","optional":true},"domain_names":{"type":["list","string"],"description_kind":"plain","optional":true},"enabled":{"type":"bool","description_kind":"plain","optional":true},"endpoint_service":{"type":"string","description_kind":"plain","optional":true},"network_connectivity_config_id":{"type":"string","description_kind":"plain","optional":true},"resource_names":{"type":["list","string"],"description_kind":"plain","optional":true},"rule_id":{"type":"string","description_kind":"plain","optional":true},"updated_time":{"type":"number","description_kind":"plain","optional":true},"vpc_endpoint_id":{"type":"string","description_kind":"plain","optional":true}},"description_kind":"plain"}},"azure_private_endpoint_rules":{"nesting_mode":"list","block":{"attributes":{"connection_state":{"type":"string","description_kind":"plain","optional":true},"creation_time":{"type":"number","description_kind":"plain","optional":true},"deactivated":{"type":"bool","description_kind":"plain","optional":true},"deactivated_at":{"type":"number","description_kind":"plain","optional":true},"domain_names":{"type":["list","string"],"description_kind":"plain","optional":true},"endpoint_name":{"type":"string","description_kind":"plain","optional":true},"group_id":{"type":"string","description_kind":"plain","optional":true},"network_connectivity_config_id":{"type":"string","description_kind":"plain","optional":true},"resource_id":{"type":"string","description_kind":"plain","optional":true},"rule_id":{"type":"string","description_kind":"plain","optional":true},"updated_time":{"type":"number","description_kind":"plain","optional":true}},"description_kind":"plain"}}},"description_kind":"plain"},"max_items":1}},"description_kind":"plain"},"max_items":1}},"description_kind":"plain"}},"databricks_mws_networks":{"version":0,"block":{"attributes":{"account_id":{"type":"string","description_kind":"plain","required":true,"sensitive":true},"creation_time":{"type":"number","description_kind":"plain","optional":true,"computed":true},"id":{"type":"string","description_kind":"plain","optional":true,"computed":true},"network_id":{"type":"string","description_kind":"plain","optional":true,"computed":true},"network_name":{"type":"string","description_kind":"plain","required":true},"security_group_ids":{"type":["set","string"],"description_kind":"plain","optional":true},"subnet_ids":{"type":["set","string"],"description_kind":"plain","optional":true},"vpc_id":{"type":"string","description_kind":"plain","optional":true},"vpc_status":{"type":"string","description_kind":"plain","optional":true,"computed":true},"workspace_id":{"type":"number","description_kind":"plain","optional":true,"computed":true}},"block_types":{"error_messages":{"nesting_mode":"list","block":{"attributes":{"error_message":{"type":"string","description_kind":"plain","optional":true},"error_type":{"type":"string","description_kind":"plain","optional":true}},"description_kind":"plain"}},"gcp_network_info":{"nesting_mode":"list","block":{"attributes":{"network_project_id":{"type":"string","description_kind":"plain","required":true},"pod_ip_range_name":{"type":"string","description_kind":"plain","deprecated":true,"optional":true},"service_ip_range_name":{"type":"string","description_kind":"plain","deprecated":true,"optional":true},"subnet_id":{"type":"string","description_kind":"plain","required":true},"subnet_region":{"type":"string","description_kind":"plain","required":true},"vpc_id":{"type":"string","description_kind":"plain","required":true}},"description_kind":"plain"},"max_items":1},"vpc_endpoints":{"nesting_mode":"list","block":{"attributes":{"dataplane_relay":{"type":["set","string"],"description_kind":"plain","required":true},"rest_api":{"type":["set","string"],"description_kind":"plain","required":true}},"description_kind":"plain"},"max_items":1}},"description_kind":"plain"}},"databricks_mws_permission_assignment":{"version":0,"block":{"attributes":{"id":{"type":"string","description_kind":"plain","optional":true,"computed":true},"permissions":{"type":["set","string"],"description_kind":"plain","required":true},"principal_id":{"type":"number","description_kind":"plain","required":true},"workspace_id":{"type":"number","description_kind":"plain","required":true}},"description_kind":"plain"}},"databricks_mws_private_access_settings":{"version":0,"block":{"attributes":{"account_id":{"type":"string","description_kind":"plain","deprecated":true,"optional":true,"computed":true},"allowed_vpc_endpoint_ids":{"type":["list","string"],"description_kind":"plain","optional":true},"id":{"type":"string","description_kind":"plain","optional":true,"computed":true},"private_access_level":{"type":"string","description_kind":"plain","optional":true},"private_access_settings_id":{"type":"string","description_kind":"plain","optional":true,"computed":true},"private_access_settings_name":{"type":"string","description_kind":"plain","required":true},"public_access_enabled":{"type":"bool","description_kind":"plain","optional":true},"region":{"type":"string","description_kind":"plain","required":true}},"description_kind":"plain"}},"databricks_mws_storage_configurations":{"version":0,"block":{"attributes":{"account_id":{"type":"string","description_kind":"plain","required":true,"sensitive":true},"bucket_name":{"type":"string","description_kind":"plain","required":true},"creation_time":{"type":"number","description_kind":"plain","computed":true},"id":{"type":"string","description_kind":"plain","optional":true,"computed":true},"storage_configuration_id":{"type":"string","description_kind":"plain","computed":true},"storage_configuration_name":{"type":"string","description_kind":"plain","required":true}},"description_kind":"plain"}},"databricks_mws_vpc_endpoint":{"version":0,"block":{"attributes":{"account_id":{"type":"string","description_kind":"plain","optional":true},"aws_account_id":{"type":"string","description_kind":"plain","optional":true,"computed":true},"aws_endpoint_service_id":{"type":"string","description_kind":"plain","optional":true,"computed":true},"aws_vpc_endpoint_id":{"type":"string","description_kind":"plain","optional":true},"id":{"type":"string","description_kind":"plain","optional":true,"computed":true},"region":{"type":"string","description_kind":"plain","optional":true},"state":{"type":"string","description_kind":"plain","optional":true,"computed":true},"use_case":{"type":"string","description_kind":"plain","optional":true,"computed":true},"vpc_endpoint_id":{"type":"string","description_kind":"plain","optional":true,"computed":true},"vpc_endpoint_name":{"type":"string","description_kind":"plain","required":true}},"block_types":{"gcp_vpc_endpoint_info":{"nesting_mode":"list","block":{"attributes":{"endpoint_region":{"type":"string","description_kind":"plain","required":true},"project_id":{"type":"string","description_kind":"plain","required":true},"psc_connection_id":{"type":"string","description_kind":"plain","optional":true,"computed":true},"psc_endpoint_name":{"type":"string","description_kind":"plain","required":true},"service_attachment_id":{"type":"string","description_kind":"plain","optional":true,"computed":true}},"description_kind":"plain"},"max_items":1}},"description_kind":"plain"}},"databricks_mws_workspaces":{"version":3,"block":{"attributes":{"account_id":{"type":"string","description_kind":"plain","required":true,"sensitive":true},"aws_region":{"type":"string","description_kind":"plain","optional":true},"cloud":{"type":"string","description_kind":"plain","optional":true,"computed":true},"compute_mode":{"type":"string","description_kind":"plain","optional":true},"creation_time":{"type":"number","description_kind":"plain","optional":true,"computed":true},"credentials_id":{"type":"string","description_kind":"plain","optional":true},"custom_tags":{"type":["map","string"],"description_kind":"plain","optional":true},"customer_managed_key_id":{"type":"string","description_kind":"plain","deprecated":true,"optional":true},"deployment_name":{"type":"string","description_kind":"plain","optional":true},"effective_compute_mode":{"type":"string","description_kind":"plain","computed":true},"expected_workspace_status":{"type":"string","description_kind":"plain","optional":true},"gcp_workspace_sa":{"type":"string","description_kind":"plain","computed":true},"id":{"type":"string","description_kind":"plain","optional":true,"computed":true},"is_no_public_ip_enabled":{"type":"bool","description_kind":"plain","optional":true},"location":{"type":"string","description_kind":"plain","optional":true},"managed_services_customer_managed_key_id":{"type":"string","description_kind":"plain","optional":true},"network_connectivity_config_id":{"type":"string","description_kind":"plain","optional":true,"computed":true},"network_id":{"type":"string","description_kind":"plain","optional":true},"pricing_tier":{"type":"string","description_kind":"plain","optional":true,"computed":true},"private_access_settings_id":{"type":"string","description_kind":"plain","optional":true},"storage_configuration_id":{"type":"string","description_kind":"plain","optional":true},"storage_customer_managed_key_id":{"type":"string","description_kind":"plain","optional":true},"workspace_id":{"type":"number","description_kind":"plain","optional":true,"computed":true},"workspace_name":{"type":"string","description_kind":"plain","required":true},"workspace_status":{"type":"string","description_kind":"plain","optional":true,"computed":true},"workspace_status_message":{"type":"string","description_kind":"plain","optional":true,"computed":true},"workspace_url":{"type":"string","description_kind":"plain","optional":true,"computed":true}},"block_types":{"cloud_resource_container":{"nesting_mode":"list","block":{"block_types":{"gcp":{"nesting_mode":"list","block":{"attributes":{"project_id":{"type":"string","description_kind":"plain","required":true}},"description_kind":"plain"},"min_items":1,"max_items":1}},"description_kind":"plain"},"max_items":1},"external_customer_info":{"nesting_mode":"list","block":{"attributes":{"authoritative_user_email":{"type":"string","description_kind":"plain","required":true},"authoritative_user_full_name":{"type":"string","description_kind":"plain","required":true},"customer_name":{"type":"string","description_kind":"plain","required":true}},"description_kind":"plain"},"max_items":1},"gcp_managed_network_config":{"nesting_mode":"list","block":{"attributes":{"gke_cluster_pod_ip_range":{"type":"string","description_kind":"plain","deprecated":true,"optional":true},"gke_cluster_service_ip_range":{"type":"string","description_kind":"plain","deprecated":true,"optional":true},"subnet_cidr":{"type":"string","description_kind":"plain","required":true}},"description_kind":"plain"},"max_items":1},"gke_config":{"nesting_mode":"list","block":{"attributes":{"connectivity_type":{"type":"string","description_kind":"plain","optional":true},"master_ip_range":{"type":"string","description_kind":"plain","optional":true}},"description_kind":"plain","deprecated":true},"max_items":1},"timeouts":{"nesting_mode":"single","block":{"attributes":{"create":{"type":"string","description_kind":"plain","optional":true},"read":{"type":"string","description_kind":"plain","optional":true},"update":{"type":"string","description_kind":"plain","optional":true}},"description_kind":"plain"}},"token":{"nesting_mode":"list","block":{"attributes":{"comment":{"type":"string","description_kind":"plain","optional":true},"lifetime_seconds":{"type":"number","description_kind":"plain","optional":true},"token_id":{"type":"string","description_kind":"plain","optional":true,"computed":true},"token_value":{"type":"string","description_kind":"plain","optional":true,"computed":true,"sensitive":true}},"description_kind":"plain"},"max_items":1}},"description_kind":"plain"}},"databricks_notebook":{"version":1,"block":{"attributes":{"content_base64":{"type":"string","description_kind":"plain","optional":true},"format":{"type":"string","description_kind":"plain","optional":true,"computed":true},"id":{"type":"string","description_kind":"plain","optional":true,"computed":true},"language":{"type":"string","description_kind":"plain","optional":true,"computed":true},"md5":{"type":"string","description_kind":"plain","optional":true},"object_id":{"type":"number","description_kind":"plain","optional":true,"computed":true},"object_type":{"type":"string","description_kind":"plain","deprecated":true,"optional":true,"computed":true},"path":{"type":"string","description_kind":"plain","required":true},"source":{"type":"string","description_kind":"plain","optional":true},"url":{"type":"string","description_kind":"plain","computed":true},"workspace_path":{"type":"string","description_kind":"plain","computed":true}},"block_types":{"provider_config":{"nesting_mode":"list","block":{"attributes":{"workspace_id":{"type":"string","description_kind":"plain","required":true}},"description_kind":"plain"},"max_items":1}},"description_kind":"plain"}},"databricks_notification_destination":{"version":0,"block":{"attributes":{"destination_type":{"type":"string","description_kind":"plain","optional":true,"computed":true},"display_name":{"type":"string","description_kind":"plain","required":true},"id":{"type":"string","description_kind":"plain","optional":true,"computed":true}},"block_types":{"config":{"nesting_mode":"list","block":{"block_types":{"email":{"nesting_mode":"list","block":{"attributes":{"addresses":{"type":["list","string"],"description_kind":"plain","optional":true}},"description_kind":"plain"},"max_items":1},"generic_webhook":{"nesting_mode":"list","block":{"attributes":{"password":{"type":"string","description_kind":"plain","optional":true,"sensitive":true},"password_set":{"type":"bool","description_kind":"plain","optional":true,"computed":true},"url":{"type":"string","description_kind":"plain","optional":true,"sensitive":true},"url_set":{"type":"bool","description_kind":"plain","optional":true,"computed":true},"username":{"type":"string","description_kind":"plain","optional":true,"sensitive":true},"username_set":{"type":"bool","description_kind":"plain","optional":true,"computed":true}},"description_kind":"plain"},"max_items":1},"microsoft_teams":{"nesting_mode":"list","block":{"attributes":{"app_id":{"type":"string","description_kind":"plain","optional":true,"sensitive":true},"app_id_set":{"type":"bool","description_kind":"plain","optional":true},"auth_secret":{"type":"string","description_kind":"plain","optional":true,"sensitive":true},"auth_secret_set":{"type":"bool","description_kind":"plain","optional":true},"channel_url":{"type":"string","description_kind":"plain","optional":true,"sensitive":true},"channel_url_set":{"type":"bool","description_kind":"plain","optional":true},"tenant_id":{"type":"string","description_kind":"plain","optional":true,"sensitive":true},"tenant_id_set":{"type":"bool","description_kind":"plain","optional":true},"url":{"type":"string","description_kind":"plain","optional":true,"sensitive":true},"url_set":{"type":"bool","description_kind":"plain","optional":true,"computed":true}},"description_kind":"plain"},"max_items":1},"pagerduty":{"nesting_mode":"list","block":{"attributes":{"integration_key":{"type":"string","description_kind":"plain","optional":true,"sensitive":true},"integration_key_set":{"type":"bool","description_kind":"plain","optional":true,"computed":true}},"description_kind":"plain"},"max_items":1},"slack":{"nesting_mode":"list","block":{"attributes":{"channel_id":{"type":"string","description_kind":"plain","optional":true,"sensitive":true},"channel_id_set":{"type":"bool","description_kind":"plain","optional":true,"computed":true},"oauth_token":{"type":"string","description_kind":"plain","optional":true,"sensitive":true},"oauth_token_set":{"type":"bool","description_kind":"plain","optional":true,"computed":true},"url":{"type":"string","description_kind":"plain","optional":true,"sensitive":true},"url_set":{"type":"bool","description_kind":"plain","optional":true,"computed":true}},"description_kind":"plain"},"max_items":1}},"description_kind":"plain"},"max_items":1}},"description_kind":"plain"}},"databricks_obo_token":{"version":0,"block":{"attributes":{"application_id":{"type":"string","description_kind":"plain","required":true},"comment":{"type":"string","description_kind":"plain","optional":true},"id":{"type":"string","description_kind":"plain","optional":true,"computed":true},"lifetime_seconds":{"type":"number","description_kind":"plain","optional":true},"token_value":{"type":"string","description_kind":"plain","computed":true,"sensitive":true}},"description_kind":"plain"}},"databricks_online_store":{"version":0,"block":{"attributes":{"capacity":{"type":"string","description_kind":"plain","required":true},"creation_time":{"type":"string","description_kind":"plain","computed":true},"creator":{"type":"string","description_kind":"plain","computed":true},"name":{"type":"string","description_kind":"plain","required":true},"read_replica_count":{"type":"number","description_kind":"plain","optional":true},"state":{"type":"string","description_kind":"plain","computed":true}},"description":"Terraform schema for Databricks online_store","description_kind":"plain"}},"databricks_online_table":{"version":0,"block":{"attributes":{"id":{"type":"string","description_kind":"plain","optional":true,"computed":true},"name":{"type":"string","description_kind":"plain","required":true},"status":{"type":["list",["object",{"continuous_update_status":["list",["object",{"initial_pipeline_sync_progress":["list",["object",{"estimated_completion_time_seconds":"number","latest_version_currently_processing":"number","sync_progress_completion":"number","synced_row_count":"number","total_row_count":"number"}]],"last_processed_commit_version":"number","timestamp":"string"}]],"detailed_state":"string","failed_status":["list",["object",{"last_processed_commit_version":"number","timestamp":"string"}]],"message":"string","provisioning_status":["list",["object",{"initial_pipeline_sync_progress":["list",["object",{"estimated_completion_time_seconds":"number","latest_version_currently_processing":"number","sync_progress_completion":"number","synced_row_count":"number","total_row_count":"number"}]]}]],"triggered_update_status":["list",["object",{"last_processed_commit_version":"number","timestamp":"string","triggered_update_progress":["list",["object",{"estimated_completion_time_seconds":"number","latest_version_currently_processing":"number","sync_progress_completion":"number","synced_row_count":"number","total_row_count":"number"}]]}]]}]],"description_kind":"plain","computed":true},"table_serving_url":{"type":"string","description_kind":"plain","computed":true},"unity_catalog_provisioning_state":{"type":"string","description_kind":"plain","computed":true}},"block_types":{"spec":{"nesting_mode":"list","block":{"attributes":{"perform_full_copy":{"type":"bool","description_kind":"plain","optional":true},"pipeline_id":{"type":"string","description_kind":"plain","computed":true},"primary_key_columns":{"type":["list","string"],"description_kind":"plain","optional":true},"source_table_full_name":{"type":"string","description_kind":"plain","optional":true},"timeseries_key":{"type":"string","description_kind":"plain","optional":true}},"block_types":{"run_continuously":{"nesting_mode":"list","block":{"description_kind":"plain"},"max_items":1},"run_triggered":{"nesting_mode":"list","block":{"description_kind":"plain"},"max_items":1}},"description_kind":"plain"},"max_items":1},"timeouts":{"nesting_mode":"single","block":{"attributes":{"create":{"type":"string","description_kind":"plain","optional":true}},"description_kind":"plain"}}},"description_kind":"plain"}},"databricks_permission_assignment":{"version":0,"block":{"attributes":{"display_name":{"type":"string","description_kind":"plain","computed":true},"group_name":{"type":"string","description_kind":"plain","optional":true,"computed":true},"id":{"type":"string","description_kind":"plain","optional":true,"computed":true},"permissions":{"type":["list","string"],"description_kind":"plain","required":true},"principal_id":{"type":"number","description_kind":"plain","optional":true,"computed":true},"service_principal_name":{"type":"string","description_kind":"plain","optional":true,"computed":true},"user_name":{"type":"string","description_kind":"plain","optional":true,"computed":true}},"block_types":{"provider_config":{"nesting_mode":"list","block":{"attributes":{"workspace_id":{"type":"string","description_kind":"plain","required":true}},"description_kind":"plain"},"max_items":1}},"description_kind":"plain"}},"databricks_permissions":{"version":0,"block":{"attributes":{"alert_v2_id":{"type":"string","description_kind":"plain","optional":true},"app_name":{"type":"string","description_kind":"plain","optional":true},"authorization":{"type":"string","description_kind":"plain","optional":true},"cluster_id":{"type":"string","description_kind":"plain","optional":true},"cluster_policy_id":{"type":"string","description_kind":"plain","optional":true},"dashboard_id":{"type":"string","description_kind":"plain","optional":true},"database_instance_name":{"type":"string","description_kind":"plain","optional":true},"directory_id":{"type":"string","description_kind":"plain","optional":true},"directory_path":{"type":"string","description_kind":"plain","optional":true},"experiment_id":{"type":"string","description_kind":"plain","optional":true},"id":{"type":"string","description_kind":"plain","optional":true,"computed":true},"instance_pool_id":{"type":"string","description_kind":"plain","optional":true},"job_id":{"type":"string","description_kind":"plain","optional":true},"notebook_id":{"type":"string","description_kind":"plain","optional":true},"notebook_path":{"type":"string","description_kind":"plain","optional":true},"object_type":{"type":"string","description_kind":"plain","optional":true,"computed":true},"pipeline_id":{"type":"string","description_kind":"plain","optional":true},"registered_model_id":{"type":"string","description_kind":"plain","optional":true},"repo_id":{"type":"string","description_kind":"plain","optional":true},"repo_path":{"type":"string","description_kind":"plain","optional":true},"serving_endpoint_id":{"type":"string","description_kind":"plain","optional":true},"sql_alert_id":{"type":"string","description_kind":"plain","optional":true},"sql_dashboard_id":{"type":"string","description_kind":"plain","optional":true},"sql_endpoint_id":{"type":"string","description_kind":"plain","optional":true},"sql_query_id":{"type":"string","description_kind":"plain","optional":true},"vector_search_endpoint_id":{"type":"string","description_kind":"plain","optional":true},"workspace_file_id":{"type":"string","description_kind":"plain","optional":true},"workspace_file_path":{"type":"string","description_kind":"plain","optional":true}},"block_types":{"access_control":{"nesting_mode":"set","block":{"attributes":{"group_name":{"type":"string","description_kind":"plain","optional":true},"permission_level":{"type":"string","description_kind":"plain","optional":true},"service_principal_name":{"type":"string","description_kind":"plain","optional":true},"user_name":{"type":"string","description_kind":"plain","optional":true}},"description_kind":"plain"},"min_items":1}},"description_kind":"plain"}},"databricks_pipeline":{"version":0,"block":{"attributes":{"allow_duplicate_names":{"type":"bool","description_kind":"plain","optional":true},"budget_policy_id":{"type":"string","description_kind":"plain","optional":true},"catalog":{"type":"string","description_kind":"plain","optional":true},"cause":{"type":"string","description_kind":"plain","optional":true,"computed":true},"channel":{"type":"string","description_kind":"plain","optional":true},"cluster_id":{"type":"string","description_kind":"plain","optional":true,"computed":true},"configuration":{"type":["map","string"],"description_kind":"plain","optional":true},"continuous":{"type":"bool","description_kind":"plain","optional":true},"creator_user_name":{"type":"string","description_kind":"plain","optional":true,"computed":true},"development":{"type":"bool","description_kind":"plain","optional":true},"edition":{"type":"string","description_kind":"plain","optional":true},"expected_last_modified":{"type":"number","description_kind":"plain","optional":true},"health":{"type":"string","description_kind":"plain","optional":true,"computed":true},"id":{"type":"string","description_kind":"plain","optional":true,"computed":true},"last_modified":{"type":"number","description_kind":"plain","optional":true,"computed":true},"name":{"type":"string","description_kind":"plain","optional":true},"photon":{"type":"bool","description_kind":"plain","optional":true},"root_path":{"type":"string","description_kind":"plain","optional":true},"run_as_user_name":{"type":"string","description_kind":"plain","optional":true,"computed":true},"schema":{"type":"string","description_kind":"plain","optional":true},"serverless":{"type":"bool","description_kind":"plain","optional":true},"state":{"type":"string","description_kind":"plain","optional":true,"computed":true},"storage":{"type":"string","description_kind":"plain","optional":true},"tags":{"type":["map","string"],"description_kind":"plain","optional":true},"target":{"type":"string","description_kind":"plain","optional":true},"url":{"type":"string","description_kind":"plain","optional":true,"computed":true},"usage_policy_id":{"type":"string","description_kind":"plain","optional":true}},"block_types":{"cluster":{"nesting_mode":"list","block":{"attributes":{"apply_policy_default_values":{"type":"bool","description_kind":"plain","optional":true},"custom_tags":{"type":["map","string"],"description_kind":"plain","optional":true},"driver_instance_pool_id":{"type":"string","description_kind":"plain","optional":true},"driver_node_type_id":{"type":"string","description_kind":"plain","optional":true,"computed":true},"enable_local_disk_encryption":{"type":"bool","description_kind":"plain","optional":true,"computed":true},"instance_pool_id":{"type":"string","description_kind":"plain","optional":true},"label":{"type":"string","description_kind":"plain","optional":true},"node_type_id":{"type":"string","description_kind":"plain","optional":true,"computed":true},"num_workers":{"type":"number","description_kind":"plain","optional":true},"policy_id":{"type":"string","description_kind":"plain","optional":true},"spark_conf":{"type":["map","string"],"description_kind":"plain","optional":true},"spark_env_vars":{"type":["map","string"],"description_kind":"plain","optional":true},"ssh_public_keys":{"type":["list","string"],"description_kind":"plain","optional":true}},"block_types":{"autoscale":{"nesting_mode":"list","block":{"attributes":{"max_workers":{"type":"number","description_kind":"plain","required":true},"min_workers":{"type":"number","description_kind":"plain","required":true},"mode":{"type":"string","description_kind":"plain","optional":true}},"description_kind":"plain"},"max_items":1},"aws_attributes":{"nesting_mode":"list","block":{"attributes":{"availability":{"type":"string","description_kind":"plain","optional":true},"ebs_volume_count":{"type":"number","description_kind":"plain","optional":true},"ebs_volume_iops":{"type":"number","description_kind":"plain","optional":true},"ebs_volume_size":{"type":"number","description_kind":"plain","optional":true},"ebs_volume_throughput":{"type":"number","description_kind":"plain","optional":true},"ebs_volume_type":{"type":"string","description_kind":"plain","optional":true},"first_on_demand":{"type":"number","description_kind":"plain","optional":true},"instance_profile_arn":{"type":"string","description_kind":"plain","optional":true},"spot_bid_price_percent":{"type":"number","description_kind":"plain","optional":true},"zone_id":{"type":"string","description_kind":"plain","optional":true}},"description_kind":"plain"},"max_items":1},"azure_attributes":{"nesting_mode":"list","block":{"attributes":{"availability":{"type":"string","description_kind":"plain","optional":true},"first_on_demand":{"type":"number","description_kind":"plain","optional":true},"spot_bid_max_price":{"type":"number","description_kind":"plain","optional":true}},"block_types":{"log_analytics_info":{"nesting_mode":"list","block":{"attributes":{"log_analytics_primary_key":{"type":"string","description_kind":"plain","optional":true},"log_analytics_workspace_id":{"type":"string","description_kind":"plain","optional":true}},"description_kind":"plain"},"max_items":1}},"description_kind":"plain"},"max_items":1},"cluster_log_conf":{"nesting_mode":"list","block":{"block_types":{"dbfs":{"nesting_mode":"list","block":{"attributes":{"destination":{"type":"string","description_kind":"plain","required":true}},"description_kind":"plain"},"max_items":1},"s3":{"nesting_mode":"list","block":{"attributes":{"canned_acl":{"type":"string","description_kind":"plain","optional":true},"destination":{"type":"string","description_kind":"plain","required":true},"enable_encryption":{"type":"bool","description_kind":"plain","optional":true},"encryption_type":{"type":"string","description_kind":"plain","optional":true},"endpoint":{"type":"string","description_kind":"plain","optional":true},"kms_key":{"type":"string","description_kind":"plain","optional":true},"region":{"type":"string","description_kind":"plain","optional":true}},"description_kind":"plain"},"max_items":1},"volumes":{"nesting_mode":"list","block":{"attributes":{"destination":{"type":"string","description_kind":"plain","required":true}},"description_kind":"plain"},"max_items":1}},"description_kind":"plain"},"max_items":1},"gcp_attributes":{"nesting_mode":"list","block":{"attributes":{"availability":{"type":"string","description_kind":"plain","optional":true},"first_on_demand":{"type":"number","description_kind":"plain","optional":true},"google_service_account":{"type":"string","description_kind":"plain","optional":true},"local_ssd_count":{"type":"number","description_kind":"plain","optional":true},"zone_id":{"type":"string","description_kind":"plain","optional":true}},"description_kind":"plain"},"max_items":1},"init_scripts":{"nesting_mode":"list","block":{"block_types":{"abfss":{"nesting_mode":"list","block":{"attributes":{"destination":{"type":"string","description_kind":"plain","required":true}},"description_kind":"plain"},"max_items":1},"dbfs":{"nesting_mode":"list","block":{"attributes":{"destination":{"type":"string","description_kind":"plain","required":true}},"description_kind":"plain","deprecated":true},"max_items":1},"file":{"nesting_mode":"list","block":{"attributes":{"destination":{"type":"string","description_kind":"plain","required":true}},"description_kind":"plain"},"max_items":1},"gcs":{"nesting_mode":"list","block":{"attributes":{"destination":{"type":"string","description_kind":"plain","required":true}},"description_kind":"plain"},"max_items":1},"s3":{"nesting_mode":"list","block":{"attributes":{"canned_acl":{"type":"string","description_kind":"plain","optional":true},"destination":{"type":"string","description_kind":"plain","required":true},"enable_encryption":{"type":"bool","description_kind":"plain","optional":true},"encryption_type":{"type":"string","description_kind":"plain","optional":true},"endpoint":{"type":"string","description_kind":"plain","optional":true},"kms_key":{"type":"string","description_kind":"plain","optional":true},"region":{"type":"string","description_kind":"plain","optional":true}},"description_kind":"plain"},"max_items":1},"volumes":{"nesting_mode":"list","block":{"attributes":{"destination":{"type":"string","description_kind":"plain","required":true}},"description_kind":"plain"},"max_items":1},"workspace":{"nesting_mode":"list","block":{"attributes":{"destination":{"type":"string","description_kind":"plain","required":true}},"description_kind":"plain"},"max_items":1}},"description_kind":"plain"},"max_items":10}},"description_kind":"plain"}},"deployment":{"nesting_mode":"list","block":{"attributes":{"kind":{"type":"string","description_kind":"plain","required":true},"metadata_file_path":{"type":"string","description_kind":"plain","optional":true}},"description_kind":"plain"},"max_items":1},"environment":{"nesting_mode":"list","block":{"attributes":{"dependencies":{"type":["list","string"],"description_kind":"plain","optional":true}},"description_kind":"plain"},"max_items":1},"event_log":{"nesting_mode":"list","block":{"attributes":{"catalog":{"type":"string","description_kind":"plain","optional":true,"computed":true},"name":{"type":"string","description_kind":"plain","required":true},"schema":{"type":"string","description_kind":"plain","optional":true,"computed":true}},"description_kind":"plain"},"max_items":1},"filters":{"nesting_mode":"list","block":{"attributes":{"exclude":{"type":["list","string"],"description_kind":"plain","optional":true},"include":{"type":["list","string"],"description_kind":"plain","optional":true}},"description_kind":"plain"},"max_items":1},"gateway_definition":{"nesting_mode":"list","block":{"attributes":{"connection_id":{"type":"string","description_kind":"plain","optional":true},"connection_name":{"type":"string","description_kind":"plain","required":true},"gateway_storage_catalog":{"type":"string","description_kind":"plain","required":true},"gateway_storage_name":{"type":"string","description_kind":"plain","optional":true},"gateway_storage_schema":{"type":"string","description_kind":"plain","required":true}},"block_types":{"connection_parameters":{"nesting_mode":"list","block":{"attributes":{"source_catalog":{"type":"string","description_kind":"plain","optional":true}},"description_kind":"plain"},"max_items":1}},"description_kind":"plain"},"max_items":1},"ingestion_definition":{"nesting_mode":"list","block":{"attributes":{"connection_name":{"type":"string","description_kind":"plain","optional":true},"ingest_from_uc_foreign_catalog":{"type":"bool","description_kind":"plain","optional":true},"ingestion_gateway_id":{"type":"string","description_kind":"plain","optional":true},"netsuite_jar_path":{"type":"string","description_kind":"plain","optional":true},"source_type":{"type":"string","description_kind":"plain","optional":true}},"block_types":{"objects":{"nesting_mode":"list","block":{"block_types":{"report":{"nesting_mode":"list","block":{"attributes":{"destination_catalog":{"type":"string","description_kind":"plain","required":true},"destination_schema":{"type":"string","description_kind":"plain","required":true},"destination_table":{"type":"string","description_kind":"plain","optional":true},"source_url":{"type":"string","description_kind":"plain","required":true}},"block_types":{"table_configuration":{"nesting_mode":"list","block":{"attributes":{"exclude_columns":{"type":["list","string"],"description_kind":"plain","optional":true},"include_columns":{"type":["list","string"],"description_kind":"plain","optional":true},"primary_keys":{"type":["list","string"],"description_kind":"plain","optional":true},"salesforce_include_formula_fields":{"type":"bool","description_kind":"plain","optional":true},"scd_type":{"type":"string","description_kind":"plain","optional":true},"sequence_by":{"type":["list","string"],"description_kind":"plain","optional":true}},"block_types":{"query_based_connector_config":{"nesting_mode":"list","block":{"attributes":{"cursor_columns":{"type":["list","string"],"description_kind":"plain","optional":true},"deletion_condition":{"type":"string","description_kind":"plain","optional":true},"hard_deletion_sync_min_interval_in_seconds":{"type":"number","description_kind":"plain","optional":true}},"description_kind":"plain"},"max_items":1},"workday_report_parameters":{"nesting_mode":"list","block":{"attributes":{"incremental":{"type":"bool","description_kind":"plain","optional":true},"parameters":{"type":["map","string"],"description_kind":"plain","optional":true}},"block_types":{"report_parameters":{"nesting_mode":"list","block":{"attributes":{"key":{"type":"string","description_kind":"plain","optional":true},"value":{"type":"string","description_kind":"plain","optional":true}},"description_kind":"plain"}}},"description_kind":"plain"},"max_items":1}},"description_kind":"plain"},"max_items":1}},"description_kind":"plain"},"max_items":1},"schema":{"nesting_mode":"list","block":{"attributes":{"destination_catalog":{"type":"string","description_kind":"plain","required":true},"destination_schema":{"type":"string","description_kind":"plain","required":true},"source_catalog":{"type":"string","description_kind":"plain","optional":true},"source_schema":{"type":"string","description_kind":"plain","required":true}},"block_types":{"table_configuration":{"nesting_mode":"list","block":{"attributes":{"exclude_columns":{"type":["list","string"],"description_kind":"plain","optional":true},"include_columns":{"type":["list","string"],"description_kind":"plain","optional":true},"primary_keys":{"type":["list","string"],"description_kind":"plain","optional":true},"salesforce_include_formula_fields":{"type":"bool","description_kind":"plain","optional":true},"scd_type":{"type":"string","description_kind":"plain","optional":true},"sequence_by":{"type":["list","string"],"description_kind":"plain","optional":true}},"block_types":{"query_based_connector_config":{"nesting_mode":"list","block":{"attributes":{"cursor_columns":{"type":["list","string"],"description_kind":"plain","optional":true},"deletion_condition":{"type":"string","description_kind":"plain","optional":true},"hard_deletion_sync_min_interval_in_seconds":{"type":"number","description_kind":"plain","optional":true}},"description_kind":"plain"},"max_items":1},"workday_report_parameters":{"nesting_mode":"list","block":{"attributes":{"incremental":{"type":"bool","description_kind":"plain","optional":true},"parameters":{"type":["map","string"],"description_kind":"plain","optional":true}},"block_types":{"report_parameters":{"nesting_mode":"list","block":{"attributes":{"key":{"type":"string","description_kind":"plain","optional":true},"value":{"type":"string","description_kind":"plain","optional":true}},"description_kind":"plain"}}},"description_kind":"plain"},"max_items":1}},"description_kind":"plain"},"max_items":1}},"description_kind":"plain"},"max_items":1},"table":{"nesting_mode":"list","block":{"attributes":{"destination_catalog":{"type":"string","description_kind":"plain","required":true},"destination_schema":{"type":"string","description_kind":"plain","required":true},"destination_table":{"type":"string","description_kind":"plain","optional":true},"source_catalog":{"type":"string","description_kind":"plain","optional":true},"source_schema":{"type":"string","description_kind":"plain","optional":true},"source_table":{"type":"string","description_kind":"plain","required":true}},"block_types":{"table_configuration":{"nesting_mode":"list","block":{"attributes":{"exclude_columns":{"type":["list","string"],"description_kind":"plain","optional":true},"include_columns":{"type":["list","string"],"description_kind":"plain","optional":true},"primary_keys":{"type":["list","string"],"description_kind":"plain","optional":true},"salesforce_include_formula_fields":{"type":"bool","description_kind":"plain","optional":true},"scd_type":{"type":"string","description_kind":"plain","optional":true},"sequence_by":{"type":["list","string"],"description_kind":"plain","optional":true}},"block_types":{"query_based_connector_config":{"nesting_mode":"list","block":{"attributes":{"cursor_columns":{"type":["list","string"],"description_kind":"plain","optional":true},"deletion_condition":{"type":"string","description_kind":"plain","optional":true},"hard_deletion_sync_min_interval_in_seconds":{"type":"number","description_kind":"plain","optional":true}},"description_kind":"plain"},"max_items":1},"workday_report_parameters":{"nesting_mode":"list","block":{"attributes":{"incremental":{"type":"bool","description_kind":"plain","optional":true},"parameters":{"type":["map","string"],"description_kind":"plain","optional":true}},"block_types":{"report_parameters":{"nesting_mode":"list","block":{"attributes":{"key":{"type":"string","description_kind":"plain","optional":true},"value":{"type":"string","description_kind":"plain","optional":true}},"description_kind":"plain"}}},"description_kind":"plain"},"max_items":1}},"description_kind":"plain"},"max_items":1}},"description_kind":"plain"},"max_items":1}},"description_kind":"plain"}},"source_configurations":{"nesting_mode":"list","block":{"block_types":{"catalog":{"nesting_mode":"list","block":{"attributes":{"source_catalog":{"type":"string","description_kind":"plain","optional":true}},"block_types":{"postgres":{"nesting_mode":"list","block":{"block_types":{"slot_config":{"nesting_mode":"list","block":{"attributes":{"publication_name":{"type":"string","description_kind":"plain","optional":true},"slot_name":{"type":"string","description_kind":"plain","optional":true}},"description_kind":"plain"},"max_items":1}},"description_kind":"plain"},"max_items":1}},"description_kind":"plain"},"max_items":1}},"description_kind":"plain"}},"table_configuration":{"nesting_mode":"list","block":{"attributes":{"exclude_columns":{"type":["list","string"],"description_kind":"plain","optional":true},"include_columns":{"type":["list","string"],"description_kind":"plain","optional":true},"primary_keys":{"type":["list","string"],"description_kind":"plain","optional":true},"salesforce_include_formula_fields":{"type":"bool","description_kind":"plain","optional":true},"scd_type":{"type":"string","description_kind":"plain","optional":true},"sequence_by":{"type":["list","string"],"description_kind":"plain","optional":true}},"block_types":{"query_based_connector_config":{"nesting_mode":"list","block":{"attributes":{"cursor_columns":{"type":["list","string"],"description_kind":"plain","optional":true},"deletion_condition":{"type":"string","description_kind":"plain","optional":true},"hard_deletion_sync_min_interval_in_seconds":{"type":"number","description_kind":"plain","optional":true}},"description_kind":"plain"},"max_items":1},"workday_report_parameters":{"nesting_mode":"list","block":{"attributes":{"incremental":{"type":"bool","description_kind":"plain","optional":true},"parameters":{"type":["map","string"],"description_kind":"plain","optional":true}},"block_types":{"report_parameters":{"nesting_mode":"list","block":{"attributes":{"key":{"type":"string","description_kind":"plain","optional":true},"value":{"type":"string","description_kind":"plain","optional":true}},"description_kind":"plain"}}},"description_kind":"plain"},"max_items":1}},"description_kind":"plain"},"max_items":1}},"description_kind":"plain"},"max_items":1},"latest_updates":{"nesting_mode":"list","block":{"attributes":{"creation_time":{"type":"string","description_kind":"plain","optional":true},"state":{"type":"string","description_kind":"plain","optional":true},"update_id":{"type":"string","description_kind":"plain","optional":true}},"description_kind":"plain"}},"library":{"nesting_mode":"list","block":{"attributes":{"jar":{"type":"string","description_kind":"plain","optional":true},"whl":{"type":"string","description_kind":"plain","deprecated":true,"optional":true}},"block_types":{"file":{"nesting_mode":"list","block":{"attributes":{"path":{"type":"string","description_kind":"plain","required":true}},"description_kind":"plain"},"max_items":1},"glob":{"nesting_mode":"list","block":{"attributes":{"include":{"type":"string","description_kind":"plain","required":true}},"description_kind":"plain"},"max_items":1},"maven":{"nesting_mode":"list","block":{"attributes":{"coordinates":{"type":"string","description_kind":"plain","required":true},"exclusions":{"type":["list","string"],"description_kind":"plain","optional":true},"repo":{"type":"string","description_kind":"plain","optional":true}},"description_kind":"plain"},"max_items":1},"notebook":{"nesting_mode":"list","block":{"attributes":{"path":{"type":"string","description_kind":"plain","required":true}},"description_kind":"plain"},"max_items":1}},"description_kind":"plain"}},"notification":{"nesting_mode":"list","block":{"attributes":{"alerts":{"type":["list","string"],"description_kind":"plain","optional":true},"email_recipients":{"type":["list","string"],"description_kind":"plain","optional":true}},"description_kind":"plain"}},"restart_window":{"nesting_mode":"list","block":{"attributes":{"days_of_week":{"type":["list","string"],"description_kind":"plain","optional":true},"start_hour":{"type":"number","description_kind":"plain","required":true},"time_zone_id":{"type":"string","description_kind":"plain","optional":true}},"description_kind":"plain"},"max_items":1},"run_as":{"nesting_mode":"list","block":{"attributes":{"service_principal_name":{"type":"string","description_kind":"plain","optional":true},"user_name":{"type":"string","description_kind":"plain","optional":true}},"description_kind":"plain"},"max_items":1},"timeouts":{"nesting_mode":"single","block":{"attributes":{"default":{"type":"string","description_kind":"plain","optional":true}},"description_kind":"plain"}},"trigger":{"nesting_mode":"list","block":{"block_types":{"cron":{"nesting_mode":"list","block":{"attributes":{"quartz_cron_schedule":{"type":"string","description_kind":"plain","optional":true},"timezone_id":{"type":"string","description_kind":"plain","optional":true}},"description_kind":"plain"},"max_items":1},"manual":{"nesting_mode":"list","block":{"description_kind":"plain"},"max_items":1}},"description_kind":"plain"},"max_items":1}},"description_kind":"plain"}},"databricks_policy_info":{"version":0,"block":{"attributes":{"column_mask":{"nested_type":{"attributes":{"function_name":{"type":"string","description_kind":"plain","required":true},"on_column":{"type":"string","description_kind":"plain","required":true},"using":{"nested_type":{"attributes":{"alias":{"type":"string","description_kind":"plain","optional":true},"constant":{"type":"string","description_kind":"plain","optional":true}},"nesting_mode":"list"},"description_kind":"plain","optional":true}},"nesting_mode":"single"},"description_kind":"plain","optional":true},"comment":{"type":"string","description_kind":"plain","optional":true},"created_at":{"type":"number","description_kind":"plain","computed":true},"created_by":{"type":"string","description_kind":"plain","computed":true},"except_principals":{"type":["list","string"],"description_kind":"plain","optional":true},"for_securable_type":{"type":"string","description_kind":"plain","required":true},"id":{"type":"string","description_kind":"plain","computed":true},"match_columns":{"nested_type":{"attributes":{"alias":{"type":"string","description_kind":"plain","optional":true},"condition":{"type":"string","description_kind":"plain","optional":true}},"nesting_mode":"list"},"description_kind":"plain","optional":true},"name":{"type":"string","description_kind":"plain","optional":true},"on_securable_fullname":{"type":"string","description_kind":"plain","optional":true},"on_securable_type":{"type":"string","description_kind":"plain","optional":true},"policy_type":{"type":"string","description_kind":"plain","required":true},"row_filter":{"nested_type":{"attributes":{"function_name":{"type":"string","description_kind":"plain","required":true},"using":{"nested_type":{"attributes":{"alias":{"type":"string","description_kind":"plain","optional":true},"constant":{"type":"string","description_kind":"plain","optional":true}},"nesting_mode":"list"},"description_kind":"plain","optional":true}},"nesting_mode":"single"},"description_kind":"plain","optional":true},"to_principals":{"type":["list","string"],"description_kind":"plain","required":true},"updated_at":{"type":"number","description_kind":"plain","computed":true},"updated_by":{"type":"string","description_kind":"plain","computed":true},"when_condition":{"type":"string","description_kind":"plain","optional":true}},"description":"Terraform schema for Databricks policy_info","description_kind":"plain"}},"databricks_provider":{"version":0,"block":{"attributes":{"authentication_type":{"type":"string","description_kind":"plain","required":true},"comment":{"type":"string","description_kind":"plain","optional":true},"id":{"type":"string","description_kind":"plain","optional":true,"computed":true},"name":{"type":"string","description_kind":"plain","required":true},"recipient_profile_str":{"type":"string","description_kind":"plain","required":true,"sensitive":true}},"description_kind":"plain"}},"databricks_quality_monitor":{"version":0,"block":{"attributes":{"assets_dir":{"type":"string","description_kind":"plain","required":true},"baseline_table_name":{"type":"string","description_kind":"plain","optional":true},"dashboard_id":{"type":"string","description_kind":"plain","computed":true},"drift_metrics_table_name":{"type":"string","description_kind":"plain","computed":true},"id":{"type":"string","description_kind":"plain","optional":true,"computed":true},"latest_monitor_failure_msg":{"type":"string","description_kind":"plain","optional":true},"monitor_version":{"type":"number","description_kind":"plain","computed":true},"output_schema_name":{"type":"string","description_kind":"plain","required":true},"profile_metrics_table_name":{"type":"string","description_kind":"plain","computed":true},"skip_builtin_dashboard":{"type":"bool","description_kind":"plain","optional":true},"slicing_exprs":{"type":["list","string"],"description_kind":"plain","optional":true},"status":{"type":"string","description_kind":"plain","computed":true},"table_name":{"type":"string","description_kind":"plain","required":true},"warehouse_id":{"type":"string","description_kind":"plain","optional":true}},"block_types":{"custom_metrics":{"nesting_mode":"list","block":{"attributes":{"definition":{"type":"string","description_kind":"plain","required":true},"input_columns":{"type":["list","string"],"description_kind":"plain","required":true},"name":{"type":"string","description_kind":"plain","required":true},"output_data_type":{"type":"string","description_kind":"plain","required":true},"type":{"type":"string","description_kind":"plain","required":true}},"description_kind":"plain"}},"data_classification_config":{"nesting_mode":"list","block":{"attributes":{"enabled":{"type":"bool","description_kind":"plain","optional":true}},"description_kind":"plain"}},"inference_log":{"nesting_mode":"list","block":{"attributes":{"granularities":{"type":["list","string"],"description_kind":"plain","required":true},"label_col":{"type":"string","description_kind":"plain","optional":true},"model_id_col":{"type":"string","description_kind":"plain","required":true},"prediction_col":{"type":"string","description_kind":"plain","required":true},"prediction_proba_col":{"type":"string","description_kind":"plain","optional":true},"problem_type":{"type":"string","description_kind":"plain","required":true},"timestamp_col":{"type":"string","description_kind":"plain","required":true}},"description_kind":"plain"}},"notifications":{"nesting_mode":"list","block":{"block_types":{"on_failure":{"nesting_mode":"list","block":{"attributes":{"email_addresses":{"type":["list","string"],"description_kind":"plain","optional":true}},"description_kind":"plain"}},"on_new_classification_tag_detected":{"nesting_mode":"list","block":{"attributes":{"email_addresses":{"type":["list","string"],"description_kind":"plain","optional":true}},"description_kind":"plain"}}},"description_kind":"plain"}},"provider_config":{"nesting_mode":"list","block":{"attributes":{"workspace_id":{"type":"string","description_kind":"plain","required":true}},"description_kind":"plain"}},"schedule":{"nesting_mode":"list","block":{"attributes":{"pause_status":{"type":"string","description_kind":"plain","computed":true},"quartz_cron_expression":{"type":"string","description_kind":"plain","required":true},"timezone_id":{"type":"string","description_kind":"plain","required":true}},"description_kind":"plain"}},"snapshot":{"nesting_mode":"list","block":{"description_kind":"plain"}},"time_series":{"nesting_mode":"list","block":{"attributes":{"granularities":{"type":["list","string"],"description_kind":"plain","required":true},"timestamp_col":{"type":"string","description_kind":"plain","required":true}},"description_kind":"plain"}}},"description":"Terraform schema for Databricks Quality Monitor","description_kind":"plain"}},"databricks_quality_monitor_v2":{"version":0,"block":{"attributes":{"anomaly_detection_config":{"nested_type":{"attributes":{"last_run_id":{"type":"string","description_kind":"plain","computed":true},"latest_run_status":{"type":"string","description_kind":"plain","computed":true}},"nesting_mode":"single"},"description_kind":"plain","computed":true},"object_id":{"type":"string","description_kind":"plain","required":true},"object_type":{"type":"string","description_kind":"plain","required":true}},"description":"Terraform schema for Databricks quality_monitor_v2","description_kind":"plain"}},"databricks_query":{"version":0,"block":{"attributes":{"apply_auto_limit":{"type":"bool","description_kind":"plain","optional":true},"catalog":{"type":"string","description_kind":"plain","optional":true},"create_time":{"type":"string","description_kind":"plain","computed":true},"description":{"type":"string","description_kind":"plain","optional":true},"display_name":{"type":"string","description_kind":"plain","required":true},"id":{"type":"string","description_kind":"plain","computed":true},"last_modifier_user_name":{"type":"string","description_kind":"plain","computed":true},"lifecycle_state":{"type":"string","description_kind":"plain","computed":true},"owner_user_name":{"type":"string","description_kind":"plain","optional":true},"parent_path":{"type":"string","description_kind":"plain","optional":true},"query_text":{"type":"string","description_kind":"plain","required":true},"run_as_mode":{"type":"string","description_kind":"plain","optional":true},"schema":{"type":"string","description_kind":"plain","optional":true},"tags":{"type":["list","string"],"description_kind":"plain","optional":true},"update_time":{"type":"string","description_kind":"plain","computed":true},"warehouse_id":{"type":"string","description_kind":"plain","required":true}},"block_types":{"parameter":{"nesting_mode":"list","block":{"attributes":{"name":{"type":"string","description_kind":"plain","required":true},"title":{"type":"string","description_kind":"plain","optional":true}},"block_types":{"date_range_value":{"nesting_mode":"list","block":{"attributes":{"dynamic_date_range_value":{"type":"string","description_kind":"plain","optional":true},"precision":{"type":"string","description_kind":"plain","optional":true},"start_day_of_week":{"type":"number","description_kind":"plain","optional":true}},"block_types":{"date_range_value":{"nesting_mode":"list","block":{"attributes":{"end":{"type":"string","description_kind":"plain","required":true},"start":{"type":"string","description_kind":"plain","required":true}},"description_kind":"plain"},"max_items":1}},"description_kind":"plain"},"max_items":1},"date_value":{"nesting_mode":"list","block":{"attributes":{"date_value":{"type":"string","description_kind":"plain","optional":true},"dynamic_date_value":{"type":"string","description_kind":"plain","optional":true},"precision":{"type":"string","description_kind":"plain","optional":true}},"description_kind":"plain"},"max_items":1},"enum_value":{"nesting_mode":"list","block":{"attributes":{"enum_options":{"type":"string","description_kind":"plain","optional":true},"values":{"type":["list","string"],"description_kind":"plain","optional":true}},"block_types":{"multi_values_options":{"nesting_mode":"list","block":{"attributes":{"prefix":{"type":"string","description_kind":"plain","optional":true},"separator":{"type":"string","description_kind":"plain","optional":true},"suffix":{"type":"string","description_kind":"plain","optional":true}},"description_kind":"plain"},"max_items":1}},"description_kind":"plain"},"max_items":1},"numeric_value":{"nesting_mode":"list","block":{"attributes":{"value":{"type":"number","description_kind":"plain","required":true}},"description_kind":"plain"},"max_items":1},"query_backed_value":{"nesting_mode":"list","block":{"attributes":{"query_id":{"type":"string","description_kind":"plain","required":true},"values":{"type":["list","string"],"description_kind":"plain","optional":true}},"block_types":{"multi_values_options":{"nesting_mode":"list","block":{"attributes":{"prefix":{"type":"string","description_kind":"plain","optional":true},"separator":{"type":"string","description_kind":"plain","optional":true},"suffix":{"type":"string","description_kind":"plain","optional":true}},"description_kind":"plain"},"max_items":1}},"description_kind":"plain"},"max_items":1},"text_value":{"nesting_mode":"list","block":{"attributes":{"value":{"type":"string","description_kind":"plain","required":true}},"description_kind":"plain"},"max_items":1}},"description_kind":"plain"}}},"description_kind":"plain"}},"databricks_recipient":{"version":0,"block":{"attributes":{"activated":{"type":"bool","description_kind":"plain","computed":true},"activation_url":{"type":"string","description_kind":"plain","computed":true},"authentication_type":{"type":"string","description_kind":"plain","required":true},"cloud":{"type":"string","description_kind":"plain","computed":true},"comment":{"type":"string","description_kind":"plain","optional":true},"created_at":{"type":"number","description_kind":"plain","computed":true},"created_by":{"type":"string","description_kind":"plain","computed":true},"data_recipient_global_metastore_id":{"type":"string","description_kind":"plain","optional":true},"expiration_time":{"type":"number","description_kind":"plain","optional":true},"id":{"type":"string","description_kind":"plain","optional":true,"computed":true},"metastore_id":{"type":"string","description_kind":"plain","computed":true},"name":{"type":"string","description_kind":"plain","required":true},"owner":{"type":"string","description_kind":"plain","optional":true},"region":{"type":"string","description_kind":"plain","computed":true},"sharing_code":{"type":"string","description_kind":"plain","optional":true,"sensitive":true},"updated_at":{"type":"number","description_kind":"plain","computed":true},"updated_by":{"type":"string","description_kind":"plain","computed":true}},"block_types":{"ip_access_list":{"nesting_mode":"list","block":{"attributes":{"allowed_ip_addresses":{"type":["list","string"],"description_kind":"plain","optional":true}},"description_kind":"plain"},"max_items":1},"properties_kvpairs":{"nesting_mode":"list","block":{"attributes":{"properties":{"type":["map","string"],"description_kind":"plain","required":true}},"description_kind":"plain"},"max_items":1},"tokens":{"nesting_mode":"list","block":{"attributes":{"activation_url":{"type":"string","description_kind":"plain","computed":true},"created_at":{"type":"number","description_kind":"plain","computed":true},"created_by":{"type":"string","description_kind":"plain","computed":true},"expiration_time":{"type":"number","description_kind":"plain","computed":true},"id":{"type":"string","description_kind":"plain","computed":true},"updated_at":{"type":"number","description_kind":"plain","computed":true},"updated_by":{"type":"string","description_kind":"plain","computed":true}},"description_kind":"plain"}}},"description_kind":"plain"}},"databricks_registered_model":{"version":0,"block":{"attributes":{"browse_only":{"type":"bool","description_kind":"plain","optional":true},"catalog_name":{"type":"string","description_kind":"plain","optional":true},"comment":{"type":"string","description_kind":"plain","optional":true},"created_at":{"type":"number","description_kind":"plain","optional":true,"computed":true},"created_by":{"type":"string","description_kind":"plain","optional":true,"computed":true},"full_name":{"type":"string","description_kind":"plain","optional":true,"computed":true},"id":{"type":"string","description_kind":"plain","optional":true,"computed":true},"metastore_id":{"type":"string","description_kind":"plain","optional":true,"computed":true},"name":{"type":"string","description_kind":"plain","optional":true},"owner":{"type":"string","description_kind":"plain","optional":true,"computed":true},"schema_name":{"type":"string","description_kind":"plain","optional":true},"storage_location":{"type":"string","description_kind":"plain","optional":true,"computed":true},"updated_at":{"type":"number","description_kind":"plain","optional":true,"computed":true},"updated_by":{"type":"string","description_kind":"plain","optional":true,"computed":true}},"block_types":{"aliases":{"nesting_mode":"list","block":{"attributes":{"alias_name":{"type":"string","description_kind":"plain","optional":true},"catalog_name":{"type":"string","description_kind":"plain","optional":true},"id":{"type":"string","description_kind":"plain","optional":true},"model_name":{"type":"string","description_kind":"plain","optional":true},"schema_name":{"type":"string","description_kind":"plain","optional":true},"version_num":{"type":"number","description_kind":"plain","optional":true}},"description_kind":"plain"}}},"description_kind":"plain"}},"databricks_repo":{"version":1,"block":{"attributes":{"branch":{"type":"string","description_kind":"plain","optional":true,"computed":true},"commit_hash":{"type":"string","description_kind":"plain","optional":true,"computed":true},"git_provider":{"type":"string","description_kind":"plain","optional":true,"computed":true},"id":{"type":"string","description_kind":"plain","optional":true,"computed":true},"path":{"type":"string","description_kind":"plain","optional":true,"computed":true},"tag":{"type":"string","description_kind":"plain","optional":true},"url":{"type":"string","description_kind":"plain","required":true},"workspace_path":{"type":"string","description_kind":"plain","computed":true}},"block_types":{"sparse_checkout":{"nesting_mode":"list","block":{"attributes":{"patterns":{"type":["list","string"],"description_kind":"plain","required":true}},"description_kind":"plain"},"max_items":1}},"description_kind":"plain"}},"databricks_restrict_workspace_admins_setting":{"version":0,"block":{"attributes":{"etag":{"type":"string","description_kind":"plain","optional":true,"computed":true},"id":{"type":"string","description_kind":"plain","optional":true,"computed":true},"setting_name":{"type":"string","description_kind":"plain","optional":true,"computed":true}},"block_types":{"restrict_workspace_admins":{"nesting_mode":"list","block":{"attributes":{"status":{"type":"string","description_kind":"plain","required":true}},"description_kind":"plain"},"min_items":1,"max_items":1}},"description_kind":"plain"}},"databricks_rfa_access_request_destinations":{"version":0,"block":{"attributes":{"are_any_destinations_hidden":{"type":"bool","description_kind":"plain","computed":true},"destinations":{"nested_type":{"attributes":{"destination_id":{"type":"string","description_kind":"plain","optional":true},"destination_type":{"type":"string","description_kind":"plain","optional":true},"special_destination":{"type":"string","description_kind":"plain","optional":true}},"nesting_mode":"list"},"description_kind":"plain","optional":true},"securable":{"nested_type":{"attributes":{"full_name":{"type":"string","description_kind":"plain","optional":true},"provider_share":{"type":"string","description_kind":"plain","optional":true},"type":{"type":"string","description_kind":"plain","optional":true}},"nesting_mode":"single"},"description_kind":"plain","required":true}},"description":"Terraform schema for Databricks rfa_access_request_destinations","description_kind":"plain"}},"databricks_schema":{"version":0,"block":{"attributes":{"catalog_name":{"type":"string","description_kind":"plain","required":true},"comment":{"type":"string","description_kind":"plain","optional":true},"enable_predictive_optimization":{"type":"string","description_kind":"plain","optional":true,"computed":true},"force_destroy":{"type":"bool","description_kind":"plain","optional":true},"id":{"type":"string","description_kind":"plain","optional":true,"computed":true},"metastore_id":{"type":"string","description_kind":"plain","optional":true,"computed":true},"name":{"type":"string","description_kind":"plain","required":true},"owner":{"type":"string","description_kind":"plain","optional":true,"computed":true},"properties":{"type":["map","string"],"description_kind":"plain","optional":true},"schema_id":{"type":"string","description_kind":"plain","computed":true},"storage_root":{"type":"string","description_kind":"plain","optional":true}},"description_kind":"plain"}},"databricks_secret":{"version":0,"block":{"attributes":{"config_reference":{"type":"string","description_kind":"plain","computed":true},"id":{"type":"string","description_kind":"plain","optional":true,"computed":true},"key":{"type":"string","description_kind":"plain","required":true},"last_updated_timestamp":{"type":"number","description_kind":"plain","computed":true},"scope":{"type":"string","description_kind":"plain","required":true},"string_value":{"type":"string","description_kind":"plain","required":true,"sensitive":true}},"description_kind":"plain"}},"databricks_secret_acl":{"version":0,"block":{"attributes":{"id":{"type":"string","description_kind":"plain","optional":true,"computed":true},"permission":{"type":"string","description_kind":"plain","required":true},"principal":{"type":"string","description_kind":"plain","required":true},"scope":{"type":"string","description_kind":"plain","required":true}},"description_kind":"plain"}},"databricks_secret_scope":{"version":2,"block":{"attributes":{"backend_type":{"type":"string","description_kind":"plain","optional":true,"computed":true},"id":{"type":"string","description_kind":"plain","optional":true,"computed":true},"initial_manage_principal":{"type":"string","description_kind":"plain","optional":true},"name":{"type":"string","description_kind":"plain","required":true}},"block_types":{"keyvault_metadata":{"nesting_mode":"list","block":{"attributes":{"dns_name":{"type":"string","description_kind":"plain","required":true},"resource_id":{"type":"string","description_kind":"plain","required":true}},"description_kind":"plain"},"max_items":1}},"description_kind":"plain"}},"databricks_service_principal":{"version":0,"block":{"attributes":{"acl_principal_id":{"type":"string","description_kind":"plain","optional":true,"computed":true},"active":{"type":"bool","description_kind":"plain","optional":true},"allow_cluster_create":{"type":"bool","description_kind":"plain","optional":true},"allow_instance_pool_create":{"type":"bool","description_kind":"plain","optional":true},"application_id":{"type":"string","description_kind":"plain","optional":true,"computed":true},"databricks_sql_access":{"type":"bool","description_kind":"plain","optional":true},"disable_as_user_deletion":{"type":"bool","description_kind":"plain","optional":true},"display_name":{"type":"string","description_kind":"plain","optional":true,"computed":true},"external_id":{"type":"string","description_kind":"plain","optional":true},"force":{"type":"bool","description_kind":"plain","optional":true},"force_delete_home_dir":{"type":"bool","description_kind":"plain","optional":true},"force_delete_repos":{"type":"bool","description_kind":"plain","optional":true},"home":{"type":"string","description_kind":"plain","optional":true,"computed":true},"id":{"type":"string","description_kind":"plain","optional":true,"computed":true},"repos":{"type":"string","description_kind":"plain","optional":true,"computed":true},"workspace_access":{"type":"bool","description_kind":"plain","optional":true},"workspace_consume":{"type":"bool","description_kind":"plain","optional":true}},"description_kind":"plain"}},"databricks_service_principal_federation_policy":{"version":0,"block":{"attributes":{"create_time":{"type":"string","description_kind":"plain","computed":true},"description":{"type":"string","description_kind":"plain","optional":true},"name":{"type":"string","description_kind":"plain","computed":true},"oidc_policy":{"nested_type":{"attributes":{"audiences":{"type":["list","string"],"description_kind":"plain","optional":true},"issuer":{"type":"string","description_kind":"plain","optional":true},"jwks_json":{"type":"string","description_kind":"plain","optional":true},"jwks_uri":{"type":"string","description_kind":"plain","optional":true},"subject":{"type":"string","description_kind":"plain","optional":true},"subject_claim":{"type":"string","description_kind":"plain","optional":true}},"nesting_mode":"single"},"description_kind":"plain","optional":true},"policy_id":{"type":"string","description_kind":"plain","optional":true,"computed":true},"service_principal_id":{"type":"number","description_kind":"plain","optional":true,"computed":true},"uid":{"type":"string","description_kind":"plain","computed":true},"update_time":{"type":"string","description_kind":"plain","computed":true}},"description":"Terraform schema for Databricks service_principal_federation_policy","description_kind":"plain"}},"databricks_service_principal_role":{"version":0,"block":{"attributes":{"id":{"type":"string","description_kind":"plain","optional":true,"computed":true},"role":{"type":"string","description_kind":"plain","required":true},"service_principal_id":{"type":"string","description_kind":"plain","required":true}},"description_kind":"plain"}},"databricks_service_principal_secret":{"version":0,"block":{"attributes":{"create_time":{"type":"string","description_kind":"plain","optional":true,"computed":true},"expire_time":{"type":"string","description_kind":"plain","optional":true,"computed":true},"id":{"type":"string","description_kind":"plain","optional":true,"computed":true},"lifetime":{"type":"string","description_kind":"plain","optional":true,"computed":true},"secret":{"type":"string","description_kind":"plain","optional":true,"computed":true,"sensitive":true},"secret_hash":{"type":"string","description_kind":"plain","optional":true,"computed":true},"service_principal_id":{"type":"string","description_kind":"plain","required":true},"status":{"type":"string","description_kind":"plain","optional":true,"computed":true},"time_rotating":{"type":"string","description_kind":"plain","optional":true},"update_time":{"type":"string","description_kind":"plain","optional":true,"computed":true}},"description_kind":"plain"}},"databricks_share":{"version":0,"block":{"attributes":{"comment":{"type":"string","description_kind":"plain","optional":true},"created_at":{"type":"number","description_kind":"plain","computed":true},"created_by":{"type":"string","description_kind":"plain","computed":true},"effective_owner":{"type":"string","description_kind":"plain","computed":true},"id":{"type":"string","description_kind":"plain","computed":true},"name":{"type":"string","description_kind":"plain","required":true},"owner":{"type":"string","description_kind":"plain","optional":true},"storage_location":{"type":"string","description_kind":"plain","computed":true},"storage_root":{"type":"string","description_kind":"plain","optional":true},"updated_at":{"type":"number","description_kind":"plain","computed":true},"updated_by":{"type":"string","description_kind":"plain","computed":true}},"block_types":{"object":{"nesting_mode":"list","block":{"attributes":{"added_at":{"type":"number","description_kind":"plain","computed":true},"added_by":{"type":"string","description_kind":"plain","computed":true},"cdf_enabled":{"type":"bool","description_kind":"plain","optional":true},"comment":{"type":"string","description_kind":"plain","optional":true},"content":{"type":"string","description_kind":"plain","optional":true},"data_object_type":{"type":"string","description_kind":"plain","required":true},"effective_cdf_enabled":{"type":"bool","description_kind":"plain","computed":true},"effective_history_data_sharing_status":{"type":"string","description_kind":"plain","computed":true},"effective_shared_as":{"type":"string","description_kind":"plain","computed":true},"effective_start_version":{"type":"number","description_kind":"plain","computed":true},"effective_string_shared_as":{"type":"string","description_kind":"plain","computed":true},"history_data_sharing_status":{"type":"string","description_kind":"plain","optional":true},"name":{"type":"string","description_kind":"plain","required":true},"shared_as":{"type":"string","description_kind":"plain","optional":true},"start_version":{"type":"number","description_kind":"plain","optional":true},"status":{"type":"string","description_kind":"plain","computed":true},"string_shared_as":{"type":"string","description_kind":"plain","optional":true}},"block_types":{"partition":{"nesting_mode":"list","block":{"block_types":{"value":{"nesting_mode":"list","block":{"attributes":{"name":{"type":"string","description_kind":"plain","required":true},"op":{"type":"string","description_kind":"plain","required":true},"recipient_property_key":{"type":"string","description_kind":"plain","optional":true},"value":{"type":"string","description_kind":"plain","optional":true}},"description_kind":"plain"}}},"description_kind":"plain"}}},"description_kind":"plain"}},"provider_config":{"nesting_mode":"list","block":{"attributes":{"workspace_id":{"type":"string","description_kind":"plain","required":true}},"description_kind":"plain"}}},"description":"Terraform schema for Databricks Share","description_kind":"plain"}},"databricks_sql_alert":{"version":0,"block":{"attributes":{"created_at":{"type":"string","description_kind":"plain","optional":true,"computed":true},"id":{"type":"string","description_kind":"plain","optional":true,"computed":true},"name":{"type":"string","description_kind":"plain","required":true},"parent":{"type":"string","description_kind":"plain","optional":true},"query_id":{"type":"string","description_kind":"plain","required":true},"rearm":{"type":"number","description_kind":"plain","optional":true},"updated_at":{"type":"string","description_kind":"plain","optional":true,"computed":true}},"block_types":{"options":{"nesting_mode":"list","block":{"attributes":{"column":{"type":"string","description_kind":"plain","required":true},"custom_body":{"type":"string","description_kind":"plain","optional":true},"custom_subject":{"type":"string","description_kind":"plain","optional":true},"empty_result_state":{"type":"string","description_kind":"plain","optional":true},"muted":{"type":"bool","description_kind":"plain","optional":true},"op":{"type":"string","description_kind":"plain","required":true},"value":{"type":"string","description_kind":"plain","required":true}},"description_kind":"plain"},"min_items":1,"max_items":1}},"description_kind":"plain","deprecated":true}},"databricks_sql_dashboard":{"version":0,"block":{"attributes":{"created_at":{"type":"string","description_kind":"plain","optional":true,"computed":true},"dashboard_filters_enabled":{"type":"bool","description_kind":"plain","optional":true},"id":{"type":"string","description_kind":"plain","optional":true,"computed":true},"name":{"type":"string","description_kind":"plain","required":true},"parent":{"type":"string","description_kind":"plain","optional":true},"run_as_role":{"type":"string","description_kind":"plain","optional":true},"tags":{"type":["list","string"],"description_kind":"plain","optional":true},"updated_at":{"type":"string","description_kind":"plain","optional":true,"computed":true}},"description_kind":"plain","deprecated":true}},"databricks_sql_endpoint":{"version":0,"block":{"attributes":{"auto_stop_mins":{"type":"number","description_kind":"plain","optional":true},"cluster_size":{"type":"string","description_kind":"plain","required":true},"creator_name":{"type":"string","description_kind":"plain","computed":true},"data_source_id":{"type":"string","description_kind":"plain","optional":true,"computed":true},"enable_photon":{"type":"bool","description_kind":"plain","optional":true},"enable_serverless_compute":{"type":"bool","description_kind":"plain","optional":true,"computed":true},"health":{"type":["list",["object",{"details":"string","failure_reason":["list",["object",{"code":"string","parameters":["map","string"],"type":"string"}]],"message":"string","status":"string","summary":"string"}]],"description_kind":"plain","computed":true},"id":{"type":"string","description_kind":"plain","optional":true,"computed":true},"instance_profile_arn":{"type":"string","description_kind":"plain","optional":true},"jdbc_url":{"type":"string","description_kind":"plain","computed":true},"max_num_clusters":{"type":"number","description_kind":"plain","optional":true},"min_num_clusters":{"type":"number","description_kind":"plain","optional":true},"name":{"type":"string","description_kind":"plain","required":true},"no_wait":{"type":"bool","description":"If true, skip waiting for the warehouse to start after creation.","description_kind":"plain","optional":true},"num_active_sessions":{"type":"number","description_kind":"plain","computed":true},"num_clusters":{"type":"number","description_kind":"plain","computed":true},"odbc_params":{"type":["list",["object",{"hostname":"string","path":"string","port":"number","protocol":"string"}]],"description_kind":"plain","computed":true},"spot_instance_policy":{"type":"string","description_kind":"plain","optional":true},"state":{"type":"string","description_kind":"plain","computed":true},"warehouse_type":{"type":"string","description_kind":"plain","optional":true}},"block_types":{"channel":{"nesting_mode":"list","block":{"attributes":{"dbsql_version":{"type":"string","description_kind":"plain","optional":true},"name":{"type":"string","description_kind":"plain","optional":true}},"description_kind":"plain"},"max_items":1},"tags":{"nesting_mode":"list","block":{"block_types":{"custom_tags":{"nesting_mode":"list","block":{"attributes":{"key":{"type":"string","description_kind":"plain","required":true},"value":{"type":"string","description_kind":"plain","required":true}},"description_kind":"plain"}}},"description_kind":"plain"},"max_items":1},"timeouts":{"nesting_mode":"single","block":{"attributes":{"create":{"type":"string","description_kind":"plain","optional":true}},"description_kind":"plain"}}},"description_kind":"plain"}},"databricks_sql_global_config":{"version":0,"block":{"attributes":{"data_access_config":{"type":["map","string"],"description_kind":"plain","optional":true},"enable_serverless_compute":{"type":"bool","description_kind":"plain","deprecated":true,"optional":true,"computed":true},"google_service_account":{"type":"string","description_kind":"plain","optional":true},"id":{"type":"string","description_kind":"plain","optional":true,"computed":true},"instance_profile_arn":{"type":"string","description_kind":"plain","optional":true},"security_policy":{"type":"string","description_kind":"plain","optional":true},"sql_config_params":{"type":["map","string"],"description_kind":"plain","optional":true}},"description_kind":"plain"}},"databricks_sql_permissions":{"version":0,"block":{"attributes":{"anonymous_function":{"type":"bool","description_kind":"plain","optional":true},"any_file":{"type":"bool","description_kind":"plain","optional":true},"catalog":{"type":"bool","description_kind":"plain","optional":true},"cluster_id":{"type":"string","description_kind":"plain","optional":true,"computed":true},"database":{"type":"string","description_kind":"plain","optional":true},"id":{"type":"string","description_kind":"plain","optional":true,"computed":true},"table":{"type":"string","description_kind":"plain","optional":true},"view":{"type":"string","description_kind":"plain","optional":true}},"block_types":{"privilege_assignments":{"nesting_mode":"set","block":{"attributes":{"principal":{"type":"string","description_kind":"plain","required":true},"privileges":{"type":["set","string"],"description_kind":"plain","required":true}},"description_kind":"plain"}}},"description_kind":"plain"}},"databricks_sql_query":{"version":0,"block":{"attributes":{"created_at":{"type":"string","description_kind":"plain","optional":true,"computed":true},"data_source_id":{"type":"string","description_kind":"plain","required":true},"description":{"type":"string","description_kind":"plain","optional":true},"id":{"type":"string","description_kind":"plain","optional":true,"computed":true},"name":{"type":"string","description_kind":"plain","required":true},"parent":{"type":"string","description_kind":"plain","optional":true},"query":{"type":"string","description_kind":"plain","required":true},"run_as_role":{"type":"string","description_kind":"plain","optional":true},"tags":{"type":["list","string"],"description_kind":"plain","optional":true},"updated_at":{"type":"string","description_kind":"plain","optional":true,"computed":true}},"block_types":{"parameter":{"nesting_mode":"list","block":{"attributes":{"name":{"type":"string","description_kind":"plain","required":true},"title":{"type":"string","description_kind":"plain","optional":true}},"block_types":{"date":{"nesting_mode":"list","block":{"attributes":{"value":{"type":"string","description_kind":"plain","required":true}},"description_kind":"plain"},"max_items":1},"date_range":{"nesting_mode":"list","block":{"attributes":{"value":{"type":"string","description_kind":"plain","optional":true}},"block_types":{"range":{"nesting_mode":"list","block":{"attributes":{"end":{"type":"string","description_kind":"plain","required":true},"start":{"type":"string","description_kind":"plain","required":true}},"description_kind":"plain"},"max_items":1}},"description_kind":"plain"},"max_items":1},"datetime":{"nesting_mode":"list","block":{"attributes":{"value":{"type":"string","description_kind":"plain","required":true}},"description_kind":"plain"},"max_items":1},"datetime_range":{"nesting_mode":"list","block":{"attributes":{"value":{"type":"string","description_kind":"plain","optional":true}},"block_types":{"range":{"nesting_mode":"list","block":{"attributes":{"end":{"type":"string","description_kind":"plain","required":true},"start":{"type":"string","description_kind":"plain","required":true}},"description_kind":"plain"},"max_items":1}},"description_kind":"plain"},"max_items":1},"datetimesec":{"nesting_mode":"list","block":{"attributes":{"value":{"type":"string","description_kind":"plain","required":true}},"description_kind":"plain"},"max_items":1},"datetimesec_range":{"nesting_mode":"list","block":{"attributes":{"value":{"type":"string","description_kind":"plain","optional":true}},"block_types":{"range":{"nesting_mode":"list","block":{"attributes":{"end":{"type":"string","description_kind":"plain","required":true},"start":{"type":"string","description_kind":"plain","required":true}},"description_kind":"plain"},"max_items":1}},"description_kind":"plain"},"max_items":1},"enum":{"nesting_mode":"list","block":{"attributes":{"options":{"type":["list","string"],"description_kind":"plain","required":true},"value":{"type":"string","description_kind":"plain","optional":true},"values":{"type":["list","string"],"description_kind":"plain","optional":true}},"block_types":{"multiple":{"nesting_mode":"list","block":{"attributes":{"prefix":{"type":"string","description_kind":"plain","optional":true},"separator":{"type":"string","description_kind":"plain","required":true},"suffix":{"type":"string","description_kind":"plain","optional":true}},"description_kind":"plain"},"max_items":1}},"description_kind":"plain"},"max_items":1},"number":{"nesting_mode":"list","block":{"attributes":{"value":{"type":"number","description_kind":"plain","required":true}},"description_kind":"plain"},"max_items":1},"query":{"nesting_mode":"list","block":{"attributes":{"query_id":{"type":"string","description_kind":"plain","required":true},"value":{"type":"string","description_kind":"plain","optional":true},"values":{"type":["list","string"],"description_kind":"plain","optional":true}},"block_types":{"multiple":{"nesting_mode":"list","block":{"attributes":{"prefix":{"type":"string","description_kind":"plain","optional":true},"separator":{"type":"string","description_kind":"plain","required":true},"suffix":{"type":"string","description_kind":"plain","optional":true}},"description_kind":"plain"},"max_items":1}},"description_kind":"plain"},"max_items":1},"text":{"nesting_mode":"list","block":{"attributes":{"value":{"type":"string","description_kind":"plain","required":true}},"description_kind":"plain"},"max_items":1}},"description_kind":"plain"}},"schedule":{"nesting_mode":"list","block":{"block_types":{"continuous":{"nesting_mode":"list","block":{"attributes":{"interval_seconds":{"type":"number","description_kind":"plain","required":true},"until_date":{"type":"string","description_kind":"plain","optional":true}},"description_kind":"plain"},"max_items":1},"daily":{"nesting_mode":"list","block":{"attributes":{"interval_days":{"type":"number","description_kind":"plain","required":true},"time_of_day":{"type":"string","description_kind":"plain","required":true},"until_date":{"type":"string","description_kind":"plain","optional":true}},"description_kind":"plain"},"max_items":1},"weekly":{"nesting_mode":"list","block":{"attributes":{"day_of_week":{"type":"string","description_kind":"plain","required":true},"interval_weeks":{"type":"number","description_kind":"plain","required":true},"time_of_day":{"type":"string","description_kind":"plain","required":true},"until_date":{"type":"string","description_kind":"plain","optional":true}},"description_kind":"plain"},"max_items":1}},"description_kind":"plain","deprecated":true},"max_items":1}},"description_kind":"plain","deprecated":true}},"databricks_sql_table":{"version":0,"block":{"attributes":{"catalog_name":{"type":"string","description_kind":"plain","required":true},"cluster_id":{"type":"string","description_kind":"plain","optional":true,"computed":true},"cluster_keys":{"type":["list","string"],"description_kind":"plain","optional":true},"comment":{"type":"string","description_kind":"plain","optional":true},"data_source_format":{"type":"string","description_kind":"plain","optional":true},"effective_properties":{"type":["map","string"],"description_kind":"plain","computed":true},"id":{"type":"string","description_kind":"plain","optional":true,"computed":true},"name":{"type":"string","description_kind":"plain","required":true},"options":{"type":["map","string"],"description_kind":"plain","optional":true},"owner":{"type":"string","description_kind":"plain","optional":true,"computed":true},"partitions":{"type":["list","string"],"description_kind":"plain","optional":true,"computed":true},"properties":{"type":["map","string"],"description_kind":"plain","optional":true},"schema_name":{"type":"string","description_kind":"plain","required":true},"storage_credential_name":{"type":"string","description_kind":"plain","optional":true},"storage_location":{"type":"string","description_kind":"plain","optional":true},"table_id":{"type":"string","description_kind":"plain","computed":true},"table_type":{"type":"string","description_kind":"plain","required":true},"view_definition":{"type":"string","description_kind":"plain","optional":true},"warehouse_id":{"type":"string","description_kind":"plain","optional":true}},"block_types":{"column":{"nesting_mode":"list","block":{"attributes":{"comment":{"type":"string","description_kind":"plain","optional":true},"identity":{"type":"string","description_kind":"plain","optional":true},"name":{"type":"string","description_kind":"plain","required":true},"nullable":{"type":"bool","description_kind":"plain","optional":true},"type":{"type":"string","description_kind":"plain","optional":true,"computed":true},"type_json":{"type":"string","description_kind":"plain","optional":true,"computed":true}},"description_kind":"plain"}}},"description_kind":"plain"}},"databricks_sql_visualization":{"version":0,"block":{"attributes":{"description":{"type":"string","description_kind":"plain","optional":true},"id":{"type":"string","description_kind":"plain","optional":true,"computed":true},"name":{"type":"string","description_kind":"plain","required":true},"options":{"type":"string","description_kind":"plain","required":true},"query_id":{"type":"string","description_kind":"plain","required":true},"query_plan":{"type":"string","description_kind":"plain","optional":true},"type":{"type":"string","description_kind":"plain","required":true},"visualization_id":{"type":"string","description_kind":"plain","optional":true,"computed":true}},"description_kind":"plain","deprecated":true}},"databricks_sql_widget":{"version":0,"block":{"attributes":{"dashboard_id":{"type":"string","description_kind":"plain","required":true},"description":{"type":"string","description_kind":"plain","optional":true},"id":{"type":"string","description_kind":"plain","optional":true,"computed":true},"text":{"type":"string","description_kind":"plain","optional":true},"title":{"type":"string","description_kind":"plain","optional":true},"visualization_id":{"type":"string","description_kind":"plain","optional":true},"widget_id":{"type":"string","description_kind":"plain","optional":true,"computed":true}},"block_types":{"parameter":{"nesting_mode":"set","block":{"attributes":{"map_to":{"type":"string","description_kind":"plain","optional":true},"name":{"type":"string","description_kind":"plain","required":true},"title":{"type":"string","description_kind":"plain","optional":true},"type":{"type":"string","description_kind":"plain","required":true},"value":{"type":"string","description_kind":"plain","optional":true},"values":{"type":["list","string"],"description_kind":"plain","optional":true}},"description_kind":"plain"}},"position":{"nesting_mode":"list","block":{"attributes":{"auto_height":{"type":"bool","description_kind":"plain","optional":true},"pos_x":{"type":"number","description_kind":"plain","optional":true},"pos_y":{"type":"number","description_kind":"plain","optional":true},"size_x":{"type":"number","description_kind":"plain","required":true},"size_y":{"type":"number","description_kind":"plain","required":true}},"description_kind":"plain"},"max_items":1}},"description_kind":"plain","deprecated":true}},"databricks_storage_credential":{"version":0,"block":{"attributes":{"comment":{"type":"string","description_kind":"plain","optional":true},"force_destroy":{"type":"bool","description_kind":"plain","optional":true},"force_update":{"type":"bool","description_kind":"plain","optional":true},"id":{"type":"string","description_kind":"plain","optional":true,"computed":true},"isolation_mode":{"type":"string","description_kind":"plain","optional":true,"computed":true},"metastore_id":{"type":"string","description_kind":"plain","optional":true,"computed":true},"name":{"type":"string","description_kind":"plain","required":true},"owner":{"type":"string","description_kind":"plain","optional":true,"computed":true},"read_only":{"type":"bool","description_kind":"plain","optional":true},"skip_validation":{"type":"bool","description_kind":"plain","optional":true},"storage_credential_id":{"type":"string","description_kind":"plain","computed":true}},"block_types":{"aws_iam_role":{"nesting_mode":"list","block":{"attributes":{"external_id":{"type":"string","description_kind":"plain","optional":true,"computed":true},"role_arn":{"type":"string","description_kind":"plain","required":true},"unity_catalog_iam_arn":{"type":"string","description_kind":"plain","optional":true,"computed":true}},"description_kind":"plain"},"max_items":1},"azure_managed_identity":{"nesting_mode":"list","block":{"attributes":{"access_connector_id":{"type":"string","description_kind":"plain","required":true},"credential_id":{"type":"string","description_kind":"plain","optional":true,"computed":true},"managed_identity_id":{"type":"string","description_kind":"plain","optional":true}},"description_kind":"plain"},"max_items":1},"azure_service_principal":{"nesting_mode":"list","block":{"attributes":{"application_id":{"type":"string","description_kind":"plain","required":true},"client_secret":{"type":"string","description_kind":"plain","required":true,"sensitive":true},"directory_id":{"type":"string","description_kind":"plain","required":true}},"description_kind":"plain"},"max_items":1},"cloudflare_api_token":{"nesting_mode":"list","block":{"attributes":{"access_key_id":{"type":"string","description_kind":"plain","required":true},"account_id":{"type":"string","description_kind":"plain","required":true},"secret_access_key":{"type":"string","description_kind":"plain","required":true,"sensitive":true}},"description_kind":"plain"},"max_items":1},"databricks_gcp_service_account":{"nesting_mode":"list","block":{"attributes":{"credential_id":{"type":"string","description_kind":"plain","optional":true,"computed":true},"email":{"type":"string","description_kind":"plain","optional":true,"computed":true}},"description_kind":"plain"},"max_items":1},"gcp_service_account_key":{"nesting_mode":"list","block":{"attributes":{"email":{"type":"string","description_kind":"plain","required":true},"private_key":{"type":"string","description_kind":"plain","required":true,"sensitive":true},"private_key_id":{"type":"string","description_kind":"plain","required":true}},"description_kind":"plain"},"max_items":1}},"description_kind":"plain"}},"databricks_system_schema":{"version":0,"block":{"attributes":{"auto_enabled":{"type":"bool","description_kind":"plain","computed":true},"full_name":{"type":"string","description_kind":"plain","computed":true},"id":{"type":"string","description_kind":"plain","optional":true,"computed":true},"metastore_id":{"type":"string","description_kind":"plain","computed":true},"schema":{"type":"string","description_kind":"plain","required":true},"state":{"type":"string","description_kind":"plain","computed":true}},"description_kind":"plain"}},"databricks_table":{"version":0,"block":{"attributes":{"catalog_name":{"type":"string","description_kind":"plain","required":true},"comment":{"type":"string","description_kind":"plain","optional":true},"data_source_format":{"type":"string","description_kind":"plain","required":true},"id":{"type":"string","description_kind":"plain","optional":true,"computed":true},"name":{"type":"string","description_kind":"plain","required":true},"owner":{"type":"string","description_kind":"plain","optional":true,"computed":true},"properties":{"type":["map","string"],"description_kind":"plain","optional":true},"schema_name":{"type":"string","description_kind":"plain","required":true},"storage_credential_name":{"type":"string","description_kind":"plain","optional":true},"storage_location":{"type":"string","description_kind":"plain","optional":true},"table_type":{"type":"string","description_kind":"plain","required":true},"view_definition":{"type":"string","description_kind":"plain","optional":true}},"block_types":{"column":{"nesting_mode":"list","block":{"attributes":{"comment":{"type":"string","description_kind":"plain","optional":true},"name":{"type":"string","description_kind":"plain","required":true},"nullable":{"type":"bool","description_kind":"plain","optional":true},"partition_index":{"type":"number","description_kind":"plain","optional":true},"position":{"type":"number","description_kind":"plain","required":true},"type_interval_type":{"type":"string","description_kind":"plain","optional":true},"type_json":{"type":"string","description_kind":"plain","optional":true},"type_name":{"type":"string","description_kind":"plain","required":true},"type_precision":{"type":"number","description_kind":"plain","optional":true},"type_scale":{"type":"number","description_kind":"plain","optional":true},"type_text":{"type":"string","description_kind":"plain","required":true}},"description_kind":"plain"},"min_items":1}},"description_kind":"plain","deprecated":true}},"databricks_tag_policy":{"version":0,"block":{"attributes":{"create_time":{"type":"string","description_kind":"plain","computed":true},"description":{"type":"string","description_kind":"plain","optional":true},"id":{"type":"string","description_kind":"plain","computed":true},"tag_key":{"type":"string","description_kind":"plain","required":true},"update_time":{"type":"string","description_kind":"plain","computed":true},"values":{"nested_type":{"attributes":{"name":{"type":"string","description_kind":"plain","required":true}},"nesting_mode":"set"},"description_kind":"plain","optional":true}},"description":"Terraform schema for Databricks tag_policy","description_kind":"plain"}},"databricks_token":{"version":0,"block":{"attributes":{"comment":{"type":"string","description_kind":"plain","optional":true},"creation_time":{"type":"number","description_kind":"plain","optional":true,"computed":true},"expiry_time":{"type":"number","description_kind":"plain","optional":true,"computed":true},"id":{"type":"string","description_kind":"plain","optional":true,"computed":true},"lifetime_seconds":{"type":"number","description_kind":"plain","optional":true},"token_id":{"type":"string","description_kind":"plain","optional":true,"computed":true},"token_value":{"type":"string","description_kind":"plain","computed":true,"sensitive":true}},"description_kind":"plain"}},"databricks_user":{"version":0,"block":{"attributes":{"acl_principal_id":{"type":"string","description_kind":"plain","optional":true,"computed":true},"active":{"type":"bool","description_kind":"plain","optional":true},"allow_cluster_create":{"type":"bool","description_kind":"plain","optional":true},"allow_instance_pool_create":{"type":"bool","description_kind":"plain","optional":true},"databricks_sql_access":{"type":"bool","description_kind":"plain","optional":true},"disable_as_user_deletion":{"type":"bool","description_kind":"plain","optional":true,"computed":true},"display_name":{"type":"string","description_kind":"plain","optional":true,"computed":true},"external_id":{"type":"string","description_kind":"plain","optional":true},"force":{"type":"bool","description_kind":"plain","optional":true},"force_delete_home_dir":{"type":"bool","description_kind":"plain","optional":true},"force_delete_repos":{"type":"bool","description_kind":"plain","optional":true},"home":{"type":"string","description_kind":"plain","optional":true,"computed":true},"id":{"type":"string","description_kind":"plain","optional":true,"computed":true},"repos":{"type":"string","description_kind":"plain","optional":true,"computed":true},"user_name":{"type":"string","description_kind":"plain","required":true},"workspace_access":{"type":"bool","description_kind":"plain","optional":true},"workspace_consume":{"type":"bool","description_kind":"plain","optional":true}},"description_kind":"plain"}},"databricks_user_instance_profile":{"version":0,"block":{"attributes":{"id":{"type":"string","description_kind":"plain","optional":true,"computed":true},"instance_profile_id":{"type":"string","description_kind":"plain","required":true},"user_id":{"type":"string","description_kind":"plain","required":true}},"description_kind":"plain","deprecated":true}},"databricks_user_role":{"version":0,"block":{"attributes":{"id":{"type":"string","description_kind":"plain","optional":true,"computed":true},"role":{"type":"string","description_kind":"plain","required":true},"user_id":{"type":"string","description_kind":"plain","required":true}},"description_kind":"plain"}},"databricks_vector_search_endpoint":{"version":0,"block":{"attributes":{"budget_policy_id":{"type":"string","description_kind":"plain","optional":true,"computed":true},"creation_timestamp":{"type":"number","description_kind":"plain","computed":true},"creator":{"type":"string","description_kind":"plain","computed":true},"effective_budget_policy_id":{"type":"string","description_kind":"plain","computed":true},"endpoint_id":{"type":"string","description_kind":"plain","computed":true},"endpoint_status":{"type":["list",["object",{"message":"string","state":"string"}]],"description_kind":"plain","computed":true},"endpoint_type":{"type":"string","description_kind":"plain","required":true},"id":{"type":"string","description_kind":"plain","optional":true,"computed":true},"last_updated_timestamp":{"type":"number","description_kind":"plain","computed":true},"last_updated_user":{"type":"string","description_kind":"plain","computed":true},"name":{"type":"string","description_kind":"plain","required":true},"num_indexes":{"type":"number","description_kind":"plain","computed":true}},"block_types":{"timeouts":{"nesting_mode":"single","block":{"attributes":{"create":{"type":"string","description_kind":"plain","optional":true}},"description_kind":"plain"}}},"description_kind":"plain"}},"databricks_vector_search_index":{"version":0,"block":{"attributes":{"creator":{"type":"string","description_kind":"plain","computed":true},"endpoint_name":{"type":"string","description_kind":"plain","required":true},"id":{"type":"string","description_kind":"plain","optional":true,"computed":true},"index_type":{"type":"string","description_kind":"plain","required":true},"name":{"type":"string","description_kind":"plain","required":true},"primary_key":{"type":"string","description_kind":"plain","required":true},"status":{"type":["list",["object",{"index_url":"string","indexed_row_count":"number","message":"string","ready":"bool"}]],"description_kind":"plain","computed":true}},"block_types":{"delta_sync_index_spec":{"nesting_mode":"list","block":{"attributes":{"embedding_writeback_table":{"type":"string","description_kind":"plain","optional":true},"pipeline_id":{"type":"string","description_kind":"plain","computed":true},"pipeline_type":{"type":"string","description_kind":"plain","optional":true},"source_table":{"type":"string","description_kind":"plain","optional":true}},"block_types":{"embedding_source_columns":{"nesting_mode":"list","block":{"attributes":{"embedding_model_endpoint_name":{"type":"string","description_kind":"plain","optional":true},"model_endpoint_name_for_query":{"type":"string","description_kind":"plain","optional":true},"name":{"type":"string","description_kind":"plain","optional":true}},"description_kind":"plain"}},"embedding_vector_columns":{"nesting_mode":"list","block":{"attributes":{"embedding_dimension":{"type":"number","description_kind":"plain","optional":true},"name":{"type":"string","description_kind":"plain","optional":true}},"description_kind":"plain"}}},"description_kind":"plain"},"max_items":1},"direct_access_index_spec":{"nesting_mode":"list","block":{"attributes":{"schema_json":{"type":"string","description_kind":"plain","optional":true}},"block_types":{"embedding_source_columns":{"nesting_mode":"list","block":{"attributes":{"embedding_model_endpoint_name":{"type":"string","description_kind":"plain","optional":true},"model_endpoint_name_for_query":{"type":"string","description_kind":"plain","optional":true},"name":{"type":"string","description_kind":"plain","optional":true}},"description_kind":"plain"}},"embedding_vector_columns":{"nesting_mode":"list","block":{"attributes":{"embedding_dimension":{"type":"number","description_kind":"plain","optional":true},"name":{"type":"string","description_kind":"plain","optional":true}},"description_kind":"plain"}}},"description_kind":"plain"},"max_items":1},"timeouts":{"nesting_mode":"single","block":{"attributes":{"create":{"type":"string","description_kind":"plain","optional":true}},"description_kind":"plain"}}},"description_kind":"plain"}},"databricks_volume":{"version":0,"block":{"attributes":{"catalog_name":{"type":"string","description_kind":"plain","required":true},"comment":{"type":"string","description_kind":"plain","optional":true},"id":{"type":"string","description_kind":"plain","optional":true,"computed":true},"name":{"type":"string","description_kind":"plain","required":true},"owner":{"type":"string","description_kind":"plain","optional":true,"computed":true},"schema_name":{"type":"string","description_kind":"plain","required":true},"storage_location":{"type":"string","description_kind":"plain","optional":true},"volume_path":{"type":"string","description_kind":"plain","computed":true},"volume_type":{"type":"string","description_kind":"plain","required":true}},"description_kind":"plain"}},"databricks_workspace_binding":{"version":1,"block":{"attributes":{"binding_type":{"type":"string","description_kind":"plain","optional":true},"catalog_name":{"type":"string","description_kind":"plain","deprecated":true,"optional":true},"id":{"type":"string","description_kind":"plain","optional":true,"computed":true},"securable_name":{"type":"string","description_kind":"plain","optional":true,"computed":true},"securable_type":{"type":"string","description_kind":"plain","optional":true},"workspace_id":{"type":"number","description_kind":"plain","required":true}},"description_kind":"plain"}},"databricks_workspace_conf":{"version":0,"block":{"attributes":{"custom_config":{"type":["map","string"],"description_kind":"plain","optional":true},"id":{"type":"string","description_kind":"plain","optional":true,"computed":true}},"description_kind":"plain"}},"databricks_workspace_entity_tag_assignment":{"version":0,"block":{"attributes":{"entity_id":{"type":"string","description_kind":"plain","required":true},"entity_type":{"type":"string","description_kind":"plain","required":true},"tag_key":{"type":"string","description_kind":"plain","required":true},"tag_value":{"type":"string","description_kind":"plain","optional":true}},"description":"Terraform schema for Databricks workspace_entity_tag_assignment","description_kind":"plain"}},"databricks_workspace_file":{"version":1,"block":{"attributes":{"content_base64":{"type":"string","description_kind":"plain","optional":true},"id":{"type":"string","description_kind":"plain","optional":true,"computed":true},"md5":{"type":"string","description_kind":"plain","optional":true},"object_id":{"type":"number","description_kind":"plain","optional":true,"computed":true},"path":{"type":"string","description_kind":"plain","required":true},"source":{"type":"string","description_kind":"plain","optional":true},"url":{"type":"string","description_kind":"plain","computed":true},"workspace_path":{"type":"string","description_kind":"plain","computed":true}},"description_kind":"plain"}},"databricks_workspace_network_option":{"version":0,"block":{"attributes":{"network_policy_id":{"type":"string","description_kind":"plain","optional":true},"workspace_id":{"type":"number","description_kind":"plain","optional":true}},"description":"Terraform schema for Databricks workspace_network_option","description_kind":"plain"}},"databricks_workspace_setting_v2":{"version":0,"block":{"attributes":{"aibi_dashboard_embedding_access_policy":{"nested_type":{"attributes":{"access_policy_type":{"type":"string","description_kind":"plain","required":true}},"nesting_mode":"single"},"description_kind":"plain","optional":true},"aibi_dashboard_embedding_approved_domains":{"nested_type":{"attributes":{"approved_domains":{"type":["list","string"],"description_kind":"plain","optional":true}},"nesting_mode":"single"},"description_kind":"plain","optional":true},"automatic_cluster_update_workspace":{"nested_type":{"attributes":{"can_toggle":{"type":"bool","description_kind":"plain","optional":true},"enabled":{"type":"bool","description_kind":"plain","optional":true},"enablement_details":{"nested_type":{"attributes":{"forced_for_compliance_mode":{"type":"bool","description_kind":"plain","optional":true},"unavailable_for_disabled_entitlement":{"type":"bool","description_kind":"plain","optional":true},"unavailable_for_non_enterprise_tier":{"type":"bool","description_kind":"plain","optional":true}},"nesting_mode":"single"},"description_kind":"plain","optional":true},"maintenance_window":{"nested_type":{"attributes":{"week_day_based_schedule":{"nested_type":{"attributes":{"day_of_week":{"type":"string","description_kind":"plain","optional":true},"frequency":{"type":"string","description_kind":"plain","optional":true},"window_start_time":{"nested_type":{"attributes":{"hours":{"type":"number","description_kind":"plain","optional":true},"minutes":{"type":"number","description_kind":"plain","optional":true}},"nesting_mode":"single"},"description_kind":"plain","optional":true}},"nesting_mode":"single"},"description_kind":"plain","optional":true}},"nesting_mode":"single"},"description_kind":"plain","optional":true},"restart_even_if_no_updates_available":{"type":"bool","description_kind":"plain","optional":true}},"nesting_mode":"single"},"description_kind":"plain","optional":true},"boolean_val":{"nested_type":{"attributes":{"value":{"type":"bool","description_kind":"plain","optional":true}},"nesting_mode":"single"},"description_kind":"plain","optional":true},"effective_aibi_dashboard_embedding_access_policy":{"nested_type":{"attributes":{"access_policy_type":{"type":"string","description_kind":"plain","required":true}},"nesting_mode":"single"},"description_kind":"plain","optional":true},"effective_aibi_dashboard_embedding_approved_domains":{"nested_type":{"attributes":{"approved_domains":{"type":["list","string"],"description_kind":"plain","optional":true}},"nesting_mode":"single"},"description_kind":"plain","optional":true},"effective_automatic_cluster_update_workspace":{"nested_type":{"attributes":{"can_toggle":{"type":"bool","description_kind":"plain","optional":true},"enabled":{"type":"bool","description_kind":"plain","optional":true},"enablement_details":{"nested_type":{"attributes":{"forced_for_compliance_mode":{"type":"bool","description_kind":"plain","optional":true},"unavailable_for_disabled_entitlement":{"type":"bool","description_kind":"plain","optional":true},"unavailable_for_non_enterprise_tier":{"type":"bool","description_kind":"plain","optional":true}},"nesting_mode":"single"},"description_kind":"plain","optional":true},"maintenance_window":{"nested_type":{"attributes":{"week_day_based_schedule":{"nested_type":{"attributes":{"day_of_week":{"type":"string","description_kind":"plain","optional":true},"frequency":{"type":"string","description_kind":"plain","optional":true},"window_start_time":{"nested_type":{"attributes":{"hours":{"type":"number","description_kind":"plain","optional":true},"minutes":{"type":"number","description_kind":"plain","optional":true}},"nesting_mode":"single"},"description_kind":"plain","optional":true}},"nesting_mode":"single"},"description_kind":"plain","optional":true}},"nesting_mode":"single"},"description_kind":"plain","optional":true},"restart_even_if_no_updates_available":{"type":"bool","description_kind":"plain","optional":true}},"nesting_mode":"single"},"description_kind":"plain","optional":true},"effective_boolean_val":{"nested_type":{"attributes":{"value":{"type":"bool","description_kind":"plain","optional":true}},"nesting_mode":"single"},"description_kind":"plain","computed":true},"effective_integer_val":{"nested_type":{"attributes":{"value":{"type":"number","description_kind":"plain","optional":true}},"nesting_mode":"single"},"description_kind":"plain","computed":true},"effective_personal_compute":{"nested_type":{"attributes":{"value":{"type":"string","description_kind":"plain","optional":true}},"nesting_mode":"single"},"description_kind":"plain","optional":true},"effective_restrict_workspace_admins":{"nested_type":{"attributes":{"status":{"type":"string","description_kind":"plain","required":true}},"nesting_mode":"single"},"description_kind":"plain","optional":true},"effective_string_val":{"nested_type":{"attributes":{"value":{"type":"string","description_kind":"plain","optional":true}},"nesting_mode":"single"},"description_kind":"plain","computed":true},"integer_val":{"nested_type":{"attributes":{"value":{"type":"number","description_kind":"plain","optional":true}},"nesting_mode":"single"},"description_kind":"plain","optional":true},"name":{"type":"string","description_kind":"plain","optional":true},"personal_compute":{"nested_type":{"attributes":{"value":{"type":"string","description_kind":"plain","optional":true}},"nesting_mode":"single"},"description_kind":"plain","optional":true},"restrict_workspace_admins":{"nested_type":{"attributes":{"status":{"type":"string","description_kind":"plain","required":true}},"nesting_mode":"single"},"description_kind":"plain","optional":true},"string_val":{"nested_type":{"attributes":{"value":{"type":"string","description_kind":"plain","optional":true}},"nesting_mode":"single"},"description_kind":"plain","optional":true}},"description":"Terraform schema for Databricks workspace_setting_v2","description_kind":"plain"}}},"data_source_schemas":{"databricks_account_federation_policies":{"version":0,"block":{"attributes":{"page_size":{"type":"number","description_kind":"plain","optional":true},"policies":{"nested_type":{"attributes":{"create_time":{"type":"string","description_kind":"plain","computed":true},"description":{"type":"string","description_kind":"plain","computed":true},"name":{"type":"string","description_kind":"plain","computed":true},"oidc_policy":{"nested_type":{"attributes":{"audiences":{"type":["list","string"],"description_kind":"plain","optional":true},"issuer":{"type":"string","description_kind":"plain","optional":true},"jwks_json":{"type":"string","description_kind":"plain","optional":true},"jwks_uri":{"type":"string","description_kind":"plain","optional":true},"subject":{"type":"string","description_kind":"plain","optional":true},"subject_claim":{"type":"string","description_kind":"plain","optional":true}},"nesting_mode":"single"},"description_kind":"plain","computed":true},"policy_id":{"type":"string","description_kind":"plain","required":true},"service_principal_id":{"type":"number","description_kind":"plain","computed":true},"uid":{"type":"string","description_kind":"plain","computed":true},"update_time":{"type":"string","description_kind":"plain","computed":true}},"nesting_mode":"list"},"description_kind":"plain","computed":true}},"description":"Terraform schema for Databricks FederationPolicy","description_kind":"plain"}},"databricks_account_federation_policy":{"version":0,"block":{"attributes":{"create_time":{"type":"string","description_kind":"plain","computed":true},"description":{"type":"string","description_kind":"plain","computed":true},"name":{"type":"string","description_kind":"plain","computed":true},"oidc_policy":{"nested_type":{"attributes":{"audiences":{"type":["list","string"],"description_kind":"plain","optional":true},"issuer":{"type":"string","description_kind":"plain","optional":true},"jwks_json":{"type":"string","description_kind":"plain","optional":true},"jwks_uri":{"type":"string","description_kind":"plain","optional":true},"subject":{"type":"string","description_kind":"plain","optional":true},"subject_claim":{"type":"string","description_kind":"plain","optional":true}},"nesting_mode":"single"},"description_kind":"plain","computed":true},"policy_id":{"type":"string","description_kind":"plain","required":true},"service_principal_id":{"type":"number","description_kind":"plain","computed":true},"uid":{"type":"string","description_kind":"plain","computed":true},"update_time":{"type":"string","description_kind":"plain","computed":true}},"description":"Terraform schema for Databricks FederationPolicy","description_kind":"plain"}},"databricks_account_network_policies":{"version":0,"block":{"attributes":{"items":{"nested_type":{"attributes":{"account_id":{"type":"string","description_kind":"plain","computed":true},"egress":{"nested_type":{"attributes":{"network_access":{"nested_type":{"attributes":{"allowed_internet_destinations":{"nested_type":{"attributes":{"destination":{"type":"string","description_kind":"plain","optional":true},"internet_destination_type":{"type":"string","description_kind":"plain","optional":true}},"nesting_mode":"list"},"description_kind":"plain","optional":true},"allowed_storage_destinations":{"nested_type":{"attributes":{"azure_storage_account":{"type":"string","description_kind":"plain","optional":true},"azure_storage_service":{"type":"string","description_kind":"plain","optional":true},"bucket_name":{"type":"string","description_kind":"plain","optional":true},"region":{"type":"string","description_kind":"plain","optional":true},"storage_destination_type":{"type":"string","description_kind":"plain","optional":true}},"nesting_mode":"list"},"description_kind":"plain","optional":true},"policy_enforcement":{"nested_type":{"attributes":{"dry_run_mode_product_filter":{"type":["list","string"],"description_kind":"plain","optional":true},"enforcement_mode":{"type":"string","description_kind":"plain","optional":true}},"nesting_mode":"single"},"description_kind":"plain","optional":true},"restriction_mode":{"type":"string","description_kind":"plain","required":true}},"nesting_mode":"single"},"description_kind":"plain","optional":true}},"nesting_mode":"single"},"description_kind":"plain","computed":true},"network_policy_id":{"type":"string","description_kind":"plain","required":true}},"nesting_mode":"list"},"description_kind":"plain","computed":true}},"description":"Terraform schema for Databricks AccountNetworkPolicy","description_kind":"plain"}},"databricks_account_network_policy":{"version":0,"block":{"attributes":{"account_id":{"type":"string","description_kind":"plain","computed":true},"egress":{"nested_type":{"attributes":{"network_access":{"nested_type":{"attributes":{"allowed_internet_destinations":{"nested_type":{"attributes":{"destination":{"type":"string","description_kind":"plain","optional":true},"internet_destination_type":{"type":"string","description_kind":"plain","optional":true}},"nesting_mode":"list"},"description_kind":"plain","optional":true},"allowed_storage_destinations":{"nested_type":{"attributes":{"azure_storage_account":{"type":"string","description_kind":"plain","optional":true},"azure_storage_service":{"type":"string","description_kind":"plain","optional":true},"bucket_name":{"type":"string","description_kind":"plain","optional":true},"region":{"type":"string","description_kind":"plain","optional":true},"storage_destination_type":{"type":"string","description_kind":"plain","optional":true}},"nesting_mode":"list"},"description_kind":"plain","optional":true},"policy_enforcement":{"nested_type":{"attributes":{"dry_run_mode_product_filter":{"type":["list","string"],"description_kind":"plain","optional":true},"enforcement_mode":{"type":"string","description_kind":"plain","optional":true}},"nesting_mode":"single"},"description_kind":"plain","optional":true},"restriction_mode":{"type":"string","description_kind":"plain","required":true}},"nesting_mode":"single"},"description_kind":"plain","optional":true}},"nesting_mode":"single"},"description_kind":"plain","computed":true},"network_policy_id":{"type":"string","description_kind":"plain","required":true}},"description":"Terraform schema for Databricks AccountNetworkPolicy","description_kind":"plain"}},"databricks_account_setting_v2":{"version":0,"block":{"attributes":{"aibi_dashboard_embedding_access_policy":{"nested_type":{"attributes":{"access_policy_type":{"type":"string","description_kind":"plain","required":true}},"nesting_mode":"single"},"description_kind":"plain","computed":true},"aibi_dashboard_embedding_approved_domains":{"nested_type":{"attributes":{"approved_domains":{"type":["list","string"],"description_kind":"plain","optional":true}},"nesting_mode":"single"},"description_kind":"plain","computed":true},"automatic_cluster_update_workspace":{"nested_type":{"attributes":{"can_toggle":{"type":"bool","description_kind":"plain","optional":true},"enabled":{"type":"bool","description_kind":"plain","optional":true},"enablement_details":{"nested_type":{"attributes":{"forced_for_compliance_mode":{"type":"bool","description_kind":"plain","optional":true},"unavailable_for_disabled_entitlement":{"type":"bool","description_kind":"plain","optional":true},"unavailable_for_non_enterprise_tier":{"type":"bool","description_kind":"plain","optional":true}},"nesting_mode":"single"},"description_kind":"plain","optional":true},"maintenance_window":{"nested_type":{"attributes":{"week_day_based_schedule":{"nested_type":{"attributes":{"day_of_week":{"type":"string","description_kind":"plain","optional":true},"frequency":{"type":"string","description_kind":"plain","optional":true},"window_start_time":{"nested_type":{"attributes":{"hours":{"type":"number","description_kind":"plain","optional":true},"minutes":{"type":"number","description_kind":"plain","optional":true}},"nesting_mode":"single"},"description_kind":"plain","optional":true}},"nesting_mode":"single"},"description_kind":"plain","optional":true}},"nesting_mode":"single"},"description_kind":"plain","optional":true},"restart_even_if_no_updates_available":{"type":"bool","description_kind":"plain","optional":true}},"nesting_mode":"single"},"description_kind":"plain","computed":true},"boolean_val":{"nested_type":{"attributes":{"value":{"type":"bool","description_kind":"plain","optional":true}},"nesting_mode":"single"},"description_kind":"plain","computed":true},"effective_aibi_dashboard_embedding_access_policy":{"nested_type":{"attributes":{"access_policy_type":{"type":"string","description_kind":"plain","required":true}},"nesting_mode":"single"},"description_kind":"plain","computed":true},"effective_aibi_dashboard_embedding_approved_domains":{"nested_type":{"attributes":{"approved_domains":{"type":["list","string"],"description_kind":"plain","optional":true}},"nesting_mode":"single"},"description_kind":"plain","computed":true},"effective_automatic_cluster_update_workspace":{"nested_type":{"attributes":{"can_toggle":{"type":"bool","description_kind":"plain","optional":true},"enabled":{"type":"bool","description_kind":"plain","optional":true},"enablement_details":{"nested_type":{"attributes":{"forced_for_compliance_mode":{"type":"bool","description_kind":"plain","optional":true},"unavailable_for_disabled_entitlement":{"type":"bool","description_kind":"plain","optional":true},"unavailable_for_non_enterprise_tier":{"type":"bool","description_kind":"plain","optional":true}},"nesting_mode":"single"},"description_kind":"plain","optional":true},"maintenance_window":{"nested_type":{"attributes":{"week_day_based_schedule":{"nested_type":{"attributes":{"day_of_week":{"type":"string","description_kind":"plain","optional":true},"frequency":{"type":"string","description_kind":"plain","optional":true},"window_start_time":{"nested_type":{"attributes":{"hours":{"type":"number","description_kind":"plain","optional":true},"minutes":{"type":"number","description_kind":"plain","optional":true}},"nesting_mode":"single"},"description_kind":"plain","optional":true}},"nesting_mode":"single"},"description_kind":"plain","optional":true}},"nesting_mode":"single"},"description_kind":"plain","optional":true},"restart_even_if_no_updates_available":{"type":"bool","description_kind":"plain","optional":true}},"nesting_mode":"single"},"description_kind":"plain","computed":true},"effective_boolean_val":{"nested_type":{"attributes":{"value":{"type":"bool","description_kind":"plain","optional":true}},"nesting_mode":"single"},"description_kind":"plain","computed":true},"effective_integer_val":{"nested_type":{"attributes":{"value":{"type":"number","description_kind":"plain","optional":true}},"nesting_mode":"single"},"description_kind":"plain","computed":true},"effective_personal_compute":{"nested_type":{"attributes":{"value":{"type":"string","description_kind":"plain","optional":true}},"nesting_mode":"single"},"description_kind":"plain","computed":true},"effective_restrict_workspace_admins":{"nested_type":{"attributes":{"status":{"type":"string","description_kind":"plain","required":true}},"nesting_mode":"single"},"description_kind":"plain","computed":true},"effective_string_val":{"nested_type":{"attributes":{"value":{"type":"string","description_kind":"plain","optional":true}},"nesting_mode":"single"},"description_kind":"plain","computed":true},"integer_val":{"nested_type":{"attributes":{"value":{"type":"number","description_kind":"plain","optional":true}},"nesting_mode":"single"},"description_kind":"plain","computed":true},"name":{"type":"string","description_kind":"plain","required":true},"personal_compute":{"nested_type":{"attributes":{"value":{"type":"string","description_kind":"plain","optional":true}},"nesting_mode":"single"},"description_kind":"plain","computed":true},"restrict_workspace_admins":{"nested_type":{"attributes":{"status":{"type":"string","description_kind":"plain","required":true}},"nesting_mode":"single"},"description_kind":"plain","computed":true},"string_val":{"nested_type":{"attributes":{"value":{"type":"string","description_kind":"plain","optional":true}},"nesting_mode":"single"},"description_kind":"plain","computed":true}},"description":"Terraform schema for Databricks Setting","description_kind":"plain"}},"databricks_alert_v2":{"version":0,"block":{"attributes":{"create_time":{"type":"string","description_kind":"plain","computed":true},"custom_description":{"type":"string","description_kind":"plain","computed":true},"custom_summary":{"type":"string","description_kind":"plain","computed":true},"display_name":{"type":"string","description_kind":"plain","computed":true},"effective_run_as":{"nested_type":{"attributes":{"service_principal_name":{"type":"string","description_kind":"plain","optional":true},"user_name":{"type":"string","description_kind":"plain","optional":true}},"nesting_mode":"single"},"description_kind":"plain","computed":true},"evaluation":{"nested_type":{"attributes":{"comparison_operator":{"type":"string","description_kind":"plain","required":true},"empty_result_state":{"type":"string","description_kind":"plain","optional":true},"last_evaluated_at":{"type":"string","description_kind":"plain","computed":true},"notification":{"nested_type":{"attributes":{"effective_notify_on_ok":{"type":"bool","description_kind":"plain","computed":true},"effective_retrigger_seconds":{"type":"number","description_kind":"plain","computed":true},"notify_on_ok":{"type":"bool","description_kind":"plain","optional":true},"retrigger_seconds":{"type":"number","description_kind":"plain","optional":true},"subscriptions":{"nested_type":{"attributes":{"destination_id":{"type":"string","description_kind":"plain","optional":true},"user_email":{"type":"string","description_kind":"plain","optional":true}},"nesting_mode":"set"},"description_kind":"plain","optional":true}},"nesting_mode":"single"},"description_kind":"plain","optional":true},"source":{"nested_type":{"attributes":{"aggregation":{"type":"string","description_kind":"plain","optional":true},"display":{"type":"string","description_kind":"plain","optional":true},"name":{"type":"string","description_kind":"plain","required":true}},"nesting_mode":"single"},"description_kind":"plain","required":true},"state":{"type":"string","description_kind":"plain","computed":true},"threshold":{"nested_type":{"attributes":{"column":{"nested_type":{"attributes":{"aggregation":{"type":"string","description_kind":"plain","optional":true},"display":{"type":"string","description_kind":"plain","optional":true},"name":{"type":"string","description_kind":"plain","required":true}},"nesting_mode":"single"},"description_kind":"plain","optional":true},"value":{"nested_type":{"attributes":{"bool_value":{"type":"bool","description_kind":"plain","optional":true},"double_value":{"type":"number","description_kind":"plain","optional":true},"string_value":{"type":"string","description_kind":"plain","optional":true}},"nesting_mode":"single"},"description_kind":"plain","optional":true}},"nesting_mode":"single"},"description_kind":"plain","optional":true}},"nesting_mode":"single"},"description_kind":"plain","computed":true},"id":{"type":"string","description_kind":"plain","required":true},"lifecycle_state":{"type":"string","description_kind":"plain","computed":true},"owner_user_name":{"type":"string","description_kind":"plain","computed":true},"parent_path":{"type":"string","description_kind":"plain","computed":true},"query_text":{"type":"string","description_kind":"plain","computed":true},"run_as":{"nested_type":{"attributes":{"service_principal_name":{"type":"string","description_kind":"plain","optional":true},"user_name":{"type":"string","description_kind":"plain","optional":true}},"nesting_mode":"single"},"description_kind":"plain","computed":true},"run_as_user_name":{"type":"string","description_kind":"plain","computed":true},"schedule":{"nested_type":{"attributes":{"pause_status":{"type":"string","description_kind":"plain","optional":true},"quartz_cron_schedule":{"type":"string","description_kind":"plain","required":true},"timezone_id":{"type":"string","description_kind":"plain","required":true}},"nesting_mode":"single"},"description_kind":"plain","computed":true},"update_time":{"type":"string","description_kind":"plain","computed":true},"warehouse_id":{"type":"string","description_kind":"plain","computed":true}},"description":"Terraform schema for Databricks AlertV2","description_kind":"plain"}},"databricks_alerts_v2":{"version":0,"block":{"attributes":{"alerts":{"nested_type":{"attributes":{"create_time":{"type":"string","description_kind":"plain","computed":true},"custom_description":{"type":"string","description_kind":"plain","computed":true},"custom_summary":{"type":"string","description_kind":"plain","computed":true},"display_name":{"type":"string","description_kind":"plain","computed":true},"effective_run_as":{"nested_type":{"attributes":{"service_principal_name":{"type":"string","description_kind":"plain","optional":true},"user_name":{"type":"string","description_kind":"plain","optional":true}},"nesting_mode":"single"},"description_kind":"plain","computed":true},"evaluation":{"nested_type":{"attributes":{"comparison_operator":{"type":"string","description_kind":"plain","required":true},"empty_result_state":{"type":"string","description_kind":"plain","optional":true},"last_evaluated_at":{"type":"string","description_kind":"plain","computed":true},"notification":{"nested_type":{"attributes":{"effective_notify_on_ok":{"type":"bool","description_kind":"plain","computed":true},"effective_retrigger_seconds":{"type":"number","description_kind":"plain","computed":true},"notify_on_ok":{"type":"bool","description_kind":"plain","optional":true},"retrigger_seconds":{"type":"number","description_kind":"plain","optional":true},"subscriptions":{"nested_type":{"attributes":{"destination_id":{"type":"string","description_kind":"plain","optional":true},"user_email":{"type":"string","description_kind":"plain","optional":true}},"nesting_mode":"set"},"description_kind":"plain","optional":true}},"nesting_mode":"single"},"description_kind":"plain","optional":true},"source":{"nested_type":{"attributes":{"aggregation":{"type":"string","description_kind":"plain","optional":true},"display":{"type":"string","description_kind":"plain","optional":true},"name":{"type":"string","description_kind":"plain","required":true}},"nesting_mode":"single"},"description_kind":"plain","required":true},"state":{"type":"string","description_kind":"plain","computed":true},"threshold":{"nested_type":{"attributes":{"column":{"nested_type":{"attributes":{"aggregation":{"type":"string","description_kind":"plain","optional":true},"display":{"type":"string","description_kind":"plain","optional":true},"name":{"type":"string","description_kind":"plain","required":true}},"nesting_mode":"single"},"description_kind":"plain","optional":true},"value":{"nested_type":{"attributes":{"bool_value":{"type":"bool","description_kind":"plain","optional":true},"double_value":{"type":"number","description_kind":"plain","optional":true},"string_value":{"type":"string","description_kind":"plain","optional":true}},"nesting_mode":"single"},"description_kind":"plain","optional":true}},"nesting_mode":"single"},"description_kind":"plain","optional":true}},"nesting_mode":"single"},"description_kind":"plain","computed":true},"id":{"type":"string","description_kind":"plain","required":true},"lifecycle_state":{"type":"string","description_kind":"plain","computed":true},"owner_user_name":{"type":"string","description_kind":"plain","computed":true},"parent_path":{"type":"string","description_kind":"plain","computed":true},"query_text":{"type":"string","description_kind":"plain","computed":true},"run_as":{"nested_type":{"attributes":{"service_principal_name":{"type":"string","description_kind":"plain","optional":true},"user_name":{"type":"string","description_kind":"plain","optional":true}},"nesting_mode":"single"},"description_kind":"plain","computed":true},"run_as_user_name":{"type":"string","description_kind":"plain","computed":true},"schedule":{"nested_type":{"attributes":{"pause_status":{"type":"string","description_kind":"plain","optional":true},"quartz_cron_schedule":{"type":"string","description_kind":"plain","required":true},"timezone_id":{"type":"string","description_kind":"plain","required":true}},"nesting_mode":"single"},"description_kind":"plain","computed":true},"update_time":{"type":"string","description_kind":"plain","computed":true},"warehouse_id":{"type":"string","description_kind":"plain","computed":true}},"nesting_mode":"list"},"description_kind":"plain","computed":true},"page_size":{"type":"number","description_kind":"plain","optional":true}},"description":"Terraform schema for Databricks AlertV2","description_kind":"plain"}},"databricks_app":{"version":0,"block":{"attributes":{"app":{"nested_type":{"attributes":{"active_deployment":{"nested_type":{"attributes":{"create_time":{"type":"string","description_kind":"plain","computed":true},"creator":{"type":"string","description_kind":"plain","computed":true},"deployment_artifacts":{"nested_type":{"attributes":{"source_code_path":{"type":"string","description_kind":"plain","optional":true}},"nesting_mode":"single"},"description_kind":"plain","computed":true},"deployment_id":{"type":"string","description_kind":"plain","optional":true},"mode":{"type":"string","description_kind":"plain","optional":true},"source_code_path":{"type":"string","description_kind":"plain","optional":true},"status":{"nested_type":{"attributes":{"message":{"type":"string","description_kind":"plain","computed":true},"state":{"type":"string","description_kind":"plain","computed":true}},"nesting_mode":"single"},"description_kind":"plain","computed":true},"update_time":{"type":"string","description_kind":"plain","computed":true}},"nesting_mode":"single"},"description_kind":"plain","computed":true},"app_status":{"nested_type":{"attributes":{"message":{"type":"string","description_kind":"plain","computed":true},"state":{"type":"string","description_kind":"plain","computed":true}},"nesting_mode":"single"},"description_kind":"plain","computed":true},"budget_policy_id":{"type":"string","description_kind":"plain","optional":true},"compute_size":{"type":"string","description_kind":"plain","optional":true},"compute_status":{"nested_type":{"attributes":{"message":{"type":"string","description_kind":"plain","computed":true},"state":{"type":"string","description_kind":"plain","computed":true}},"nesting_mode":"single"},"description_kind":"plain","computed":true},"create_time":{"type":"string","description_kind":"plain","computed":true},"creator":{"type":"string","description_kind":"plain","computed":true},"default_source_code_path":{"type":"string","description_kind":"plain","computed":true},"description":{"type":"string","description_kind":"plain","optional":true},"effective_budget_policy_id":{"type":"string","description_kind":"plain","computed":true},"effective_user_api_scopes":{"type":["list","string"],"description_kind":"plain","computed":true},"id":{"type":"string","description_kind":"plain","computed":true},"name":{"type":"string","description_kind":"plain","required":true},"oauth2_app_client_id":{"type":"string","description_kind":"plain","computed":true},"oauth2_app_integration_id":{"type":"string","description_kind":"plain","computed":true},"pending_deployment":{"nested_type":{"attributes":{"create_time":{"type":"string","description_kind":"plain","computed":true},"creator":{"type":"string","description_kind":"plain","computed":true},"deployment_artifacts":{"nested_type":{"attributes":{"source_code_path":{"type":"string","description_kind":"plain","optional":true}},"nesting_mode":"single"},"description_kind":"plain","computed":true},"deployment_id":{"type":"string","description_kind":"plain","optional":true},"mode":{"type":"string","description_kind":"plain","optional":true},"source_code_path":{"type":"string","description_kind":"plain","optional":true},"status":{"nested_type":{"attributes":{"message":{"type":"string","description_kind":"plain","computed":true},"state":{"type":"string","description_kind":"plain","computed":true}},"nesting_mode":"single"},"description_kind":"plain","computed":true},"update_time":{"type":"string","description_kind":"plain","computed":true}},"nesting_mode":"single"},"description_kind":"plain","computed":true},"resources":{"nested_type":{"attributes":{"database":{"nested_type":{"attributes":{"database_name":{"type":"string","description_kind":"plain","required":true},"instance_name":{"type":"string","description_kind":"plain","required":true},"permission":{"type":"string","description_kind":"plain","required":true}},"nesting_mode":"single"},"description_kind":"plain","optional":true},"description":{"type":"string","description_kind":"plain","optional":true},"genie_space":{"nested_type":{"attributes":{"name":{"type":"string","description_kind":"plain","required":true},"permission":{"type":"string","description_kind":"plain","required":true},"space_id":{"type":"string","description_kind":"plain","required":true}},"nesting_mode":"single"},"description_kind":"plain","optional":true},"job":{"nested_type":{"attributes":{"id":{"type":"string","description_kind":"plain","required":true},"permission":{"type":"string","description_kind":"plain","required":true}},"nesting_mode":"single"},"description_kind":"plain","optional":true},"name":{"type":"string","description_kind":"plain","required":true},"secret":{"nested_type":{"attributes":{"key":{"type":"string","description_kind":"plain","required":true},"permission":{"type":"string","description_kind":"plain","required":true},"scope":{"type":"string","description_kind":"plain","required":true}},"nesting_mode":"single"},"description_kind":"plain","optional":true},"serving_endpoint":{"nested_type":{"attributes":{"name":{"type":"string","description_kind":"plain","required":true},"permission":{"type":"string","description_kind":"plain","required":true}},"nesting_mode":"single"},"description_kind":"plain","optional":true},"sql_warehouse":{"nested_type":{"attributes":{"id":{"type":"string","description_kind":"plain","required":true},"permission":{"type":"string","description_kind":"plain","required":true}},"nesting_mode":"single"},"description_kind":"plain","optional":true},"uc_securable":{"nested_type":{"attributes":{"permission":{"type":"string","description_kind":"plain","required":true},"securable_full_name":{"type":"string","description_kind":"plain","required":true},"securable_type":{"type":"string","description_kind":"plain","required":true}},"nesting_mode":"single"},"description_kind":"plain","optional":true}},"nesting_mode":"list"},"description_kind":"plain","optional":true},"service_principal_client_id":{"type":"string","description_kind":"plain","computed":true},"service_principal_id":{"type":"number","description_kind":"plain","computed":true},"service_principal_name":{"type":"string","description_kind":"plain","computed":true},"update_time":{"type":"string","description_kind":"plain","computed":true},"updater":{"type":"string","description_kind":"plain","computed":true},"url":{"type":"string","description_kind":"plain","computed":true},"user_api_scopes":{"type":["list","string"],"description_kind":"plain","optional":true}},"nesting_mode":"single"},"description_kind":"plain","computed":true},"name":{"type":"string","description_kind":"plain","required":true},"provider_config":{"nested_type":{"attributes":{"workspace_id":{"type":"string","description_kind":"plain","required":true}},"nesting_mode":"single"},"description_kind":"plain","optional":true}},"description_kind":"plain"}},"databricks_apps":{"version":0,"block":{"attributes":{"app":{"nested_type":{"attributes":{"active_deployment":{"nested_type":{"attributes":{"create_time":{"type":"string","description_kind":"plain","computed":true},"creator":{"type":"string","description_kind":"plain","computed":true},"deployment_artifacts":{"nested_type":{"attributes":{"source_code_path":{"type":"string","description_kind":"plain","optional":true}},"nesting_mode":"single"},"description_kind":"plain","computed":true},"deployment_id":{"type":"string","description_kind":"plain","optional":true},"mode":{"type":"string","description_kind":"plain","optional":true},"source_code_path":{"type":"string","description_kind":"plain","optional":true},"status":{"nested_type":{"attributes":{"message":{"type":"string","description_kind":"plain","computed":true},"state":{"type":"string","description_kind":"plain","computed":true}},"nesting_mode":"single"},"description_kind":"plain","computed":true},"update_time":{"type":"string","description_kind":"plain","computed":true}},"nesting_mode":"single"},"description_kind":"plain","computed":true},"app_status":{"nested_type":{"attributes":{"message":{"type":"string","description_kind":"plain","computed":true},"state":{"type":"string","description_kind":"plain","computed":true}},"nesting_mode":"single"},"description_kind":"plain","computed":true},"budget_policy_id":{"type":"string","description_kind":"plain","optional":true},"compute_size":{"type":"string","description_kind":"plain","optional":true},"compute_status":{"nested_type":{"attributes":{"message":{"type":"string","description_kind":"plain","computed":true},"state":{"type":"string","description_kind":"plain","computed":true}},"nesting_mode":"single"},"description_kind":"plain","computed":true},"create_time":{"type":"string","description_kind":"plain","computed":true},"creator":{"type":"string","description_kind":"plain","computed":true},"default_source_code_path":{"type":"string","description_kind":"plain","computed":true},"description":{"type":"string","description_kind":"plain","optional":true},"effective_budget_policy_id":{"type":"string","description_kind":"plain","computed":true},"effective_user_api_scopes":{"type":["list","string"],"description_kind":"plain","computed":true},"id":{"type":"string","description_kind":"plain","computed":true},"name":{"type":"string","description_kind":"plain","required":true},"oauth2_app_client_id":{"type":"string","description_kind":"plain","computed":true},"oauth2_app_integration_id":{"type":"string","description_kind":"plain","computed":true},"pending_deployment":{"nested_type":{"attributes":{"create_time":{"type":"string","description_kind":"plain","computed":true},"creator":{"type":"string","description_kind":"plain","computed":true},"deployment_artifacts":{"nested_type":{"attributes":{"source_code_path":{"type":"string","description_kind":"plain","optional":true}},"nesting_mode":"single"},"description_kind":"plain","computed":true},"deployment_id":{"type":"string","description_kind":"plain","optional":true},"mode":{"type":"string","description_kind":"plain","optional":true},"source_code_path":{"type":"string","description_kind":"plain","optional":true},"status":{"nested_type":{"attributes":{"message":{"type":"string","description_kind":"plain","computed":true},"state":{"type":"string","description_kind":"plain","computed":true}},"nesting_mode":"single"},"description_kind":"plain","computed":true},"update_time":{"type":"string","description_kind":"plain","computed":true}},"nesting_mode":"single"},"description_kind":"plain","computed":true},"resources":{"nested_type":{"attributes":{"database":{"nested_type":{"attributes":{"database_name":{"type":"string","description_kind":"plain","required":true},"instance_name":{"type":"string","description_kind":"plain","required":true},"permission":{"type":"string","description_kind":"plain","required":true}},"nesting_mode":"single"},"description_kind":"plain","optional":true},"description":{"type":"string","description_kind":"plain","optional":true},"genie_space":{"nested_type":{"attributes":{"name":{"type":"string","description_kind":"plain","required":true},"permission":{"type":"string","description_kind":"plain","required":true},"space_id":{"type":"string","description_kind":"plain","required":true}},"nesting_mode":"single"},"description_kind":"plain","optional":true},"job":{"nested_type":{"attributes":{"id":{"type":"string","description_kind":"plain","required":true},"permission":{"type":"string","description_kind":"plain","required":true}},"nesting_mode":"single"},"description_kind":"plain","optional":true},"name":{"type":"string","description_kind":"plain","required":true},"secret":{"nested_type":{"attributes":{"key":{"type":"string","description_kind":"plain","required":true},"permission":{"type":"string","description_kind":"plain","required":true},"scope":{"type":"string","description_kind":"plain","required":true}},"nesting_mode":"single"},"description_kind":"plain","optional":true},"serving_endpoint":{"nested_type":{"attributes":{"name":{"type":"string","description_kind":"plain","required":true},"permission":{"type":"string","description_kind":"plain","required":true}},"nesting_mode":"single"},"description_kind":"plain","optional":true},"sql_warehouse":{"nested_type":{"attributes":{"id":{"type":"string","description_kind":"plain","required":true},"permission":{"type":"string","description_kind":"plain","required":true}},"nesting_mode":"single"},"description_kind":"plain","optional":true},"uc_securable":{"nested_type":{"attributes":{"permission":{"type":"string","description_kind":"plain","required":true},"securable_full_name":{"type":"string","description_kind":"plain","required":true},"securable_type":{"type":"string","description_kind":"plain","required":true}},"nesting_mode":"single"},"description_kind":"plain","optional":true}},"nesting_mode":"list"},"description_kind":"plain","optional":true},"service_principal_client_id":{"type":"string","description_kind":"plain","computed":true},"service_principal_id":{"type":"number","description_kind":"plain","computed":true},"service_principal_name":{"type":"string","description_kind":"plain","computed":true},"update_time":{"type":"string","description_kind":"plain","computed":true},"updater":{"type":"string","description_kind":"plain","computed":true},"url":{"type":"string","description_kind":"plain","computed":true},"user_api_scopes":{"type":["list","string"],"description_kind":"plain","optional":true}},"nesting_mode":"list"},"description_kind":"plain","computed":true},"provider_config":{"nested_type":{"attributes":{"workspace_id":{"type":"string","description_kind":"plain","required":true}},"nesting_mode":"single"},"description_kind":"plain","optional":true}},"description_kind":"plain"}},"databricks_apps_settings_custom_template":{"version":0,"block":{"attributes":{"creator":{"type":"string","description_kind":"plain","computed":true},"description":{"type":"string","description_kind":"plain","computed":true},"git_provider":{"type":"string","description_kind":"plain","computed":true},"git_repo":{"type":"string","description_kind":"plain","computed":true},"manifest":{"nested_type":{"attributes":{"description":{"type":"string","description_kind":"plain","optional":true},"name":{"type":"string","description_kind":"plain","required":true},"resource_specs":{"nested_type":{"attributes":{"description":{"type":"string","description_kind":"plain","optional":true},"job_spec":{"nested_type":{"attributes":{"permission":{"type":"string","description_kind":"plain","required":true}},"nesting_mode":"single"},"description_kind":"plain","optional":true},"name":{"type":"string","description_kind":"plain","required":true},"secret_spec":{"nested_type":{"attributes":{"permission":{"type":"string","description_kind":"plain","required":true}},"nesting_mode":"single"},"description_kind":"plain","optional":true},"serving_endpoint_spec":{"nested_type":{"attributes":{"permission":{"type":"string","description_kind":"plain","required":true}},"nesting_mode":"single"},"description_kind":"plain","optional":true},"sql_warehouse_spec":{"nested_type":{"attributes":{"permission":{"type":"string","description_kind":"plain","required":true}},"nesting_mode":"single"},"description_kind":"plain","optional":true},"uc_securable_spec":{"nested_type":{"attributes":{"permission":{"type":"string","description_kind":"plain","required":true},"securable_type":{"type":"string","description_kind":"plain","required":true}},"nesting_mode":"single"},"description_kind":"plain","optional":true}},"nesting_mode":"list"},"description_kind":"plain","optional":true},"version":{"type":"number","description_kind":"plain","required":true}},"nesting_mode":"single"},"description_kind":"plain","computed":true},"name":{"type":"string","description_kind":"plain","required":true},"path":{"type":"string","description_kind":"plain","computed":true}},"description":"Terraform schema for Databricks CustomTemplate","description_kind":"plain"}},"databricks_apps_settings_custom_templates":{"version":0,"block":{"attributes":{"page_size":{"type":"number","description_kind":"plain","optional":true},"templates":{"nested_type":{"attributes":{"creator":{"type":"string","description_kind":"plain","computed":true},"description":{"type":"string","description_kind":"plain","computed":true},"git_provider":{"type":"string","description_kind":"plain","computed":true},"git_repo":{"type":"string","description_kind":"plain","computed":true},"manifest":{"nested_type":{"attributes":{"description":{"type":"string","description_kind":"plain","optional":true},"name":{"type":"string","description_kind":"plain","required":true},"resource_specs":{"nested_type":{"attributes":{"description":{"type":"string","description_kind":"plain","optional":true},"job_spec":{"nested_type":{"attributes":{"permission":{"type":"string","description_kind":"plain","required":true}},"nesting_mode":"single"},"description_kind":"plain","optional":true},"name":{"type":"string","description_kind":"plain","required":true},"secret_spec":{"nested_type":{"attributes":{"permission":{"type":"string","description_kind":"plain","required":true}},"nesting_mode":"single"},"description_kind":"plain","optional":true},"serving_endpoint_spec":{"nested_type":{"attributes":{"permission":{"type":"string","description_kind":"plain","required":true}},"nesting_mode":"single"},"description_kind":"plain","optional":true},"sql_warehouse_spec":{"nested_type":{"attributes":{"permission":{"type":"string","description_kind":"plain","required":true}},"nesting_mode":"single"},"description_kind":"plain","optional":true},"uc_securable_spec":{"nested_type":{"attributes":{"permission":{"type":"string","description_kind":"plain","required":true},"securable_type":{"type":"string","description_kind":"plain","required":true}},"nesting_mode":"single"},"description_kind":"plain","optional":true}},"nesting_mode":"list"},"description_kind":"plain","optional":true},"version":{"type":"number","description_kind":"plain","required":true}},"nesting_mode":"single"},"description_kind":"plain","computed":true},"name":{"type":"string","description_kind":"plain","required":true},"path":{"type":"string","description_kind":"plain","computed":true}},"nesting_mode":"list"},"description_kind":"plain","computed":true}},"description":"Terraform schema for Databricks CustomTemplate","description_kind":"plain"}},"databricks_aws_assume_role_policy":{"version":0,"block":{"attributes":{"aws_partition":{"type":"string","description_kind":"plain","optional":true},"databricks_account_id":{"type":"string","description_kind":"plain","deprecated":true,"optional":true},"external_id":{"type":"string","description_kind":"plain","required":true},"for_log_delivery":{"type":"bool","description":"Grant AssumeRole to Databricks SaasUsageDeliveryRole instead of root account","description_kind":"plain","optional":true},"id":{"type":"string","description_kind":"plain","optional":true,"computed":true},"json":{"type":"string","description_kind":"plain","computed":true}},"description_kind":"plain"}},"databricks_aws_bucket_policy":{"version":0,"block":{"attributes":{"aws_partition":{"type":"string","description_kind":"plain","optional":true},"bucket":{"type":"string","description_kind":"plain","required":true},"databricks_account_id":{"type":"string","description_kind":"plain","deprecated":true,"optional":true},"databricks_e2_account_id":{"type":"string","description_kind":"plain","optional":true},"full_access_role":{"type":"string","description_kind":"plain","optional":true},"id":{"type":"string","description_kind":"plain","optional":true,"computed":true},"json":{"type":"string","description_kind":"plain","computed":true}},"description_kind":"plain"}},"databricks_aws_crossaccount_policy":{"version":0,"block":{"attributes":{"aws_account_id":{"type":"string","description_kind":"plain","optional":true},"aws_partition":{"type":"string","description_kind":"plain","optional":true},"id":{"type":"string","description_kind":"plain","optional":true,"computed":true},"json":{"type":"string","description_kind":"plain","computed":true},"pass_roles":{"type":["list","string"],"description_kind":"plain","optional":true},"policy_type":{"type":"string","description_kind":"plain","optional":true},"region":{"type":"string","description_kind":"plain","optional":true},"security_group_id":{"type":"string","description_kind":"plain","optional":true},"vpc_id":{"type":"string","description_kind":"plain","optional":true}},"description_kind":"plain"}},"databricks_aws_unity_catalog_assume_role_policy":{"version":0,"block":{"attributes":{"aws_account_id":{"type":"string","description_kind":"plain","required":true},"aws_partition":{"type":"string","description_kind":"plain","optional":true},"external_id":{"type":"string","description_kind":"plain","required":true},"id":{"type":"string","description_kind":"plain","computed":true},"json":{"type":"string","description_kind":"plain","computed":true},"role_name":{"type":"string","description_kind":"plain","required":true},"unity_catalog_iam_arn":{"type":"string","description_kind":"plain","optional":true,"computed":true}},"description_kind":"plain"}},"databricks_aws_unity_catalog_policy":{"version":0,"block":{"attributes":{"aws_account_id":{"type":"string","description_kind":"plain","required":true},"aws_partition":{"type":"string","description_kind":"plain","optional":true},"bucket_name":{"type":"string","description_kind":"plain","required":true},"id":{"type":"string","description_kind":"plain","optional":true,"computed":true},"json":{"type":"string","description_kind":"plain","computed":true},"kms_name":{"type":"string","description_kind":"plain","optional":true},"role_name":{"type":"string","description_kind":"plain","required":true}},"description_kind":"plain"}},"databricks_budget_policies":{"version":0,"block":{"attributes":{"filter_by":{"nested_type":{"attributes":{"creator_user_id":{"type":"number","description_kind":"plain","optional":true},"creator_user_name":{"type":"string","description_kind":"plain","optional":true},"policy_name":{"type":"string","description_kind":"plain","optional":true}},"nesting_mode":"single"},"description_kind":"plain","optional":true},"page_size":{"type":"number","description_kind":"plain","optional":true},"policies":{"nested_type":{"attributes":{"binding_workspace_ids":{"type":["list","number"],"description_kind":"plain","computed":true},"custom_tags":{"nested_type":{"attributes":{"key":{"type":"string","description_kind":"plain","required":true},"value":{"type":"string","description_kind":"plain","optional":true}},"nesting_mode":"list"},"description_kind":"plain","computed":true},"policy_id":{"type":"string","description_kind":"plain","required":true},"policy_name":{"type":"string","description_kind":"plain","computed":true}},"nesting_mode":"list"},"description_kind":"plain","computed":true},"sort_spec":{"nested_type":{"attributes":{"descending":{"type":"bool","description_kind":"plain","optional":true},"field":{"type":"string","description_kind":"plain","optional":true}},"nesting_mode":"single"},"description_kind":"plain","optional":true}},"description":"Terraform schema for Databricks BudgetPolicy","description_kind":"plain"}},"databricks_budget_policy":{"version":0,"block":{"attributes":{"binding_workspace_ids":{"type":["list","number"],"description_kind":"plain","computed":true},"custom_tags":{"nested_type":{"attributes":{"key":{"type":"string","description_kind":"plain","required":true},"value":{"type":"string","description_kind":"plain","optional":true}},"nesting_mode":"list"},"description_kind":"plain","computed":true},"policy_id":{"type":"string","description_kind":"plain","required":true},"policy_name":{"type":"string","description_kind":"plain","computed":true}},"description":"Terraform schema for Databricks BudgetPolicy","description_kind":"plain"}},"databricks_catalog":{"version":0,"block":{"attributes":{"id":{"type":"string","description_kind":"plain","optional":true,"computed":true},"name":{"type":"string","description_kind":"plain","required":true}},"block_types":{"catalog_info":{"nesting_mode":"list","block":{"attributes":{"browse_only":{"type":"bool","description_kind":"plain","optional":true},"catalog_type":{"type":"string","description_kind":"plain","optional":true},"comment":{"type":"string","description_kind":"plain","optional":true},"connection_name":{"type":"string","description_kind":"plain","optional":true},"created_at":{"type":"number","description_kind":"plain","optional":true},"created_by":{"type":"string","description_kind":"plain","optional":true},"enable_predictive_optimization":{"type":"string","description_kind":"plain","optional":true},"full_name":{"type":"string","description_kind":"plain","optional":true},"isolation_mode":{"type":"string","description_kind":"plain","optional":true},"metastore_id":{"type":"string","description_kind":"plain","optional":true},"name":{"type":"string","description_kind":"plain","optional":true},"options":{"type":["map","string"],"description_kind":"plain","optional":true},"owner":{"type":"string","description_kind":"plain","optional":true},"properties":{"type":["map","string"],"description_kind":"plain","optional":true},"provider_name":{"type":"string","description_kind":"plain","optional":true},"securable_type":{"type":"string","description_kind":"plain","optional":true},"share_name":{"type":"string","description_kind":"plain","optional":true},"storage_location":{"type":"string","description_kind":"plain","optional":true},"storage_root":{"type":"string","description_kind":"plain","optional":true},"updated_at":{"type":"number","description_kind":"plain","optional":true},"updated_by":{"type":"string","description_kind":"plain","optional":true}},"block_types":{"effective_predictive_optimization_flag":{"nesting_mode":"list","block":{"attributes":{"inherited_from_name":{"type":"string","description_kind":"plain","optional":true},"inherited_from_type":{"type":"string","description_kind":"plain","optional":true},"value":{"type":"string","description_kind":"plain","required":true}},"description_kind":"plain"},"max_items":1},"provisioning_info":{"nesting_mode":"list","block":{"attributes":{"state":{"type":"string","description_kind":"plain","optional":true}},"description_kind":"plain"},"max_items":1}},"description_kind":"plain"},"max_items":1},"provider_config":{"nesting_mode":"list","block":{"attributes":{"workspace_id":{"type":"string","description_kind":"plain","required":true}},"description_kind":"plain"},"max_items":1}},"description_kind":"plain"}},"databricks_catalogs":{"version":0,"block":{"attributes":{"id":{"type":"string","description_kind":"plain","optional":true,"computed":true},"ids":{"type":["set","string"],"description_kind":"plain","optional":true,"computed":true}},"block_types":{"provider_config":{"nesting_mode":"list","block":{"attributes":{"workspace_id":{"type":"string","description_kind":"plain","required":true}},"description_kind":"plain"},"max_items":1}},"description_kind":"plain"}},"databricks_cluster":{"version":4,"block":{"attributes":{"cluster_id":{"type":"string","description_kind":"plain","optional":true,"computed":true},"cluster_name":{"type":"string","description_kind":"plain","optional":true,"computed":true},"id":{"type":"string","description_kind":"plain","optional":true,"computed":true}},"block_types":{"cluster_info":{"nesting_mode":"list","block":{"attributes":{"autotermination_minutes":{"type":"number","description_kind":"plain","optional":true},"cluster_cores":{"type":"number","description_kind":"plain","optional":true},"cluster_id":{"type":"string","description_kind":"plain","optional":true},"cluster_memory_mb":{"type":"number","description_kind":"plain","optional":true},"cluster_name":{"type":"string","description_kind":"plain","optional":true},"cluster_source":{"type":"string","description_kind":"plain","optional":true},"creator_user_name":{"type":"string","description_kind":"plain","optional":true},"custom_tags":{"type":["map","string"],"description_kind":"plain","optional":true},"data_security_mode":{"type":"string","description_kind":"plain","optional":true},"default_tags":{"type":["map","string"],"description_kind":"plain","optional":true},"driver_instance_pool_id":{"type":"string","description_kind":"plain","optional":true},"driver_node_type_id":{"type":"string","description_kind":"plain","optional":true},"enable_elastic_disk":{"type":"bool","description_kind":"plain","optional":true},"enable_local_disk_encryption":{"type":"bool","description_kind":"plain","optional":true},"instance_pool_id":{"type":"string","description_kind":"plain","optional":true},"is_single_node":{"type":"bool","description_kind":"plain","optional":true},"jdbc_port":{"type":"number","description_kind":"plain","optional":true},"kind":{"type":"string","description_kind":"plain","optional":true},"last_restarted_time":{"type":"number","description_kind":"plain","optional":true},"last_state_loss_time":{"type":"number","description_kind":"plain","optional":true},"node_type_id":{"type":"string","description_kind":"plain","optional":true},"num_workers":{"type":"number","description_kind":"plain","optional":true},"policy_id":{"type":"string","description_kind":"plain","optional":true},"remote_disk_throughput":{"type":"number","description_kind":"plain","optional":true},"runtime_engine":{"type":"string","description_kind":"plain","optional":true},"single_user_name":{"type":"string","description_kind":"plain","optional":true},"spark_conf":{"type":["map","string"],"description_kind":"plain","optional":true},"spark_context_id":{"type":"number","description_kind":"plain","optional":true},"spark_env_vars":{"type":["map","string"],"description_kind":"plain","optional":true},"spark_version":{"type":"string","description_kind":"plain","optional":true},"ssh_public_keys":{"type":["list","string"],"description_kind":"plain","optional":true},"start_time":{"type":"number","description_kind":"plain","optional":true},"state":{"type":"string","description_kind":"plain","optional":true},"state_message":{"type":"string","description_kind":"plain","optional":true},"terminated_time":{"type":"number","description_kind":"plain","optional":true},"total_initial_remote_disk_size":{"type":"number","description_kind":"plain","optional":true},"use_ml_runtime":{"type":"bool","description_kind":"plain","optional":true}},"block_types":{"autoscale":{"nesting_mode":"list","block":{"attributes":{"max_workers":{"type":"number","description_kind":"plain","optional":true},"min_workers":{"type":"number","description_kind":"plain","optional":true}},"description_kind":"plain"},"max_items":1},"aws_attributes":{"nesting_mode":"list","block":{"attributes":{"availability":{"type":"string","description_kind":"plain","optional":true},"ebs_volume_count":{"type":"number","description_kind":"plain","optional":true},"ebs_volume_iops":{"type":"number","description_kind":"plain","optional":true},"ebs_volume_size":{"type":"number","description_kind":"plain","optional":true},"ebs_volume_throughput":{"type":"number","description_kind":"plain","optional":true},"ebs_volume_type":{"type":"string","description_kind":"plain","optional":true},"first_on_demand":{"type":"number","description_kind":"plain","optional":true},"instance_profile_arn":{"type":"string","description_kind":"plain","optional":true},"spot_bid_price_percent":{"type":"number","description_kind":"plain","optional":true},"zone_id":{"type":"string","description_kind":"plain","optional":true}},"description_kind":"plain"},"max_items":1},"azure_attributes":{"nesting_mode":"list","block":{"attributes":{"availability":{"type":"string","description_kind":"plain","optional":true},"first_on_demand":{"type":"number","description_kind":"plain","optional":true},"spot_bid_max_price":{"type":"number","description_kind":"plain","optional":true}},"block_types":{"log_analytics_info":{"nesting_mode":"list","block":{"attributes":{"log_analytics_primary_key":{"type":"string","description_kind":"plain","optional":true},"log_analytics_workspace_id":{"type":"string","description_kind":"plain","optional":true}},"description_kind":"plain"},"max_items":1}},"description_kind":"plain"},"max_items":1},"cluster_log_conf":{"nesting_mode":"list","block":{"block_types":{"dbfs":{"nesting_mode":"list","block":{"attributes":{"destination":{"type":"string","description_kind":"plain","required":true}},"description_kind":"plain"},"max_items":1},"s3":{"nesting_mode":"list","block":{"attributes":{"canned_acl":{"type":"string","description_kind":"plain","optional":true},"destination":{"type":"string","description_kind":"plain","required":true},"enable_encryption":{"type":"bool","description_kind":"plain","optional":true},"encryption_type":{"type":"string","description_kind":"plain","optional":true},"endpoint":{"type":"string","description_kind":"plain","optional":true},"kms_key":{"type":"string","description_kind":"plain","optional":true},"region":{"type":"string","description_kind":"plain","optional":true}},"description_kind":"plain"},"max_items":1},"volumes":{"nesting_mode":"list","block":{"attributes":{"destination":{"type":"string","description_kind":"plain","required":true}},"description_kind":"plain"},"max_items":1}},"description_kind":"plain"},"max_items":1},"cluster_log_status":{"nesting_mode":"list","block":{"attributes":{"last_attempted":{"type":"number","description_kind":"plain","optional":true},"last_exception":{"type":"string","description_kind":"plain","optional":true}},"description_kind":"plain"},"max_items":1},"docker_image":{"nesting_mode":"list","block":{"attributes":{"url":{"type":"string","description_kind":"plain","optional":true}},"block_types":{"basic_auth":{"nesting_mode":"list","block":{"attributes":{"password":{"type":"string","description_kind":"plain","optional":true},"username":{"type":"string","description_kind":"plain","optional":true}},"description_kind":"plain"},"max_items":1}},"description_kind":"plain"},"max_items":1},"driver":{"nesting_mode":"list","block":{"attributes":{"host_private_ip":{"type":"string","description_kind":"plain","optional":true},"instance_id":{"type":"string","description_kind":"plain","optional":true},"node_id":{"type":"string","description_kind":"plain","optional":true},"private_ip":{"type":"string","description_kind":"plain","optional":true},"public_dns":{"type":"string","description_kind":"plain","optional":true},"start_timestamp":{"type":"number","description_kind":"plain","optional":true}},"block_types":{"node_aws_attributes":{"nesting_mode":"list","block":{"attributes":{"is_spot":{"type":"bool","description_kind":"plain","optional":true}},"description_kind":"plain"},"max_items":1}},"description_kind":"plain"},"max_items":1},"executors":{"nesting_mode":"list","block":{"attributes":{"host_private_ip":{"type":"string","description_kind":"plain","optional":true},"instance_id":{"type":"string","description_kind":"plain","optional":true},"node_id":{"type":"string","description_kind":"plain","optional":true},"private_ip":{"type":"string","description_kind":"plain","optional":true},"public_dns":{"type":"string","description_kind":"plain","optional":true},"start_timestamp":{"type":"number","description_kind":"plain","optional":true}},"block_types":{"node_aws_attributes":{"nesting_mode":"list","block":{"attributes":{"is_spot":{"type":"bool","description_kind":"plain","optional":true}},"description_kind":"plain"},"max_items":1}},"description_kind":"plain"}},"gcp_attributes":{"nesting_mode":"list","block":{"attributes":{"availability":{"type":"string","description_kind":"plain","optional":true},"boot_disk_size":{"type":"number","description_kind":"plain","optional":true},"first_on_demand":{"type":"number","description_kind":"plain","optional":true},"google_service_account":{"type":"string","description_kind":"plain","optional":true},"local_ssd_count":{"type":"number","description_kind":"plain","optional":true},"use_preemptible_executors":{"type":"bool","description_kind":"plain","optional":true},"zone_id":{"type":"string","description_kind":"plain","optional":true}},"description_kind":"plain"},"max_items":1},"init_scripts":{"nesting_mode":"list","block":{"block_types":{"abfss":{"nesting_mode":"list","block":{"attributes":{"destination":{"type":"string","description_kind":"plain","required":true}},"description_kind":"plain"},"max_items":1},"dbfs":{"nesting_mode":"list","block":{"attributes":{"destination":{"type":"string","description_kind":"plain","required":true}},"description_kind":"plain"},"max_items":1},"file":{"nesting_mode":"list","block":{"attributes":{"destination":{"type":"string","description_kind":"plain","required":true}},"description_kind":"plain"},"max_items":1},"gcs":{"nesting_mode":"list","block":{"attributes":{"destination":{"type":"string","description_kind":"plain","required":true}},"description_kind":"plain"},"max_items":1},"s3":{"nesting_mode":"list","block":{"attributes":{"canned_acl":{"type":"string","description_kind":"plain","optional":true},"destination":{"type":"string","description_kind":"plain","required":true},"enable_encryption":{"type":"bool","description_kind":"plain","optional":true},"encryption_type":{"type":"string","description_kind":"plain","optional":true},"endpoint":{"type":"string","description_kind":"plain","optional":true},"kms_key":{"type":"string","description_kind":"plain","optional":true},"region":{"type":"string","description_kind":"plain","optional":true}},"description_kind":"plain"},"max_items":1},"volumes":{"nesting_mode":"list","block":{"attributes":{"destination":{"type":"string","description_kind":"plain","required":true}},"description_kind":"plain"},"max_items":1},"workspace":{"nesting_mode":"list","block":{"attributes":{"destination":{"type":"string","description_kind":"plain","required":true}},"description_kind":"plain"},"max_items":1}},"description_kind":"plain"}},"spec":{"nesting_mode":"list","block":{"attributes":{"apply_policy_default_values":{"type":"bool","description_kind":"plain","optional":true},"cluster_id":{"type":"string","description_kind":"plain","computed":true},"cluster_name":{"type":"string","description_kind":"plain","optional":true},"custom_tags":{"type":["map","string"],"description_kind":"plain","optional":true},"data_security_mode":{"type":"string","description_kind":"plain","optional":true},"driver_instance_pool_id":{"type":"string","description_kind":"plain","optional":true,"computed":true},"driver_node_type_id":{"type":"string","description_kind":"plain","optional":true,"computed":true},"enable_elastic_disk":{"type":"bool","description_kind":"plain","optional":true,"computed":true},"enable_local_disk_encryption":{"type":"bool","description_kind":"plain","optional":true,"computed":true},"idempotency_token":{"type":"string","description_kind":"plain","optional":true},"instance_pool_id":{"type":"string","description_kind":"plain","optional":true},"is_single_node":{"type":"bool","description_kind":"plain","optional":true},"kind":{"type":"string","description_kind":"plain","optional":true},"node_type_id":{"type":"string","description_kind":"plain","optional":true,"computed":true},"num_workers":{"type":"number","description_kind":"plain","optional":true},"policy_id":{"type":"string","description_kind":"plain","optional":true},"remote_disk_throughput":{"type":"number","description_kind":"plain","optional":true},"runtime_engine":{"type":"string","description_kind":"plain","optional":true},"single_user_name":{"type":"string","description_kind":"plain","optional":true},"spark_conf":{"type":["map","string"],"description_kind":"plain","optional":true},"spark_env_vars":{"type":["map","string"],"description_kind":"plain","optional":true},"spark_version":{"type":"string","description_kind":"plain","optional":true},"ssh_public_keys":{"type":["list","string"],"description_kind":"plain","optional":true},"total_initial_remote_disk_size":{"type":"number","description_kind":"plain","optional":true},"use_ml_runtime":{"type":"bool","description_kind":"plain","optional":true}},"block_types":{"autoscale":{"nesting_mode":"list","block":{"attributes":{"max_workers":{"type":"number","description_kind":"plain","optional":true},"min_workers":{"type":"number","description_kind":"plain","optional":true}},"description_kind":"plain"},"max_items":1},"aws_attributes":{"nesting_mode":"list","block":{"attributes":{"availability":{"type":"string","description_kind":"plain","optional":true},"ebs_volume_count":{"type":"number","description_kind":"plain","optional":true},"ebs_volume_iops":{"type":"number","description_kind":"plain","optional":true},"ebs_volume_size":{"type":"number","description_kind":"plain","optional":true},"ebs_volume_throughput":{"type":"number","description_kind":"plain","optional":true},"ebs_volume_type":{"type":"string","description_kind":"plain","optional":true},"first_on_demand":{"type":"number","description_kind":"plain","optional":true},"instance_profile_arn":{"type":"string","description_kind":"plain","optional":true},"spot_bid_price_percent":{"type":"number","description_kind":"plain","optional":true},"zone_id":{"type":"string","description_kind":"plain","optional":true}},"description_kind":"plain"},"max_items":1},"azure_attributes":{"nesting_mode":"list","block":{"attributes":{"availability":{"type":"string","description_kind":"plain","optional":true},"first_on_demand":{"type":"number","description_kind":"plain","optional":true},"spot_bid_max_price":{"type":"number","description_kind":"plain","optional":true}},"block_types":{"log_analytics_info":{"nesting_mode":"list","block":{"attributes":{"log_analytics_primary_key":{"type":"string","description_kind":"plain","optional":true},"log_analytics_workspace_id":{"type":"string","description_kind":"plain","optional":true}},"description_kind":"plain"},"max_items":1}},"description_kind":"plain"},"max_items":1},"cluster_log_conf":{"nesting_mode":"list","block":{"block_types":{"dbfs":{"nesting_mode":"list","block":{"attributes":{"destination":{"type":"string","description_kind":"plain","required":true}},"description_kind":"plain"},"max_items":1},"s3":{"nesting_mode":"list","block":{"attributes":{"canned_acl":{"type":"string","description_kind":"plain","optional":true},"destination":{"type":"string","description_kind":"plain","required":true},"enable_encryption":{"type":"bool","description_kind":"plain","optional":true},"encryption_type":{"type":"string","description_kind":"plain","optional":true},"endpoint":{"type":"string","description_kind":"plain","optional":true},"kms_key":{"type":"string","description_kind":"plain","optional":true},"region":{"type":"string","description_kind":"plain","optional":true}},"description_kind":"plain"},"max_items":1},"volumes":{"nesting_mode":"list","block":{"attributes":{"destination":{"type":"string","description_kind":"plain","required":true}},"description_kind":"plain"},"max_items":1}},"description_kind":"plain"},"max_items":1},"cluster_mount_info":{"nesting_mode":"list","block":{"attributes":{"local_mount_dir_path":{"type":"string","description_kind":"plain","required":true},"remote_mount_dir_path":{"type":"string","description_kind":"plain","optional":true}},"block_types":{"network_filesystem_info":{"nesting_mode":"list","block":{"attributes":{"mount_options":{"type":"string","description_kind":"plain","optional":true},"server_address":{"type":"string","description_kind":"plain","required":true}},"description_kind":"plain"},"min_items":1,"max_items":1}},"description_kind":"plain"}},"docker_image":{"nesting_mode":"list","block":{"attributes":{"url":{"type":"string","description_kind":"plain","required":true}},"block_types":{"basic_auth":{"nesting_mode":"list","block":{"attributes":{"password":{"type":"string","description_kind":"plain","required":true,"sensitive":true},"username":{"type":"string","description_kind":"plain","required":true}},"description_kind":"plain"},"max_items":1}},"description_kind":"plain"},"max_items":1},"gcp_attributes":{"nesting_mode":"list","block":{"attributes":{"availability":{"type":"string","description_kind":"plain","optional":true},"boot_disk_size":{"type":"number","description_kind":"plain","optional":true},"first_on_demand":{"type":"number","description_kind":"plain","optional":true},"google_service_account":{"type":"string","description_kind":"plain","optional":true},"local_ssd_count":{"type":"number","description_kind":"plain","optional":true},"use_preemptible_executors":{"type":"bool","description_kind":"plain","optional":true},"zone_id":{"type":"string","description_kind":"plain","optional":true}},"description_kind":"plain"},"max_items":1},"init_scripts":{"nesting_mode":"list","block":{"block_types":{"abfss":{"nesting_mode":"list","block":{"attributes":{"destination":{"type":"string","description_kind":"plain","required":true}},"description_kind":"plain"},"max_items":1},"dbfs":{"nesting_mode":"list","block":{"attributes":{"destination":{"type":"string","description_kind":"plain","required":true}},"description_kind":"plain","deprecated":true},"max_items":1},"file":{"nesting_mode":"list","block":{"attributes":{"destination":{"type":"string","description_kind":"plain","required":true}},"description_kind":"plain"},"max_items":1},"gcs":{"nesting_mode":"list","block":{"attributes":{"destination":{"type":"string","description_kind":"plain","required":true}},"description_kind":"plain"},"max_items":1},"s3":{"nesting_mode":"list","block":{"attributes":{"canned_acl":{"type":"string","description_kind":"plain","optional":true},"destination":{"type":"string","description_kind":"plain","required":true},"enable_encryption":{"type":"bool","description_kind":"plain","optional":true},"encryption_type":{"type":"string","description_kind":"plain","optional":true},"endpoint":{"type":"string","description_kind":"plain","optional":true},"kms_key":{"type":"string","description_kind":"plain","optional":true},"region":{"type":"string","description_kind":"plain","optional":true}},"description_kind":"plain"},"max_items":1},"volumes":{"nesting_mode":"list","block":{"attributes":{"destination":{"type":"string","description_kind":"plain","required":true}},"description_kind":"plain"},"max_items":1},"workspace":{"nesting_mode":"list","block":{"attributes":{"destination":{"type":"string","description_kind":"plain","required":true}},"description_kind":"plain"},"max_items":1}},"description_kind":"plain"},"max_items":10},"library":{"nesting_mode":"set","block":{"attributes":{"egg":{"type":"string","description_kind":"plain","deprecated":true,"optional":true},"jar":{"type":"string","description_kind":"plain","optional":true},"requirements":{"type":"string","description_kind":"plain","optional":true},"whl":{"type":"string","description_kind":"plain","optional":true}},"block_types":{"cran":{"nesting_mode":"list","block":{"attributes":{"package":{"type":"string","description_kind":"plain","required":true},"repo":{"type":"string","description_kind":"plain","optional":true}},"description_kind":"plain"},"max_items":1},"maven":{"nesting_mode":"list","block":{"attributes":{"coordinates":{"type":"string","description_kind":"plain","required":true},"exclusions":{"type":["list","string"],"description_kind":"plain","optional":true},"repo":{"type":"string","description_kind":"plain","optional":true}},"description_kind":"plain"},"max_items":1},"provider_config":{"nesting_mode":"list","block":{"attributes":{"workspace_id":{"type":"string","description_kind":"plain","required":true}},"description_kind":"plain"},"max_items":1},"pypi":{"nesting_mode":"list","block":{"attributes":{"package":{"type":"string","description_kind":"plain","required":true},"repo":{"type":"string","description_kind":"plain","optional":true}},"description_kind":"plain"},"max_items":1}},"description_kind":"plain"}},"provider_config":{"nesting_mode":"list","block":{"attributes":{"workspace_id":{"type":"string","description_kind":"plain","required":true}},"description_kind":"plain"},"max_items":1},"workload_type":{"nesting_mode":"list","block":{"block_types":{"clients":{"nesting_mode":"list","block":{"attributes":{"jobs":{"type":"bool","description_kind":"plain","optional":true},"notebooks":{"type":"bool","description_kind":"plain","optional":true}},"description_kind":"plain"},"min_items":1,"max_items":1}},"description_kind":"plain"},"max_items":1}},"description_kind":"plain"},"max_items":1},"termination_reason":{"nesting_mode":"list","block":{"attributes":{"code":{"type":"string","description_kind":"plain","optional":true},"parameters":{"type":["map","string"],"description_kind":"plain","optional":true},"type":{"type":"string","description_kind":"plain","optional":true}},"description_kind":"plain"},"max_items":1},"workload_type":{"nesting_mode":"list","block":{"block_types":{"clients":{"nesting_mode":"list","block":{"attributes":{"jobs":{"type":"bool","description_kind":"plain","optional":true},"notebooks":{"type":"bool","description_kind":"plain","optional":true}},"description_kind":"plain"},"min_items":1,"max_items":1}},"description_kind":"plain"},"max_items":1}},"description_kind":"plain"},"max_items":1},"provider_config":{"nesting_mode":"list","block":{"attributes":{"workspace_id":{"type":"string","description_kind":"plain","required":true}},"description_kind":"plain"},"max_items":1}},"description_kind":"plain"}},"databricks_cluster_pluginframework":{"version":0,"block":{"attributes":{"cluster_id":{"type":"string","description_kind":"plain","optional":true,"computed":true},"cluster_info":{"nested_type":{"attributes":{"autoscale":{"nested_type":{"attributes":{"max_workers":{"type":"number","description_kind":"plain","optional":true},"min_workers":{"type":"number","description_kind":"plain","optional":true}},"nesting_mode":"list"},"description_kind":"plain","optional":true},"autotermination_minutes":{"type":"number","description_kind":"plain","optional":true},"aws_attributes":{"nested_type":{"attributes":{"availability":{"type":"string","description_kind":"plain","optional":true},"ebs_volume_count":{"type":"number","description_kind":"plain","optional":true},"ebs_volume_iops":{"type":"number","description_kind":"plain","optional":true},"ebs_volume_size":{"type":"number","description_kind":"plain","optional":true},"ebs_volume_throughput":{"type":"number","description_kind":"plain","optional":true},"ebs_volume_type":{"type":"string","description_kind":"plain","optional":true},"first_on_demand":{"type":"number","description_kind":"plain","optional":true},"instance_profile_arn":{"type":"string","description_kind":"plain","optional":true},"spot_bid_price_percent":{"type":"number","description_kind":"plain","optional":true},"zone_id":{"type":"string","description_kind":"plain","optional":true}},"nesting_mode":"list"},"description_kind":"plain","optional":true},"azure_attributes":{"nested_type":{"attributes":{"availability":{"type":"string","description_kind":"plain","optional":true},"first_on_demand":{"type":"number","description_kind":"plain","optional":true},"log_analytics_info":{"nested_type":{"attributes":{"log_analytics_primary_key":{"type":"string","description_kind":"plain","optional":true},"log_analytics_workspace_id":{"type":"string","description_kind":"plain","optional":true}},"nesting_mode":"list"},"description_kind":"plain","optional":true},"spot_bid_max_price":{"type":"number","description_kind":"plain","optional":true}},"nesting_mode":"list"},"description_kind":"plain","optional":true},"cluster_cores":{"type":"number","description_kind":"plain","optional":true},"cluster_id":{"type":"string","description_kind":"plain","optional":true},"cluster_log_conf":{"nested_type":{"attributes":{"dbfs":{"nested_type":{"attributes":{"destination":{"type":"string","description_kind":"plain","required":true}},"nesting_mode":"list"},"description_kind":"plain","optional":true},"s3":{"nested_type":{"attributes":{"canned_acl":{"type":"string","description_kind":"plain","optional":true},"destination":{"type":"string","description_kind":"plain","required":true},"enable_encryption":{"type":"bool","description_kind":"plain","optional":true},"encryption_type":{"type":"string","description_kind":"plain","optional":true},"endpoint":{"type":"string","description_kind":"plain","optional":true},"kms_key":{"type":"string","description_kind":"plain","optional":true},"region":{"type":"string","description_kind":"plain","optional":true}},"nesting_mode":"list"},"description_kind":"plain","optional":true},"volumes":{"nested_type":{"attributes":{"destination":{"type":"string","description_kind":"plain","required":true}},"nesting_mode":"list"},"description_kind":"plain","optional":true}},"nesting_mode":"list"},"description_kind":"plain","optional":true},"cluster_log_status":{"nested_type":{"attributes":{"last_attempted":{"type":"number","description_kind":"plain","optional":true},"last_exception":{"type":"string","description_kind":"plain","optional":true}},"nesting_mode":"list"},"description_kind":"plain","optional":true},"cluster_memory_mb":{"type":"number","description_kind":"plain","optional":true},"cluster_name":{"type":"string","description_kind":"plain","optional":true},"cluster_source":{"type":"string","description_kind":"plain","optional":true},"creator_user_name":{"type":"string","description_kind":"plain","optional":true},"custom_tags":{"type":["map","string"],"description_kind":"plain","optional":true},"data_security_mode":{"type":"string","description_kind":"plain","optional":true},"default_tags":{"type":["map","string"],"description_kind":"plain","optional":true},"docker_image":{"nested_type":{"attributes":{"basic_auth":{"nested_type":{"attributes":{"password":{"type":"string","description_kind":"plain","optional":true},"username":{"type":"string","description_kind":"plain","optional":true}},"nesting_mode":"list"},"description_kind":"plain","optional":true},"url":{"type":"string","description_kind":"plain","optional":true}},"nesting_mode":"list"},"description_kind":"plain","optional":true},"driver":{"nested_type":{"attributes":{"host_private_ip":{"type":"string","description_kind":"plain","optional":true},"instance_id":{"type":"string","description_kind":"plain","optional":true},"node_aws_attributes":{"nested_type":{"attributes":{"is_spot":{"type":"bool","description_kind":"plain","optional":true}},"nesting_mode":"list"},"description_kind":"plain","optional":true},"node_id":{"type":"string","description_kind":"plain","optional":true},"private_ip":{"type":"string","description_kind":"plain","optional":true},"public_dns":{"type":"string","description_kind":"plain","optional":true},"start_timestamp":{"type":"number","description_kind":"plain","optional":true}},"nesting_mode":"list"},"description_kind":"plain","optional":true},"driver_instance_pool_id":{"type":"string","description_kind":"plain","optional":true},"driver_node_type_id":{"type":"string","description_kind":"plain","optional":true},"enable_elastic_disk":{"type":"bool","description_kind":"plain","optional":true},"enable_local_disk_encryption":{"type":"bool","description_kind":"plain","optional":true},"executors":{"nested_type":{"attributes":{"host_private_ip":{"type":"string","description_kind":"plain","optional":true},"instance_id":{"type":"string","description_kind":"plain","optional":true},"node_aws_attributes":{"nested_type":{"attributes":{"is_spot":{"type":"bool","description_kind":"plain","optional":true}},"nesting_mode":"list"},"description_kind":"plain","optional":true},"node_id":{"type":"string","description_kind":"plain","optional":true},"private_ip":{"type":"string","description_kind":"plain","optional":true},"public_dns":{"type":"string","description_kind":"plain","optional":true},"start_timestamp":{"type":"number","description_kind":"plain","optional":true}},"nesting_mode":"list"},"description_kind":"plain","optional":true},"gcp_attributes":{"nested_type":{"attributes":{"availability":{"type":"string","description_kind":"plain","optional":true},"boot_disk_size":{"type":"number","description_kind":"plain","optional":true},"first_on_demand":{"type":"number","description_kind":"plain","optional":true},"google_service_account":{"type":"string","description_kind":"plain","optional":true},"local_ssd_count":{"type":"number","description_kind":"plain","optional":true},"use_preemptible_executors":{"type":"bool","description_kind":"plain","optional":true},"zone_id":{"type":"string","description_kind":"plain","optional":true}},"nesting_mode":"list"},"description_kind":"plain","optional":true},"init_scripts":{"nested_type":{"attributes":{"abfss":{"nested_type":{"attributes":{"destination":{"type":"string","description_kind":"plain","required":true}},"nesting_mode":"list"},"description_kind":"plain","optional":true},"dbfs":{"nested_type":{"attributes":{"destination":{"type":"string","description_kind":"plain","required":true}},"nesting_mode":"list"},"description_kind":"plain","optional":true},"file":{"nested_type":{"attributes":{"destination":{"type":"string","description_kind":"plain","required":true}},"nesting_mode":"list"},"description_kind":"plain","optional":true},"gcs":{"nested_type":{"attributes":{"destination":{"type":"string","description_kind":"plain","required":true}},"nesting_mode":"list"},"description_kind":"plain","optional":true},"s3":{"nested_type":{"attributes":{"canned_acl":{"type":"string","description_kind":"plain","optional":true},"destination":{"type":"string","description_kind":"plain","required":true},"enable_encryption":{"type":"bool","description_kind":"plain","optional":true},"encryption_type":{"type":"string","description_kind":"plain","optional":true},"endpoint":{"type":"string","description_kind":"plain","optional":true},"kms_key":{"type":"string","description_kind":"plain","optional":true},"region":{"type":"string","description_kind":"plain","optional":true}},"nesting_mode":"list"},"description_kind":"plain","optional":true},"volumes":{"nested_type":{"attributes":{"destination":{"type":"string","description_kind":"plain","required":true}},"nesting_mode":"list"},"description_kind":"plain","optional":true},"workspace":{"nested_type":{"attributes":{"destination":{"type":"string","description_kind":"plain","required":true}},"nesting_mode":"list"},"description_kind":"plain","optional":true}},"nesting_mode":"list"},"description_kind":"plain","optional":true},"instance_pool_id":{"type":"string","description_kind":"plain","optional":true},"is_single_node":{"type":"bool","description_kind":"plain","optional":true},"jdbc_port":{"type":"number","description_kind":"plain","optional":true},"kind":{"type":"string","description_kind":"plain","optional":true},"last_restarted_time":{"type":"number","description_kind":"plain","optional":true},"last_state_loss_time":{"type":"number","description_kind":"plain","optional":true},"node_type_id":{"type":"string","description_kind":"plain","optional":true},"num_workers":{"type":"number","description_kind":"plain","optional":true},"policy_id":{"type":"string","description_kind":"plain","optional":true},"remote_disk_throughput":{"type":"number","description_kind":"plain","optional":true},"runtime_engine":{"type":"string","description_kind":"plain","optional":true},"single_user_name":{"type":"string","description_kind":"plain","optional":true},"spark_conf":{"type":["map","string"],"description_kind":"plain","optional":true},"spark_context_id":{"type":"number","description_kind":"plain","optional":true},"spark_env_vars":{"type":["map","string"],"description_kind":"plain","optional":true},"spark_version":{"type":"string","description_kind":"plain","optional":true},"spec":{"nested_type":{"attributes":{"apply_policy_default_values":{"type":"bool","description_kind":"plain","optional":true},"autoscale":{"nested_type":{"attributes":{"max_workers":{"type":"number","description_kind":"plain","optional":true},"min_workers":{"type":"number","description_kind":"plain","optional":true}},"nesting_mode":"list"},"description_kind":"plain","optional":true},"autotermination_minutes":{"type":"number","description_kind":"plain","optional":true},"aws_attributes":{"nested_type":{"attributes":{"availability":{"type":"string","description_kind":"plain","optional":true},"ebs_volume_count":{"type":"number","description_kind":"plain","optional":true},"ebs_volume_iops":{"type":"number","description_kind":"plain","optional":true},"ebs_volume_size":{"type":"number","description_kind":"plain","optional":true},"ebs_volume_throughput":{"type":"number","description_kind":"plain","optional":true},"ebs_volume_type":{"type":"string","description_kind":"plain","optional":true},"first_on_demand":{"type":"number","description_kind":"plain","optional":true},"instance_profile_arn":{"type":"string","description_kind":"plain","optional":true},"spot_bid_price_percent":{"type":"number","description_kind":"plain","optional":true},"zone_id":{"type":"string","description_kind":"plain","optional":true}},"nesting_mode":"list"},"description_kind":"plain","optional":true},"azure_attributes":{"nested_type":{"attributes":{"availability":{"type":"string","description_kind":"plain","optional":true},"first_on_demand":{"type":"number","description_kind":"plain","optional":true},"log_analytics_info":{"nested_type":{"attributes":{"log_analytics_primary_key":{"type":"string","description_kind":"plain","optional":true},"log_analytics_workspace_id":{"type":"string","description_kind":"plain","optional":true}},"nesting_mode":"list"},"description_kind":"plain","optional":true},"spot_bid_max_price":{"type":"number","description_kind":"plain","optional":true}},"nesting_mode":"list"},"description_kind":"plain","optional":true},"cluster_log_conf":{"nested_type":{"attributes":{"dbfs":{"nested_type":{"attributes":{"destination":{"type":"string","description_kind":"plain","required":true}},"nesting_mode":"list"},"description_kind":"plain","optional":true},"s3":{"nested_type":{"attributes":{"canned_acl":{"type":"string","description_kind":"plain","optional":true},"destination":{"type":"string","description_kind":"plain","required":true},"enable_encryption":{"type":"bool","description_kind":"plain","optional":true},"encryption_type":{"type":"string","description_kind":"plain","optional":true},"endpoint":{"type":"string","description_kind":"plain","optional":true},"kms_key":{"type":"string","description_kind":"plain","optional":true},"region":{"type":"string","description_kind":"plain","optional":true}},"nesting_mode":"list"},"description_kind":"plain","optional":true},"volumes":{"nested_type":{"attributes":{"destination":{"type":"string","description_kind":"plain","required":true}},"nesting_mode":"list"},"description_kind":"plain","optional":true}},"nesting_mode":"list"},"description_kind":"plain","optional":true},"cluster_name":{"type":"string","description_kind":"plain","optional":true},"custom_tags":{"type":["map","string"],"description_kind":"plain","optional":true},"data_security_mode":{"type":"string","description_kind":"plain","optional":true},"docker_image":{"nested_type":{"attributes":{"basic_auth":{"nested_type":{"attributes":{"password":{"type":"string","description_kind":"plain","optional":true},"username":{"type":"string","description_kind":"plain","optional":true}},"nesting_mode":"list"},"description_kind":"plain","optional":true},"url":{"type":"string","description_kind":"plain","optional":true}},"nesting_mode":"list"},"description_kind":"plain","optional":true},"driver_instance_pool_id":{"type":"string","description_kind":"plain","optional":true},"driver_node_type_id":{"type":"string","description_kind":"plain","optional":true},"enable_elastic_disk":{"type":"bool","description_kind":"plain","optional":true},"enable_local_disk_encryption":{"type":"bool","description_kind":"plain","optional":true},"gcp_attributes":{"nested_type":{"attributes":{"availability":{"type":"string","description_kind":"plain","optional":true},"boot_disk_size":{"type":"number","description_kind":"plain","optional":true},"first_on_demand":{"type":"number","description_kind":"plain","optional":true},"google_service_account":{"type":"string","description_kind":"plain","optional":true},"local_ssd_count":{"type":"number","description_kind":"plain","optional":true},"use_preemptible_executors":{"type":"bool","description_kind":"plain","optional":true},"zone_id":{"type":"string","description_kind":"plain","optional":true}},"nesting_mode":"list"},"description_kind":"plain","optional":true},"init_scripts":{"nested_type":{"attributes":{"abfss":{"nested_type":{"attributes":{"destination":{"type":"string","description_kind":"plain","required":true}},"nesting_mode":"list"},"description_kind":"plain","optional":true},"dbfs":{"nested_type":{"attributes":{"destination":{"type":"string","description_kind":"plain","required":true}},"nesting_mode":"list"},"description_kind":"plain","optional":true},"file":{"nested_type":{"attributes":{"destination":{"type":"string","description_kind":"plain","required":true}},"nesting_mode":"list"},"description_kind":"plain","optional":true},"gcs":{"nested_type":{"attributes":{"destination":{"type":"string","description_kind":"plain","required":true}},"nesting_mode":"list"},"description_kind":"plain","optional":true},"s3":{"nested_type":{"attributes":{"canned_acl":{"type":"string","description_kind":"plain","optional":true},"destination":{"type":"string","description_kind":"plain","required":true},"enable_encryption":{"type":"bool","description_kind":"plain","optional":true},"encryption_type":{"type":"string","description_kind":"plain","optional":true},"endpoint":{"type":"string","description_kind":"plain","optional":true},"kms_key":{"type":"string","description_kind":"plain","optional":true},"region":{"type":"string","description_kind":"plain","optional":true}},"nesting_mode":"list"},"description_kind":"plain","optional":true},"volumes":{"nested_type":{"attributes":{"destination":{"type":"string","description_kind":"plain","required":true}},"nesting_mode":"list"},"description_kind":"plain","optional":true},"workspace":{"nested_type":{"attributes":{"destination":{"type":"string","description_kind":"plain","required":true}},"nesting_mode":"list"},"description_kind":"plain","optional":true}},"nesting_mode":"list"},"description_kind":"plain","optional":true},"instance_pool_id":{"type":"string","description_kind":"plain","optional":true},"is_single_node":{"type":"bool","description_kind":"plain","optional":true},"kind":{"type":"string","description_kind":"plain","optional":true},"node_type_id":{"type":"string","description_kind":"plain","optional":true},"num_workers":{"type":"number","description_kind":"plain","optional":true},"policy_id":{"type":"string","description_kind":"plain","optional":true},"remote_disk_throughput":{"type":"number","description_kind":"plain","optional":true},"runtime_engine":{"type":"string","description_kind":"plain","optional":true},"single_user_name":{"type":"string","description_kind":"plain","optional":true},"spark_conf":{"type":["map","string"],"description_kind":"plain","optional":true},"spark_env_vars":{"type":["map","string"],"description_kind":"plain","optional":true},"spark_version":{"type":"string","description_kind":"plain","optional":true},"ssh_public_keys":{"type":["list","string"],"description_kind":"plain","optional":true},"total_initial_remote_disk_size":{"type":"number","description_kind":"plain","optional":true},"use_ml_runtime":{"type":"bool","description_kind":"plain","optional":true},"workload_type":{"nested_type":{"attributes":{"clients":{"nested_type":{"attributes":{"jobs":{"type":"bool","description_kind":"plain","optional":true},"notebooks":{"type":"bool","description_kind":"plain","optional":true}},"nesting_mode":"list"},"description_kind":"plain","required":true}},"nesting_mode":"list"},"description_kind":"plain","optional":true}},"nesting_mode":"list"},"description_kind":"plain","optional":true},"ssh_public_keys":{"type":["list","string"],"description_kind":"plain","optional":true},"start_time":{"type":"number","description_kind":"plain","optional":true},"state":{"type":"string","description_kind":"plain","optional":true},"state_message":{"type":"string","description_kind":"plain","optional":true},"terminated_time":{"type":"number","description_kind":"plain","optional":true},"termination_reason":{"nested_type":{"attributes":{"code":{"type":"string","description_kind":"plain","optional":true},"parameters":{"type":["map","string"],"description_kind":"plain","optional":true},"type":{"type":"string","description_kind":"plain","optional":true}},"nesting_mode":"list"},"description_kind":"plain","optional":true},"total_initial_remote_disk_size":{"type":"number","description_kind":"plain","optional":true},"use_ml_runtime":{"type":"bool","description_kind":"plain","optional":true},"workload_type":{"nested_type":{"attributes":{"clients":{"nested_type":{"attributes":{"jobs":{"type":"bool","description_kind":"plain","optional":true},"notebooks":{"type":"bool","description_kind":"plain","optional":true}},"nesting_mode":"list"},"description_kind":"plain","required":true}},"nesting_mode":"list"},"description_kind":"plain","optional":true}},"nesting_mode":"list"},"description_kind":"plain","optional":true,"computed":true},"cluster_name":{"type":"string","description_kind":"plain","optional":true,"computed":true},"provider_config":{"nested_type":{"attributes":{"workspace_id":{"type":"string","description_kind":"plain","required":true}},"nesting_mode":"single"},"description_kind":"plain","optional":true}},"description_kind":"plain"}},"databricks_cluster_policy":{"version":1,"block":{"attributes":{"definition":{"type":"string","description_kind":"plain","optional":true,"computed":true},"description":{"type":"string","description_kind":"plain","optional":true,"computed":true},"id":{"type":"string","description_kind":"plain","optional":true,"computed":true},"is_default":{"type":"bool","description_kind":"plain","optional":true,"computed":true},"max_clusters_per_user":{"type":"number","description_kind":"plain","optional":true,"computed":true},"name":{"type":"string","description_kind":"plain","optional":true,"computed":true},"policy_family_definition_overrides":{"type":"string","description_kind":"plain","optional":true,"computed":true},"policy_family_id":{"type":"string","description_kind":"plain","optional":true,"computed":true}},"block_types":{"provider_config":{"nesting_mode":"list","block":{"attributes":{"workspace_id":{"type":"string","description_kind":"plain","required":true}},"description_kind":"plain"},"max_items":1}},"description_kind":"plain"}},"databricks_clusters":{"version":0,"block":{"attributes":{"cluster_name_contains":{"type":"string","description_kind":"plain","optional":true},"id":{"type":"string","description_kind":"plain","optional":true,"computed":true},"ids":{"type":["set","string"],"description_kind":"plain","optional":true,"computed":true}},"block_types":{"filter_by":{"nesting_mode":"list","block":{"attributes":{"cluster_sources":{"type":["list","string"],"description_kind":"plain","optional":true},"cluster_states":{"type":["list","string"],"description_kind":"plain","optional":true},"is_pinned":{"type":"bool","description_kind":"plain","optional":true},"policy_id":{"type":"string","description_kind":"plain","optional":true}},"description_kind":"plain"},"max_items":1},"provider_config":{"nesting_mode":"list","block":{"attributes":{"workspace_id":{"type":"string","description_kind":"plain","required":true}},"description_kind":"plain"},"max_items":1}},"description_kind":"plain"}},"databricks_current_config":{"version":0,"block":{"attributes":{"account_id":{"type":"string","description_kind":"plain","optional":true,"computed":true},"auth_type":{"type":"string","description_kind":"plain","optional":true,"computed":true},"cloud_type":{"type":"string","description_kind":"plain","optional":true,"computed":true},"host":{"type":"string","description_kind":"plain","optional":true,"computed":true},"id":{"type":"string","description_kind":"plain","optional":true,"computed":true},"is_account":{"type":"bool","description_kind":"plain","optional":true,"computed":true}},"description_kind":"plain"}},"databricks_current_metastore":{"version":0,"block":{"attributes":{"id":{"type":"string","description_kind":"plain","optional":true,"computed":true}},"block_types":{"metastore_info":{"nesting_mode":"list","block":{"attributes":{"cloud":{"type":"string","description_kind":"plain","optional":true},"created_at":{"type":"number","description_kind":"plain","optional":true},"created_by":{"type":"string","description_kind":"plain","optional":true},"default_data_access_config_id":{"type":"string","description_kind":"plain","optional":true},"delta_sharing_organization_name":{"type":"string","description_kind":"plain","optional":true},"delta_sharing_recipient_token_lifetime_in_seconds":{"type":"number","description_kind":"plain","optional":true},"delta_sharing_scope":{"type":"string","description_kind":"plain","optional":true},"external_access_enabled":{"type":"bool","description_kind":"plain","optional":true},"global_metastore_id":{"type":"string","description_kind":"plain","optional":true},"metastore_id":{"type":"string","description_kind":"plain","optional":true},"name":{"type":"string","description_kind":"plain","optional":true},"owner":{"type":"string","description_kind":"plain","optional":true},"privilege_model_version":{"type":"string","description_kind":"plain","optional":true},"region":{"type":"string","description_kind":"plain","optional":true},"storage_root":{"type":"string","description_kind":"plain","optional":true},"storage_root_credential_id":{"type":"string","description_kind":"plain","optional":true},"storage_root_credential_name":{"type":"string","description_kind":"plain","optional":true},"updated_at":{"type":"number","description_kind":"plain","optional":true},"updated_by":{"type":"string","description_kind":"plain","optional":true}},"description_kind":"plain"},"max_items":1},"provider_config":{"nesting_mode":"list","block":{"attributes":{"workspace_id":{"type":"string","description_kind":"plain","required":true}},"description_kind":"plain"},"max_items":1}},"description_kind":"plain"}},"databricks_current_user":{"version":0,"block":{"attributes":{"acl_principal_id":{"type":"string","description_kind":"plain","computed":true},"alphanumeric":{"type":"string","description_kind":"plain","computed":true},"external_id":{"type":"string","description_kind":"plain","computed":true},"home":{"type":"string","description_kind":"plain","computed":true},"id":{"type":"string","description_kind":"plain","optional":true,"computed":true},"repos":{"type":"string","description_kind":"plain","computed":true},"user_name":{"type":"string","description_kind":"plain","computed":true},"workspace_url":{"type":"string","description_kind":"plain","computed":true}},"description_kind":"plain"}},"databricks_dashboards":{"version":0,"block":{"attributes":{"dashboard_name_contains":{"type":"string","description_kind":"plain","optional":true},"dashboards":{"nested_type":{"attributes":{"create_time":{"type":"string","description_kind":"plain","computed":true},"dashboard_id":{"type":"string","description_kind":"plain","computed":true},"display_name":{"type":"string","description_kind":"plain","optional":true},"etag":{"type":"string","description_kind":"plain","computed":true},"lifecycle_state":{"type":"string","description_kind":"plain","computed":true},"parent_path":{"type":"string","description_kind":"plain","computed":true},"path":{"type":"string","description_kind":"plain","computed":true},"serialized_dashboard":{"type":"string","description_kind":"plain","optional":true},"update_time":{"type":"string","description_kind":"plain","computed":true},"warehouse_id":{"type":"string","description_kind":"plain","optional":true}},"nesting_mode":"list"},"description_kind":"plain","computed":true},"provider_config":{"nested_type":{"attributes":{"workspace_id":{"type":"string","description_kind":"plain","required":true}},"nesting_mode":"single"},"description_kind":"plain","optional":true}},"description_kind":"plain"}},"databricks_data_quality_monitor":{"version":0,"block":{"attributes":{"anomaly_detection_config":{"nested_type":{"nesting_mode":"single"},"description_kind":"plain","computed":true},"data_profiling_config":{"nested_type":{"attributes":{"assets_dir":{"type":"string","description_kind":"plain","optional":true},"baseline_table_name":{"type":"string","description_kind":"plain","optional":true},"custom_metrics":{"nested_type":{"attributes":{"definition":{"type":"string","description_kind":"plain","required":true},"input_columns":{"type":["list","string"],"description_kind":"plain","required":true},"name":{"type":"string","description_kind":"plain","required":true},"output_data_type":{"type":"string","description_kind":"plain","required":true},"type":{"type":"string","description_kind":"plain","required":true}},"nesting_mode":"list"},"description_kind":"plain","optional":true},"dashboard_id":{"type":"string","description_kind":"plain","computed":true},"drift_metrics_table_name":{"type":"string","description_kind":"plain","computed":true},"effective_warehouse_id":{"type":"string","description_kind":"plain","computed":true},"inference_log":{"nested_type":{"attributes":{"granularities":{"type":["list","string"],"description_kind":"plain","required":true},"label_column":{"type":"string","description_kind":"plain","optional":true},"model_id_column":{"type":"string","description_kind":"plain","required":true},"prediction_column":{"type":"string","description_kind":"plain","required":true},"problem_type":{"type":"string","description_kind":"plain","required":true},"timestamp_column":{"type":"string","description_kind":"plain","required":true}},"nesting_mode":"single"},"description_kind":"plain","optional":true},"latest_monitor_failure_message":{"type":"string","description_kind":"plain","computed":true},"monitor_version":{"type":"number","description_kind":"plain","computed":true},"monitored_table_name":{"type":"string","description_kind":"plain","computed":true},"notification_settings":{"nested_type":{"attributes":{"on_failure":{"nested_type":{"attributes":{"email_addresses":{"type":["list","string"],"description_kind":"plain","optional":true}},"nesting_mode":"single"},"description_kind":"plain","optional":true}},"nesting_mode":"single"},"description_kind":"plain","optional":true},"output_schema_id":{"type":"string","description_kind":"plain","required":true},"profile_metrics_table_name":{"type":"string","description_kind":"plain","computed":true},"schedule":{"nested_type":{"attributes":{"pause_status":{"type":"string","description_kind":"plain","computed":true},"quartz_cron_expression":{"type":"string","description_kind":"plain","required":true},"timezone_id":{"type":"string","description_kind":"plain","required":true}},"nesting_mode":"single"},"description_kind":"plain","optional":true},"skip_builtin_dashboard":{"type":"bool","description_kind":"plain","optional":true},"slicing_exprs":{"type":["list","string"],"description_kind":"plain","optional":true},"snapshot":{"nested_type":{"nesting_mode":"single"},"description_kind":"plain","optional":true},"status":{"type":"string","description_kind":"plain","computed":true},"time_series":{"nested_type":{"attributes":{"granularities":{"type":["list","string"],"description_kind":"plain","required":true},"timestamp_column":{"type":"string","description_kind":"plain","required":true}},"nesting_mode":"single"},"description_kind":"plain","optional":true},"warehouse_id":{"type":"string","description_kind":"plain","optional":true}},"nesting_mode":"single"},"description_kind":"plain","computed":true},"object_id":{"type":"string","description_kind":"plain","required":true},"object_type":{"type":"string","description_kind":"plain","required":true}},"description":"Terraform schema for Databricks Monitor","description_kind":"plain"}},"databricks_data_quality_monitors":{"version":0,"block":{"attributes":{"monitors":{"nested_type":{"attributes":{"anomaly_detection_config":{"nested_type":{"nesting_mode":"single"},"description_kind":"plain","computed":true},"data_profiling_config":{"nested_type":{"attributes":{"assets_dir":{"type":"string","description_kind":"plain","optional":true},"baseline_table_name":{"type":"string","description_kind":"plain","optional":true},"custom_metrics":{"nested_type":{"attributes":{"definition":{"type":"string","description_kind":"plain","required":true},"input_columns":{"type":["list","string"],"description_kind":"plain","required":true},"name":{"type":"string","description_kind":"plain","required":true},"output_data_type":{"type":"string","description_kind":"plain","required":true},"type":{"type":"string","description_kind":"plain","required":true}},"nesting_mode":"list"},"description_kind":"plain","optional":true},"dashboard_id":{"type":"string","description_kind":"plain","computed":true},"drift_metrics_table_name":{"type":"string","description_kind":"plain","computed":true},"effective_warehouse_id":{"type":"string","description_kind":"plain","computed":true},"inference_log":{"nested_type":{"attributes":{"granularities":{"type":["list","string"],"description_kind":"plain","required":true},"label_column":{"type":"string","description_kind":"plain","optional":true},"model_id_column":{"type":"string","description_kind":"plain","required":true},"prediction_column":{"type":"string","description_kind":"plain","required":true},"problem_type":{"type":"string","description_kind":"plain","required":true},"timestamp_column":{"type":"string","description_kind":"plain","required":true}},"nesting_mode":"single"},"description_kind":"plain","optional":true},"latest_monitor_failure_message":{"type":"string","description_kind":"plain","computed":true},"monitor_version":{"type":"number","description_kind":"plain","computed":true},"monitored_table_name":{"type":"string","description_kind":"plain","computed":true},"notification_settings":{"nested_type":{"attributes":{"on_failure":{"nested_type":{"attributes":{"email_addresses":{"type":["list","string"],"description_kind":"plain","optional":true}},"nesting_mode":"single"},"description_kind":"plain","optional":true}},"nesting_mode":"single"},"description_kind":"plain","optional":true},"output_schema_id":{"type":"string","description_kind":"plain","required":true},"profile_metrics_table_name":{"type":"string","description_kind":"plain","computed":true},"schedule":{"nested_type":{"attributes":{"pause_status":{"type":"string","description_kind":"plain","computed":true},"quartz_cron_expression":{"type":"string","description_kind":"plain","required":true},"timezone_id":{"type":"string","description_kind":"plain","required":true}},"nesting_mode":"single"},"description_kind":"plain","optional":true},"skip_builtin_dashboard":{"type":"bool","description_kind":"plain","optional":true},"slicing_exprs":{"type":["list","string"],"description_kind":"plain","optional":true},"snapshot":{"nested_type":{"nesting_mode":"single"},"description_kind":"plain","optional":true},"status":{"type":"string","description_kind":"plain","computed":true},"time_series":{"nested_type":{"attributes":{"granularities":{"type":["list","string"],"description_kind":"plain","required":true},"timestamp_column":{"type":"string","description_kind":"plain","required":true}},"nesting_mode":"single"},"description_kind":"plain","optional":true},"warehouse_id":{"type":"string","description_kind":"plain","optional":true}},"nesting_mode":"single"},"description_kind":"plain","computed":true},"object_id":{"type":"string","description_kind":"plain","required":true},"object_type":{"type":"string","description_kind":"plain","required":true}},"nesting_mode":"list"},"description_kind":"plain","computed":true},"page_size":{"type":"number","description_kind":"plain","optional":true}},"description":"Terraform schema for Databricks Monitor","description_kind":"plain"}},"databricks_data_quality_refresh":{"version":0,"block":{"attributes":{"end_time_ms":{"type":"number","description_kind":"plain","computed":true},"message":{"type":"string","description_kind":"plain","computed":true},"object_id":{"type":"string","description_kind":"plain","required":true},"object_type":{"type":"string","description_kind":"plain","required":true},"refresh_id":{"type":"number","description_kind":"plain","required":true},"start_time_ms":{"type":"number","description_kind":"plain","computed":true},"state":{"type":"string","description_kind":"plain","computed":true},"trigger":{"type":"string","description_kind":"plain","computed":true}},"description":"Terraform schema for Databricks Refresh","description_kind":"plain"}},"databricks_data_quality_refreshes":{"version":0,"block":{"attributes":{"object_id":{"type":"string","description_kind":"plain","required":true},"object_type":{"type":"string","description_kind":"plain","required":true},"page_size":{"type":"number","description_kind":"plain","optional":true},"refreshes":{"nested_type":{"attributes":{"end_time_ms":{"type":"number","description_kind":"plain","computed":true},"message":{"type":"string","description_kind":"plain","computed":true},"object_id":{"type":"string","description_kind":"plain","required":true},"object_type":{"type":"string","description_kind":"plain","required":true},"refresh_id":{"type":"number","description_kind":"plain","required":true},"start_time_ms":{"type":"number","description_kind":"plain","computed":true},"state":{"type":"string","description_kind":"plain","computed":true},"trigger":{"type":"string","description_kind":"plain","computed":true}},"nesting_mode":"list"},"description_kind":"plain","computed":true}},"description":"Terraform schema for Databricks Refresh","description_kind":"plain"}},"databricks_database_database_catalog":{"version":0,"block":{"attributes":{"create_database_if_not_exists":{"type":"bool","description_kind":"plain","computed":true},"database_instance_name":{"type":"string","description_kind":"plain","computed":true},"database_name":{"type":"string","description_kind":"plain","computed":true},"name":{"type":"string","description_kind":"plain","required":true},"uid":{"type":"string","description_kind":"plain","computed":true}},"description":"Terraform schema for Databricks DatabaseCatalog","description_kind":"plain"}},"databricks_database_database_catalogs":{"version":0,"block":{"attributes":{"database_catalogs":{"nested_type":{"attributes":{"create_database_if_not_exists":{"type":"bool","description_kind":"plain","computed":true},"database_instance_name":{"type":"string","description_kind":"plain","computed":true},"database_name":{"type":"string","description_kind":"plain","computed":true},"name":{"type":"string","description_kind":"plain","required":true},"uid":{"type":"string","description_kind":"plain","computed":true}},"nesting_mode":"list"},"description_kind":"plain","computed":true},"instance_name":{"type":"string","description_kind":"plain","required":true},"page_size":{"type":"number","description_kind":"plain","optional":true}},"description":"Terraform schema for Databricks DatabaseCatalog","description_kind":"plain"}},"databricks_database_instance":{"version":0,"block":{"attributes":{"capacity":{"type":"string","description_kind":"plain","computed":true},"child_instance_refs":{"nested_type":{"attributes":{"branch_time":{"type":"string","description_kind":"plain","optional":true},"effective_lsn":{"type":"string","description_kind":"plain","computed":true},"lsn":{"type":"string","description_kind":"plain","optional":true,"computed":true},"name":{"type":"string","description_kind":"plain","optional":true},"uid":{"type":"string","description_kind":"plain","computed":true}},"nesting_mode":"list"},"description_kind":"plain","computed":true},"creation_time":{"type":"string","description_kind":"plain","computed":true},"creator":{"type":"string","description_kind":"plain","computed":true},"custom_tags":{"nested_type":{"attributes":{"key":{"type":"string","description_kind":"plain","optional":true},"value":{"type":"string","description_kind":"plain","optional":true}},"nesting_mode":"list"},"description_kind":"plain","computed":true},"effective_capacity":{"type":"string","description_kind":"plain","computed":true},"effective_custom_tags":{"nested_type":{"attributes":{"key":{"type":"string","description_kind":"plain","optional":true},"value":{"type":"string","description_kind":"plain","optional":true}},"nesting_mode":"list"},"description_kind":"plain","computed":true},"effective_enable_pg_native_login":{"type":"bool","description_kind":"plain","computed":true},"effective_enable_readable_secondaries":{"type":"bool","description_kind":"plain","computed":true},"effective_node_count":{"type":"number","description_kind":"plain","computed":true},"effective_retention_window_in_days":{"type":"number","description_kind":"plain","computed":true},"effective_stopped":{"type":"bool","description_kind":"plain","computed":true},"effective_usage_policy_id":{"type":"string","description_kind":"plain","computed":true},"enable_pg_native_login":{"type":"bool","description_kind":"plain","computed":true},"enable_readable_secondaries":{"type":"bool","description_kind":"plain","computed":true},"name":{"type":"string","description_kind":"plain","required":true},"node_count":{"type":"number","description_kind":"plain","computed":true},"parent_instance_ref":{"nested_type":{"attributes":{"branch_time":{"type":"string","description_kind":"plain","optional":true},"effective_lsn":{"type":"string","description_kind":"plain","computed":true},"lsn":{"type":"string","description_kind":"plain","optional":true,"computed":true},"name":{"type":"string","description_kind":"plain","optional":true},"uid":{"type":"string","description_kind":"plain","computed":true}},"nesting_mode":"single"},"description_kind":"plain","computed":true},"pg_version":{"type":"string","description_kind":"plain","computed":true},"read_only_dns":{"type":"string","description_kind":"plain","computed":true},"read_write_dns":{"type":"string","description_kind":"plain","computed":true},"retention_window_in_days":{"type":"number","description_kind":"plain","computed":true},"state":{"type":"string","description_kind":"plain","computed":true},"stopped":{"type":"bool","description_kind":"plain","computed":true},"uid":{"type":"string","description_kind":"plain","computed":true},"usage_policy_id":{"type":"string","description_kind":"plain","computed":true}},"description":"Terraform schema for Databricks DatabaseInstance","description_kind":"plain"}},"databricks_database_instances":{"version":0,"block":{"attributes":{"database_instances":{"nested_type":{"attributes":{"capacity":{"type":"string","description_kind":"plain","computed":true},"child_instance_refs":{"nested_type":{"attributes":{"branch_time":{"type":"string","description_kind":"plain","optional":true},"effective_lsn":{"type":"string","description_kind":"plain","computed":true},"lsn":{"type":"string","description_kind":"plain","optional":true,"computed":true},"name":{"type":"string","description_kind":"plain","optional":true},"uid":{"type":"string","description_kind":"plain","computed":true}},"nesting_mode":"list"},"description_kind":"plain","computed":true},"creation_time":{"type":"string","description_kind":"plain","computed":true},"creator":{"type":"string","description_kind":"plain","computed":true},"custom_tags":{"nested_type":{"attributes":{"key":{"type":"string","description_kind":"plain","optional":true},"value":{"type":"string","description_kind":"plain","optional":true}},"nesting_mode":"list"},"description_kind":"plain","computed":true},"effective_capacity":{"type":"string","description_kind":"plain","computed":true},"effective_custom_tags":{"nested_type":{"attributes":{"key":{"type":"string","description_kind":"plain","optional":true},"value":{"type":"string","description_kind":"plain","optional":true}},"nesting_mode":"list"},"description_kind":"plain","computed":true},"effective_enable_pg_native_login":{"type":"bool","description_kind":"plain","computed":true},"effective_enable_readable_secondaries":{"type":"bool","description_kind":"plain","computed":true},"effective_node_count":{"type":"number","description_kind":"plain","computed":true},"effective_retention_window_in_days":{"type":"number","description_kind":"plain","computed":true},"effective_stopped":{"type":"bool","description_kind":"plain","computed":true},"effective_usage_policy_id":{"type":"string","description_kind":"plain","computed":true},"enable_pg_native_login":{"type":"bool","description_kind":"plain","computed":true},"enable_readable_secondaries":{"type":"bool","description_kind":"plain","computed":true},"name":{"type":"string","description_kind":"plain","required":true},"node_count":{"type":"number","description_kind":"plain","computed":true},"parent_instance_ref":{"nested_type":{"attributes":{"branch_time":{"type":"string","description_kind":"plain","optional":true},"effective_lsn":{"type":"string","description_kind":"plain","computed":true},"lsn":{"type":"string","description_kind":"plain","optional":true,"computed":true},"name":{"type":"string","description_kind":"plain","optional":true},"uid":{"type":"string","description_kind":"plain","computed":true}},"nesting_mode":"single"},"description_kind":"plain","computed":true},"pg_version":{"type":"string","description_kind":"plain","computed":true},"read_only_dns":{"type":"string","description_kind":"plain","computed":true},"read_write_dns":{"type":"string","description_kind":"plain","computed":true},"retention_window_in_days":{"type":"number","description_kind":"plain","computed":true},"state":{"type":"string","description_kind":"plain","computed":true},"stopped":{"type":"bool","description_kind":"plain","computed":true},"uid":{"type":"string","description_kind":"plain","computed":true},"usage_policy_id":{"type":"string","description_kind":"plain","computed":true}},"nesting_mode":"list"},"description_kind":"plain","computed":true},"page_size":{"type":"number","description_kind":"plain","optional":true}},"description":"Terraform schema for Databricks DatabaseInstance","description_kind":"plain"}},"databricks_database_synced_database_table":{"version":0,"block":{"attributes":{"data_synchronization_status":{"nested_type":{"attributes":{"continuous_update_status":{"nested_type":{"attributes":{"initial_pipeline_sync_progress":{"nested_type":{"attributes":{"estimated_completion_time_seconds":{"type":"number","description_kind":"plain","computed":true},"latest_version_currently_processing":{"type":"number","description_kind":"plain","computed":true},"provisioning_phase":{"type":"string","description_kind":"plain","computed":true},"sync_progress_completion":{"type":"number","description_kind":"plain","computed":true},"synced_row_count":{"type":"number","description_kind":"plain","computed":true},"total_row_count":{"type":"number","description_kind":"plain","computed":true}},"nesting_mode":"single"},"description_kind":"plain","computed":true},"last_processed_commit_version":{"type":"number","description_kind":"plain","computed":true},"timestamp":{"type":"string","description_kind":"plain","computed":true}},"nesting_mode":"single"},"description_kind":"plain","optional":true},"detailed_state":{"type":"string","description_kind":"plain","computed":true},"failed_status":{"nested_type":{"attributes":{"last_processed_commit_version":{"type":"number","description_kind":"plain","computed":true},"timestamp":{"type":"string","description_kind":"plain","computed":true}},"nesting_mode":"single"},"description_kind":"plain","optional":true},"last_sync":{"nested_type":{"attributes":{"delta_table_sync_info":{"nested_type":{"attributes":{"delta_commit_timestamp":{"type":"string","description_kind":"plain","computed":true},"delta_commit_version":{"type":"number","description_kind":"plain","computed":true}},"nesting_mode":"single"},"description_kind":"plain","computed":true},"sync_end_timestamp":{"type":"string","description_kind":"plain","computed":true},"sync_start_timestamp":{"type":"string","description_kind":"plain","computed":true}},"nesting_mode":"single"},"description_kind":"plain","computed":true},"message":{"type":"string","description_kind":"plain","computed":true},"pipeline_id":{"type":"string","description_kind":"plain","computed":true},"provisioning_status":{"nested_type":{"attributes":{"initial_pipeline_sync_progress":{"nested_type":{"attributes":{"estimated_completion_time_seconds":{"type":"number","description_kind":"plain","computed":true},"latest_version_currently_processing":{"type":"number","description_kind":"plain","computed":true},"provisioning_phase":{"type":"string","description_kind":"plain","computed":true},"sync_progress_completion":{"type":"number","description_kind":"plain","computed":true},"synced_row_count":{"type":"number","description_kind":"plain","computed":true},"total_row_count":{"type":"number","description_kind":"plain","computed":true}},"nesting_mode":"single"},"description_kind":"plain","computed":true}},"nesting_mode":"single"},"description_kind":"plain","optional":true},"triggered_update_status":{"nested_type":{"attributes":{"last_processed_commit_version":{"type":"number","description_kind":"plain","computed":true},"timestamp":{"type":"string","description_kind":"plain","computed":true},"triggered_update_progress":{"nested_type":{"attributes":{"estimated_completion_time_seconds":{"type":"number","description_kind":"plain","computed":true},"latest_version_currently_processing":{"type":"number","description_kind":"plain","computed":true},"provisioning_phase":{"type":"string","description_kind":"plain","computed":true},"sync_progress_completion":{"type":"number","description_kind":"plain","computed":true},"synced_row_count":{"type":"number","description_kind":"plain","computed":true},"total_row_count":{"type":"number","description_kind":"plain","computed":true}},"nesting_mode":"single"},"description_kind":"plain","computed":true}},"nesting_mode":"single"},"description_kind":"plain","optional":true}},"nesting_mode":"single"},"description_kind":"plain","computed":true},"database_instance_name":{"type":"string","description_kind":"plain","computed":true},"effective_database_instance_name":{"type":"string","description_kind":"plain","computed":true},"effective_logical_database_name":{"type":"string","description_kind":"plain","computed":true},"logical_database_name":{"type":"string","description_kind":"plain","computed":true},"name":{"type":"string","description_kind":"plain","required":true},"spec":{"nested_type":{"attributes":{"create_database_objects_if_missing":{"type":"bool","description_kind":"plain","optional":true,"computed":true},"existing_pipeline_id":{"type":"string","description_kind":"plain","optional":true,"computed":true},"new_pipeline_spec":{"nested_type":{"attributes":{"budget_policy_id":{"type":"string","description_kind":"plain","optional":true},"storage_catalog":{"type":"string","description_kind":"plain","optional":true},"storage_schema":{"type":"string","description_kind":"plain","optional":true}},"nesting_mode":"single"},"description_kind":"plain","optional":true,"computed":true},"primary_key_columns":{"type":["list","string"],"description_kind":"plain","optional":true},"scheduling_policy":{"type":"string","description_kind":"plain","optional":true},"source_table_full_name":{"type":"string","description_kind":"plain","optional":true},"timeseries_key":{"type":"string","description_kind":"plain","optional":true}},"nesting_mode":"single"},"description_kind":"plain","computed":true},"unity_catalog_provisioning_state":{"type":"string","description_kind":"plain","computed":true}},"description":"Terraform schema for Databricks SyncedDatabaseTable","description_kind":"plain"}},"databricks_database_synced_database_tables":{"version":0,"block":{"attributes":{"instance_name":{"type":"string","description_kind":"plain","required":true},"page_size":{"type":"number","description_kind":"plain","optional":true},"synced_tables":{"nested_type":{"attributes":{"data_synchronization_status":{"nested_type":{"attributes":{"continuous_update_status":{"nested_type":{"attributes":{"initial_pipeline_sync_progress":{"nested_type":{"attributes":{"estimated_completion_time_seconds":{"type":"number","description_kind":"plain","computed":true},"latest_version_currently_processing":{"type":"number","description_kind":"plain","computed":true},"provisioning_phase":{"type":"string","description_kind":"plain","computed":true},"sync_progress_completion":{"type":"number","description_kind":"plain","computed":true},"synced_row_count":{"type":"number","description_kind":"plain","computed":true},"total_row_count":{"type":"number","description_kind":"plain","computed":true}},"nesting_mode":"single"},"description_kind":"plain","computed":true},"last_processed_commit_version":{"type":"number","description_kind":"plain","computed":true},"timestamp":{"type":"string","description_kind":"plain","computed":true}},"nesting_mode":"single"},"description_kind":"plain","optional":true},"detailed_state":{"type":"string","description_kind":"plain","computed":true},"failed_status":{"nested_type":{"attributes":{"last_processed_commit_version":{"type":"number","description_kind":"plain","computed":true},"timestamp":{"type":"string","description_kind":"plain","computed":true}},"nesting_mode":"single"},"description_kind":"plain","optional":true},"last_sync":{"nested_type":{"attributes":{"delta_table_sync_info":{"nested_type":{"attributes":{"delta_commit_timestamp":{"type":"string","description_kind":"plain","computed":true},"delta_commit_version":{"type":"number","description_kind":"plain","computed":true}},"nesting_mode":"single"},"description_kind":"plain","computed":true},"sync_end_timestamp":{"type":"string","description_kind":"plain","computed":true},"sync_start_timestamp":{"type":"string","description_kind":"plain","computed":true}},"nesting_mode":"single"},"description_kind":"plain","computed":true},"message":{"type":"string","description_kind":"plain","computed":true},"pipeline_id":{"type":"string","description_kind":"plain","computed":true},"provisioning_status":{"nested_type":{"attributes":{"initial_pipeline_sync_progress":{"nested_type":{"attributes":{"estimated_completion_time_seconds":{"type":"number","description_kind":"plain","computed":true},"latest_version_currently_processing":{"type":"number","description_kind":"plain","computed":true},"provisioning_phase":{"type":"string","description_kind":"plain","computed":true},"sync_progress_completion":{"type":"number","description_kind":"plain","computed":true},"synced_row_count":{"type":"number","description_kind":"plain","computed":true},"total_row_count":{"type":"number","description_kind":"plain","computed":true}},"nesting_mode":"single"},"description_kind":"plain","computed":true}},"nesting_mode":"single"},"description_kind":"plain","optional":true},"triggered_update_status":{"nested_type":{"attributes":{"last_processed_commit_version":{"type":"number","description_kind":"plain","computed":true},"timestamp":{"type":"string","description_kind":"plain","computed":true},"triggered_update_progress":{"nested_type":{"attributes":{"estimated_completion_time_seconds":{"type":"number","description_kind":"plain","computed":true},"latest_version_currently_processing":{"type":"number","description_kind":"plain","computed":true},"provisioning_phase":{"type":"string","description_kind":"plain","computed":true},"sync_progress_completion":{"type":"number","description_kind":"plain","computed":true},"synced_row_count":{"type":"number","description_kind":"plain","computed":true},"total_row_count":{"type":"number","description_kind":"plain","computed":true}},"nesting_mode":"single"},"description_kind":"plain","computed":true}},"nesting_mode":"single"},"description_kind":"plain","optional":true}},"nesting_mode":"single"},"description_kind":"plain","computed":true},"database_instance_name":{"type":"string","description_kind":"plain","computed":true},"effective_database_instance_name":{"type":"string","description_kind":"plain","computed":true},"effective_logical_database_name":{"type":"string","description_kind":"plain","computed":true},"logical_database_name":{"type":"string","description_kind":"plain","computed":true},"name":{"type":"string","description_kind":"plain","required":true},"spec":{"nested_type":{"attributes":{"create_database_objects_if_missing":{"type":"bool","description_kind":"plain","optional":true,"computed":true},"existing_pipeline_id":{"type":"string","description_kind":"plain","optional":true,"computed":true},"new_pipeline_spec":{"nested_type":{"attributes":{"budget_policy_id":{"type":"string","description_kind":"plain","optional":true},"storage_catalog":{"type":"string","description_kind":"plain","optional":true},"storage_schema":{"type":"string","description_kind":"plain","optional":true}},"nesting_mode":"single"},"description_kind":"plain","optional":true,"computed":true},"primary_key_columns":{"type":["list","string"],"description_kind":"plain","optional":true},"scheduling_policy":{"type":"string","description_kind":"plain","optional":true},"source_table_full_name":{"type":"string","description_kind":"plain","optional":true},"timeseries_key":{"type":"string","description_kind":"plain","optional":true}},"nesting_mode":"single"},"description_kind":"plain","computed":true},"unity_catalog_provisioning_state":{"type":"string","description_kind":"plain","computed":true}},"nesting_mode":"list"},"description_kind":"plain","computed":true}},"description":"Terraform schema for Databricks SyncedDatabaseTable","description_kind":"plain"}},"databricks_dbfs_file":{"version":1,"block":{"attributes":{"content":{"type":"string","description_kind":"plain","computed":true},"file_size":{"type":"number","description_kind":"plain","computed":true},"id":{"type":"string","description_kind":"plain","optional":true,"computed":true},"limit_file_size":{"type":"bool","description_kind":"plain","required":true},"path":{"type":"string","description_kind":"plain","required":true}},"description_kind":"plain"}},"databricks_dbfs_file_paths":{"version":0,"block":{"attributes":{"id":{"type":"string","description_kind":"plain","optional":true,"computed":true},"path":{"type":"string","description_kind":"plain","required":true},"path_list":{"type":["set",["object",{"file_size":"number","path":"string"}]],"description_kind":"plain","computed":true},"recursive":{"type":"bool","description_kind":"plain","required":true}},"description_kind":"plain"}},"databricks_directory":{"version":0,"block":{"attributes":{"id":{"type":"string","description_kind":"plain","optional":true,"computed":true},"object_id":{"type":"number","description_kind":"plain","optional":true,"computed":true},"path":{"type":"string","description_kind":"plain","required":true},"workspace_path":{"type":"string","description_kind":"plain","optional":true,"computed":true}},"block_types":{"provider_config":{"nesting_mode":"list","block":{"attributes":{"workspace_id":{"type":"string","description_kind":"plain","required":true}},"description_kind":"plain"},"max_items":1}},"description_kind":"plain"}},"databricks_entity_tag_assignment":{"version":0,"block":{"attributes":{"entity_name":{"type":"string","description_kind":"plain","required":true},"entity_type":{"type":"string","description_kind":"plain","required":true},"tag_key":{"type":"string","description_kind":"plain","required":true},"tag_value":{"type":"string","description_kind":"plain","computed":true}},"description":"Terraform schema for Databricks EntityTagAssignment","description_kind":"plain"}},"databricks_entity_tag_assignments":{"version":0,"block":{"attributes":{"entity_name":{"type":"string","description_kind":"plain","required":true},"entity_type":{"type":"string","description_kind":"plain","required":true},"max_results":{"type":"number","description_kind":"plain","optional":true},"tag_assignments":{"nested_type":{"attributes":{"entity_name":{"type":"string","description_kind":"plain","required":true},"entity_type":{"type":"string","description_kind":"plain","required":true},"tag_key":{"type":"string","description_kind":"plain","required":true},"tag_value":{"type":"string","description_kind":"plain","computed":true}},"nesting_mode":"list"},"description_kind":"plain","computed":true}},"description":"Terraform schema for Databricks EntityTagAssignment","description_kind":"plain"}},"databricks_external_location":{"version":0,"block":{"attributes":{"id":{"type":"string","description_kind":"plain","optional":true,"computed":true},"name":{"type":"string","description_kind":"plain","required":true}},"block_types":{"external_location_info":{"nesting_mode":"list","block":{"attributes":{"browse_only":{"type":"bool","description_kind":"plain","optional":true},"comment":{"type":"string","description_kind":"plain","optional":true},"created_at":{"type":"number","description_kind":"plain","optional":true},"created_by":{"type":"string","description_kind":"plain","optional":true},"credential_id":{"type":"string","description_kind":"plain","optional":true},"credential_name":{"type":"string","description_kind":"plain","optional":true},"enable_file_events":{"type":"bool","description_kind":"plain","optional":true},"fallback":{"type":"bool","description_kind":"plain","optional":true},"isolation_mode":{"type":"string","description_kind":"plain","optional":true},"metastore_id":{"type":"string","description_kind":"plain","optional":true},"name":{"type":"string","description_kind":"plain","optional":true},"owner":{"type":"string","description_kind":"plain","optional":true},"read_only":{"type":"bool","description_kind":"plain","optional":true},"updated_at":{"type":"number","description_kind":"plain","optional":true},"updated_by":{"type":"string","description_kind":"plain","optional":true},"url":{"type":"string","description_kind":"plain","optional":true}},"block_types":{"encryption_details":{"nesting_mode":"list","block":{"block_types":{"sse_encryption_details":{"nesting_mode":"list","block":{"attributes":{"algorithm":{"type":"string","description_kind":"plain","optional":true},"aws_kms_key_arn":{"type":"string","description_kind":"plain","optional":true}},"description_kind":"plain"},"max_items":1}},"description_kind":"plain"},"max_items":1},"file_event_queue":{"nesting_mode":"list","block":{"block_types":{"managed_aqs":{"nesting_mode":"list","block":{"attributes":{"managed_resource_id":{"type":"string","description_kind":"plain","optional":true},"queue_url":{"type":"string","description_kind":"plain","optional":true},"resource_group":{"type":"string","description_kind":"plain","optional":true},"subscription_id":{"type":"string","description_kind":"plain","optional":true}},"description_kind":"plain"},"max_items":1},"managed_pubsub":{"nesting_mode":"list","block":{"attributes":{"managed_resource_id":{"type":"string","description_kind":"plain","optional":true},"subscription_name":{"type":"string","description_kind":"plain","optional":true}},"description_kind":"plain"},"max_items":1},"managed_sqs":{"nesting_mode":"list","block":{"attributes":{"managed_resource_id":{"type":"string","description_kind":"plain","optional":true},"queue_url":{"type":"string","description_kind":"plain","optional":true}},"description_kind":"plain"},"max_items":1},"provided_aqs":{"nesting_mode":"list","block":{"attributes":{"managed_resource_id":{"type":"string","description_kind":"plain","optional":true},"queue_url":{"type":"string","description_kind":"plain","optional":true},"resource_group":{"type":"string","description_kind":"plain","optional":true},"subscription_id":{"type":"string","description_kind":"plain","optional":true}},"description_kind":"plain"},"max_items":1},"provided_pubsub":{"nesting_mode":"list","block":{"attributes":{"managed_resource_id":{"type":"string","description_kind":"plain","optional":true},"subscription_name":{"type":"string","description_kind":"plain","optional":true}},"description_kind":"plain"},"max_items":1},"provided_sqs":{"nesting_mode":"list","block":{"attributes":{"managed_resource_id":{"type":"string","description_kind":"plain","optional":true},"queue_url":{"type":"string","description_kind":"plain","optional":true}},"description_kind":"plain"},"max_items":1}},"description_kind":"plain"},"max_items":1}},"description_kind":"plain"},"max_items":1},"provider_config":{"nesting_mode":"list","block":{"attributes":{"workspace_id":{"type":"string","description_kind":"plain","required":true}},"description_kind":"plain"},"max_items":1}},"description_kind":"plain"}},"databricks_external_locations":{"version":0,"block":{"attributes":{"id":{"type":"string","description_kind":"plain","optional":true,"computed":true},"names":{"type":["list","string"],"description_kind":"plain","optional":true,"computed":true}},"block_types":{"provider_config":{"nesting_mode":"list","block":{"attributes":{"workspace_id":{"type":"string","description_kind":"plain","required":true}},"description_kind":"plain"},"max_items":1}},"description_kind":"plain"}},"databricks_external_metadata":{"version":0,"block":{"attributes":{"columns":{"type":["list","string"],"description_kind":"plain","computed":true},"create_time":{"type":"string","description_kind":"plain","computed":true},"created_by":{"type":"string","description_kind":"plain","computed":true},"description":{"type":"string","description_kind":"plain","computed":true},"entity_type":{"type":"string","description_kind":"plain","computed":true},"id":{"type":"string","description_kind":"plain","computed":true},"metastore_id":{"type":"string","description_kind":"plain","computed":true},"name":{"type":"string","description_kind":"plain","required":true},"owner":{"type":"string","description_kind":"plain","computed":true},"properties":{"type":["map","string"],"description_kind":"plain","computed":true},"system_type":{"type":"string","description_kind":"plain","computed":true},"update_time":{"type":"string","description_kind":"plain","computed":true},"updated_by":{"type":"string","description_kind":"plain","computed":true},"url":{"type":"string","description_kind":"plain","computed":true}},"description":"Terraform schema for Databricks ExternalMetadata","description_kind":"plain"}},"databricks_external_metadatas":{"version":0,"block":{"attributes":{"external_metadata":{"nested_type":{"attributes":{"columns":{"type":["list","string"],"description_kind":"plain","computed":true},"create_time":{"type":"string","description_kind":"plain","computed":true},"created_by":{"type":"string","description_kind":"plain","computed":true},"description":{"type":"string","description_kind":"plain","computed":true},"entity_type":{"type":"string","description_kind":"plain","computed":true},"id":{"type":"string","description_kind":"plain","computed":true},"metastore_id":{"type":"string","description_kind":"plain","computed":true},"name":{"type":"string","description_kind":"plain","required":true},"owner":{"type":"string","description_kind":"plain","computed":true},"properties":{"type":["map","string"],"description_kind":"plain","computed":true},"system_type":{"type":"string","description_kind":"plain","computed":true},"update_time":{"type":"string","description_kind":"plain","computed":true},"updated_by":{"type":"string","description_kind":"plain","computed":true},"url":{"type":"string","description_kind":"plain","computed":true}},"nesting_mode":"list"},"description_kind":"plain","computed":true},"page_size":{"type":"number","description_kind":"plain","optional":true}},"description":"Terraform schema for Databricks ExternalMetadata","description_kind":"plain"}},"databricks_feature_engineering_feature":{"version":0,"block":{"attributes":{"description":{"type":"string","description_kind":"plain","computed":true},"filter_condition":{"type":"string","description_kind":"plain","computed":true},"full_name":{"type":"string","description_kind":"plain","required":true},"function":{"nested_type":{"attributes":{"extra_parameters":{"nested_type":{"attributes":{"key":{"type":"string","description_kind":"plain","required":true},"value":{"type":"string","description_kind":"plain","required":true}},"nesting_mode":"list"},"description_kind":"plain","optional":true},"function_type":{"type":"string","description_kind":"plain","required":true}},"nesting_mode":"single"},"description_kind":"plain","computed":true},"inputs":{"type":["list","string"],"description_kind":"plain","computed":true},"lineage_context":{"nested_type":{"attributes":{"job_context":{"nested_type":{"attributes":{"job_id":{"type":"number","description_kind":"plain","optional":true},"job_run_id":{"type":"number","description_kind":"plain","optional":true}},"nesting_mode":"single"},"description_kind":"plain","optional":true},"notebook_id":{"type":"number","description_kind":"plain","optional":true}},"nesting_mode":"single"},"description_kind":"plain","computed":true},"source":{"nested_type":{"attributes":{"delta_table_source":{"nested_type":{"attributes":{"entity_columns":{"type":["list","string"],"description_kind":"plain","required":true},"full_name":{"type":"string","description_kind":"plain","required":true},"timeseries_column":{"type":"string","description_kind":"plain","required":true}},"nesting_mode":"single"},"description_kind":"plain","optional":true},"kafka_source":{"nested_type":{"attributes":{"entity_column_identifiers":{"nested_type":{"attributes":{"variant_expr_path":{"type":"string","description_kind":"plain","required":true}},"nesting_mode":"list"},"description_kind":"plain","required":true},"name":{"type":"string","description_kind":"plain","required":true},"timeseries_column_identifier":{"nested_type":{"attributes":{"variant_expr_path":{"type":"string","description_kind":"plain","required":true}},"nesting_mode":"single"},"description_kind":"plain","required":true}},"nesting_mode":"single"},"description_kind":"plain","optional":true}},"nesting_mode":"single"},"description_kind":"plain","computed":true},"time_window":{"nested_type":{"attributes":{"continuous":{"nested_type":{"attributes":{"offset":{"type":"string","description_kind":"plain","optional":true},"window_duration":{"type":"string","description_kind":"plain","required":true}},"nesting_mode":"single"},"description_kind":"plain","optional":true},"sliding":{"nested_type":{"attributes":{"slide_duration":{"type":"string","description_kind":"plain","required":true},"window_duration":{"type":"string","description_kind":"plain","required":true}},"nesting_mode":"single"},"description_kind":"plain","optional":true},"tumbling":{"nested_type":{"attributes":{"window_duration":{"type":"string","description_kind":"plain","required":true}},"nesting_mode":"single"},"description_kind":"plain","optional":true}},"nesting_mode":"single"},"description_kind":"plain","computed":true}},"description":"Terraform schema for Databricks Feature","description_kind":"plain"}},"databricks_feature_engineering_features":{"version":0,"block":{"attributes":{"features":{"nested_type":{"attributes":{"description":{"type":"string","description_kind":"plain","computed":true},"filter_condition":{"type":"string","description_kind":"plain","computed":true},"full_name":{"type":"string","description_kind":"plain","required":true},"function":{"nested_type":{"attributes":{"extra_parameters":{"nested_type":{"attributes":{"key":{"type":"string","description_kind":"plain","required":true},"value":{"type":"string","description_kind":"plain","required":true}},"nesting_mode":"list"},"description_kind":"plain","optional":true},"function_type":{"type":"string","description_kind":"plain","required":true}},"nesting_mode":"single"},"description_kind":"plain","computed":true},"inputs":{"type":["list","string"],"description_kind":"plain","computed":true},"lineage_context":{"nested_type":{"attributes":{"job_context":{"nested_type":{"attributes":{"job_id":{"type":"number","description_kind":"plain","optional":true},"job_run_id":{"type":"number","description_kind":"plain","optional":true}},"nesting_mode":"single"},"description_kind":"plain","optional":true},"notebook_id":{"type":"number","description_kind":"plain","optional":true}},"nesting_mode":"single"},"description_kind":"plain","computed":true},"source":{"nested_type":{"attributes":{"delta_table_source":{"nested_type":{"attributes":{"entity_columns":{"type":["list","string"],"description_kind":"plain","required":true},"full_name":{"type":"string","description_kind":"plain","required":true},"timeseries_column":{"type":"string","description_kind":"plain","required":true}},"nesting_mode":"single"},"description_kind":"plain","optional":true},"kafka_source":{"nested_type":{"attributes":{"entity_column_identifiers":{"nested_type":{"attributes":{"variant_expr_path":{"type":"string","description_kind":"plain","required":true}},"nesting_mode":"list"},"description_kind":"plain","required":true},"name":{"type":"string","description_kind":"plain","required":true},"timeseries_column_identifier":{"nested_type":{"attributes":{"variant_expr_path":{"type":"string","description_kind":"plain","required":true}},"nesting_mode":"single"},"description_kind":"plain","required":true}},"nesting_mode":"single"},"description_kind":"plain","optional":true}},"nesting_mode":"single"},"description_kind":"plain","computed":true},"time_window":{"nested_type":{"attributes":{"continuous":{"nested_type":{"attributes":{"offset":{"type":"string","description_kind":"plain","optional":true},"window_duration":{"type":"string","description_kind":"plain","required":true}},"nesting_mode":"single"},"description_kind":"plain","optional":true},"sliding":{"nested_type":{"attributes":{"slide_duration":{"type":"string","description_kind":"plain","required":true},"window_duration":{"type":"string","description_kind":"plain","required":true}},"nesting_mode":"single"},"description_kind":"plain","optional":true},"tumbling":{"nested_type":{"attributes":{"window_duration":{"type":"string","description_kind":"plain","required":true}},"nesting_mode":"single"},"description_kind":"plain","optional":true}},"nesting_mode":"single"},"description_kind":"plain","computed":true}},"nesting_mode":"list"},"description_kind":"plain","computed":true},"page_size":{"type":"number","description_kind":"plain","optional":true}},"description":"Terraform schema for Databricks Feature","description_kind":"plain"}},"databricks_feature_engineering_kafka_config":{"version":0,"block":{"attributes":{"auth_config":{"nested_type":{"attributes":{"uc_service_credential_name":{"type":"string","description_kind":"plain","optional":true}},"nesting_mode":"single"},"description_kind":"plain","computed":true},"bootstrap_servers":{"type":"string","description_kind":"plain","computed":true},"extra_options":{"type":["map","string"],"description_kind":"plain","computed":true},"key_schema":{"nested_type":{"attributes":{"json_schema":{"type":"string","description_kind":"plain","optional":true}},"nesting_mode":"single"},"description_kind":"plain","computed":true},"name":{"type":"string","description_kind":"plain","required":true},"subscription_mode":{"nested_type":{"attributes":{"assign":{"type":"string","description_kind":"plain","optional":true},"subscribe":{"type":"string","description_kind":"plain","optional":true},"subscribe_pattern":{"type":"string","description_kind":"plain","optional":true}},"nesting_mode":"single"},"description_kind":"plain","computed":true},"value_schema":{"nested_type":{"attributes":{"json_schema":{"type":"string","description_kind":"plain","optional":true}},"nesting_mode":"single"},"description_kind":"plain","computed":true}},"description":"Terraform schema for Databricks KafkaConfig","description_kind":"plain"}},"databricks_feature_engineering_kafka_configs":{"version":0,"block":{"attributes":{"kafka_configs":{"nested_type":{"attributes":{"auth_config":{"nested_type":{"attributes":{"uc_service_credential_name":{"type":"string","description_kind":"plain","optional":true}},"nesting_mode":"single"},"description_kind":"plain","computed":true},"bootstrap_servers":{"type":"string","description_kind":"plain","computed":true},"extra_options":{"type":["map","string"],"description_kind":"plain","computed":true},"key_schema":{"nested_type":{"attributes":{"json_schema":{"type":"string","description_kind":"plain","optional":true}},"nesting_mode":"single"},"description_kind":"plain","computed":true},"name":{"type":"string","description_kind":"plain","required":true},"subscription_mode":{"nested_type":{"attributes":{"assign":{"type":"string","description_kind":"plain","optional":true},"subscribe":{"type":"string","description_kind":"plain","optional":true},"subscribe_pattern":{"type":"string","description_kind":"plain","optional":true}},"nesting_mode":"single"},"description_kind":"plain","computed":true},"value_schema":{"nested_type":{"attributes":{"json_schema":{"type":"string","description_kind":"plain","optional":true}},"nesting_mode":"single"},"description_kind":"plain","computed":true}},"nesting_mode":"list"},"description_kind":"plain","computed":true},"page_size":{"type":"number","description_kind":"plain","optional":true}},"description":"Terraform schema for Databricks KafkaConfig","description_kind":"plain"}},"databricks_feature_engineering_materialized_feature":{"version":0,"block":{"attributes":{"feature_name":{"type":"string","description_kind":"plain","computed":true},"last_materialization_time":{"type":"string","description_kind":"plain","computed":true},"materialized_feature_id":{"type":"string","description_kind":"plain","required":true},"offline_store_config":{"nested_type":{"attributes":{"catalog_name":{"type":"string","description_kind":"plain","required":true},"schema_name":{"type":"string","description_kind":"plain","required":true},"table_name_prefix":{"type":"string","description_kind":"plain","required":true}},"nesting_mode":"single"},"description_kind":"plain","computed":true},"online_store_config":{"nested_type":{"attributes":{"catalog_name":{"type":"string","description_kind":"plain","required":true},"online_store_name":{"type":"string","description_kind":"plain","required":true},"schema_name":{"type":"string","description_kind":"plain","required":true},"table_name_prefix":{"type":"string","description_kind":"plain","required":true}},"nesting_mode":"single"},"description_kind":"plain","computed":true},"pipeline_schedule_state":{"type":"string","description_kind":"plain","computed":true},"table_name":{"type":"string","description_kind":"plain","computed":true}},"description":"Terraform schema for Databricks MaterializedFeature","description_kind":"plain"}},"databricks_feature_engineering_materialized_features":{"version":0,"block":{"attributes":{"feature_name":{"type":"string","description_kind":"plain","optional":true},"materialized_features":{"nested_type":{"attributes":{"feature_name":{"type":"string","description_kind":"plain","computed":true},"last_materialization_time":{"type":"string","description_kind":"plain","computed":true},"materialized_feature_id":{"type":"string","description_kind":"plain","required":true},"offline_store_config":{"nested_type":{"attributes":{"catalog_name":{"type":"string","description_kind":"plain","required":true},"schema_name":{"type":"string","description_kind":"plain","required":true},"table_name_prefix":{"type":"string","description_kind":"plain","required":true}},"nesting_mode":"single"},"description_kind":"plain","computed":true},"online_store_config":{"nested_type":{"attributes":{"catalog_name":{"type":"string","description_kind":"plain","required":true},"online_store_name":{"type":"string","description_kind":"plain","required":true},"schema_name":{"type":"string","description_kind":"plain","required":true},"table_name_prefix":{"type":"string","description_kind":"plain","required":true}},"nesting_mode":"single"},"description_kind":"plain","computed":true},"pipeline_schedule_state":{"type":"string","description_kind":"plain","computed":true},"table_name":{"type":"string","description_kind":"plain","computed":true}},"nesting_mode":"list"},"description_kind":"plain","computed":true},"page_size":{"type":"number","description_kind":"plain","optional":true}},"description":"Terraform schema for Databricks MaterializedFeature","description_kind":"plain"}},"databricks_functions":{"version":0,"block":{"attributes":{"catalog_name":{"type":"string","description_kind":"plain","required":true},"functions":{"nested_type":{"attributes":{"browse_only":{"type":"bool","description_kind":"plain","optional":true},"catalog_name":{"type":"string","description_kind":"plain","optional":true},"comment":{"type":"string","description_kind":"plain","optional":true},"created_at":{"type":"number","description_kind":"plain","optional":true},"created_by":{"type":"string","description_kind":"plain","optional":true},"data_type":{"type":"string","description_kind":"plain","optional":true},"external_language":{"type":"string","description_kind":"plain","optional":true},"external_name":{"type":"string","description_kind":"plain","optional":true},"full_data_type":{"type":"string","description_kind":"plain","optional":true},"full_name":{"type":"string","description_kind":"plain","optional":true},"function_id":{"type":"string","description_kind":"plain","optional":true},"input_params":{"nested_type":{"attributes":{"parameters":{"nested_type":{"attributes":{"comment":{"type":"string","description_kind":"plain","optional":true},"name":{"type":"string","description_kind":"plain","required":true},"parameter_default":{"type":"string","description_kind":"plain","optional":true},"parameter_mode":{"type":"string","description_kind":"plain","optional":true},"parameter_type":{"type":"string","description_kind":"plain","optional":true},"position":{"type":"number","description_kind":"plain","required":true},"type_interval_type":{"type":"string","description_kind":"plain","optional":true},"type_json":{"type":"string","description_kind":"plain","optional":true},"type_name":{"type":"string","description_kind":"plain","required":true},"type_precision":{"type":"number","description_kind":"plain","optional":true},"type_scale":{"type":"number","description_kind":"plain","optional":true},"type_text":{"type":"string","description_kind":"plain","required":true}},"nesting_mode":"list"},"description_kind":"plain","optional":true}},"nesting_mode":"single"},"description_kind":"plain","optional":true},"is_deterministic":{"type":"bool","description_kind":"plain","optional":true},"is_null_call":{"type":"bool","description_kind":"plain","optional":true},"metastore_id":{"type":"string","description_kind":"plain","optional":true},"name":{"type":"string","description_kind":"plain","optional":true},"owner":{"type":"string","description_kind":"plain","optional":true},"parameter_style":{"type":"string","description_kind":"plain","optional":true},"properties":{"type":"string","description_kind":"plain","optional":true},"return_params":{"nested_type":{"attributes":{"parameters":{"nested_type":{"attributes":{"comment":{"type":"string","description_kind":"plain","optional":true},"name":{"type":"string","description_kind":"plain","required":true},"parameter_default":{"type":"string","description_kind":"plain","optional":true},"parameter_mode":{"type":"string","description_kind":"plain","optional":true},"parameter_type":{"type":"string","description_kind":"plain","optional":true},"position":{"type":"number","description_kind":"plain","required":true},"type_interval_type":{"type":"string","description_kind":"plain","optional":true},"type_json":{"type":"string","description_kind":"plain","optional":true},"type_name":{"type":"string","description_kind":"plain","required":true},"type_precision":{"type":"number","description_kind":"plain","optional":true},"type_scale":{"type":"number","description_kind":"plain","optional":true},"type_text":{"type":"string","description_kind":"plain","required":true}},"nesting_mode":"list"},"description_kind":"plain","optional":true}},"nesting_mode":"single"},"description_kind":"plain","optional":true},"routine_body":{"type":"string","description_kind":"plain","optional":true},"routine_definition":{"type":"string","description_kind":"plain","optional":true},"routine_dependencies":{"nested_type":{"attributes":{"dependencies":{"nested_type":{"attributes":{"connection":{"nested_type":{"attributes":{"connection_name":{"type":"string","description_kind":"plain","optional":true}},"nesting_mode":"single"},"description_kind":"plain","optional":true},"credential":{"nested_type":{"attributes":{"credential_name":{"type":"string","description_kind":"plain","optional":true}},"nesting_mode":"single"},"description_kind":"plain","optional":true},"function":{"nested_type":{"attributes":{"function_full_name":{"type":"string","description_kind":"plain","required":true}},"nesting_mode":"single"},"description_kind":"plain","optional":true},"table":{"nested_type":{"attributes":{"table_full_name":{"type":"string","description_kind":"plain","required":true}},"nesting_mode":"single"},"description_kind":"plain","optional":true}},"nesting_mode":"list"},"description_kind":"plain","optional":true}},"nesting_mode":"single"},"description_kind":"plain","optional":true},"schema_name":{"type":"string","description_kind":"plain","optional":true},"security_type":{"type":"string","description_kind":"plain","optional":true},"specific_name":{"type":"string","description_kind":"plain","optional":true},"sql_data_access":{"type":"string","description_kind":"plain","optional":true},"sql_path":{"type":"string","description_kind":"plain","optional":true},"updated_at":{"type":"number","description_kind":"plain","optional":true},"updated_by":{"type":"string","description_kind":"plain","optional":true}},"nesting_mode":"list"},"description_kind":"plain","optional":true,"computed":true},"include_browse":{"type":"bool","description_kind":"plain","optional":true},"provider_config":{"nested_type":{"attributes":{"workspace_id":{"type":"string","description_kind":"plain","required":true}},"nesting_mode":"single"},"description_kind":"plain","optional":true},"schema_name":{"type":"string","description_kind":"plain","required":true}},"description_kind":"plain"}},"databricks_group":{"version":0,"block":{"attributes":{"acl_principal_id":{"type":"string","description_kind":"plain","optional":true,"computed":true},"allow_cluster_create":{"type":"bool","description_kind":"plain","optional":true},"allow_instance_pool_create":{"type":"bool","description_kind":"plain","optional":true},"child_groups":{"type":["set","string"],"description_kind":"plain","optional":true,"computed":true},"databricks_sql_access":{"type":"bool","description_kind":"plain","optional":true},"display_name":{"type":"string","description_kind":"plain","required":true},"external_id":{"type":"string","description_kind":"plain","optional":true,"computed":true},"groups":{"type":["set","string"],"description_kind":"plain","optional":true,"computed":true},"id":{"type":"string","description_kind":"plain","optional":true,"computed":true},"instance_profiles":{"type":["set","string"],"description_kind":"plain","optional":true,"computed":true},"members":{"type":["set","string"],"description_kind":"plain","deprecated":true,"optional":true,"computed":true},"recursive":{"type":"bool","description_kind":"plain","optional":true},"service_principals":{"type":["set","string"],"description_kind":"plain","optional":true,"computed":true},"users":{"type":["set","string"],"description_kind":"plain","optional":true,"computed":true},"workspace_access":{"type":"bool","description_kind":"plain","optional":true},"workspace_consume":{"type":"bool","description_kind":"plain","optional":true}},"description_kind":"plain"}},"databricks_instance_pool":{"version":0,"block":{"attributes":{"id":{"type":"string","description_kind":"plain","optional":true,"computed":true},"name":{"type":"string","description_kind":"plain","required":true}},"block_types":{"pool_info":{"nesting_mode":"list","block":{"attributes":{"custom_tags":{"type":["map","string"],"description_kind":"plain","optional":true},"default_tags":{"type":["map","string"],"description_kind":"plain","optional":true,"computed":true},"enable_elastic_disk":{"type":"bool","description_kind":"plain","optional":true},"idle_instance_autotermination_minutes":{"type":"number","description_kind":"plain","required":true},"instance_pool_id":{"type":"string","description_kind":"plain","optional":true,"computed":true},"instance_pool_name":{"type":"string","description_kind":"plain","required":true},"max_capacity":{"type":"number","description_kind":"plain","optional":true},"min_idle_instances":{"type":"number","description_kind":"plain","optional":true},"node_type_id":{"type":"string","description_kind":"plain","optional":true},"preloaded_spark_versions":{"type":["list","string"],"description_kind":"plain","optional":true},"state":{"type":"string","description_kind":"plain","optional":true}},"block_types":{"aws_attributes":{"nesting_mode":"list","block":{"attributes":{"availability":{"type":"string","description_kind":"plain","optional":true},"instance_profile_arn":{"type":"string","description_kind":"plain","optional":true},"spot_bid_price_percent":{"type":"number","description_kind":"plain","optional":true},"zone_id":{"type":"string","description_kind":"plain","optional":true,"computed":true}},"description_kind":"plain"},"max_items":1},"azure_attributes":{"nesting_mode":"list","block":{"attributes":{"availability":{"type":"string","description_kind":"plain","optional":true},"spot_bid_max_price":{"type":"number","description_kind":"plain","optional":true}},"description_kind":"plain"},"max_items":1},"disk_spec":{"nesting_mode":"list","block":{"attributes":{"disk_count":{"type":"number","description_kind":"plain","optional":true},"disk_size":{"type":"number","description_kind":"plain","optional":true}},"block_types":{"disk_type":{"nesting_mode":"list","block":{"attributes":{"azure_disk_volume_type":{"type":"string","description_kind":"plain","optional":true},"ebs_volume_type":{"type":"string","description_kind":"plain","optional":true}},"description_kind":"plain"},"max_items":1}},"description_kind":"plain"},"max_items":1},"gcp_attributes":{"nesting_mode":"list","block":{"attributes":{"gcp_availability":{"type":"string","description_kind":"plain","optional":true},"local_ssd_count":{"type":"number","description_kind":"plain","optional":true,"computed":true},"zone_id":{"type":"string","description_kind":"plain","optional":true,"computed":true}},"description_kind":"plain"},"max_items":1},"instance_pool_fleet_attributes":{"nesting_mode":"list","block":{"block_types":{"fleet_on_demand_option":{"nesting_mode":"list","block":{"attributes":{"allocation_strategy":{"type":"string","description_kind":"plain","required":true},"instance_pools_to_use_count":{"type":"number","description_kind":"plain","optional":true}},"description_kind":"plain"},"max_items":1},"fleet_spot_option":{"nesting_mode":"list","block":{"attributes":{"allocation_strategy":{"type":"string","description_kind":"plain","required":true},"instance_pools_to_use_count":{"type":"number","description_kind":"plain","optional":true}},"description_kind":"plain"},"max_items":1},"launch_template_override":{"nesting_mode":"set","block":{"attributes":{"availability_zone":{"type":"string","description_kind":"plain","required":true},"instance_type":{"type":"string","description_kind":"plain","required":true}},"description_kind":"plain"},"min_items":1}},"description_kind":"plain"}},"preloaded_docker_image":{"nesting_mode":"set","block":{"attributes":{"url":{"type":"string","description_kind":"plain","required":true}},"block_types":{"basic_auth":{"nesting_mode":"list","block":{"attributes":{"password":{"type":"string","description_kind":"plain","required":true,"sensitive":true},"username":{"type":"string","description_kind":"plain","required":true}},"description_kind":"plain"},"max_items":1}},"description_kind":"plain"}},"stats":{"nesting_mode":"list","block":{"attributes":{"idle_count":{"type":"number","description_kind":"plain","optional":true},"pending_idle_count":{"type":"number","description_kind":"plain","optional":true},"pending_used_count":{"type":"number","description_kind":"plain","optional":true},"used_count":{"type":"number","description_kind":"plain","optional":true}},"description_kind":"plain"},"max_items":1}},"description_kind":"plain"},"max_items":1}},"description_kind":"plain"}},"databricks_instance_profiles":{"version":0,"block":{"attributes":{"id":{"type":"string","description_kind":"plain","optional":true,"computed":true}},"block_types":{"instance_profiles":{"nesting_mode":"list","block":{"attributes":{"arn":{"type":"string","description_kind":"plain","optional":true,"computed":true},"is_meta":{"type":"bool","description_kind":"plain","optional":true,"computed":true},"name":{"type":"string","description_kind":"plain","optional":true,"computed":true},"role_arn":{"type":"string","description_kind":"plain","optional":true,"computed":true}},"description_kind":"plain"}},"provider_config":{"nesting_mode":"list","block":{"attributes":{"workspace_id":{"type":"string","description_kind":"plain","required":true}},"description_kind":"plain"},"max_items":1}},"description_kind":"plain"}},"databricks_job":{"version":2,"block":{"attributes":{"id":{"type":"string","description_kind":"plain","optional":true,"computed":true},"job_id":{"type":"string","description_kind":"plain","optional":true,"computed":true},"job_name":{"type":"string","description_kind":"plain","optional":true,"computed":true},"name":{"type":"string","description_kind":"plain","optional":true,"computed":true}},"block_types":{"job_settings":{"nesting_mode":"list","block":{"attributes":{"created_time":{"type":"number","description_kind":"plain","optional":true},"creator_user_name":{"type":"string","description_kind":"plain","optional":true},"job_id":{"type":"number","description_kind":"plain","optional":true},"run_as_user_name":{"type":"string","description_kind":"plain","optional":true,"computed":true}},"block_types":{"settings":{"nesting_mode":"list","block":{"attributes":{"description":{"type":"string","description_kind":"plain","optional":true},"edit_mode":{"type":"string","description_kind":"plain","optional":true},"existing_cluster_id":{"type":"string","description_kind":"plain","optional":true},"format":{"type":"string","description_kind":"plain","optional":true,"computed":true},"max_concurrent_runs":{"type":"number","description_kind":"plain","optional":true},"max_retries":{"type":"number","description_kind":"plain","optional":true},"min_retry_interval_millis":{"type":"number","description_kind":"plain","optional":true},"name":{"type":"string","description_kind":"plain","optional":true},"retry_on_timeout":{"type":"bool","description_kind":"plain","optional":true},"tags":{"type":["map","string"],"description_kind":"plain","optional":true},"timeout_seconds":{"type":"number","description_kind":"plain","optional":true}},"block_types":{"continuous":{"nesting_mode":"list","block":{"attributes":{"pause_status":{"type":"string","description_kind":"plain","optional":true}},"description_kind":"plain"},"max_items":1},"dbt_task":{"nesting_mode":"list","block":{"attributes":{"catalog":{"type":"string","description_kind":"plain","optional":true},"commands":{"type":["list","string"],"description_kind":"plain","required":true},"profiles_directory":{"type":"string","description_kind":"plain","optional":true},"project_directory":{"type":"string","description_kind":"plain","optional":true},"schema":{"type":"string","description_kind":"plain","optional":true},"source":{"type":"string","description_kind":"plain","optional":true},"warehouse_id":{"type":"string","description_kind":"plain","optional":true}},"description_kind":"plain"},"max_items":1},"deployment":{"nesting_mode":"list","block":{"attributes":{"kind":{"type":"string","description_kind":"plain","required":true},"metadata_file_path":{"type":"string","description_kind":"plain","optional":true}},"description_kind":"plain"},"max_items":1},"email_notifications":{"nesting_mode":"list","block":{"attributes":{"no_alert_for_skipped_runs":{"type":"bool","description_kind":"plain","optional":true},"on_duration_warning_threshold_exceeded":{"type":["list","string"],"description_kind":"plain","optional":true},"on_failure":{"type":["list","string"],"description_kind":"plain","optional":true},"on_start":{"type":["list","string"],"description_kind":"plain","optional":true},"on_streaming_backlog_exceeded":{"type":["list","string"],"description_kind":"plain","optional":true},"on_success":{"type":["list","string"],"description_kind":"plain","optional":true}},"description_kind":"plain"},"max_items":1},"environment":{"nesting_mode":"list","block":{"attributes":{"environment_key":{"type":"string","description_kind":"plain","required":true}},"block_types":{"spec":{"nesting_mode":"list","block":{"attributes":{"client":{"type":"string","description_kind":"plain","optional":true},"dependencies":{"type":["list","string"],"description_kind":"plain","optional":true},"environment_version":{"type":"string","description_kind":"plain","optional":true},"java_dependencies":{"type":["list","string"],"description_kind":"plain","optional":true}},"description_kind":"plain"},"max_items":1}},"description_kind":"plain"}},"git_source":{"nesting_mode":"list","block":{"attributes":{"branch":{"type":"string","description_kind":"plain","optional":true},"commit":{"type":"string","description_kind":"plain","optional":true},"provider":{"type":"string","description_kind":"plain","optional":true},"tag":{"type":"string","description_kind":"plain","optional":true},"url":{"type":"string","description_kind":"plain","required":true}},"block_types":{"job_source":{"nesting_mode":"list","block":{"attributes":{"dirty_state":{"type":"string","description_kind":"plain","optional":true},"import_from_git_branch":{"type":"string","description_kind":"plain","required":true},"job_config_path":{"type":"string","description_kind":"plain","required":true}},"description_kind":"plain"},"max_items":1}},"description_kind":"plain"},"max_items":1},"health":{"nesting_mode":"list","block":{"block_types":{"rules":{"nesting_mode":"list","block":{"attributes":{"metric":{"type":"string","description_kind":"plain","required":true},"op":{"type":"string","description_kind":"plain","required":true},"value":{"type":"number","description_kind":"plain","required":true}},"description_kind":"plain"},"min_items":1}},"description_kind":"plain"},"max_items":1},"job_cluster":{"nesting_mode":"list","block":{"attributes":{"job_cluster_key":{"type":"string","description_kind":"plain","required":true}},"block_types":{"new_cluster":{"nesting_mode":"list","block":{"attributes":{"apply_policy_default_values":{"type":"bool","description_kind":"plain","optional":true},"autotermination_minutes":{"type":"number","description_kind":"plain","optional":true},"cluster_id":{"type":"string","description_kind":"plain","optional":true},"cluster_name":{"type":"string","description_kind":"plain","optional":true},"custom_tags":{"type":["map","string"],"description_kind":"plain","optional":true},"data_security_mode":{"type":"string","description_kind":"plain","optional":true},"driver_instance_pool_id":{"type":"string","description_kind":"plain","optional":true,"computed":true},"driver_node_type_id":{"type":"string","description_kind":"plain","optional":true,"computed":true},"enable_elastic_disk":{"type":"bool","description_kind":"plain","optional":true,"computed":true},"enable_local_disk_encryption":{"type":"bool","description_kind":"plain","optional":true,"computed":true},"idempotency_token":{"type":"string","description_kind":"plain","optional":true},"instance_pool_id":{"type":"string","description_kind":"plain","optional":true},"node_type_id":{"type":"string","description_kind":"plain","optional":true,"computed":true},"num_workers":{"type":"number","description_kind":"plain","required":true},"policy_id":{"type":"string","description_kind":"plain","optional":true},"runtime_engine":{"type":"string","description_kind":"plain","optional":true},"single_user_name":{"type":"string","description_kind":"plain","optional":true},"spark_conf":{"type":["map","string"],"description_kind":"plain","optional":true},"spark_env_vars":{"type":["map","string"],"description_kind":"plain","optional":true},"spark_version":{"type":"string","description_kind":"plain","optional":true},"ssh_public_keys":{"type":["list","string"],"description_kind":"plain","optional":true}},"block_types":{"autoscale":{"nesting_mode":"list","block":{"attributes":{"max_workers":{"type":"number","description_kind":"plain","optional":true},"min_workers":{"type":"number","description_kind":"plain","optional":true}},"description_kind":"plain"},"max_items":1},"aws_attributes":{"nesting_mode":"list","block":{"attributes":{"availability":{"type":"string","description_kind":"plain","optional":true},"ebs_volume_count":{"type":"number","description_kind":"plain","optional":true},"ebs_volume_size":{"type":"number","description_kind":"plain","optional":true},"ebs_volume_type":{"type":"string","description_kind":"plain","optional":true},"first_on_demand":{"type":"number","description_kind":"plain","optional":true},"instance_profile_arn":{"type":"string","description_kind":"plain","optional":true},"spot_bid_price_percent":{"type":"number","description_kind":"plain","optional":true},"zone_id":{"type":"string","description_kind":"plain","optional":true}},"description_kind":"plain"},"max_items":1},"azure_attributes":{"nesting_mode":"list","block":{"attributes":{"availability":{"type":"string","description_kind":"plain","optional":true},"first_on_demand":{"type":"number","description_kind":"plain","optional":true},"spot_bid_max_price":{"type":"number","description_kind":"plain","optional":true}},"description_kind":"plain"},"max_items":1},"cluster_log_conf":{"nesting_mode":"list","block":{"block_types":{"dbfs":{"nesting_mode":"list","block":{"attributes":{"destination":{"type":"string","description_kind":"plain","required":true}},"description_kind":"plain"},"max_items":1},"s3":{"nesting_mode":"list","block":{"attributes":{"canned_acl":{"type":"string","description_kind":"plain","optional":true},"destination":{"type":"string","description_kind":"plain","required":true},"enable_encryption":{"type":"bool","description_kind":"plain","optional":true},"encryption_type":{"type":"string","description_kind":"plain","optional":true},"endpoint":{"type":"string","description_kind":"plain","optional":true},"kms_key":{"type":"string","description_kind":"plain","optional":true},"region":{"type":"string","description_kind":"plain","optional":true}},"description_kind":"plain"},"max_items":1}},"description_kind":"plain"},"max_items":1},"cluster_mount_info":{"nesting_mode":"list","block":{"attributes":{"local_mount_dir_path":{"type":"string","description_kind":"plain","required":true},"remote_mount_dir_path":{"type":"string","description_kind":"plain","optional":true}},"block_types":{"network_filesystem_info":{"nesting_mode":"list","block":{"attributes":{"mount_options":{"type":"string","description_kind":"plain","optional":true},"server_address":{"type":"string","description_kind":"plain","required":true}},"description_kind":"plain"},"min_items":1,"max_items":1}},"description_kind":"plain"}},"docker_image":{"nesting_mode":"list","block":{"attributes":{"url":{"type":"string","description_kind":"plain","required":true}},"block_types":{"basic_auth":{"nesting_mode":"list","block":{"attributes":{"password":{"type":"string","description_kind":"plain","required":true,"sensitive":true},"username":{"type":"string","description_kind":"plain","required":true}},"description_kind":"plain"},"max_items":1}},"description_kind":"plain"},"max_items":1},"gcp_attributes":{"nesting_mode":"list","block":{"attributes":{"availability":{"type":"string","description_kind":"plain","optional":true},"boot_disk_size":{"type":"number","description_kind":"plain","optional":true},"google_service_account":{"type":"string","description_kind":"plain","optional":true},"local_ssd_count":{"type":"number","description_kind":"plain","optional":true},"use_preemptible_executors":{"type":"bool","description_kind":"plain","optional":true},"zone_id":{"type":"string","description_kind":"plain","optional":true}},"description_kind":"plain"},"max_items":1},"init_scripts":{"nesting_mode":"list","block":{"block_types":{"abfss":{"nesting_mode":"list","block":{"attributes":{"destination":{"type":"string","description_kind":"plain","required":true}},"description_kind":"plain"},"max_items":1},"dbfs":{"nesting_mode":"list","block":{"attributes":{"destination":{"type":"string","description_kind":"plain","required":true}},"description_kind":"plain"},"max_items":1},"file":{"nesting_mode":"list","block":{"attributes":{"destination":{"type":"string","description_kind":"plain","required":true}},"description_kind":"plain"},"max_items":1},"gcs":{"nesting_mode":"list","block":{"attributes":{"destination":{"type":"string","description_kind":"plain","required":true}},"description_kind":"plain"},"max_items":1},"s3":{"nesting_mode":"list","block":{"attributes":{"canned_acl":{"type":"string","description_kind":"plain","optional":true},"destination":{"type":"string","description_kind":"plain","required":true},"enable_encryption":{"type":"bool","description_kind":"plain","optional":true},"encryption_type":{"type":"string","description_kind":"plain","optional":true},"endpoint":{"type":"string","description_kind":"plain","optional":true},"kms_key":{"type":"string","description_kind":"plain","optional":true},"region":{"type":"string","description_kind":"plain","optional":true}},"description_kind":"plain"},"max_items":1},"volumes":{"nesting_mode":"list","block":{"attributes":{"destination":{"type":"string","description_kind":"plain","required":true}},"description_kind":"plain"},"max_items":1},"workspace":{"nesting_mode":"list","block":{"attributes":{"destination":{"type":"string","description_kind":"plain","required":true}},"description_kind":"plain"},"max_items":1}},"description_kind":"plain"},"max_items":10},"workload_type":{"nesting_mode":"list","block":{"block_types":{"clients":{"nesting_mode":"list","block":{"attributes":{"jobs":{"type":"bool","description_kind":"plain","optional":true},"notebooks":{"type":"bool","description_kind":"plain","optional":true}},"description_kind":"plain"},"min_items":1,"max_items":1}},"description_kind":"plain"},"max_items":1}},"description_kind":"plain"},"min_items":1,"max_items":1}},"description_kind":"plain"}},"library":{"nesting_mode":"list","block":{"attributes":{"egg":{"type":"string","description_kind":"plain","deprecated":true,"optional":true},"jar":{"type":"string","description_kind":"plain","optional":true},"requirements":{"type":"string","description_kind":"plain","optional":true},"whl":{"type":"string","description_kind":"plain","optional":true}},"block_types":{"cran":{"nesting_mode":"list","block":{"attributes":{"package":{"type":"string","description_kind":"plain","required":true},"repo":{"type":"string","description_kind":"plain","optional":true}},"description_kind":"plain"},"max_items":1},"maven":{"nesting_mode":"list","block":{"attributes":{"coordinates":{"type":"string","description_kind":"plain","required":true},"exclusions":{"type":["list","string"],"description_kind":"plain","optional":true},"repo":{"type":"string","description_kind":"plain","optional":true}},"description_kind":"plain"},"max_items":1},"provider_config":{"nesting_mode":"list","block":{"attributes":{"workspace_id":{"type":"string","description_kind":"plain","required":true}},"description_kind":"plain"},"max_items":1},"pypi":{"nesting_mode":"list","block":{"attributes":{"package":{"type":"string","description_kind":"plain","required":true},"repo":{"type":"string","description_kind":"plain","optional":true}},"description_kind":"plain"},"max_items":1}},"description_kind":"plain"}},"new_cluster":{"nesting_mode":"list","block":{"attributes":{"apply_policy_default_values":{"type":"bool","description_kind":"plain","optional":true},"autotermination_minutes":{"type":"number","description_kind":"plain","optional":true},"cluster_id":{"type":"string","description_kind":"plain","optional":true},"cluster_name":{"type":"string","description_kind":"plain","optional":true},"custom_tags":{"type":["map","string"],"description_kind":"plain","optional":true},"data_security_mode":{"type":"string","description_kind":"plain","optional":true},"driver_instance_pool_id":{"type":"string","description_kind":"plain","optional":true,"computed":true},"driver_node_type_id":{"type":"string","description_kind":"plain","optional":true,"computed":true},"enable_elastic_disk":{"type":"bool","description_kind":"plain","optional":true,"computed":true},"enable_local_disk_encryption":{"type":"bool","description_kind":"plain","optional":true,"computed":true},"idempotency_token":{"type":"string","description_kind":"plain","optional":true},"instance_pool_id":{"type":"string","description_kind":"plain","optional":true},"node_type_id":{"type":"string","description_kind":"plain","optional":true,"computed":true},"num_workers":{"type":"number","description_kind":"plain","required":true},"policy_id":{"type":"string","description_kind":"plain","optional":true},"runtime_engine":{"type":"string","description_kind":"plain","optional":true},"single_user_name":{"type":"string","description_kind":"plain","optional":true},"spark_conf":{"type":["map","string"],"description_kind":"plain","optional":true},"spark_env_vars":{"type":["map","string"],"description_kind":"plain","optional":true},"spark_version":{"type":"string","description_kind":"plain","optional":true},"ssh_public_keys":{"type":["list","string"],"description_kind":"plain","optional":true}},"block_types":{"autoscale":{"nesting_mode":"list","block":{"attributes":{"max_workers":{"type":"number","description_kind":"plain","optional":true},"min_workers":{"type":"number","description_kind":"plain","optional":true}},"description_kind":"plain"},"max_items":1},"aws_attributes":{"nesting_mode":"list","block":{"attributes":{"availability":{"type":"string","description_kind":"plain","optional":true},"ebs_volume_count":{"type":"number","description_kind":"plain","optional":true},"ebs_volume_size":{"type":"number","description_kind":"plain","optional":true},"ebs_volume_type":{"type":"string","description_kind":"plain","optional":true},"first_on_demand":{"type":"number","description_kind":"plain","optional":true},"instance_profile_arn":{"type":"string","description_kind":"plain","optional":true},"spot_bid_price_percent":{"type":"number","description_kind":"plain","optional":true},"zone_id":{"type":"string","description_kind":"plain","optional":true}},"description_kind":"plain"},"max_items":1},"azure_attributes":{"nesting_mode":"list","block":{"attributes":{"availability":{"type":"string","description_kind":"plain","optional":true},"first_on_demand":{"type":"number","description_kind":"plain","optional":true},"spot_bid_max_price":{"type":"number","description_kind":"plain","optional":true}},"description_kind":"plain"},"max_items":1},"cluster_log_conf":{"nesting_mode":"list","block":{"block_types":{"dbfs":{"nesting_mode":"list","block":{"attributes":{"destination":{"type":"string","description_kind":"plain","required":true}},"description_kind":"plain"},"max_items":1},"s3":{"nesting_mode":"list","block":{"attributes":{"canned_acl":{"type":"string","description_kind":"plain","optional":true},"destination":{"type":"string","description_kind":"plain","required":true},"enable_encryption":{"type":"bool","description_kind":"plain","optional":true},"encryption_type":{"type":"string","description_kind":"plain","optional":true},"endpoint":{"type":"string","description_kind":"plain","optional":true},"kms_key":{"type":"string","description_kind":"plain","optional":true},"region":{"type":"string","description_kind":"plain","optional":true}},"description_kind":"plain"},"max_items":1}},"description_kind":"plain"},"max_items":1},"cluster_mount_info":{"nesting_mode":"list","block":{"attributes":{"local_mount_dir_path":{"type":"string","description_kind":"plain","required":true},"remote_mount_dir_path":{"type":"string","description_kind":"plain","optional":true}},"block_types":{"network_filesystem_info":{"nesting_mode":"list","block":{"attributes":{"mount_options":{"type":"string","description_kind":"plain","optional":true},"server_address":{"type":"string","description_kind":"plain","required":true}},"description_kind":"plain"},"min_items":1,"max_items":1}},"description_kind":"plain"}},"docker_image":{"nesting_mode":"list","block":{"attributes":{"url":{"type":"string","description_kind":"plain","required":true}},"block_types":{"basic_auth":{"nesting_mode":"list","block":{"attributes":{"password":{"type":"string","description_kind":"plain","required":true,"sensitive":true},"username":{"type":"string","description_kind":"plain","required":true}},"description_kind":"plain"},"max_items":1}},"description_kind":"plain"},"max_items":1},"gcp_attributes":{"nesting_mode":"list","block":{"attributes":{"availability":{"type":"string","description_kind":"plain","optional":true},"boot_disk_size":{"type":"number","description_kind":"plain","optional":true},"google_service_account":{"type":"string","description_kind":"plain","optional":true},"local_ssd_count":{"type":"number","description_kind":"plain","optional":true},"use_preemptible_executors":{"type":"bool","description_kind":"plain","optional":true},"zone_id":{"type":"string","description_kind":"plain","optional":true}},"description_kind":"plain"},"max_items":1},"init_scripts":{"nesting_mode":"list","block":{"block_types":{"abfss":{"nesting_mode":"list","block":{"attributes":{"destination":{"type":"string","description_kind":"plain","required":true}},"description_kind":"plain"},"max_items":1},"dbfs":{"nesting_mode":"list","block":{"attributes":{"destination":{"type":"string","description_kind":"plain","required":true}},"description_kind":"plain"},"max_items":1},"file":{"nesting_mode":"list","block":{"attributes":{"destination":{"type":"string","description_kind":"plain","required":true}},"description_kind":"plain"},"max_items":1},"gcs":{"nesting_mode":"list","block":{"attributes":{"destination":{"type":"string","description_kind":"plain","required":true}},"description_kind":"plain"},"max_items":1},"s3":{"nesting_mode":"list","block":{"attributes":{"canned_acl":{"type":"string","description_kind":"plain","optional":true},"destination":{"type":"string","description_kind":"plain","required":true},"enable_encryption":{"type":"bool","description_kind":"plain","optional":true},"encryption_type":{"type":"string","description_kind":"plain","optional":true},"endpoint":{"type":"string","description_kind":"plain","optional":true},"kms_key":{"type":"string","description_kind":"plain","optional":true},"region":{"type":"string","description_kind":"plain","optional":true}},"description_kind":"plain"},"max_items":1},"volumes":{"nesting_mode":"list","block":{"attributes":{"destination":{"type":"string","description_kind":"plain","required":true}},"description_kind":"plain"},"max_items":1},"workspace":{"nesting_mode":"list","block":{"attributes":{"destination":{"type":"string","description_kind":"plain","required":true}},"description_kind":"plain"},"max_items":1}},"description_kind":"plain"},"max_items":10},"workload_type":{"nesting_mode":"list","block":{"block_types":{"clients":{"nesting_mode":"list","block":{"attributes":{"jobs":{"type":"bool","description_kind":"plain","optional":true},"notebooks":{"type":"bool","description_kind":"plain","optional":true}},"description_kind":"plain"},"min_items":1,"max_items":1}},"description_kind":"plain"},"max_items":1}},"description_kind":"plain"},"max_items":1},"notebook_task":{"nesting_mode":"list","block":{"attributes":{"base_parameters":{"type":["map","string"],"description_kind":"plain","optional":true},"notebook_path":{"type":"string","description_kind":"plain","required":true},"source":{"type":"string","description_kind":"plain","optional":true},"warehouse_id":{"type":"string","description_kind":"plain","optional":true}},"description_kind":"plain"},"max_items":1},"notification_settings":{"nesting_mode":"list","block":{"attributes":{"no_alert_for_canceled_runs":{"type":"bool","description_kind":"plain","optional":true},"no_alert_for_skipped_runs":{"type":"bool","description_kind":"plain","optional":true}},"description_kind":"plain"},"max_items":1},"parameter":{"nesting_mode":"list","block":{"attributes":{"default":{"type":"string","description_kind":"plain","required":true},"name":{"type":"string","description_kind":"plain","required":true}},"description_kind":"plain"}},"pipeline_task":{"nesting_mode":"list","block":{"attributes":{"full_refresh":{"type":"bool","description_kind":"plain","optional":true},"pipeline_id":{"type":"string","description_kind":"plain","required":true}},"description_kind":"plain"},"max_items":1},"python_wheel_task":{"nesting_mode":"list","block":{"attributes":{"entry_point":{"type":"string","description_kind":"plain","optional":true},"named_parameters":{"type":["map","string"],"description_kind":"plain","optional":true},"package_name":{"type":"string","description_kind":"plain","optional":true},"parameters":{"type":["list","string"],"description_kind":"plain","optional":true}},"description_kind":"plain"},"max_items":1},"queue":{"nesting_mode":"list","block":{"attributes":{"enabled":{"type":"bool","description_kind":"plain","required":true}},"description_kind":"plain"},"max_items":1},"run_as":{"nesting_mode":"list","block":{"attributes":{"service_principal_name":{"type":"string","description_kind":"plain","optional":true},"user_name":{"type":"string","description_kind":"plain","optional":true}},"description_kind":"plain"},"max_items":1},"run_job_task":{"nesting_mode":"list","block":{"attributes":{"job_id":{"type":"number","description_kind":"plain","required":true},"job_parameters":{"type":["map","string"],"description_kind":"plain","optional":true}},"description_kind":"plain"},"max_items":1},"schedule":{"nesting_mode":"list","block":{"attributes":{"pause_status":{"type":"string","description_kind":"plain","optional":true},"quartz_cron_expression":{"type":"string","description_kind":"plain","required":true},"timezone_id":{"type":"string","description_kind":"plain","required":true}},"description_kind":"plain"},"max_items":1},"spark_jar_task":{"nesting_mode":"list","block":{"attributes":{"jar_uri":{"type":"string","description_kind":"plain","optional":true},"main_class_name":{"type":"string","description_kind":"plain","optional":true},"parameters":{"type":["list","string"],"description_kind":"plain","optional":true}},"description_kind":"plain"},"max_items":1},"spark_python_task":{"nesting_mode":"list","block":{"attributes":{"parameters":{"type":["list","string"],"description_kind":"plain","optional":true},"python_file":{"type":"string","description_kind":"plain","required":true},"source":{"type":"string","description_kind":"plain","optional":true}},"description_kind":"plain"},"max_items":1},"spark_submit_task":{"nesting_mode":"list","block":{"attributes":{"parameters":{"type":["list","string"],"description_kind":"plain","optional":true}},"description_kind":"plain"},"max_items":1},"task":{"nesting_mode":"list","block":{"attributes":{"description":{"type":"string","description_kind":"plain","optional":true},"environment_key":{"type":"string","description_kind":"plain","optional":true},"existing_cluster_id":{"type":"string","description_kind":"plain","optional":true},"job_cluster_key":{"type":"string","description_kind":"plain","optional":true},"max_retries":{"type":"number","description_kind":"plain","optional":true},"min_retry_interval_millis":{"type":"number","description_kind":"plain","optional":true},"retry_on_timeout":{"type":"bool","description_kind":"plain","optional":true,"computed":true},"run_if":{"type":"string","description_kind":"plain","optional":true},"task_key":{"type":"string","description_kind":"plain","required":true},"timeout_seconds":{"type":"number","description_kind":"plain","optional":true}},"block_types":{"condition_task":{"nesting_mode":"list","block":{"attributes":{"left":{"type":"string","description_kind":"plain","required":true},"op":{"type":"string","description_kind":"plain","required":true},"right":{"type":"string","description_kind":"plain","required":true}},"description_kind":"plain"},"max_items":1},"dashboard_task":{"nesting_mode":"list","block":{"attributes":{"dashboard_id":{"type":"string","description_kind":"plain","optional":true},"warehouse_id":{"type":"string","description_kind":"plain","optional":true}},"block_types":{"subscription":{"nesting_mode":"list","block":{"attributes":{"custom_subject":{"type":"string","description_kind":"plain","optional":true},"paused":{"type":"bool","description_kind":"plain","optional":true}},"block_types":{"subscribers":{"nesting_mode":"list","block":{"attributes":{"destination_id":{"type":"string","description_kind":"plain","optional":true},"user_name":{"type":"string","description_kind":"plain","optional":true}},"description_kind":"plain"}}},"description_kind":"plain"},"max_items":1}},"description_kind":"plain"},"max_items":1},"dbt_task":{"nesting_mode":"list","block":{"attributes":{"catalog":{"type":"string","description_kind":"plain","optional":true},"commands":{"type":["list","string"],"description_kind":"plain","required":true},"profiles_directory":{"type":"string","description_kind":"plain","optional":true},"project_directory":{"type":"string","description_kind":"plain","optional":true},"schema":{"type":"string","description_kind":"plain","optional":true},"source":{"type":"string","description_kind":"plain","optional":true},"warehouse_id":{"type":"string","description_kind":"plain","optional":true}},"description_kind":"plain"},"max_items":1},"depends_on":{"nesting_mode":"list","block":{"attributes":{"outcome":{"type":"string","description_kind":"plain","optional":true},"task_key":{"type":"string","description_kind":"plain","required":true}},"description_kind":"plain"}},"email_notifications":{"nesting_mode":"list","block":{"attributes":{"no_alert_for_skipped_runs":{"type":"bool","description_kind":"plain","optional":true},"on_duration_warning_threshold_exceeded":{"type":["list","string"],"description_kind":"plain","optional":true},"on_failure":{"type":["list","string"],"description_kind":"plain","optional":true},"on_start":{"type":["list","string"],"description_kind":"plain","optional":true},"on_streaming_backlog_exceeded":{"type":["list","string"],"description_kind":"plain","optional":true},"on_success":{"type":["list","string"],"description_kind":"plain","optional":true}},"description_kind":"plain"},"max_items":1},"for_each_task":{"nesting_mode":"list","block":{"attributes":{"concurrency":{"type":"number","description_kind":"plain","optional":true},"inputs":{"type":"string","description_kind":"plain","required":true}},"block_types":{"task":{"nesting_mode":"list","block":{"attributes":{"description":{"type":"string","description_kind":"plain","optional":true},"environment_key":{"type":"string","description_kind":"plain","optional":true},"existing_cluster_id":{"type":"string","description_kind":"plain","optional":true},"job_cluster_key":{"type":"string","description_kind":"plain","optional":true},"max_retries":{"type":"number","description_kind":"plain","optional":true},"min_retry_interval_millis":{"type":"number","description_kind":"plain","optional":true},"retry_on_timeout":{"type":"bool","description_kind":"plain","optional":true,"computed":true},"run_if":{"type":"string","description_kind":"plain","optional":true},"task_key":{"type":"string","description_kind":"plain","required":true},"timeout_seconds":{"type":"number","description_kind":"plain","optional":true}},"block_types":{"condition_task":{"nesting_mode":"list","block":{"attributes":{"left":{"type":"string","description_kind":"plain","required":true},"op":{"type":"string","description_kind":"plain","required":true},"right":{"type":"string","description_kind":"plain","required":true}},"description_kind":"plain"},"max_items":1},"dashboard_task":{"nesting_mode":"list","block":{"attributes":{"dashboard_id":{"type":"string","description_kind":"plain","optional":true},"warehouse_id":{"type":"string","description_kind":"plain","optional":true}},"block_types":{"subscription":{"nesting_mode":"list","block":{"attributes":{"custom_subject":{"type":"string","description_kind":"plain","optional":true},"paused":{"type":"bool","description_kind":"plain","optional":true}},"block_types":{"subscribers":{"nesting_mode":"list","block":{"attributes":{"destination_id":{"type":"string","description_kind":"plain","optional":true},"user_name":{"type":"string","description_kind":"plain","optional":true}},"description_kind":"plain"}}},"description_kind":"plain"},"max_items":1}},"description_kind":"plain"},"max_items":1},"dbt_task":{"nesting_mode":"list","block":{"attributes":{"catalog":{"type":"string","description_kind":"plain","optional":true},"commands":{"type":["list","string"],"description_kind":"plain","required":true},"profiles_directory":{"type":"string","description_kind":"plain","optional":true},"project_directory":{"type":"string","description_kind":"plain","optional":true},"schema":{"type":"string","description_kind":"plain","optional":true},"source":{"type":"string","description_kind":"plain","optional":true},"warehouse_id":{"type":"string","description_kind":"plain","optional":true}},"description_kind":"plain"},"max_items":1},"depends_on":{"nesting_mode":"list","block":{"attributes":{"outcome":{"type":"string","description_kind":"plain","optional":true},"task_key":{"type":"string","description_kind":"plain","required":true}},"description_kind":"plain"}},"email_notifications":{"nesting_mode":"list","block":{"attributes":{"no_alert_for_skipped_runs":{"type":"bool","description_kind":"plain","optional":true},"on_duration_warning_threshold_exceeded":{"type":["list","string"],"description_kind":"plain","optional":true},"on_failure":{"type":["list","string"],"description_kind":"plain","optional":true},"on_start":{"type":["list","string"],"description_kind":"plain","optional":true},"on_streaming_backlog_exceeded":{"type":["list","string"],"description_kind":"plain","optional":true},"on_success":{"type":["list","string"],"description_kind":"plain","optional":true}},"description_kind":"plain"},"max_items":1},"health":{"nesting_mode":"list","block":{"block_types":{"rules":{"nesting_mode":"list","block":{"attributes":{"metric":{"type":"string","description_kind":"plain","required":true},"op":{"type":"string","description_kind":"plain","required":true},"value":{"type":"number","description_kind":"plain","required":true}},"description_kind":"plain"},"min_items":1}},"description_kind":"plain"},"max_items":1},"library":{"nesting_mode":"list","block":{"attributes":{"egg":{"type":"string","description_kind":"plain","deprecated":true,"optional":true},"jar":{"type":"string","description_kind":"plain","optional":true},"requirements":{"type":"string","description_kind":"plain","optional":true},"whl":{"type":"string","description_kind":"plain","optional":true}},"block_types":{"cran":{"nesting_mode":"list","block":{"attributes":{"package":{"type":"string","description_kind":"plain","required":true},"repo":{"type":"string","description_kind":"plain","optional":true}},"description_kind":"plain"},"max_items":1},"maven":{"nesting_mode":"list","block":{"attributes":{"coordinates":{"type":"string","description_kind":"plain","required":true},"exclusions":{"type":["list","string"],"description_kind":"plain","optional":true},"repo":{"type":"string","description_kind":"plain","optional":true}},"description_kind":"plain"},"max_items":1},"provider_config":{"nesting_mode":"list","block":{"attributes":{"workspace_id":{"type":"string","description_kind":"plain","required":true}},"description_kind":"plain"},"max_items":1},"pypi":{"nesting_mode":"list","block":{"attributes":{"package":{"type":"string","description_kind":"plain","required":true},"repo":{"type":"string","description_kind":"plain","optional":true}},"description_kind":"plain"},"max_items":1}},"description_kind":"plain"}},"new_cluster":{"nesting_mode":"list","block":{"attributes":{"apply_policy_default_values":{"type":"bool","description_kind":"plain","optional":true},"autotermination_minutes":{"type":"number","description_kind":"plain","optional":true},"cluster_id":{"type":"string","description_kind":"plain","optional":true},"cluster_name":{"type":"string","description_kind":"plain","optional":true},"custom_tags":{"type":["map","string"],"description_kind":"plain","optional":true},"data_security_mode":{"type":"string","description_kind":"plain","optional":true},"driver_instance_pool_id":{"type":"string","description_kind":"plain","optional":true,"computed":true},"driver_node_type_id":{"type":"string","description_kind":"plain","optional":true,"computed":true},"enable_elastic_disk":{"type":"bool","description_kind":"plain","optional":true,"computed":true},"enable_local_disk_encryption":{"type":"bool","description_kind":"plain","optional":true,"computed":true},"idempotency_token":{"type":"string","description_kind":"plain","optional":true},"instance_pool_id":{"type":"string","description_kind":"plain","optional":true},"node_type_id":{"type":"string","description_kind":"plain","optional":true,"computed":true},"num_workers":{"type":"number","description_kind":"plain","required":true},"policy_id":{"type":"string","description_kind":"plain","optional":true},"runtime_engine":{"type":"string","description_kind":"plain","optional":true},"single_user_name":{"type":"string","description_kind":"plain","optional":true},"spark_conf":{"type":["map","string"],"description_kind":"plain","optional":true},"spark_env_vars":{"type":["map","string"],"description_kind":"plain","optional":true},"spark_version":{"type":"string","description_kind":"plain","optional":true},"ssh_public_keys":{"type":["list","string"],"description_kind":"plain","optional":true}},"block_types":{"autoscale":{"nesting_mode":"list","block":{"attributes":{"max_workers":{"type":"number","description_kind":"plain","optional":true},"min_workers":{"type":"number","description_kind":"plain","optional":true}},"description_kind":"plain"},"max_items":1},"aws_attributes":{"nesting_mode":"list","block":{"attributes":{"availability":{"type":"string","description_kind":"plain","optional":true},"ebs_volume_count":{"type":"number","description_kind":"plain","optional":true},"ebs_volume_size":{"type":"number","description_kind":"plain","optional":true},"ebs_volume_type":{"type":"string","description_kind":"plain","optional":true},"first_on_demand":{"type":"number","description_kind":"plain","optional":true},"instance_profile_arn":{"type":"string","description_kind":"plain","optional":true},"spot_bid_price_percent":{"type":"number","description_kind":"plain","optional":true},"zone_id":{"type":"string","description_kind":"plain","optional":true}},"description_kind":"plain"},"max_items":1},"azure_attributes":{"nesting_mode":"list","block":{"attributes":{"availability":{"type":"string","description_kind":"plain","optional":true},"first_on_demand":{"type":"number","description_kind":"plain","optional":true},"spot_bid_max_price":{"type":"number","description_kind":"plain","optional":true}},"description_kind":"plain"},"max_items":1},"cluster_log_conf":{"nesting_mode":"list","block":{"block_types":{"dbfs":{"nesting_mode":"list","block":{"attributes":{"destination":{"type":"string","description_kind":"plain","required":true}},"description_kind":"plain"},"max_items":1},"s3":{"nesting_mode":"list","block":{"attributes":{"canned_acl":{"type":"string","description_kind":"plain","optional":true},"destination":{"type":"string","description_kind":"plain","required":true},"enable_encryption":{"type":"bool","description_kind":"plain","optional":true},"encryption_type":{"type":"string","description_kind":"plain","optional":true},"endpoint":{"type":"string","description_kind":"plain","optional":true},"kms_key":{"type":"string","description_kind":"plain","optional":true},"region":{"type":"string","description_kind":"plain","optional":true}},"description_kind":"plain"},"max_items":1}},"description_kind":"plain"},"max_items":1},"cluster_mount_info":{"nesting_mode":"list","block":{"attributes":{"local_mount_dir_path":{"type":"string","description_kind":"plain","required":true},"remote_mount_dir_path":{"type":"string","description_kind":"plain","optional":true}},"block_types":{"network_filesystem_info":{"nesting_mode":"list","block":{"attributes":{"mount_options":{"type":"string","description_kind":"plain","optional":true},"server_address":{"type":"string","description_kind":"plain","required":true}},"description_kind":"plain"},"min_items":1,"max_items":1}},"description_kind":"plain"}},"docker_image":{"nesting_mode":"list","block":{"attributes":{"url":{"type":"string","description_kind":"plain","required":true}},"block_types":{"basic_auth":{"nesting_mode":"list","block":{"attributes":{"password":{"type":"string","description_kind":"plain","required":true,"sensitive":true},"username":{"type":"string","description_kind":"plain","required":true}},"description_kind":"plain"},"max_items":1}},"description_kind":"plain"},"max_items":1},"gcp_attributes":{"nesting_mode":"list","block":{"attributes":{"availability":{"type":"string","description_kind":"plain","optional":true},"boot_disk_size":{"type":"number","description_kind":"plain","optional":true},"google_service_account":{"type":"string","description_kind":"plain","optional":true},"local_ssd_count":{"type":"number","description_kind":"plain","optional":true},"use_preemptible_executors":{"type":"bool","description_kind":"plain","optional":true},"zone_id":{"type":"string","description_kind":"plain","optional":true}},"description_kind":"plain"},"max_items":1},"init_scripts":{"nesting_mode":"list","block":{"block_types":{"abfss":{"nesting_mode":"list","block":{"attributes":{"destination":{"type":"string","description_kind":"plain","required":true}},"description_kind":"plain"},"max_items":1},"dbfs":{"nesting_mode":"list","block":{"attributes":{"destination":{"type":"string","description_kind":"plain","required":true}},"description_kind":"plain"},"max_items":1},"file":{"nesting_mode":"list","block":{"attributes":{"destination":{"type":"string","description_kind":"plain","required":true}},"description_kind":"plain"},"max_items":1},"gcs":{"nesting_mode":"list","block":{"attributes":{"destination":{"type":"string","description_kind":"plain","required":true}},"description_kind":"plain"},"max_items":1},"s3":{"nesting_mode":"list","block":{"attributes":{"canned_acl":{"type":"string","description_kind":"plain","optional":true},"destination":{"type":"string","description_kind":"plain","required":true},"enable_encryption":{"type":"bool","description_kind":"plain","optional":true},"encryption_type":{"type":"string","description_kind":"plain","optional":true},"endpoint":{"type":"string","description_kind":"plain","optional":true},"kms_key":{"type":"string","description_kind":"plain","optional":true},"region":{"type":"string","description_kind":"plain","optional":true}},"description_kind":"plain"},"max_items":1},"volumes":{"nesting_mode":"list","block":{"attributes":{"destination":{"type":"string","description_kind":"plain","required":true}},"description_kind":"plain"},"max_items":1},"workspace":{"nesting_mode":"list","block":{"attributes":{"destination":{"type":"string","description_kind":"plain","required":true}},"description_kind":"plain"},"max_items":1}},"description_kind":"plain"},"max_items":10},"workload_type":{"nesting_mode":"list","block":{"block_types":{"clients":{"nesting_mode":"list","block":{"attributes":{"jobs":{"type":"bool","description_kind":"plain","optional":true},"notebooks":{"type":"bool","description_kind":"plain","optional":true}},"description_kind":"plain"},"min_items":1,"max_items":1}},"description_kind":"plain"},"max_items":1}},"description_kind":"plain"},"max_items":1},"notebook_task":{"nesting_mode":"list","block":{"attributes":{"base_parameters":{"type":["map","string"],"description_kind":"plain","optional":true},"notebook_path":{"type":"string","description_kind":"plain","required":true},"source":{"type":"string","description_kind":"plain","optional":true},"warehouse_id":{"type":"string","description_kind":"plain","optional":true}},"description_kind":"plain"},"max_items":1},"notification_settings":{"nesting_mode":"list","block":{"attributes":{"alert_on_last_attempt":{"type":"bool","description_kind":"plain","optional":true},"no_alert_for_canceled_runs":{"type":"bool","description_kind":"plain","optional":true},"no_alert_for_skipped_runs":{"type":"bool","description_kind":"plain","optional":true}},"description_kind":"plain"},"max_items":1},"pipeline_task":{"nesting_mode":"list","block":{"attributes":{"full_refresh":{"type":"bool","description_kind":"plain","optional":true},"pipeline_id":{"type":"string","description_kind":"plain","required":true}},"description_kind":"plain"},"max_items":1},"power_bi_task":{"nesting_mode":"list","block":{"attributes":{"connection_resource_name":{"type":"string","description_kind":"plain","optional":true},"refresh_after_update":{"type":"bool","description_kind":"plain","optional":true},"warehouse_id":{"type":"string","description_kind":"plain","optional":true}},"block_types":{"power_bi_model":{"nesting_mode":"list","block":{"attributes":{"authentication_method":{"type":"string","description_kind":"plain","optional":true},"model_name":{"type":"string","description_kind":"plain","optional":true},"overwrite_existing":{"type":"bool","description_kind":"plain","optional":true},"storage_mode":{"type":"string","description_kind":"plain","optional":true},"workspace_name":{"type":"string","description_kind":"plain","optional":true}},"description_kind":"plain"},"max_items":1},"tables":{"nesting_mode":"list","block":{"attributes":{"catalog":{"type":"string","description_kind":"plain","optional":true},"name":{"type":"string","description_kind":"plain","optional":true},"schema":{"type":"string","description_kind":"plain","optional":true},"storage_mode":{"type":"string","description_kind":"plain","optional":true}},"description_kind":"plain"}}},"description_kind":"plain"},"max_items":1},"python_wheel_task":{"nesting_mode":"list","block":{"attributes":{"entry_point":{"type":"string","description_kind":"plain","optional":true},"named_parameters":{"type":["map","string"],"description_kind":"plain","optional":true},"package_name":{"type":"string","description_kind":"plain","optional":true},"parameters":{"type":["list","string"],"description_kind":"plain","optional":true}},"description_kind":"plain"},"max_items":1},"run_job_task":{"nesting_mode":"list","block":{"attributes":{"job_id":{"type":"number","description_kind":"plain","required":true},"job_parameters":{"type":["map","string"],"description_kind":"plain","optional":true}},"description_kind":"plain"},"max_items":1},"spark_jar_task":{"nesting_mode":"list","block":{"attributes":{"jar_uri":{"type":"string","description_kind":"plain","optional":true},"main_class_name":{"type":"string","description_kind":"plain","optional":true},"parameters":{"type":["list","string"],"description_kind":"plain","optional":true}},"description_kind":"plain"},"max_items":1},"spark_python_task":{"nesting_mode":"list","block":{"attributes":{"parameters":{"type":["list","string"],"description_kind":"plain","optional":true},"python_file":{"type":"string","description_kind":"plain","required":true},"source":{"type":"string","description_kind":"plain","optional":true}},"description_kind":"plain"},"max_items":1},"spark_submit_task":{"nesting_mode":"list","block":{"attributes":{"parameters":{"type":["list","string"],"description_kind":"plain","optional":true}},"description_kind":"plain"},"max_items":1},"sql_task":{"nesting_mode":"list","block":{"attributes":{"parameters":{"type":["map","string"],"description_kind":"plain","optional":true},"warehouse_id":{"type":"string","description_kind":"plain","required":true}},"block_types":{"alert":{"nesting_mode":"list","block":{"attributes":{"alert_id":{"type":"string","description_kind":"plain","required":true},"pause_subscriptions":{"type":"bool","description_kind":"plain","optional":true}},"block_types":{"subscriptions":{"nesting_mode":"list","block":{"attributes":{"destination_id":{"type":"string","description_kind":"plain","optional":true},"user_name":{"type":"string","description_kind":"plain","optional":true}},"description_kind":"plain"}}},"description_kind":"plain"},"max_items":1},"dashboard":{"nesting_mode":"list","block":{"attributes":{"custom_subject":{"type":"string","description_kind":"plain","optional":true},"dashboard_id":{"type":"string","description_kind":"plain","required":true},"pause_subscriptions":{"type":"bool","description_kind":"plain","optional":true}},"block_types":{"subscriptions":{"nesting_mode":"list","block":{"attributes":{"destination_id":{"type":"string","description_kind":"plain","optional":true},"user_name":{"type":"string","description_kind":"plain","optional":true}},"description_kind":"plain"}}},"description_kind":"plain"},"max_items":1},"file":{"nesting_mode":"list","block":{"attributes":{"path":{"type":"string","description_kind":"plain","required":true},"source":{"type":"string","description_kind":"plain","optional":true}},"description_kind":"plain"},"max_items":1},"query":{"nesting_mode":"list","block":{"attributes":{"query_id":{"type":"string","description_kind":"plain","required":true}},"description_kind":"plain"},"max_items":1}},"description_kind":"plain"},"max_items":1},"webhook_notifications":{"nesting_mode":"list","block":{"block_types":{"on_duration_warning_threshold_exceeded":{"nesting_mode":"list","block":{"attributes":{"id":{"type":"string","description_kind":"plain","required":true}},"description_kind":"plain"}},"on_failure":{"nesting_mode":"list","block":{"attributes":{"id":{"type":"string","description_kind":"plain","required":true}},"description_kind":"plain"}},"on_start":{"nesting_mode":"list","block":{"attributes":{"id":{"type":"string","description_kind":"plain","required":true}},"description_kind":"plain"}},"on_streaming_backlog_exceeded":{"nesting_mode":"list","block":{"attributes":{"id":{"type":"string","description_kind":"plain","required":true}},"description_kind":"plain"}},"on_success":{"nesting_mode":"list","block":{"attributes":{"id":{"type":"string","description_kind":"plain","required":true}},"description_kind":"plain"}}},"description_kind":"plain"},"max_items":1}},"description_kind":"plain"},"min_items":1,"max_items":1}},"description_kind":"plain"},"max_items":1},"health":{"nesting_mode":"list","block":{"block_types":{"rules":{"nesting_mode":"list","block":{"attributes":{"metric":{"type":"string","description_kind":"plain","required":true},"op":{"type":"string","description_kind":"plain","required":true},"value":{"type":"number","description_kind":"plain","required":true}},"description_kind":"plain"},"min_items":1}},"description_kind":"plain"},"max_items":1},"library":{"nesting_mode":"list","block":{"attributes":{"egg":{"type":"string","description_kind":"plain","deprecated":true,"optional":true},"jar":{"type":"string","description_kind":"plain","optional":true},"requirements":{"type":"string","description_kind":"plain","optional":true},"whl":{"type":"string","description_kind":"plain","optional":true}},"block_types":{"cran":{"nesting_mode":"list","block":{"attributes":{"package":{"type":"string","description_kind":"plain","required":true},"repo":{"type":"string","description_kind":"plain","optional":true}},"description_kind":"plain"},"max_items":1},"maven":{"nesting_mode":"list","block":{"attributes":{"coordinates":{"type":"string","description_kind":"plain","required":true},"exclusions":{"type":["list","string"],"description_kind":"plain","optional":true},"repo":{"type":"string","description_kind":"plain","optional":true}},"description_kind":"plain"},"max_items":1},"provider_config":{"nesting_mode":"list","block":{"attributes":{"workspace_id":{"type":"string","description_kind":"plain","required":true}},"description_kind":"plain"},"max_items":1},"pypi":{"nesting_mode":"list","block":{"attributes":{"package":{"type":"string","description_kind":"plain","required":true},"repo":{"type":"string","description_kind":"plain","optional":true}},"description_kind":"plain"},"max_items":1}},"description_kind":"plain"}},"new_cluster":{"nesting_mode":"list","block":{"attributes":{"apply_policy_default_values":{"type":"bool","description_kind":"plain","optional":true},"autotermination_minutes":{"type":"number","description_kind":"plain","optional":true},"cluster_id":{"type":"string","description_kind":"plain","optional":true},"cluster_name":{"type":"string","description_kind":"plain","optional":true},"custom_tags":{"type":["map","string"],"description_kind":"plain","optional":true},"data_security_mode":{"type":"string","description_kind":"plain","optional":true},"driver_instance_pool_id":{"type":"string","description_kind":"plain","optional":true,"computed":true},"driver_node_type_id":{"type":"string","description_kind":"plain","optional":true,"computed":true},"enable_elastic_disk":{"type":"bool","description_kind":"plain","optional":true,"computed":true},"enable_local_disk_encryption":{"type":"bool","description_kind":"plain","optional":true,"computed":true},"idempotency_token":{"type":"string","description_kind":"plain","optional":true},"instance_pool_id":{"type":"string","description_kind":"plain","optional":true},"node_type_id":{"type":"string","description_kind":"plain","optional":true,"computed":true},"num_workers":{"type":"number","description_kind":"plain","required":true},"policy_id":{"type":"string","description_kind":"plain","optional":true},"runtime_engine":{"type":"string","description_kind":"plain","optional":true},"single_user_name":{"type":"string","description_kind":"plain","optional":true},"spark_conf":{"type":["map","string"],"description_kind":"plain","optional":true},"spark_env_vars":{"type":["map","string"],"description_kind":"plain","optional":true},"spark_version":{"type":"string","description_kind":"plain","optional":true},"ssh_public_keys":{"type":["list","string"],"description_kind":"plain","optional":true}},"block_types":{"autoscale":{"nesting_mode":"list","block":{"attributes":{"max_workers":{"type":"number","description_kind":"plain","optional":true},"min_workers":{"type":"number","description_kind":"plain","optional":true}},"description_kind":"plain"},"max_items":1},"aws_attributes":{"nesting_mode":"list","block":{"attributes":{"availability":{"type":"string","description_kind":"plain","optional":true},"ebs_volume_count":{"type":"number","description_kind":"plain","optional":true},"ebs_volume_size":{"type":"number","description_kind":"plain","optional":true},"ebs_volume_type":{"type":"string","description_kind":"plain","optional":true},"first_on_demand":{"type":"number","description_kind":"plain","optional":true},"instance_profile_arn":{"type":"string","description_kind":"plain","optional":true},"spot_bid_price_percent":{"type":"number","description_kind":"plain","optional":true},"zone_id":{"type":"string","description_kind":"plain","optional":true}},"description_kind":"plain"},"max_items":1},"azure_attributes":{"nesting_mode":"list","block":{"attributes":{"availability":{"type":"string","description_kind":"plain","optional":true},"first_on_demand":{"type":"number","description_kind":"plain","optional":true},"spot_bid_max_price":{"type":"number","description_kind":"plain","optional":true}},"description_kind":"plain"},"max_items":1},"cluster_log_conf":{"nesting_mode":"list","block":{"block_types":{"dbfs":{"nesting_mode":"list","block":{"attributes":{"destination":{"type":"string","description_kind":"plain","required":true}},"description_kind":"plain"},"max_items":1},"s3":{"nesting_mode":"list","block":{"attributes":{"canned_acl":{"type":"string","description_kind":"plain","optional":true},"destination":{"type":"string","description_kind":"plain","required":true},"enable_encryption":{"type":"bool","description_kind":"plain","optional":true},"encryption_type":{"type":"string","description_kind":"plain","optional":true},"endpoint":{"type":"string","description_kind":"plain","optional":true},"kms_key":{"type":"string","description_kind":"plain","optional":true},"region":{"type":"string","description_kind":"plain","optional":true}},"description_kind":"plain"},"max_items":1}},"description_kind":"plain"},"max_items":1},"cluster_mount_info":{"nesting_mode":"list","block":{"attributes":{"local_mount_dir_path":{"type":"string","description_kind":"plain","required":true},"remote_mount_dir_path":{"type":"string","description_kind":"plain","optional":true}},"block_types":{"network_filesystem_info":{"nesting_mode":"list","block":{"attributes":{"mount_options":{"type":"string","description_kind":"plain","optional":true},"server_address":{"type":"string","description_kind":"plain","required":true}},"description_kind":"plain"},"min_items":1,"max_items":1}},"description_kind":"plain"}},"docker_image":{"nesting_mode":"list","block":{"attributes":{"url":{"type":"string","description_kind":"plain","required":true}},"block_types":{"basic_auth":{"nesting_mode":"list","block":{"attributes":{"password":{"type":"string","description_kind":"plain","required":true,"sensitive":true},"username":{"type":"string","description_kind":"plain","required":true}},"description_kind":"plain"},"max_items":1}},"description_kind":"plain"},"max_items":1},"gcp_attributes":{"nesting_mode":"list","block":{"attributes":{"availability":{"type":"string","description_kind":"plain","optional":true},"boot_disk_size":{"type":"number","description_kind":"plain","optional":true},"google_service_account":{"type":"string","description_kind":"plain","optional":true},"local_ssd_count":{"type":"number","description_kind":"plain","optional":true},"use_preemptible_executors":{"type":"bool","description_kind":"plain","optional":true},"zone_id":{"type":"string","description_kind":"plain","optional":true}},"description_kind":"plain"},"max_items":1},"init_scripts":{"nesting_mode":"list","block":{"block_types":{"abfss":{"nesting_mode":"list","block":{"attributes":{"destination":{"type":"string","description_kind":"plain","required":true}},"description_kind":"plain"},"max_items":1},"dbfs":{"nesting_mode":"list","block":{"attributes":{"destination":{"type":"string","description_kind":"plain","required":true}},"description_kind":"plain"},"max_items":1},"file":{"nesting_mode":"list","block":{"attributes":{"destination":{"type":"string","description_kind":"plain","required":true}},"description_kind":"plain"},"max_items":1},"gcs":{"nesting_mode":"list","block":{"attributes":{"destination":{"type":"string","description_kind":"plain","required":true}},"description_kind":"plain"},"max_items":1},"s3":{"nesting_mode":"list","block":{"attributes":{"canned_acl":{"type":"string","description_kind":"plain","optional":true},"destination":{"type":"string","description_kind":"plain","required":true},"enable_encryption":{"type":"bool","description_kind":"plain","optional":true},"encryption_type":{"type":"string","description_kind":"plain","optional":true},"endpoint":{"type":"string","description_kind":"plain","optional":true},"kms_key":{"type":"string","description_kind":"plain","optional":true},"region":{"type":"string","description_kind":"plain","optional":true}},"description_kind":"plain"},"max_items":1},"volumes":{"nesting_mode":"list","block":{"attributes":{"destination":{"type":"string","description_kind":"plain","required":true}},"description_kind":"plain"},"max_items":1},"workspace":{"nesting_mode":"list","block":{"attributes":{"destination":{"type":"string","description_kind":"plain","required":true}},"description_kind":"plain"},"max_items":1}},"description_kind":"plain"},"max_items":10},"workload_type":{"nesting_mode":"list","block":{"block_types":{"clients":{"nesting_mode":"list","block":{"attributes":{"jobs":{"type":"bool","description_kind":"plain","optional":true},"notebooks":{"type":"bool","description_kind":"plain","optional":true}},"description_kind":"plain"},"min_items":1,"max_items":1}},"description_kind":"plain"},"max_items":1}},"description_kind":"plain"},"max_items":1},"notebook_task":{"nesting_mode":"list","block":{"attributes":{"base_parameters":{"type":["map","string"],"description_kind":"plain","optional":true},"notebook_path":{"type":"string","description_kind":"plain","required":true},"source":{"type":"string","description_kind":"plain","optional":true},"warehouse_id":{"type":"string","description_kind":"plain","optional":true}},"description_kind":"plain"},"max_items":1},"notification_settings":{"nesting_mode":"list","block":{"attributes":{"alert_on_last_attempt":{"type":"bool","description_kind":"plain","optional":true},"no_alert_for_canceled_runs":{"type":"bool","description_kind":"plain","optional":true},"no_alert_for_skipped_runs":{"type":"bool","description_kind":"plain","optional":true}},"description_kind":"plain"},"max_items":1},"pipeline_task":{"nesting_mode":"list","block":{"attributes":{"full_refresh":{"type":"bool","description_kind":"plain","optional":true},"pipeline_id":{"type":"string","description_kind":"plain","required":true}},"description_kind":"plain"},"max_items":1},"power_bi_task":{"nesting_mode":"list","block":{"attributes":{"connection_resource_name":{"type":"string","description_kind":"plain","optional":true},"refresh_after_update":{"type":"bool","description_kind":"plain","optional":true},"warehouse_id":{"type":"string","description_kind":"plain","optional":true}},"block_types":{"power_bi_model":{"nesting_mode":"list","block":{"attributes":{"authentication_method":{"type":"string","description_kind":"plain","optional":true},"model_name":{"type":"string","description_kind":"plain","optional":true},"overwrite_existing":{"type":"bool","description_kind":"plain","optional":true},"storage_mode":{"type":"string","description_kind":"plain","optional":true},"workspace_name":{"type":"string","description_kind":"plain","optional":true}},"description_kind":"plain"},"max_items":1},"tables":{"nesting_mode":"list","block":{"attributes":{"catalog":{"type":"string","description_kind":"plain","optional":true},"name":{"type":"string","description_kind":"plain","optional":true},"schema":{"type":"string","description_kind":"plain","optional":true},"storage_mode":{"type":"string","description_kind":"plain","optional":true}},"description_kind":"plain"}}},"description_kind":"plain"},"max_items":1},"python_wheel_task":{"nesting_mode":"list","block":{"attributes":{"entry_point":{"type":"string","description_kind":"plain","optional":true},"named_parameters":{"type":["map","string"],"description_kind":"plain","optional":true},"package_name":{"type":"string","description_kind":"plain","optional":true},"parameters":{"type":["list","string"],"description_kind":"plain","optional":true}},"description_kind":"plain"},"max_items":1},"run_job_task":{"nesting_mode":"list","block":{"attributes":{"job_id":{"type":"number","description_kind":"plain","required":true},"job_parameters":{"type":["map","string"],"description_kind":"plain","optional":true}},"description_kind":"plain"},"max_items":1},"spark_jar_task":{"nesting_mode":"list","block":{"attributes":{"jar_uri":{"type":"string","description_kind":"plain","optional":true},"main_class_name":{"type":"string","description_kind":"plain","optional":true},"parameters":{"type":["list","string"],"description_kind":"plain","optional":true}},"description_kind":"plain"},"max_items":1},"spark_python_task":{"nesting_mode":"list","block":{"attributes":{"parameters":{"type":["list","string"],"description_kind":"plain","optional":true},"python_file":{"type":"string","description_kind":"plain","required":true},"source":{"type":"string","description_kind":"plain","optional":true}},"description_kind":"plain"},"max_items":1},"spark_submit_task":{"nesting_mode":"list","block":{"attributes":{"parameters":{"type":["list","string"],"description_kind":"plain","optional":true}},"description_kind":"plain"},"max_items":1},"sql_task":{"nesting_mode":"list","block":{"attributes":{"parameters":{"type":["map","string"],"description_kind":"plain","optional":true},"warehouse_id":{"type":"string","description_kind":"plain","required":true}},"block_types":{"alert":{"nesting_mode":"list","block":{"attributes":{"alert_id":{"type":"string","description_kind":"plain","required":true},"pause_subscriptions":{"type":"bool","description_kind":"plain","optional":true}},"block_types":{"subscriptions":{"nesting_mode":"list","block":{"attributes":{"destination_id":{"type":"string","description_kind":"plain","optional":true},"user_name":{"type":"string","description_kind":"plain","optional":true}},"description_kind":"plain"}}},"description_kind":"plain"},"max_items":1},"dashboard":{"nesting_mode":"list","block":{"attributes":{"custom_subject":{"type":"string","description_kind":"plain","optional":true},"dashboard_id":{"type":"string","description_kind":"plain","required":true},"pause_subscriptions":{"type":"bool","description_kind":"plain","optional":true}},"block_types":{"subscriptions":{"nesting_mode":"list","block":{"attributes":{"destination_id":{"type":"string","description_kind":"plain","optional":true},"user_name":{"type":"string","description_kind":"plain","optional":true}},"description_kind":"plain"}}},"description_kind":"plain"},"max_items":1},"file":{"nesting_mode":"list","block":{"attributes":{"path":{"type":"string","description_kind":"plain","required":true},"source":{"type":"string","description_kind":"plain","optional":true}},"description_kind":"plain"},"max_items":1},"query":{"nesting_mode":"list","block":{"attributes":{"query_id":{"type":"string","description_kind":"plain","required":true}},"description_kind":"plain"},"max_items":1}},"description_kind":"plain"},"max_items":1},"webhook_notifications":{"nesting_mode":"list","block":{"block_types":{"on_duration_warning_threshold_exceeded":{"nesting_mode":"list","block":{"attributes":{"id":{"type":"string","description_kind":"plain","required":true}},"description_kind":"plain"}},"on_failure":{"nesting_mode":"list","block":{"attributes":{"id":{"type":"string","description_kind":"plain","required":true}},"description_kind":"plain"}},"on_start":{"nesting_mode":"list","block":{"attributes":{"id":{"type":"string","description_kind":"plain","required":true}},"description_kind":"plain"}},"on_streaming_backlog_exceeded":{"nesting_mode":"list","block":{"attributes":{"id":{"type":"string","description_kind":"plain","required":true}},"description_kind":"plain"}},"on_success":{"nesting_mode":"list","block":{"attributes":{"id":{"type":"string","description_kind":"plain","required":true}},"description_kind":"plain"}}},"description_kind":"plain"},"max_items":1}},"description_kind":"plain"}},"trigger":{"nesting_mode":"list","block":{"attributes":{"pause_status":{"type":"string","description_kind":"plain","optional":true}},"block_types":{"file_arrival":{"nesting_mode":"list","block":{"attributes":{"min_time_between_triggers_seconds":{"type":"number","description_kind":"plain","optional":true},"url":{"type":"string","description_kind":"plain","required":true},"wait_after_last_change_seconds":{"type":"number","description_kind":"plain","optional":true}},"description_kind":"plain"},"max_items":1},"periodic":{"nesting_mode":"list","block":{"attributes":{"interval":{"type":"number","description_kind":"plain","required":true},"unit":{"type":"string","description_kind":"plain","required":true}},"description_kind":"plain"},"max_items":1},"table_update":{"nesting_mode":"list","block":{"attributes":{"condition":{"type":"string","description_kind":"plain","optional":true},"min_time_between_triggers_seconds":{"type":"number","description_kind":"plain","optional":true},"table_names":{"type":["list","string"],"description_kind":"plain","required":true},"wait_after_last_change_seconds":{"type":"number","description_kind":"plain","optional":true}},"description_kind":"plain"},"max_items":1}},"description_kind":"plain"},"max_items":1},"webhook_notifications":{"nesting_mode":"list","block":{"block_types":{"on_duration_warning_threshold_exceeded":{"nesting_mode":"list","block":{"attributes":{"id":{"type":"string","description_kind":"plain","required":true}},"description_kind":"plain"}},"on_failure":{"nesting_mode":"list","block":{"attributes":{"id":{"type":"string","description_kind":"plain","required":true}},"description_kind":"plain"}},"on_start":{"nesting_mode":"list","block":{"attributes":{"id":{"type":"string","description_kind":"plain","required":true}},"description_kind":"plain"}},"on_streaming_backlog_exceeded":{"nesting_mode":"list","block":{"attributes":{"id":{"type":"string","description_kind":"plain","required":true}},"description_kind":"plain"}},"on_success":{"nesting_mode":"list","block":{"attributes":{"id":{"type":"string","description_kind":"plain","required":true}},"description_kind":"plain"}}},"description_kind":"plain"},"max_items":1}},"description_kind":"plain"},"max_items":1}},"description_kind":"plain"},"max_items":1}},"description_kind":"plain"}},"databricks_jobs":{"version":0,"block":{"attributes":{"id":{"type":"string","description_kind":"plain","optional":true,"computed":true},"ids":{"type":["map","string"],"description_kind":"plain","optional":true,"computed":true},"job_name_contains":{"type":"string","description_kind":"plain","optional":true},"key":{"type":"string","description_kind":"plain","optional":true}},"block_types":{"provider_config":{"nesting_mode":"list","block":{"attributes":{"workspace_id":{"type":"string","description_kind":"plain","required":true}},"description_kind":"plain"},"max_items":1}},"description_kind":"plain"}},"databricks_materialized_features_feature_tag":{"version":0,"block":{"attributes":{"key":{"type":"string","description_kind":"plain","required":true},"value":{"type":"string","description_kind":"plain","computed":true}},"description":"Terraform schema for Databricks FeatureTag","description_kind":"plain"}},"databricks_materialized_features_feature_tags":{"version":0,"block":{"attributes":{"feature_name":{"type":"string","description_kind":"plain","required":true},"feature_tags":{"nested_type":{"attributes":{"key":{"type":"string","description_kind":"plain","required":true},"value":{"type":"string","description_kind":"plain","computed":true}},"nesting_mode":"list"},"description_kind":"plain","computed":true},"page_size":{"type":"number","description_kind":"plain","optional":true},"table_name":{"type":"string","description_kind":"plain","required":true}},"description":"Terraform schema for Databricks FeatureTag","description_kind":"plain"}},"databricks_metastore":{"version":0,"block":{"attributes":{"id":{"type":"string","description_kind":"plain","optional":true,"computed":true},"metastore_id":{"type":"string","description_kind":"plain","optional":true,"computed":true},"name":{"type":"string","description_kind":"plain","optional":true,"computed":true},"region":{"type":"string","description_kind":"plain","optional":true,"computed":true}},"block_types":{"metastore_info":{"nesting_mode":"list","block":{"attributes":{"cloud":{"type":"string","description_kind":"plain","optional":true},"created_at":{"type":"number","description_kind":"plain","optional":true},"created_by":{"type":"string","description_kind":"plain","optional":true},"default_data_access_config_id":{"type":"string","description_kind":"plain","optional":true},"delta_sharing_organization_name":{"type":"string","description_kind":"plain","optional":true},"delta_sharing_recipient_token_lifetime_in_seconds":{"type":"number","description_kind":"plain","optional":true},"delta_sharing_scope":{"type":"string","description_kind":"plain","optional":true},"external_access_enabled":{"type":"bool","description_kind":"plain","optional":true},"global_metastore_id":{"type":"string","description_kind":"plain","optional":true},"metastore_id":{"type":"string","description_kind":"plain","optional":true},"name":{"type":"string","description_kind":"plain","optional":true},"owner":{"type":"string","description_kind":"plain","optional":true},"privilege_model_version":{"type":"string","description_kind":"plain","optional":true},"region":{"type":"string","description_kind":"plain","optional":true},"storage_root":{"type":"string","description_kind":"plain","optional":true},"storage_root_credential_id":{"type":"string","description_kind":"plain","optional":true},"storage_root_credential_name":{"type":"string","description_kind":"plain","optional":true},"updated_at":{"type":"number","description_kind":"plain","optional":true},"updated_by":{"type":"string","description_kind":"plain","optional":true}},"description_kind":"plain"},"max_items":1}},"description_kind":"plain"}},"databricks_metastores":{"version":0,"block":{"attributes":{"id":{"type":"string","description_kind":"plain","optional":true,"computed":true},"ids":{"type":["map","string"],"description_kind":"plain","optional":true,"computed":true}},"description_kind":"plain"}},"databricks_mlflow_experiment":{"version":0,"block":{"attributes":{"artifact_location":{"type":"string","description_kind":"plain","optional":true,"computed":true},"creation_time":{"type":"number","description_kind":"plain","optional":true,"computed":true},"experiment_id":{"type":"string","description_kind":"plain","optional":true,"computed":true},"id":{"type":"string","description_kind":"plain","optional":true,"computed":true},"last_update_time":{"type":"number","description_kind":"plain","optional":true,"computed":true},"lifecycle_stage":{"type":"string","description_kind":"plain","optional":true,"computed":true},"name":{"type":"string","description_kind":"plain","optional":true,"computed":true}},"block_types":{"provider_config":{"nesting_mode":"list","block":{"attributes":{"workspace_id":{"type":"string","description_kind":"plain","required":true}},"description_kind":"plain"},"max_items":1},"tags":{"nesting_mode":"list","block":{"attributes":{"key":{"type":"string","description_kind":"plain","optional":true},"value":{"type":"string","description_kind":"plain","optional":true}},"description_kind":"plain"}}},"description_kind":"plain"}},"databricks_mlflow_model":{"version":0,"block":{"attributes":{"description":{"type":"string","description_kind":"plain","optional":true,"computed":true},"id":{"type":"string","description_kind":"plain","computed":true},"name":{"type":"string","description_kind":"plain","required":true},"permission_level":{"type":"string","description_kind":"plain","optional":true,"computed":true},"user_id":{"type":"string","description_kind":"plain","optional":true,"computed":true}},"block_types":{"latest_versions":{"nesting_mode":"list","block":{"attributes":{"creation_timestamp":{"type":"number","description_kind":"plain","optional":true},"current_stage":{"type":"string","description_kind":"plain","optional":true},"description":{"type":"string","description_kind":"plain","optional":true},"last_updated_timestamp":{"type":"number","description_kind":"plain","optional":true},"name":{"type":"string","description_kind":"plain","optional":true},"run_id":{"type":"string","description_kind":"plain","optional":true},"run_link":{"type":"string","description_kind":"plain","optional":true},"source":{"type":"string","description_kind":"plain","optional":true},"status":{"type":"string","description_kind":"plain","optional":true},"status_message":{"type":"string","description_kind":"plain","optional":true},"user_id":{"type":"string","description_kind":"plain","optional":true},"version":{"type":"string","description_kind":"plain","optional":true}},"block_types":{"tags":{"nesting_mode":"list","block":{"attributes":{"key":{"type":"string","description_kind":"plain","optional":true},"value":{"type":"string","description_kind":"plain","optional":true}},"description_kind":"plain"}}},"description_kind":"plain"}},"provider_config":{"nesting_mode":"list","block":{"attributes":{"workspace_id":{"type":"string","description_kind":"plain","required":true}},"description_kind":"plain"},"max_items":1},"tags":{"nesting_mode":"list","block":{"attributes":{"key":{"type":"string","description_kind":"plain","optional":true},"value":{"type":"string","description_kind":"plain","optional":true}},"description_kind":"plain"}}},"description_kind":"plain"}},"databricks_mlflow_models":{"version":0,"block":{"attributes":{"id":{"type":"string","description_kind":"plain","optional":true,"computed":true},"names":{"type":["list","string"],"description_kind":"plain","optional":true,"computed":true}},"block_types":{"provider_config":{"nesting_mode":"list","block":{"attributes":{"workspace_id":{"type":"string","description_kind":"plain","required":true}},"description_kind":"plain"},"max_items":1}},"description_kind":"plain"}},"databricks_mws_credentials":{"version":0,"block":{"attributes":{"id":{"type":"string","description_kind":"plain","optional":true,"computed":true},"ids":{"type":["map","string"],"description_kind":"plain","optional":true,"computed":true}},"description_kind":"plain"}},"databricks_mws_network_connectivity_config":{"version":0,"block":{"attributes":{"account_id":{"type":"string","description_kind":"plain","optional":true,"computed":true},"creation_time":{"type":"number","description_kind":"plain","optional":true,"computed":true},"id":{"type":"string","description_kind":"plain","optional":true,"computed":true},"name":{"type":"string","description_kind":"plain","required":true},"network_connectivity_config_id":{"type":"string","description_kind":"plain","optional":true,"computed":true},"region":{"type":"string","description_kind":"plain","optional":true,"computed":true},"updated_time":{"type":"number","description_kind":"plain","optional":true,"computed":true}},"block_types":{"egress_config":{"nesting_mode":"list","block":{"block_types":{"default_rules":{"nesting_mode":"list","block":{"block_types":{"aws_stable_ip_rule":{"nesting_mode":"list","block":{"attributes":{"cidr_blocks":{"type":["list","string"],"description_kind":"plain","optional":true}},"description_kind":"plain"},"max_items":1},"azure_service_endpoint_rule":{"nesting_mode":"list","block":{"attributes":{"subnets":{"type":["list","string"],"description_kind":"plain","optional":true},"target_region":{"type":"string","description_kind":"plain","optional":true},"target_services":{"type":["list","string"],"description_kind":"plain","optional":true}},"description_kind":"plain"},"max_items":1}},"description_kind":"plain"},"max_items":1},"target_rules":{"nesting_mode":"list","block":{"block_types":{"aws_private_endpoint_rules":{"nesting_mode":"list","block":{"attributes":{"account_id":{"type":"string","description_kind":"plain","optional":true},"connection_state":{"type":"string","description_kind":"plain","optional":true},"creation_time":{"type":"number","description_kind":"plain","optional":true},"deactivated":{"type":"bool","description_kind":"plain","optional":true},"deactivated_at":{"type":"number","description_kind":"plain","optional":true},"domain_names":{"type":["list","string"],"description_kind":"plain","optional":true},"enabled":{"type":"bool","description_kind":"plain","optional":true},"endpoint_service":{"type":"string","description_kind":"plain","optional":true},"network_connectivity_config_id":{"type":"string","description_kind":"plain","optional":true},"resource_names":{"type":["list","string"],"description_kind":"plain","optional":true},"rule_id":{"type":"string","description_kind":"plain","optional":true},"updated_time":{"type":"number","description_kind":"plain","optional":true},"vpc_endpoint_id":{"type":"string","description_kind":"plain","optional":true}},"description_kind":"plain"}},"azure_private_endpoint_rules":{"nesting_mode":"list","block":{"attributes":{"connection_state":{"type":"string","description_kind":"plain","optional":true},"creation_time":{"type":"number","description_kind":"plain","optional":true},"deactivated":{"type":"bool","description_kind":"plain","optional":true},"deactivated_at":{"type":"number","description_kind":"plain","optional":true},"domain_names":{"type":["list","string"],"description_kind":"plain","optional":true},"endpoint_name":{"type":"string","description_kind":"plain","optional":true},"group_id":{"type":"string","description_kind":"plain","optional":true},"network_connectivity_config_id":{"type":"string","description_kind":"plain","optional":true},"resource_id":{"type":"string","description_kind":"plain","optional":true},"rule_id":{"type":"string","description_kind":"plain","optional":true},"updated_time":{"type":"number","description_kind":"plain","optional":true}},"description_kind":"plain"}}},"description_kind":"plain"},"max_items":1}},"description_kind":"plain"},"max_items":1}},"description_kind":"plain"}},"databricks_mws_network_connectivity_configs":{"version":0,"block":{"attributes":{"id":{"type":"string","description_kind":"plain","optional":true,"computed":true},"names":{"type":["list","string"],"description_kind":"plain","optional":true,"computed":true},"region":{"type":"string","description_kind":"plain","optional":true}},"description_kind":"plain"}},"databricks_mws_workspaces":{"version":3,"block":{"attributes":{"id":{"type":"string","description_kind":"plain","optional":true,"computed":true},"ids":{"type":["map","number"],"description_kind":"plain","computed":true}},"description_kind":"plain"}},"databricks_node_type":{"version":0,"block":{"attributes":{"arm":{"type":"bool","description_kind":"plain","optional":true},"category":{"type":"string","description_kind":"plain","optional":true},"fleet":{"type":"bool","description_kind":"plain","optional":true},"gb_per_core":{"type":"number","description_kind":"plain","optional":true},"graviton":{"type":"bool","description_kind":"plain","deprecated":true,"optional":true},"id":{"type":"string","description_kind":"plain","optional":true,"computed":true},"is_io_cache_enabled":{"type":"bool","description_kind":"plain","optional":true},"local_disk":{"type":"bool","description_kind":"plain","optional":true},"local_disk_min_size":{"type":"number","description_kind":"plain","optional":true},"min_cores":{"type":"number","description_kind":"plain","optional":true},"min_gpus":{"type":"number","description_kind":"plain","optional":true},"min_memory_gb":{"type":"number","description_kind":"plain","optional":true},"photon_driver_capable":{"type":"bool","description_kind":"plain","optional":true},"photon_worker_capable":{"type":"bool","description_kind":"plain","optional":true},"support_port_forwarding":{"type":"bool","description_kind":"plain","optional":true}},"block_types":{"provider_config":{"nesting_mode":"list","block":{"attributes":{"workspace_id":{"type":"string","description_kind":"plain","required":true}},"description_kind":"plain"},"max_items":1}},"description_kind":"plain"}},"databricks_notebook":{"version":1,"block":{"attributes":{"content":{"type":"string","description_kind":"plain","computed":true},"format":{"type":"string","description_kind":"plain","required":true},"id":{"type":"string","description_kind":"plain","optional":true,"computed":true},"language":{"type":"string","description_kind":"plain","optional":true,"computed":true},"object_id":{"type":"number","description_kind":"plain","optional":true,"computed":true},"object_type":{"type":"string","description_kind":"plain","optional":true,"computed":true},"path":{"type":"string","description_kind":"plain","required":true},"workspace_path":{"type":"string","description_kind":"plain","computed":true}},"block_types":{"provider_config":{"nesting_mode":"list","block":{"attributes":{"workspace_id":{"type":"string","description_kind":"plain","required":true}},"description_kind":"plain"},"max_items":1}},"description_kind":"plain"}},"databricks_notebook_paths":{"version":0,"block":{"attributes":{"id":{"type":"string","description_kind":"plain","optional":true,"computed":true},"notebook_path_list":{"type":["set",["object",{"language":"string","path":"string"}]],"description_kind":"plain","computed":true},"path":{"type":"string","description_kind":"plain","required":true},"recursive":{"type":"bool","description_kind":"plain","required":true}},"description_kind":"plain"}},"databricks_notification_destinations":{"version":0,"block":{"attributes":{"display_name_contains":{"type":"string","description_kind":"plain","optional":true},"notification_destinations":{"nested_type":{"attributes":{"destination_type":{"type":"string","description_kind":"plain","optional":true},"display_name":{"type":"string","description_kind":"plain","optional":true},"id":{"type":"string","description_kind":"plain","optional":true}},"nesting_mode":"list"},"description_kind":"plain","computed":true},"provider_config":{"nested_type":{"attributes":{"workspace_id":{"type":"string","description_kind":"plain","required":true}},"nesting_mode":"single"},"description_kind":"plain","optional":true},"type":{"type":"string","description_kind":"plain","optional":true}},"description_kind":"plain"}},"databricks_online_store":{"version":0,"block":{"attributes":{"capacity":{"type":"string","description_kind":"plain","computed":true},"creation_time":{"type":"string","description_kind":"plain","computed":true},"creator":{"type":"string","description_kind":"plain","computed":true},"name":{"type":"string","description_kind":"plain","required":true},"read_replica_count":{"type":"number","description_kind":"plain","computed":true},"state":{"type":"string","description_kind":"plain","computed":true}},"description":"Terraform schema for Databricks OnlineStore","description_kind":"plain"}},"databricks_online_stores":{"version":0,"block":{"attributes":{"online_stores":{"nested_type":{"attributes":{"capacity":{"type":"string","description_kind":"plain","computed":true},"creation_time":{"type":"string","description_kind":"plain","computed":true},"creator":{"type":"string","description_kind":"plain","computed":true},"name":{"type":"string","description_kind":"plain","required":true},"read_replica_count":{"type":"number","description_kind":"plain","computed":true},"state":{"type":"string","description_kind":"plain","computed":true}},"nesting_mode":"list"},"description_kind":"plain","computed":true},"page_size":{"type":"number","description_kind":"plain","optional":true}},"description":"Terraform schema for Databricks OnlineStore","description_kind":"plain"}},"databricks_pipelines":{"version":0,"block":{"attributes":{"id":{"type":"string","description_kind":"plain","optional":true,"computed":true},"ids":{"type":["set","string"],"description_kind":"plain","optional":true,"computed":true},"pipeline_name":{"type":"string","description_kind":"plain","optional":true}},"block_types":{"provider_config":{"nesting_mode":"list","block":{"attributes":{"workspace_id":{"type":"string","description_kind":"plain","required":true}},"description_kind":"plain"},"max_items":1}},"description_kind":"plain"}},"databricks_policy_info":{"version":0,"block":{"attributes":{"column_mask":{"nested_type":{"attributes":{"function_name":{"type":"string","description_kind":"plain","required":true},"on_column":{"type":"string","description_kind":"plain","required":true},"using":{"nested_type":{"attributes":{"alias":{"type":"string","description_kind":"plain","optional":true},"constant":{"type":"string","description_kind":"plain","optional":true}},"nesting_mode":"list"},"description_kind":"plain","optional":true}},"nesting_mode":"single"},"description_kind":"plain","computed":true},"comment":{"type":"string","description_kind":"plain","computed":true},"created_at":{"type":"number","description_kind":"plain","computed":true},"created_by":{"type":"string","description_kind":"plain","computed":true},"except_principals":{"type":["list","string"],"description_kind":"plain","computed":true},"for_securable_type":{"type":"string","description_kind":"plain","computed":true},"id":{"type":"string","description_kind":"plain","computed":true},"match_columns":{"nested_type":{"attributes":{"alias":{"type":"string","description_kind":"plain","optional":true},"condition":{"type":"string","description_kind":"plain","optional":true}},"nesting_mode":"list"},"description_kind":"plain","computed":true},"name":{"type":"string","description_kind":"plain","required":true},"on_securable_fullname":{"type":"string","description_kind":"plain","required":true},"on_securable_type":{"type":"string","description_kind":"plain","required":true},"policy_type":{"type":"string","description_kind":"plain","computed":true},"row_filter":{"nested_type":{"attributes":{"function_name":{"type":"string","description_kind":"plain","required":true},"using":{"nested_type":{"attributes":{"alias":{"type":"string","description_kind":"plain","optional":true},"constant":{"type":"string","description_kind":"plain","optional":true}},"nesting_mode":"list"},"description_kind":"plain","optional":true}},"nesting_mode":"single"},"description_kind":"plain","computed":true},"to_principals":{"type":["list","string"],"description_kind":"plain","computed":true},"updated_at":{"type":"number","description_kind":"plain","computed":true},"updated_by":{"type":"string","description_kind":"plain","computed":true},"when_condition":{"type":"string","description_kind":"plain","computed":true}},"description":"Terraform schema for Databricks PolicyInfo","description_kind":"plain"}},"databricks_policy_infos":{"version":0,"block":{"attributes":{"include_inherited":{"type":"bool","description_kind":"plain","optional":true},"max_results":{"type":"number","description_kind":"plain","optional":true},"on_securable_fullname":{"type":"string","description_kind":"plain","required":true},"on_securable_type":{"type":"string","description_kind":"plain","required":true},"policies":{"nested_type":{"attributes":{"column_mask":{"nested_type":{"attributes":{"function_name":{"type":"string","description_kind":"plain","required":true},"on_column":{"type":"string","description_kind":"plain","required":true},"using":{"nested_type":{"attributes":{"alias":{"type":"string","description_kind":"plain","optional":true},"constant":{"type":"string","description_kind":"plain","optional":true}},"nesting_mode":"list"},"description_kind":"plain","optional":true}},"nesting_mode":"single"},"description_kind":"plain","computed":true},"comment":{"type":"string","description_kind":"plain","computed":true},"created_at":{"type":"number","description_kind":"plain","computed":true},"created_by":{"type":"string","description_kind":"plain","computed":true},"except_principals":{"type":["list","string"],"description_kind":"plain","computed":true},"for_securable_type":{"type":"string","description_kind":"plain","computed":true},"id":{"type":"string","description_kind":"plain","computed":true},"match_columns":{"nested_type":{"attributes":{"alias":{"type":"string","description_kind":"plain","optional":true},"condition":{"type":"string","description_kind":"plain","optional":true}},"nesting_mode":"list"},"description_kind":"plain","computed":true},"name":{"type":"string","description_kind":"plain","required":true},"on_securable_fullname":{"type":"string","description_kind":"plain","required":true},"on_securable_type":{"type":"string","description_kind":"plain","required":true},"policy_type":{"type":"string","description_kind":"plain","computed":true},"row_filter":{"nested_type":{"attributes":{"function_name":{"type":"string","description_kind":"plain","required":true},"using":{"nested_type":{"attributes":{"alias":{"type":"string","description_kind":"plain","optional":true},"constant":{"type":"string","description_kind":"plain","optional":true}},"nesting_mode":"list"},"description_kind":"plain","optional":true}},"nesting_mode":"single"},"description_kind":"plain","computed":true},"to_principals":{"type":["list","string"],"description_kind":"plain","computed":true},"updated_at":{"type":"number","description_kind":"plain","computed":true},"updated_by":{"type":"string","description_kind":"plain","computed":true},"when_condition":{"type":"string","description_kind":"plain","computed":true}},"nesting_mode":"list"},"description_kind":"plain","computed":true}},"description":"Terraform schema for Databricks PolicyInfo","description_kind":"plain"}},"databricks_quality_monitor_v2":{"version":0,"block":{"attributes":{"anomaly_detection_config":{"nested_type":{"attributes":{"last_run_id":{"type":"string","description_kind":"plain","computed":true},"latest_run_status":{"type":"string","description_kind":"plain","computed":true}},"nesting_mode":"single"},"description_kind":"plain","computed":true},"object_id":{"type":"string","description_kind":"plain","required":true},"object_type":{"type":"string","description_kind":"plain","required":true}},"description":"Terraform schema for Databricks QualityMonitor","description_kind":"plain"}},"databricks_quality_monitors_v2":{"version":0,"block":{"attributes":{"page_size":{"type":"number","description_kind":"plain","optional":true},"quality_monitors":{"nested_type":{"attributes":{"anomaly_detection_config":{"nested_type":{"attributes":{"last_run_id":{"type":"string","description_kind":"plain","computed":true},"latest_run_status":{"type":"string","description_kind":"plain","computed":true}},"nesting_mode":"single"},"description_kind":"plain","computed":true},"object_id":{"type":"string","description_kind":"plain","required":true},"object_type":{"type":"string","description_kind":"plain","required":true}},"nesting_mode":"list"},"description_kind":"plain","computed":true}},"description":"Terraform schema for Databricks QualityMonitor","description_kind":"plain"}},"databricks_registered_model":{"version":0,"block":{"attributes":{"full_name":{"type":"string","description_kind":"plain","required":true},"include_aliases":{"type":"bool","description_kind":"plain","optional":true},"include_browse":{"type":"bool","description_kind":"plain","optional":true},"model_info":{"nested_type":{"attributes":{"aliases":{"nested_type":{"attributes":{"alias_name":{"type":"string","description_kind":"plain","optional":true},"catalog_name":{"type":"string","description_kind":"plain","optional":true},"id":{"type":"string","description_kind":"plain","optional":true},"model_name":{"type":"string","description_kind":"plain","optional":true},"schema_name":{"type":"string","description_kind":"plain","optional":true},"version_num":{"type":"number","description_kind":"plain","optional":true}},"nesting_mode":"list"},"description_kind":"plain","optional":true},"browse_only":{"type":"bool","description_kind":"plain","optional":true},"catalog_name":{"type":"string","description_kind":"plain","optional":true},"comment":{"type":"string","description_kind":"plain","optional":true},"created_at":{"type":"number","description_kind":"plain","optional":true},"created_by":{"type":"string","description_kind":"plain","optional":true},"full_name":{"type":"string","description_kind":"plain","optional":true},"metastore_id":{"type":"string","description_kind":"plain","optional":true},"name":{"type":"string","description_kind":"plain","optional":true},"owner":{"type":"string","description_kind":"plain","optional":true},"schema_name":{"type":"string","description_kind":"plain","optional":true},"storage_location":{"type":"string","description_kind":"plain","optional":true},"updated_at":{"type":"number","description_kind":"plain","optional":true},"updated_by":{"type":"string","description_kind":"plain","optional":true}},"nesting_mode":"list"},"description_kind":"plain","optional":true,"computed":true},"provider_config":{"nested_type":{"attributes":{"workspace_id":{"type":"string","description_kind":"plain","required":true}},"nesting_mode":"single"},"description_kind":"plain","optional":true}},"description_kind":"plain"}},"databricks_registered_model_versions":{"version":0,"block":{"attributes":{"full_name":{"type":"string","description_kind":"plain","required":true},"model_versions":{"nested_type":{"attributes":{"aliases":{"nested_type":{"attributes":{"alias_name":{"type":"string","description_kind":"plain","optional":true},"catalog_name":{"type":"string","description_kind":"plain","optional":true},"id":{"type":"string","description_kind":"plain","optional":true},"model_name":{"type":"string","description_kind":"plain","optional":true},"schema_name":{"type":"string","description_kind":"plain","optional":true},"version_num":{"type":"number","description_kind":"plain","optional":true}},"nesting_mode":"list"},"description_kind":"plain","optional":true},"catalog_name":{"type":"string","description_kind":"plain","optional":true},"comment":{"type":"string","description_kind":"plain","optional":true},"created_at":{"type":"number","description_kind":"plain","optional":true},"created_by":{"type":"string","description_kind":"plain","optional":true},"id":{"type":"string","description_kind":"plain","optional":true},"metastore_id":{"type":"string","description_kind":"plain","optional":true},"model_name":{"type":"string","description_kind":"plain","optional":true},"model_version_dependencies":{"nested_type":{"attributes":{"dependencies":{"nested_type":{"attributes":{"connection":{"nested_type":{"attributes":{"connection_name":{"type":"string","description_kind":"plain","optional":true}},"nesting_mode":"list"},"description_kind":"plain","optional":true},"credential":{"nested_type":{"attributes":{"credential_name":{"type":"string","description_kind":"plain","optional":true}},"nesting_mode":"list"},"description_kind":"plain","optional":true},"function":{"nested_type":{"attributes":{"function_full_name":{"type":"string","description_kind":"plain","required":true}},"nesting_mode":"list"},"description_kind":"plain","optional":true},"table":{"nested_type":{"attributes":{"table_full_name":{"type":"string","description_kind":"plain","required":true}},"nesting_mode":"list"},"description_kind":"plain","optional":true}},"nesting_mode":"list"},"description_kind":"plain","optional":true}},"nesting_mode":"list"},"description_kind":"plain","optional":true},"run_id":{"type":"string","description_kind":"plain","optional":true},"run_workspace_id":{"type":"number","description_kind":"plain","optional":true},"schema_name":{"type":"string","description_kind":"plain","optional":true},"source":{"type":"string","description_kind":"plain","optional":true},"status":{"type":"string","description_kind":"plain","optional":true},"storage_location":{"type":"string","description_kind":"plain","optional":true},"updated_at":{"type":"number","description_kind":"plain","optional":true},"updated_by":{"type":"string","description_kind":"plain","optional":true},"version":{"type":"number","description_kind":"plain","optional":true}},"nesting_mode":"list"},"description_kind":"plain","optional":true,"computed":true},"provider_config":{"nested_type":{"attributes":{"workspace_id":{"type":"string","description_kind":"plain","required":true}},"nesting_mode":"single"},"description_kind":"plain","optional":true}},"description_kind":"plain"}},"databricks_rfa_access_request_destinations":{"version":0,"block":{"attributes":{"are_any_destinations_hidden":{"type":"bool","description_kind":"plain","computed":true},"destinations":{"nested_type":{"attributes":{"destination_id":{"type":"string","description_kind":"plain","optional":true},"destination_type":{"type":"string","description_kind":"plain","optional":true},"special_destination":{"type":"string","description_kind":"plain","optional":true}},"nesting_mode":"list"},"description_kind":"plain","computed":true},"securable":{"nested_type":{"attributes":{"full_name":{"type":"string","description_kind":"plain","optional":true},"provider_share":{"type":"string","description_kind":"plain","optional":true},"type":{"type":"string","description_kind":"plain","optional":true}},"nesting_mode":"single"},"description_kind":"plain","computed":true}},"description":"Terraform schema for Databricks AccessRequestDestinations","description_kind":"plain"}},"databricks_schema":{"version":0,"block":{"attributes":{"id":{"type":"string","description_kind":"plain","optional":true,"computed":true},"name":{"type":"string","description_kind":"plain","required":true}},"block_types":{"provider_config":{"nesting_mode":"list","block":{"attributes":{"workspace_id":{"type":"string","description_kind":"plain","required":true}},"description_kind":"plain"},"max_items":1},"schema_info":{"nesting_mode":"list","block":{"attributes":{"browse_only":{"type":"bool","description_kind":"plain","optional":true},"catalog_name":{"type":"string","description_kind":"plain","optional":true},"catalog_type":{"type":"string","description_kind":"plain","optional":true},"comment":{"type":"string","description_kind":"plain","optional":true},"created_at":{"type":"number","description_kind":"plain","optional":true},"created_by":{"type":"string","description_kind":"plain","optional":true},"enable_predictive_optimization":{"type":"string","description_kind":"plain","optional":true},"full_name":{"type":"string","description_kind":"plain","optional":true},"metastore_id":{"type":"string","description_kind":"plain","optional":true},"name":{"type":"string","description_kind":"plain","optional":true},"owner":{"type":"string","description_kind":"plain","optional":true},"properties":{"type":["map","string"],"description_kind":"plain","optional":true},"schema_id":{"type":"string","description_kind":"plain","optional":true},"storage_location":{"type":"string","description_kind":"plain","optional":true},"storage_root":{"type":"string","description_kind":"plain","optional":true},"updated_at":{"type":"number","description_kind":"plain","optional":true},"updated_by":{"type":"string","description_kind":"plain","optional":true}},"block_types":{"effective_predictive_optimization_flag":{"nesting_mode":"list","block":{"attributes":{"inherited_from_name":{"type":"string","description_kind":"plain","optional":true},"inherited_from_type":{"type":"string","description_kind":"plain","optional":true},"value":{"type":"string","description_kind":"plain","required":true}},"description_kind":"plain"},"max_items":1}},"description_kind":"plain"},"max_items":1}},"description_kind":"plain"}},"databricks_schemas":{"version":0,"block":{"attributes":{"catalog_name":{"type":"string","description_kind":"plain","required":true},"id":{"type":"string","description_kind":"plain","optional":true,"computed":true},"ids":{"type":["set","string"],"description_kind":"plain","optional":true,"computed":true}},"block_types":{"provider_config":{"nesting_mode":"list","block":{"attributes":{"workspace_id":{"type":"string","description_kind":"plain","required":true}},"description_kind":"plain"},"max_items":1}},"description_kind":"plain"}},"databricks_service_principal":{"version":0,"block":{"attributes":{"acl_principal_id":{"type":"string","description_kind":"plain","optional":true,"computed":true},"active":{"type":"bool","description_kind":"plain","optional":true,"computed":true},"application_id":{"type":"string","description_kind":"plain","optional":true,"computed":true},"display_name":{"type":"string","description_kind":"plain","optional":true,"computed":true},"external_id":{"type":"string","description_kind":"plain","optional":true,"computed":true},"home":{"type":"string","description_kind":"plain","optional":true,"computed":true},"id":{"type":"string","description_kind":"plain","optional":true,"computed":true},"repos":{"type":"string","description_kind":"plain","optional":true,"computed":true},"scim_id":{"type":"string","description_kind":"plain","optional":true,"computed":true},"sp_id":{"type":"string","description_kind":"plain","optional":true,"computed":true}},"description_kind":"plain"}},"databricks_service_principal_federation_policies":{"version":0,"block":{"attributes":{"page_size":{"type":"number","description_kind":"plain","optional":true},"policies":{"nested_type":{"attributes":{"create_time":{"type":"string","description_kind":"plain","computed":true},"description":{"type":"string","description_kind":"plain","computed":true},"name":{"type":"string","description_kind":"plain","computed":true},"oidc_policy":{"nested_type":{"attributes":{"audiences":{"type":["list","string"],"description_kind":"plain","optional":true},"issuer":{"type":"string","description_kind":"plain","optional":true},"jwks_json":{"type":"string","description_kind":"plain","optional":true},"jwks_uri":{"type":"string","description_kind":"plain","optional":true},"subject":{"type":"string","description_kind":"plain","optional":true},"subject_claim":{"type":"string","description_kind":"plain","optional":true}},"nesting_mode":"single"},"description_kind":"plain","computed":true},"policy_id":{"type":"string","description_kind":"plain","required":true},"service_principal_id":{"type":"number","description_kind":"plain","required":true},"uid":{"type":"string","description_kind":"plain","computed":true},"update_time":{"type":"string","description_kind":"plain","computed":true}},"nesting_mode":"list"},"description_kind":"plain","computed":true},"service_principal_id":{"type":"number","description_kind":"plain","required":true}},"description":"Terraform schema for Databricks FederationPolicy","description_kind":"plain"}},"databricks_service_principal_federation_policy":{"version":0,"block":{"attributes":{"create_time":{"type":"string","description_kind":"plain","computed":true},"description":{"type":"string","description_kind":"plain","computed":true},"name":{"type":"string","description_kind":"plain","computed":true},"oidc_policy":{"nested_type":{"attributes":{"audiences":{"type":["list","string"],"description_kind":"plain","optional":true},"issuer":{"type":"string","description_kind":"plain","optional":true},"jwks_json":{"type":"string","description_kind":"plain","optional":true},"jwks_uri":{"type":"string","description_kind":"plain","optional":true},"subject":{"type":"string","description_kind":"plain","optional":true},"subject_claim":{"type":"string","description_kind":"plain","optional":true}},"nesting_mode":"single"},"description_kind":"plain","computed":true},"policy_id":{"type":"string","description_kind":"plain","required":true},"service_principal_id":{"type":"number","description_kind":"plain","required":true},"uid":{"type":"string","description_kind":"plain","computed":true},"update_time":{"type":"string","description_kind":"plain","computed":true}},"description":"Terraform schema for Databricks FederationPolicy","description_kind":"plain"}},"databricks_service_principals":{"version":0,"block":{"attributes":{"application_ids":{"type":["set","string"],"description_kind":"plain","optional":true,"computed":true},"display_name_contains":{"type":"string","description_kind":"plain","optional":true,"computed":true},"id":{"type":"string","description_kind":"plain","optional":true,"computed":true}},"block_types":{"service_principals":{"nesting_mode":"list","block":{"attributes":{"acl_principal_id":{"type":"string","description_kind":"plain","optional":true,"computed":true},"active":{"type":"bool","description_kind":"plain","optional":true,"computed":true},"application_id":{"type":"string","description_kind":"plain","optional":true,"computed":true},"display_name":{"type":"string","description_kind":"plain","optional":true,"computed":true},"external_id":{"type":"string","description_kind":"plain","optional":true,"computed":true},"home":{"type":"string","description_kind":"plain","optional":true,"computed":true},"id":{"type":"string","description_kind":"plain","optional":true,"computed":true},"repos":{"type":"string","description_kind":"plain","optional":true,"computed":true},"scim_id":{"type":"string","description_kind":"plain","optional":true,"computed":true},"sp_id":{"type":"string","description_kind":"plain","optional":true,"computed":true}},"description_kind":"plain"}}},"description_kind":"plain"}},"databricks_serving_endpoints":{"version":0,"block":{"attributes":{"endpoints":{"nested_type":{"attributes":{"ai_gateway":{"nested_type":{"attributes":{"fallback_config":{"nested_type":{"attributes":{"enabled":{"type":"bool","description_kind":"plain","required":true}},"nesting_mode":"list"},"description_kind":"plain","optional":true},"guardrails":{"nested_type":{"attributes":{"input":{"nested_type":{"attributes":{"invalid_keywords":{"type":["list","string"],"description_kind":"plain","optional":true},"pii":{"nested_type":{"attributes":{"behavior":{"type":"string","description_kind":"plain","optional":true}},"nesting_mode":"list"},"description_kind":"plain","optional":true},"safety":{"type":"bool","description_kind":"plain","optional":true},"valid_topics":{"type":["list","string"],"description_kind":"plain","optional":true}},"nesting_mode":"list"},"description_kind":"plain","optional":true},"output":{"nested_type":{"attributes":{"invalid_keywords":{"type":["list","string"],"description_kind":"plain","optional":true},"pii":{"nested_type":{"attributes":{"behavior":{"type":"string","description_kind":"plain","optional":true}},"nesting_mode":"list"},"description_kind":"plain","optional":true},"safety":{"type":"bool","description_kind":"plain","optional":true},"valid_topics":{"type":["list","string"],"description_kind":"plain","optional":true}},"nesting_mode":"list"},"description_kind":"plain","optional":true}},"nesting_mode":"list"},"description_kind":"plain","optional":true},"inference_table_config":{"nested_type":{"attributes":{"catalog_name":{"type":"string","description_kind":"plain","optional":true},"enabled":{"type":"bool","description_kind":"plain","optional":true},"schema_name":{"type":"string","description_kind":"plain","optional":true},"table_name_prefix":{"type":"string","description_kind":"plain","optional":true}},"nesting_mode":"list"},"description_kind":"plain","optional":true},"rate_limits":{"nested_type":{"attributes":{"calls":{"type":"number","description_kind":"plain","optional":true},"key":{"type":"string","description_kind":"plain","optional":true},"principal":{"type":"string","description_kind":"plain","optional":true},"renewal_period":{"type":"string","description_kind":"plain","required":true},"tokens":{"type":"number","description_kind":"plain","optional":true}},"nesting_mode":"list"},"description_kind":"plain","optional":true},"usage_tracking_config":{"nested_type":{"attributes":{"enabled":{"type":"bool","description_kind":"plain","optional":true}},"nesting_mode":"list"},"description_kind":"plain","optional":true}},"nesting_mode":"list"},"description_kind":"plain","optional":true},"budget_policy_id":{"type":"string","description_kind":"plain","optional":true},"config":{"nested_type":{"attributes":{"served_entities":{"nested_type":{"attributes":{"entity_name":{"type":"string","description_kind":"plain","optional":true},"entity_version":{"type":"string","description_kind":"plain","optional":true},"external_model":{"nested_type":{"attributes":{"ai21labs_config":{"nested_type":{"attributes":{"ai21labs_api_key":{"type":"string","description_kind":"plain","optional":true},"ai21labs_api_key_plaintext":{"type":"string","description_kind":"plain","optional":true}},"nesting_mode":"list"},"description_kind":"plain","optional":true},"amazon_bedrock_config":{"nested_type":{"attributes":{"aws_access_key_id":{"type":"string","description_kind":"plain","optional":true},"aws_access_key_id_plaintext":{"type":"string","description_kind":"plain","optional":true},"aws_region":{"type":"string","description_kind":"plain","required":true},"aws_secret_access_key":{"type":"string","description_kind":"plain","optional":true},"aws_secret_access_key_plaintext":{"type":"string","description_kind":"plain","optional":true},"bedrock_provider":{"type":"string","description_kind":"plain","required":true},"instance_profile_arn":{"type":"string","description_kind":"plain","optional":true}},"nesting_mode":"list"},"description_kind":"plain","optional":true},"anthropic_config":{"nested_type":{"attributes":{"anthropic_api_key":{"type":"string","description_kind":"plain","optional":true},"anthropic_api_key_plaintext":{"type":"string","description_kind":"plain","optional":true}},"nesting_mode":"list"},"description_kind":"plain","optional":true},"cohere_config":{"nested_type":{"attributes":{"cohere_api_base":{"type":"string","description_kind":"plain","optional":true},"cohere_api_key":{"type":"string","description_kind":"plain","optional":true},"cohere_api_key_plaintext":{"type":"string","description_kind":"plain","optional":true}},"nesting_mode":"list"},"description_kind":"plain","optional":true},"custom_provider_config":{"nested_type":{"attributes":{"api_key_auth":{"nested_type":{"attributes":{"key":{"type":"string","description_kind":"plain","required":true},"value":{"type":"string","description_kind":"plain","optional":true},"value_plaintext":{"type":"string","description_kind":"plain","optional":true}},"nesting_mode":"list"},"description_kind":"plain","optional":true},"bearer_token_auth":{"nested_type":{"attributes":{"token":{"type":"string","description_kind":"plain","optional":true},"token_plaintext":{"type":"string","description_kind":"plain","optional":true}},"nesting_mode":"list"},"description_kind":"plain","optional":true},"custom_provider_url":{"type":"string","description_kind":"plain","required":true}},"nesting_mode":"list"},"description_kind":"plain","optional":true},"databricks_model_serving_config":{"nested_type":{"attributes":{"databricks_api_token":{"type":"string","description_kind":"plain","optional":true},"databricks_api_token_plaintext":{"type":"string","description_kind":"plain","optional":true},"databricks_workspace_url":{"type":"string","description_kind":"plain","required":true}},"nesting_mode":"list"},"description_kind":"plain","optional":true},"google_cloud_vertex_ai_config":{"nested_type":{"attributes":{"private_key":{"type":"string","description_kind":"plain","optional":true},"private_key_plaintext":{"type":"string","description_kind":"plain","optional":true},"project_id":{"type":"string","description_kind":"plain","required":true},"region":{"type":"string","description_kind":"plain","required":true}},"nesting_mode":"list"},"description_kind":"plain","optional":true},"name":{"type":"string","description_kind":"plain","required":true},"openai_config":{"nested_type":{"attributes":{"microsoft_entra_client_id":{"type":"string","description_kind":"plain","optional":true},"microsoft_entra_client_secret":{"type":"string","description_kind":"plain","optional":true},"microsoft_entra_client_secret_plaintext":{"type":"string","description_kind":"plain","optional":true},"microsoft_entra_tenant_id":{"type":"string","description_kind":"plain","optional":true},"openai_api_base":{"type":"string","description_kind":"plain","optional":true},"openai_api_key":{"type":"string","description_kind":"plain","optional":true},"openai_api_key_plaintext":{"type":"string","description_kind":"plain","optional":true},"openai_api_type":{"type":"string","description_kind":"plain","optional":true},"openai_api_version":{"type":"string","description_kind":"plain","optional":true},"openai_deployment_name":{"type":"string","description_kind":"plain","optional":true},"openai_organization":{"type":"string","description_kind":"plain","optional":true}},"nesting_mode":"list"},"description_kind":"plain","optional":true},"palm_config":{"nested_type":{"attributes":{"palm_api_key":{"type":"string","description_kind":"plain","optional":true},"palm_api_key_plaintext":{"type":"string","description_kind":"plain","optional":true}},"nesting_mode":"list"},"description_kind":"plain","optional":true},"provider":{"type":"string","description_kind":"plain","required":true},"task":{"type":"string","description_kind":"plain","required":true}},"nesting_mode":"list"},"description_kind":"plain","optional":true},"foundation_model":{"nested_type":{"attributes":{"description":{"type":"string","description_kind":"plain","optional":true},"display_name":{"type":"string","description_kind":"plain","optional":true},"docs":{"type":"string","description_kind":"plain","optional":true},"name":{"type":"string","description_kind":"plain","optional":true}},"nesting_mode":"list"},"description_kind":"plain","optional":true},"name":{"type":"string","description_kind":"plain","optional":true}},"nesting_mode":"list"},"description_kind":"plain","optional":true},"served_models":{"nested_type":{"attributes":{"model_name":{"type":"string","description_kind":"plain","optional":true},"model_version":{"type":"string","description_kind":"plain","optional":true},"name":{"type":"string","description_kind":"plain","optional":true}},"nesting_mode":"list"},"description_kind":"plain","optional":true}},"nesting_mode":"list"},"description_kind":"plain","optional":true},"creation_timestamp":{"type":"number","description_kind":"plain","optional":true},"creator":{"type":"string","description_kind":"plain","optional":true},"description":{"type":"string","description_kind":"plain","optional":true},"id":{"type":"string","description_kind":"plain","optional":true},"last_updated_timestamp":{"type":"number","description_kind":"plain","optional":true},"name":{"type":"string","description_kind":"plain","optional":true},"state":{"nested_type":{"attributes":{"config_update":{"type":"string","description_kind":"plain","optional":true},"ready":{"type":"string","description_kind":"plain","optional":true}},"nesting_mode":"list"},"description_kind":"plain","optional":true},"tags":{"nested_type":{"attributes":{"key":{"type":"string","description_kind":"plain","required":true},"value":{"type":"string","description_kind":"plain","optional":true}},"nesting_mode":"list"},"description_kind":"plain","optional":true},"task":{"type":"string","description_kind":"plain","optional":true},"usage_policy_id":{"type":"string","description_kind":"plain","optional":true}},"nesting_mode":"list"},"description_kind":"plain","optional":true,"computed":true},"provider_config":{"nested_type":{"attributes":{"workspace_id":{"type":"string","description_kind":"plain","required":true}},"nesting_mode":"single"},"description_kind":"plain","optional":true}},"description_kind":"plain"}},"databricks_share":{"version":0,"block":{"attributes":{"comment":{"type":"string","description_kind":"plain","optional":true},"created_at":{"type":"number","description_kind":"plain","computed":true},"created_by":{"type":"string","description_kind":"plain","computed":true},"effective_owner":{"type":"string","description_kind":"plain","computed":true},"name":{"type":"string","description_kind":"plain","optional":true},"object":{"nested_type":{"attributes":{"added_at":{"type":"number","description_kind":"plain","computed":true},"added_by":{"type":"string","description_kind":"plain","computed":true},"cdf_enabled":{"type":"bool","description_kind":"plain","optional":true},"comment":{"type":"string","description_kind":"plain","optional":true},"content":{"type":"string","description_kind":"plain","optional":true},"data_object_type":{"type":"string","description_kind":"plain","optional":true},"effective_cdf_enabled":{"type":"bool","description_kind":"plain","computed":true},"effective_history_data_sharing_status":{"type":"string","description_kind":"plain","computed":true},"effective_shared_as":{"type":"string","description_kind":"plain","computed":true},"effective_start_version":{"type":"number","description_kind":"plain","computed":true},"effective_string_shared_as":{"type":"string","description_kind":"plain","computed":true},"history_data_sharing_status":{"type":"string","description_kind":"plain","optional":true},"name":{"type":"string","description_kind":"plain","required":true},"partition":{"nested_type":{"attributes":{"value":{"nested_type":{"attributes":{"name":{"type":"string","description_kind":"plain","optional":true},"op":{"type":"string","description_kind":"plain","optional":true},"recipient_property_key":{"type":"string","description_kind":"plain","optional":true},"value":{"type":"string","description_kind":"plain","optional":true}},"nesting_mode":"list"},"description_kind":"plain","optional":true}},"nesting_mode":"list"},"description_kind":"plain","optional":true},"shared_as":{"type":"string","description_kind":"plain","optional":true},"start_version":{"type":"number","description_kind":"plain","optional":true},"status":{"type":"string","description_kind":"plain","computed":true},"string_shared_as":{"type":"string","description_kind":"plain","optional":true}},"nesting_mode":"list"},"description_kind":"plain","optional":true},"owner":{"type":"string","description_kind":"plain","optional":true},"provider_config":{"nested_type":{"attributes":{"workspace_id":{"type":"string","description_kind":"plain","required":true}},"nesting_mode":"single"},"description_kind":"plain","optional":true},"storage_location":{"type":"string","description_kind":"plain","computed":true},"storage_root":{"type":"string","description_kind":"plain","optional":true},"updated_at":{"type":"number","description_kind":"plain","computed":true},"updated_by":{"type":"string","description_kind":"plain","computed":true}},"description_kind":"plain"}},"databricks_shares":{"version":0,"block":{"attributes":{"provider_config":{"nested_type":{"attributes":{"workspace_id":{"type":"string","description_kind":"plain","required":true}},"nesting_mode":"single"},"description_kind":"plain","optional":true},"shares":{"type":["list","string"],"description_kind":"plain","optional":true,"computed":true}},"description_kind":"plain"}},"databricks_spark_version":{"version":0,"block":{"attributes":{"beta":{"type":"bool","description_kind":"plain","optional":true},"genomics":{"type":"bool","description_kind":"plain","optional":true},"gpu":{"type":"bool","description_kind":"plain","optional":true},"graviton":{"type":"bool","description_kind":"plain","deprecated":true,"optional":true},"id":{"type":"string","description_kind":"plain","optional":true,"computed":true},"latest":{"type":"bool","description_kind":"plain","optional":true},"long_term_support":{"type":"bool","description_kind":"plain","optional":true},"ml":{"type":"bool","description_kind":"plain","optional":true},"photon":{"type":"bool","description_kind":"plain","deprecated":true,"optional":true},"scala":{"type":"string","description_kind":"plain","optional":true},"spark_version":{"type":"string","description_kind":"plain","optional":true}},"block_types":{"provider_config":{"nesting_mode":"list","block":{"attributes":{"workspace_id":{"type":"string","description_kind":"plain","required":true}},"description_kind":"plain"},"max_items":1}},"description_kind":"plain"}},"databricks_sql_warehouse":{"version":0,"block":{"attributes":{"auto_stop_mins":{"type":"number","description_kind":"plain","optional":true,"computed":true},"cluster_size":{"type":"string","description_kind":"plain","optional":true,"computed":true},"creator_name":{"type":"string","description_kind":"plain","optional":true,"computed":true},"data_source_id":{"type":"string","description_kind":"plain","optional":true,"computed":true},"enable_photon":{"type":"bool","description_kind":"plain","optional":true,"computed":true},"enable_serverless_compute":{"type":"bool","description_kind":"plain","optional":true,"computed":true},"id":{"type":"string","description_kind":"plain","optional":true,"computed":true},"instance_profile_arn":{"type":"string","description_kind":"plain","optional":true,"computed":true},"jdbc_url":{"type":"string","description_kind":"plain","optional":true,"computed":true},"max_num_clusters":{"type":"number","description_kind":"plain","optional":true,"computed":true},"min_num_clusters":{"type":"number","description_kind":"plain","optional":true,"computed":true},"name":{"type":"string","description_kind":"plain","optional":true,"computed":true},"num_active_sessions":{"type":"number","description_kind":"plain","optional":true,"computed":true},"num_clusters":{"type":"number","description_kind":"plain","optional":true,"computed":true},"spot_instance_policy":{"type":"string","description_kind":"plain","optional":true,"computed":true},"state":{"type":"string","description_kind":"plain","optional":true,"computed":true},"warehouse_type":{"type":"string","description_kind":"plain","optional":true,"computed":true}},"block_types":{"channel":{"nesting_mode":"list","block":{"attributes":{"dbsql_version":{"type":"string","description_kind":"plain","optional":true},"name":{"type":"string","description_kind":"plain","optional":true}},"description_kind":"plain"},"max_items":1},"health":{"nesting_mode":"list","block":{"attributes":{"details":{"type":"string","description_kind":"plain","optional":true},"message":{"type":"string","description_kind":"plain","optional":true},"status":{"type":"string","description_kind":"plain","optional":true},"summary":{"type":"string","description_kind":"plain","optional":true}},"block_types":{"failure_reason":{"nesting_mode":"list","block":{"attributes":{"code":{"type":"string","description_kind":"plain","optional":true},"parameters":{"type":["map","string"],"description_kind":"plain","optional":true},"type":{"type":"string","description_kind":"plain","optional":true}},"description_kind":"plain"},"max_items":1}},"description_kind":"plain"},"max_items":1},"odbc_params":{"nesting_mode":"list","block":{"attributes":{"hostname":{"type":"string","description_kind":"plain","optional":true},"path":{"type":"string","description_kind":"plain","optional":true},"port":{"type":"number","description_kind":"plain","optional":true},"protocol":{"type":"string","description_kind":"plain","optional":true}},"description_kind":"plain"},"max_items":1},"provider_config":{"nesting_mode":"list","block":{"attributes":{"workspace_id":{"type":"string","description_kind":"plain","required":true}},"description_kind":"plain"},"max_items":1},"tags":{"nesting_mode":"list","block":{"block_types":{"custom_tags":{"nesting_mode":"list","block":{"attributes":{"key":{"type":"string","description_kind":"plain","optional":true},"value":{"type":"string","description_kind":"plain","optional":true}},"description_kind":"plain"}}},"description_kind":"plain"},"max_items":1}},"description_kind":"plain"}},"databricks_sql_warehouses":{"version":0,"block":{"attributes":{"id":{"type":"string","description_kind":"plain","optional":true,"computed":true},"ids":{"type":["set","string"],"description_kind":"plain","optional":true,"computed":true},"warehouse_name_contains":{"type":"string","description_kind":"plain","optional":true}},"block_types":{"provider_config":{"nesting_mode":"list","block":{"attributes":{"workspace_id":{"type":"string","description_kind":"plain","required":true}},"description_kind":"plain"},"max_items":1}},"description_kind":"plain"}},"databricks_storage_credential":{"version":0,"block":{"attributes":{"id":{"type":"string","description_kind":"plain","optional":true,"computed":true},"name":{"type":"string","description_kind":"plain","required":true}},"block_types":{"provider_config":{"nesting_mode":"list","block":{"attributes":{"workspace_id":{"type":"string","description_kind":"plain","required":true}},"description_kind":"plain"},"max_items":1},"storage_credential_info":{"nesting_mode":"list","block":{"attributes":{"comment":{"type":"string","description_kind":"plain","optional":true},"created_at":{"type":"number","description_kind":"plain","optional":true},"created_by":{"type":"string","description_kind":"plain","optional":true},"full_name":{"type":"string","description_kind":"plain","optional":true},"id":{"type":"string","description_kind":"plain","optional":true},"isolation_mode":{"type":"string","description_kind":"plain","optional":true},"metastore_id":{"type":"string","description_kind":"plain","optional":true},"name":{"type":"string","description_kind":"plain","optional":true},"owner":{"type":"string","description_kind":"plain","optional":true},"read_only":{"type":"bool","description_kind":"plain","optional":true},"updated_at":{"type":"number","description_kind":"plain","optional":true},"updated_by":{"type":"string","description_kind":"plain","optional":true},"used_for_managed_storage":{"type":"bool","description_kind":"plain","optional":true}},"block_types":{"aws_iam_role":{"nesting_mode":"list","block":{"attributes":{"external_id":{"type":"string","description_kind":"plain","optional":true},"role_arn":{"type":"string","description_kind":"plain","required":true},"unity_catalog_iam_arn":{"type":"string","description_kind":"plain","optional":true}},"description_kind":"plain"},"max_items":1},"azure_managed_identity":{"nesting_mode":"list","block":{"attributes":{"access_connector_id":{"type":"string","description_kind":"plain","required":true},"credential_id":{"type":"string","description_kind":"plain","optional":true},"managed_identity_id":{"type":"string","description_kind":"plain","optional":true}},"description_kind":"plain"},"max_items":1},"azure_service_principal":{"nesting_mode":"list","block":{"attributes":{"application_id":{"type":"string","description_kind":"plain","required":true},"client_secret":{"type":"string","description_kind":"plain","required":true},"directory_id":{"type":"string","description_kind":"plain","required":true}},"description_kind":"plain"},"max_items":1},"cloudflare_api_token":{"nesting_mode":"list","block":{"attributes":{"access_key_id":{"type":"string","description_kind":"plain","required":true},"account_id":{"type":"string","description_kind":"plain","required":true},"secret_access_key":{"type":"string","description_kind":"plain","required":true}},"description_kind":"plain"},"max_items":1},"databricks_gcp_service_account":{"nesting_mode":"list","block":{"attributes":{"credential_id":{"type":"string","description_kind":"plain","optional":true},"email":{"type":"string","description_kind":"plain","optional":true}},"description_kind":"plain"},"max_items":1}},"description_kind":"plain"},"max_items":1}},"description_kind":"plain"}},"databricks_storage_credentials":{"version":0,"block":{"attributes":{"id":{"type":"string","description_kind":"plain","optional":true,"computed":true},"names":{"type":["list","string"],"description_kind":"plain","optional":true,"computed":true}},"block_types":{"provider_config":{"nesting_mode":"list","block":{"attributes":{"workspace_id":{"type":"string","description_kind":"plain","required":true}},"description_kind":"plain"},"max_items":1}},"description_kind":"plain"}},"databricks_table":{"version":0,"block":{"attributes":{"id":{"type":"string","description_kind":"plain","optional":true,"computed":true},"name":{"type":"string","description_kind":"plain","required":true}},"block_types":{"provider_config":{"nesting_mode":"list","block":{"attributes":{"workspace_id":{"type":"string","description_kind":"plain","required":true}},"description_kind":"plain"},"max_items":1},"table_info":{"nesting_mode":"list","block":{"attributes":{"access_point":{"type":"string","description_kind":"plain","optional":true},"browse_only":{"type":"bool","description_kind":"plain","optional":true},"catalog_name":{"type":"string","description_kind":"plain","optional":true},"comment":{"type":"string","description_kind":"plain","optional":true},"created_at":{"type":"number","description_kind":"plain","optional":true},"created_by":{"type":"string","description_kind":"plain","optional":true},"data_access_configuration_id":{"type":"string","description_kind":"plain","optional":true},"data_source_format":{"type":"string","description_kind":"plain","optional":true},"deleted_at":{"type":"number","description_kind":"plain","optional":true},"enable_predictive_optimization":{"type":"string","description_kind":"plain","optional":true},"full_name":{"type":"string","description_kind":"plain","optional":true},"metastore_id":{"type":"string","description_kind":"plain","optional":true},"name":{"type":"string","description_kind":"plain","optional":true},"owner":{"type":"string","description_kind":"plain","optional":true},"pipeline_id":{"type":"string","description_kind":"plain","optional":true},"properties":{"type":["map","string"],"description_kind":"plain","optional":true},"schema_name":{"type":"string","description_kind":"plain","optional":true},"sql_path":{"type":"string","description_kind":"plain","optional":true},"storage_credential_name":{"type":"string","description_kind":"plain","optional":true},"storage_location":{"type":"string","description_kind":"plain","optional":true},"table_id":{"type":"string","description_kind":"plain","optional":true},"table_type":{"type":"string","description_kind":"plain","optional":true},"updated_at":{"type":"number","description_kind":"plain","optional":true},"updated_by":{"type":"string","description_kind":"plain","optional":true},"view_definition":{"type":"string","description_kind":"plain","optional":true}},"block_types":{"columns":{"nesting_mode":"list","block":{"attributes":{"comment":{"type":"string","description_kind":"plain","optional":true},"name":{"type":"string","description_kind":"plain","optional":true},"nullable":{"type":"bool","description_kind":"plain","optional":true},"partition_index":{"type":"number","description_kind":"plain","optional":true},"position":{"type":"number","description_kind":"plain","optional":true},"type_interval_type":{"type":"string","description_kind":"plain","optional":true},"type_json":{"type":"string","description_kind":"plain","optional":true},"type_name":{"type":"string","description_kind":"plain","optional":true},"type_precision":{"type":"number","description_kind":"plain","optional":true},"type_scale":{"type":"number","description_kind":"plain","optional":true},"type_text":{"type":"string","description_kind":"plain","optional":true}},"block_types":{"mask":{"nesting_mode":"list","block":{"attributes":{"function_name":{"type":"string","description_kind":"plain","optional":true},"using_column_names":{"type":["list","string"],"description_kind":"plain","optional":true}},"description_kind":"plain"},"max_items":1}},"description_kind":"plain"}},"delta_runtime_properties_kvpairs":{"nesting_mode":"list","block":{"attributes":{"delta_runtime_properties":{"type":["map","string"],"description_kind":"plain","required":true}},"description_kind":"plain"},"max_items":1},"effective_predictive_optimization_flag":{"nesting_mode":"list","block":{"attributes":{"inherited_from_name":{"type":"string","description_kind":"plain","optional":true},"inherited_from_type":{"type":"string","description_kind":"plain","optional":true},"value":{"type":"string","description_kind":"plain","required":true}},"description_kind":"plain"},"max_items":1},"encryption_details":{"nesting_mode":"list","block":{"block_types":{"sse_encryption_details":{"nesting_mode":"list","block":{"attributes":{"algorithm":{"type":"string","description_kind":"plain","optional":true},"aws_kms_key_arn":{"type":"string","description_kind":"plain","optional":true}},"description_kind":"plain"},"max_items":1}},"description_kind":"plain"},"max_items":1},"row_filter":{"nesting_mode":"list","block":{"attributes":{"function_name":{"type":"string","description_kind":"plain","required":true},"input_column_names":{"type":["list","string"],"description_kind":"plain","required":true}},"description_kind":"plain"},"max_items":1},"securable_kind_manifest":{"nesting_mode":"list","block":{"attributes":{"assignable_privileges":{"type":["list","string"],"description_kind":"plain","optional":true},"capabilities":{"type":["list","string"],"description_kind":"plain","optional":true},"securable_kind":{"type":"string","description_kind":"plain","optional":true},"securable_type":{"type":"string","description_kind":"plain","optional":true}},"block_types":{"options":{"nesting_mode":"list","block":{"attributes":{"allowed_values":{"type":["list","string"],"description_kind":"plain","optional":true},"default_value":{"type":"string","description_kind":"plain","optional":true},"description":{"type":"string","description_kind":"plain","optional":true},"hint":{"type":"string","description_kind":"plain","optional":true},"is_copiable":{"type":"bool","description_kind":"plain","optional":true},"is_creatable":{"type":"bool","description_kind":"plain","optional":true},"is_hidden":{"type":"bool","description_kind":"plain","optional":true},"is_loggable":{"type":"bool","description_kind":"plain","optional":true},"is_required":{"type":"bool","description_kind":"plain","optional":true},"is_secret":{"type":"bool","description_kind":"plain","optional":true},"is_updatable":{"type":"bool","description_kind":"plain","optional":true},"name":{"type":"string","description_kind":"plain","optional":true},"oauth_stage":{"type":"string","description_kind":"plain","optional":true},"type":{"type":"string","description_kind":"plain","optional":true}},"description_kind":"plain"}}},"description_kind":"plain"},"max_items":1},"table_constraints":{"nesting_mode":"list","block":{"block_types":{"foreign_key_constraint":{"nesting_mode":"list","block":{"attributes":{"child_columns":{"type":["list","string"],"description_kind":"plain","required":true},"name":{"type":"string","description_kind":"plain","required":true},"parent_columns":{"type":["list","string"],"description_kind":"plain","required":true},"parent_table":{"type":"string","description_kind":"plain","required":true},"rely":{"type":"bool","description_kind":"plain","optional":true}},"description_kind":"plain"},"max_items":1},"named_table_constraint":{"nesting_mode":"list","block":{"attributes":{"name":{"type":"string","description_kind":"plain","required":true}},"description_kind":"plain"},"max_items":1},"primary_key_constraint":{"nesting_mode":"list","block":{"attributes":{"child_columns":{"type":["list","string"],"description_kind":"plain","required":true},"name":{"type":"string","description_kind":"plain","required":true},"rely":{"type":"bool","description_kind":"plain","optional":true},"timeseries_columns":{"type":["list","string"],"description_kind":"plain","optional":true}},"description_kind":"plain"},"max_items":1}},"description_kind":"plain"}},"view_dependencies":{"nesting_mode":"list","block":{"block_types":{"dependencies":{"nesting_mode":"list","block":{"block_types":{"connection":{"nesting_mode":"list","block":{"attributes":{"connection_name":{"type":"string","description_kind":"plain","optional":true}},"description_kind":"plain"},"max_items":1},"credential":{"nesting_mode":"list","block":{"attributes":{"credential_name":{"type":"string","description_kind":"plain","optional":true}},"description_kind":"plain"},"max_items":1},"function":{"nesting_mode":"list","block":{"attributes":{"function_full_name":{"type":"string","description_kind":"plain","required":true}},"description_kind":"plain"},"max_items":1},"table":{"nesting_mode":"list","block":{"attributes":{"table_full_name":{"type":"string","description_kind":"plain","required":true}},"description_kind":"plain"},"max_items":1}},"description_kind":"plain"}}},"description_kind":"plain"},"max_items":1}},"description_kind":"plain"},"max_items":1}},"description_kind":"plain"}},"databricks_tables":{"version":0,"block":{"attributes":{"catalog_name":{"type":"string","description_kind":"plain","required":true},"id":{"type":"string","description_kind":"plain","optional":true,"computed":true},"ids":{"type":["set","string"],"description_kind":"plain","optional":true,"computed":true},"schema_name":{"type":"string","description_kind":"plain","required":true}},"block_types":{"provider_config":{"nesting_mode":"list","block":{"attributes":{"workspace_id":{"type":"string","description_kind":"plain","required":true}},"description_kind":"plain"},"max_items":1}},"description_kind":"plain"}},"databricks_tag_policies":{"version":0,"block":{"attributes":{"page_size":{"type":"number","description_kind":"plain","optional":true},"tag_policies":{"nested_type":{"attributes":{"create_time":{"type":"string","description_kind":"plain","computed":true},"description":{"type":"string","description_kind":"plain","computed":true},"id":{"type":"string","description_kind":"plain","computed":true},"tag_key":{"type":"string","description_kind":"plain","required":true},"update_time":{"type":"string","description_kind":"plain","computed":true},"values":{"nested_type":{"attributes":{"name":{"type":"string","description_kind":"plain","required":true}},"nesting_mode":"set"},"description_kind":"plain","computed":true}},"nesting_mode":"list"},"description_kind":"plain","computed":true}},"description":"Terraform schema for Databricks TagPolicy","description_kind":"plain"}},"databricks_tag_policy":{"version":0,"block":{"attributes":{"create_time":{"type":"string","description_kind":"plain","computed":true},"description":{"type":"string","description_kind":"plain","computed":true},"id":{"type":"string","description_kind":"plain","computed":true},"tag_key":{"type":"string","description_kind":"plain","required":true},"update_time":{"type":"string","description_kind":"plain","computed":true},"values":{"nested_type":{"attributes":{"name":{"type":"string","description_kind":"plain","required":true}},"nesting_mode":"set"},"description_kind":"plain","computed":true}},"description":"Terraform schema for Databricks TagPolicy","description_kind":"plain"}},"databricks_user":{"version":0,"block":{"attributes":{"acl_principal_id":{"type":"string","description_kind":"plain","computed":true},"active":{"type":"bool","description_kind":"plain","computed":true},"alphanumeric":{"type":"string","description_kind":"plain","computed":true},"application_id":{"type":"string","description_kind":"plain","computed":true},"display_name":{"type":"string","description_kind":"plain","computed":true},"external_id":{"type":"string","description_kind":"plain","computed":true},"home":{"type":"string","description_kind":"plain","computed":true},"id":{"type":"string","description_kind":"plain","optional":true,"computed":true},"repos":{"type":"string","description_kind":"plain","computed":true},"user_id":{"type":"string","description_kind":"plain","optional":true},"user_name":{"type":"string","description_kind":"plain","optional":true}},"description_kind":"plain"}},"databricks_users":{"version":0,"block":{"attributes":{"extra_attributes":{"type":"string","description_kind":"plain","optional":true},"filter":{"type":"string","description_kind":"plain","optional":true},"users":{"nested_type":{"attributes":{"active":{"type":"bool","description_kind":"plain","optional":true},"display_name":{"type":"string","description_kind":"plain","optional":true},"emails":{"nested_type":{"attributes":{"display":{"type":"string","description_kind":"plain","optional":true},"primary":{"type":"bool","description_kind":"plain","optional":true},"ref":{"type":"string","description_kind":"plain","optional":true},"type":{"type":"string","description_kind":"plain","optional":true},"value":{"type":"string","description_kind":"plain","optional":true}},"nesting_mode":"list"},"description_kind":"plain","optional":true},"entitlements":{"nested_type":{"attributes":{"display":{"type":"string","description_kind":"plain","optional":true},"primary":{"type":"bool","description_kind":"plain","optional":true},"ref":{"type":"string","description_kind":"plain","optional":true},"type":{"type":"string","description_kind":"plain","optional":true},"value":{"type":"string","description_kind":"plain","optional":true}},"nesting_mode":"list"},"description_kind":"plain","optional":true},"external_id":{"type":"string","description_kind":"plain","optional":true},"groups":{"nested_type":{"attributes":{"display":{"type":"string","description_kind":"plain","optional":true},"primary":{"type":"bool","description_kind":"plain","optional":true},"ref":{"type":"string","description_kind":"plain","optional":true},"type":{"type":"string","description_kind":"plain","optional":true},"value":{"type":"string","description_kind":"plain","optional":true}},"nesting_mode":"list"},"description_kind":"plain","optional":true},"id":{"type":"string","description_kind":"plain","optional":true},"name":{"nested_type":{"attributes":{"family_name":{"type":"string","description_kind":"plain","optional":true},"given_name":{"type":"string","description_kind":"plain","optional":true}},"nesting_mode":"single"},"description_kind":"plain","optional":true},"roles":{"nested_type":{"attributes":{"display":{"type":"string","description_kind":"plain","optional":true},"primary":{"type":"bool","description_kind":"plain","optional":true},"ref":{"type":"string","description_kind":"plain","optional":true},"type":{"type":"string","description_kind":"plain","optional":true},"value":{"type":"string","description_kind":"plain","optional":true}},"nesting_mode":"list"},"description_kind":"plain","optional":true},"schemas":{"type":["list","string"],"description_kind":"plain","optional":true},"user_name":{"type":"string","description_kind":"plain","optional":true}},"nesting_mode":"list"},"description_kind":"plain","optional":true,"computed":true}},"description_kind":"plain"}},"databricks_views":{"version":0,"block":{"attributes":{"catalog_name":{"type":"string","description_kind":"plain","required":true},"id":{"type":"string","description_kind":"plain","optional":true,"computed":true},"ids":{"type":["set","string"],"description_kind":"plain","optional":true,"computed":true},"schema_name":{"type":"string","description_kind":"plain","required":true}},"block_types":{"provider_config":{"nesting_mode":"list","block":{"attributes":{"workspace_id":{"type":"string","description_kind":"plain","required":true}},"description_kind":"plain"},"max_items":1}},"description_kind":"plain"}},"databricks_volume":{"version":0,"block":{"attributes":{"id":{"type":"string","description_kind":"plain","optional":true,"computed":true},"name":{"type":"string","description_kind":"plain","required":true}},"block_types":{"provider_config":{"nesting_mode":"list","block":{"attributes":{"workspace_id":{"type":"string","description_kind":"plain","required":true}},"description_kind":"plain"},"max_items":1},"volume_info":{"nesting_mode":"list","block":{"attributes":{"access_point":{"type":"string","description_kind":"plain","optional":true},"browse_only":{"type":"bool","description_kind":"plain","optional":true},"catalog_name":{"type":"string","description_kind":"plain","optional":true},"comment":{"type":"string","description_kind":"plain","optional":true},"created_at":{"type":"number","description_kind":"plain","optional":true},"created_by":{"type":"string","description_kind":"plain","optional":true},"full_name":{"type":"string","description_kind":"plain","optional":true},"metastore_id":{"type":"string","description_kind":"plain","optional":true},"name":{"type":"string","description_kind":"plain","optional":true},"owner":{"type":"string","description_kind":"plain","optional":true},"schema_name":{"type":"string","description_kind":"plain","optional":true},"storage_location":{"type":"string","description_kind":"plain","optional":true},"updated_at":{"type":"number","description_kind":"plain","optional":true},"updated_by":{"type":"string","description_kind":"plain","optional":true},"volume_id":{"type":"string","description_kind":"plain","optional":true},"volume_type":{"type":"string","description_kind":"plain","optional":true}},"block_types":{"encryption_details":{"nesting_mode":"list","block":{"block_types":{"sse_encryption_details":{"nesting_mode":"list","block":{"attributes":{"algorithm":{"type":"string","description_kind":"plain","optional":true},"aws_kms_key_arn":{"type":"string","description_kind":"plain","optional":true}},"description_kind":"plain"},"max_items":1}},"description_kind":"plain"},"max_items":1}},"description_kind":"plain"},"max_items":1}},"description_kind":"plain"}},"databricks_volumes":{"version":0,"block":{"attributes":{"catalog_name":{"type":"string","description_kind":"plain","required":true},"ids":{"type":["list","string"],"description_kind":"plain","optional":true,"computed":true},"provider_config":{"nested_type":{"attributes":{"workspace_id":{"type":"string","description_kind":"plain","required":true}},"nesting_mode":"single"},"description_kind":"plain","optional":true},"schema_name":{"type":"string","description_kind":"plain","required":true}},"description_kind":"plain"}},"databricks_workspace_entity_tag_assignment":{"version":0,"block":{"attributes":{"entity_id":{"type":"string","description_kind":"plain","required":true},"entity_type":{"type":"string","description_kind":"plain","required":true},"tag_key":{"type":"string","description_kind":"plain","required":true},"tag_value":{"type":"string","description_kind":"plain","computed":true}},"description":"Terraform schema for Databricks TagAssignment","description_kind":"plain"}},"databricks_workspace_entity_tag_assignments":{"version":0,"block":{"attributes":{"entity_id":{"type":"string","description_kind":"plain","required":true},"entity_type":{"type":"string","description_kind":"plain","required":true},"page_size":{"type":"number","description_kind":"plain","optional":true},"tag_assignments":{"nested_type":{"attributes":{"entity_id":{"type":"string","description_kind":"plain","required":true},"entity_type":{"type":"string","description_kind":"plain","required":true},"tag_key":{"type":"string","description_kind":"plain","required":true},"tag_value":{"type":"string","description_kind":"plain","computed":true}},"nesting_mode":"list"},"description_kind":"plain","computed":true}},"description":"Terraform schema for Databricks TagAssignment","description_kind":"plain"}},"databricks_workspace_network_option":{"version":0,"block":{"attributes":{"network_policy_id":{"type":"string","description_kind":"plain","computed":true},"workspace_id":{"type":"number","description_kind":"plain","required":true}},"description":"Terraform schema for Databricks WorkspaceNetworkOption","description_kind":"plain"}},"databricks_workspace_setting_v2":{"version":0,"block":{"attributes":{"aibi_dashboard_embedding_access_policy":{"nested_type":{"attributes":{"access_policy_type":{"type":"string","description_kind":"plain","required":true}},"nesting_mode":"single"},"description_kind":"plain","computed":true},"aibi_dashboard_embedding_approved_domains":{"nested_type":{"attributes":{"approved_domains":{"type":["list","string"],"description_kind":"plain","optional":true}},"nesting_mode":"single"},"description_kind":"plain","computed":true},"automatic_cluster_update_workspace":{"nested_type":{"attributes":{"can_toggle":{"type":"bool","description_kind":"plain","optional":true},"enabled":{"type":"bool","description_kind":"plain","optional":true},"enablement_details":{"nested_type":{"attributes":{"forced_for_compliance_mode":{"type":"bool","description_kind":"plain","optional":true},"unavailable_for_disabled_entitlement":{"type":"bool","description_kind":"plain","optional":true},"unavailable_for_non_enterprise_tier":{"type":"bool","description_kind":"plain","optional":true}},"nesting_mode":"single"},"description_kind":"plain","optional":true},"maintenance_window":{"nested_type":{"attributes":{"week_day_based_schedule":{"nested_type":{"attributes":{"day_of_week":{"type":"string","description_kind":"plain","optional":true},"frequency":{"type":"string","description_kind":"plain","optional":true},"window_start_time":{"nested_type":{"attributes":{"hours":{"type":"number","description_kind":"plain","optional":true},"minutes":{"type":"number","description_kind":"plain","optional":true}},"nesting_mode":"single"},"description_kind":"plain","optional":true}},"nesting_mode":"single"},"description_kind":"plain","optional":true}},"nesting_mode":"single"},"description_kind":"plain","optional":true},"restart_even_if_no_updates_available":{"type":"bool","description_kind":"plain","optional":true}},"nesting_mode":"single"},"description_kind":"plain","computed":true},"boolean_val":{"nested_type":{"attributes":{"value":{"type":"bool","description_kind":"plain","optional":true}},"nesting_mode":"single"},"description_kind":"plain","computed":true},"effective_aibi_dashboard_embedding_access_policy":{"nested_type":{"attributes":{"access_policy_type":{"type":"string","description_kind":"plain","required":true}},"nesting_mode":"single"},"description_kind":"plain","computed":true},"effective_aibi_dashboard_embedding_approved_domains":{"nested_type":{"attributes":{"approved_domains":{"type":["list","string"],"description_kind":"plain","optional":true}},"nesting_mode":"single"},"description_kind":"plain","computed":true},"effective_automatic_cluster_update_workspace":{"nested_type":{"attributes":{"can_toggle":{"type":"bool","description_kind":"plain","optional":true},"enabled":{"type":"bool","description_kind":"plain","optional":true},"enablement_details":{"nested_type":{"attributes":{"forced_for_compliance_mode":{"type":"bool","description_kind":"plain","optional":true},"unavailable_for_disabled_entitlement":{"type":"bool","description_kind":"plain","optional":true},"unavailable_for_non_enterprise_tier":{"type":"bool","description_kind":"plain","optional":true}},"nesting_mode":"single"},"description_kind":"plain","optional":true},"maintenance_window":{"nested_type":{"attributes":{"week_day_based_schedule":{"nested_type":{"attributes":{"day_of_week":{"type":"string","description_kind":"plain","optional":true},"frequency":{"type":"string","description_kind":"plain","optional":true},"window_start_time":{"nested_type":{"attributes":{"hours":{"type":"number","description_kind":"plain","optional":true},"minutes":{"type":"number","description_kind":"plain","optional":true}},"nesting_mode":"single"},"description_kind":"plain","optional":true}},"nesting_mode":"single"},"description_kind":"plain","optional":true}},"nesting_mode":"single"},"description_kind":"plain","optional":true},"restart_even_if_no_updates_available":{"type":"bool","description_kind":"plain","optional":true}},"nesting_mode":"single"},"description_kind":"plain","computed":true},"effective_boolean_val":{"nested_type":{"attributes":{"value":{"type":"bool","description_kind":"plain","optional":true}},"nesting_mode":"single"},"description_kind":"plain","computed":true},"effective_integer_val":{"nested_type":{"attributes":{"value":{"type":"number","description_kind":"plain","optional":true}},"nesting_mode":"single"},"description_kind":"plain","computed":true},"effective_personal_compute":{"nested_type":{"attributes":{"value":{"type":"string","description_kind":"plain","optional":true}},"nesting_mode":"single"},"description_kind":"plain","computed":true},"effective_restrict_workspace_admins":{"nested_type":{"attributes":{"status":{"type":"string","description_kind":"plain","required":true}},"nesting_mode":"single"},"description_kind":"plain","computed":true},"effective_string_val":{"nested_type":{"attributes":{"value":{"type":"string","description_kind":"plain","optional":true}},"nesting_mode":"single"},"description_kind":"plain","computed":true},"integer_val":{"nested_type":{"attributes":{"value":{"type":"number","description_kind":"plain","optional":true}},"nesting_mode":"single"},"description_kind":"plain","computed":true},"name":{"type":"string","description_kind":"plain","required":true},"personal_compute":{"nested_type":{"attributes":{"value":{"type":"string","description_kind":"plain","optional":true}},"nesting_mode":"single"},"description_kind":"plain","computed":true},"restrict_workspace_admins":{"nested_type":{"attributes":{"status":{"type":"string","description_kind":"plain","required":true}},"nesting_mode":"single"},"description_kind":"plain","computed":true},"string_val":{"nested_type":{"attributes":{"value":{"type":"string","description_kind":"plain","optional":true}},"nesting_mode":"single"},"description_kind":"plain","computed":true}},"description":"Terraform schema for Databricks Setting","description_kind":"plain"}},"databricks_zones":{"version":0,"block":{"attributes":{"default_zone":{"type":"string","description_kind":"plain","optional":true,"computed":true},"id":{"type":"string","description_kind":"plain","optional":true,"computed":true},"zones":{"type":["list","string"],"description_kind":"plain","optional":true,"computed":true}},"block_types":{"provider_config":{"nesting_mode":"list","block":{"attributes":{"workspace_id":{"type":"string","description_kind":"plain","required":true}},"description_kind":"plain"},"max_items":1}},"description_kind":"plain"}}}}}}
